{
  "version": 4,
  "terraform_version": "1.11.4",
  "serial": 4947,
  "lineage": "90ba0435-45c1-c48f-a237-324e280965e1",
  "outputs": {
    "analysis_bucket_arn": {
      "value": "arn:aws:s3:::reygas-express-analysis-dev",
      "type": "string"
    },
    "analysis_bucket_name": {
      "value": "reygas-express-analysis-dev",
      "type": "string"
    },
    "cloudfront_distribution_arn": {
      "value": "arn:aws:cloudfront::963527047110:distribution/ERHBMZ3QAZ0WY",
      "type": "string"
    },
    "cloudfront_distribution_id": {
      "value": "ERHBMZ3QAZ0WY",
      "type": "string"
    },
    "cloudfront_domain_name": {
      "value": "d387lz5wrmsylt.cloudfront.net",
      "type": "string"
    },
    "cloudfront_hosted_zone_id": {
      "value": "Z2FDTNDATAQYW2",
      "type": "string"
    },
    "db_instance_address": {
      "value": "reygasexpress-db-instance-dev.coh0cgowcp34.us-east-1.rds.amazonaws.com",
      "type": "string"
    },
    "db_instance_port": {
      "value": 5432,
      "type": "number"
    },
    "db_master_password_secret_arn": {
      "value": "arn:aws:secretsmanager:us-east-1:963527047110:secret:reyGasExpress-db-master-password-dev-v6-fONH5N",
      "type": "string"
    },
    "db_name": {
      "value": "reygasdb",
      "type": "string"
    },
    "db_username": {
      "value": "reygasadmin",
      "type": "string"
    },
    "email_topic_arn": {
      "value": "arn:aws:sns:us-east-1:963527047110:reyGasExpress-email-topic",
      "type": "string"
    },
    "lambda_security_group_id": {
      "value": "sg-0ac2894667e254798",
      "type": "string"
    },
    "lambda_subnet_ids": {
      "value": [
        "subnet-0b18f3682d19b4999",
        "subnet-0d150b05b6e11a03f"
      ],
      "type": [
        "tuple",
        [
          "string",
          "string"
        ]
      ]
    },
    "rds_security_group_id": {
      "value": "sg-046fec2895dd88ef1",
      "type": "string"
    },
    "rds_subnet_ids": {
      "value": [
        "subnet-03e35dd69c6de924e",
        "subnet-00fdea1fdb0d5461a"
      ],
      "type": [
        "tuple",
        [
          "string",
          "string"
        ]
      ]
    },
    "reports_bucket_arn": {
      "value": "arn:aws:s3:::reygas-express-reports",
      "type": "string"
    },
    "reports_bucket_name": {
      "value": "reygas-express-reports",
      "type": "string"
    },
    "reports_topic_arn": {
      "value": "arn:aws:sns:us-east-1:963527047110:reyGasExpress-reports-topic-dev",
      "type": "string"
    },
    "waf_web_acl_arn": {
      "value": "arn:aws:wafv2:us-east-1:963527047110:global/webacl/reyGasExpress-web-acl/5eb72759-86d7-4fd8-aa8d-e87a4aac2afa",
      "type": "string"
    },
    "waf_web_acl_id": {
      "value": "5eb72759-86d7-4fd8-aa8d-e87a4aac2afa",
      "type": "string"
    }
  },
  "resources": [
    {
      "mode": "data",
      "type": "aws_caller_identity",
      "name": "current",
      "provider": "provider[\"registry.terraform.io/hashicorp/aws\"]",
      "instances": [
        {
          "schema_version": 0,
          "attributes": {
            "account_id": "963527047110",
            "arn": "arn:aws:iam::963527047110:root",
            "id": "963527047110",
            "user_id": "963527047110"
          },
          "sensitive_attributes": []
        }
      ]
    },
    {
      "mode": "managed",
      "type": "aws_apigatewayv2_api",
      "name": "reyGasExpress_api",
      "provider": "provider[\"registry.terraform.io/hashicorp/aws\"]",
      "instances": [
        {
          "schema_version": 0,
          "attributes": {
            "api_endpoint": "https://uy4yetdz30.execute-api.us-east-1.amazonaws.com",
            "api_key_selection_expression": "$request.header.x-api-key",
            "arn": "arn:aws:apigateway:us-east-1::/apis/uy4yetdz30",
            "body": null,
            "cors_configuration": [],
            "credentials_arn": null,
            "description": "",
            "disable_execute_api_endpoint": false,
            "execution_arn": "arn:aws:execute-api:us-east-1:963527047110:uy4yetdz30",
            "fail_on_warnings": null,
            "id": "uy4yetdz30",
            "ip_address_type": "ipv4",
            "name": "reyGasExpress-api-dev",
            "protocol_type": "HTTP",
            "route_key": null,
            "route_selection_expression": "$request.method $request.path",
            "tags": {
              "Application": "reyGasExpress",
              "Environment": "dev",
              "ManagedBy": "Terraform"
            },
            "tags_all": {
              "Application": "reyGasExpress",
              "Environment": "dev",
              "ManagedBy": "Terraform"
            },
            "target": null,
            "version": ""
          },
          "sensitive_attributes": [],
          "private": "bnVsbA==",
          "create_before_destroy": true
        }
      ]
    },
    {
      "mode": "managed",
      "type": "aws_apigatewayv2_deployment",
      "name": "api_deployment",
      "provider": "provider[\"registry.terraform.io/hashicorp/aws\"]",
      "instances": [
        {
          "schema_version": 0,
          "attributes": {
            "api_id": "uy4yetdz30",
            "auto_deployed": false,
            "description": "",
            "id": "jxsgbx",
            "triggers": {
              "redeployment": "5a5447d000b48cf5ba3dd40ff06a911587d01457"
            }
          },
          "sensitive_attributes": [],
          "private": "bnVsbA==",
          "dependencies": [
            "aws_apigatewayv2_api.reyGasExpress_api",
            "aws_apigatewayv2_integration.analyze_preferences_lambda_integration",
            "aws_apigatewayv2_integration.generate_report_lambda_integration",
            "aws_apigatewayv2_integration.process_order_lambda_integration",
            "aws_apigatewayv2_integration.register_order_lambda_integration",
            "aws_apigatewayv2_integration.send_email_report_lambda_integration",
            "aws_apigatewayv2_route.analyze_preferences_route",
            "aws_apigatewayv2_route.generate_report_route",
            "aws_apigatewayv2_route.process_order_route",
            "aws_apigatewayv2_route.register_order_route",
            "aws_apigatewayv2_route.send_email_report_route",
            "aws_db_instance.reygas_postgres_db",
            "aws_db_subnet_group.reygas_db_subnet_group",
            "aws_iam_role.lambda_execution_role",
            "aws_lambda_function.analyze_preferences_lambda",
            "aws_lambda_function.generate_report_lambda",
            "aws_lambda_function.process_order_lambda",
            "aws_lambda_function.register_order_lambda",
            "aws_lambda_function.send_email_report_lambda",
            "aws_s3_bucket.reyGasExpress_analysis_bucket",
            "aws_s3_bucket.reyGasExpress_reports_bucket",
            "aws_secretsmanager_secret.db_master_password",
            "aws_security_group.lambda_sg",
            "aws_security_group.rds_sg",
            "aws_sns_topic.reyGasExpress_email_topic",
            "aws_sns_topic.reyGasExpress_reports_topic",
            "aws_subnet.lambda_subnet_1",
            "aws_subnet.lambda_subnet_2",
            "aws_subnet.rds_subnet_1",
            "aws_subnet.rds_subnet_2",
            "aws_vpc.reygas_vpc",
            "random_password.db_master_password_generated"
          ],
          "create_before_destroy": true
        }
      ]
    },
    {
      "mode": "managed",
      "type": "aws_apigatewayv2_integration",
      "name": "analyze_preferences_lambda_integration",
      "provider": "provider[\"registry.terraform.io/hashicorp/aws\"]",
      "instances": [
        {
          "schema_version": 0,
          "attributes": {
            "api_id": "uy4yetdz30",
            "connection_id": "",
            "connection_type": "INTERNET",
            "content_handling_strategy": "",
            "credentials_arn": "",
            "description": "",
            "id": "kuvo8mb",
            "integration_method": "POST",
            "integration_response_selection_expression": "",
            "integration_subtype": "",
            "integration_type": "AWS_PROXY",
            "integration_uri": "arn:aws:apigateway:us-east-1:lambda:path/2015-03-31/functions/arn:aws:lambda:us-east-1:963527047110:function:reyGasExpress-analyzePreferences-dev/invocations",
            "passthrough_behavior": "",
            "payload_format_version": "1.0",
            "request_parameters": null,
            "request_templates": null,
            "response_parameters": [],
            "template_selection_expression": "",
            "timeout_milliseconds": 29000,
            "tls_config": []
          },
          "sensitive_attributes": [],
          "private": "bnVsbA==",
          "dependencies": [
            "aws_apigatewayv2_api.reyGasExpress_api",
            "aws_db_instance.reygas_postgres_db",
            "aws_db_subnet_group.reygas_db_subnet_group",
            "aws_iam_role.lambda_execution_role",
            "aws_lambda_function.analyze_preferences_lambda",
            "aws_s3_bucket.reyGasExpress_analysis_bucket",
            "aws_secretsmanager_secret.db_master_password",
            "aws_security_group.lambda_sg",
            "aws_security_group.rds_sg",
            "aws_sns_topic.reyGasExpress_reports_topic",
            "aws_subnet.lambda_subnet_1",
            "aws_subnet.lambda_subnet_2",
            "aws_subnet.rds_subnet_1",
            "aws_subnet.rds_subnet_2",
            "aws_vpc.reygas_vpc",
            "random_password.db_master_password_generated"
          ],
          "create_before_destroy": true
        }
      ]
    },
    {
      "mode": "managed",
      "type": "aws_apigatewayv2_integration",
      "name": "generate_report_lambda_integration",
      "provider": "provider[\"registry.terraform.io/hashicorp/aws\"]",
      "instances": [
        {
          "schema_version": 0,
          "attributes": {
            "api_id": "uy4yetdz30",
            "connection_id": "",
            "connection_type": "INTERNET",
            "content_handling_strategy": "",
            "credentials_arn": "",
            "description": "",
            "id": "ug0oao6",
            "integration_method": "POST",
            "integration_response_selection_expression": "",
            "integration_subtype": "",
            "integration_type": "AWS_PROXY",
            "integration_uri": "arn:aws:apigateway:us-east-1:lambda:path/2015-03-31/functions/arn:aws:lambda:us-east-1:963527047110:function:reyGasExpress-generateReport-dev/invocations",
            "passthrough_behavior": "",
            "payload_format_version": "1.0",
            "request_parameters": null,
            "request_templates": null,
            "response_parameters": [],
            "template_selection_expression": "",
            "timeout_milliseconds": 29000,
            "tls_config": []
          },
          "sensitive_attributes": [],
          "private": "bnVsbA==",
          "dependencies": [
            "aws_apigatewayv2_api.reyGasExpress_api",
            "aws_iam_role.lambda_execution_role",
            "aws_lambda_function.generate_report_lambda",
            "aws_s3_bucket.reyGasExpress_analysis_bucket",
            "aws_s3_bucket.reyGasExpress_reports_bucket",
            "aws_sns_topic.reyGasExpress_email_topic"
          ],
          "create_before_destroy": true
        }
      ]
    },
    {
      "mode": "managed",
      "type": "aws_apigatewayv2_integration",
      "name": "process_order_lambda_integration",
      "provider": "provider[\"registry.terraform.io/hashicorp/aws\"]",
      "instances": [
        {
          "schema_version": 0,
          "attributes": {
            "api_id": "uy4yetdz30",
            "connection_id": "",
            "connection_type": "INTERNET",
            "content_handling_strategy": "",
            "credentials_arn": "",
            "description": "",
            "id": "ev72nh2",
            "integration_method": "POST",
            "integration_response_selection_expression": "",
            "integration_subtype": "",
            "integration_type": "AWS_PROXY",
            "integration_uri": "arn:aws:apigateway:us-east-1:lambda:path/2015-03-31/functions/arn:aws:lambda:us-east-1:963527047110:function:reyGasExpress-processOrder-dev/invocations",
            "passthrough_behavior": "",
            "payload_format_version": "1.0",
            "request_parameters": null,
            "request_templates": null,
            "response_parameters": [],
            "template_selection_expression": "",
            "timeout_milliseconds": 29000,
            "tls_config": []
          },
          "sensitive_attributes": [],
          "private": "bnVsbA==",
          "dependencies": [
            "aws_apigatewayv2_api.reyGasExpress_api",
            "aws_db_instance.reygas_postgres_db",
            "aws_db_subnet_group.reygas_db_subnet_group",
            "aws_iam_role.lambda_execution_role",
            "aws_lambda_function.process_order_lambda",
            "aws_secretsmanager_secret.db_master_password",
            "aws_security_group.lambda_sg",
            "aws_security_group.rds_sg",
            "aws_subnet.lambda_subnet_1",
            "aws_subnet.lambda_subnet_2",
            "aws_subnet.rds_subnet_1",
            "aws_subnet.rds_subnet_2",
            "aws_vpc.reygas_vpc",
            "random_password.db_master_password_generated"
          ],
          "create_before_destroy": true
        }
      ]
    },
    {
      "mode": "managed",
      "type": "aws_apigatewayv2_integration",
      "name": "register_order_lambda_integration",
      "provider": "provider[\"registry.terraform.io/hashicorp/aws\"]",
      "instances": [
        {
          "schema_version": 0,
          "attributes": {
            "api_id": "uy4yetdz30",
            "connection_id": "",
            "connection_type": "INTERNET",
            "content_handling_strategy": "",
            "credentials_arn": "",
            "description": "",
            "id": "tn1ye9f",
            "integration_method": "POST",
            "integration_response_selection_expression": "",
            "integration_subtype": "",
            "integration_type": "AWS_PROXY",
            "integration_uri": "arn:aws:apigateway:us-east-1:lambda:path/2015-03-31/functions/arn:aws:lambda:us-east-1:963527047110:function:reyGasExpress-registerOrder-dev/invocations",
            "passthrough_behavior": "",
            "payload_format_version": "1.0",
            "request_parameters": null,
            "request_templates": null,
            "response_parameters": [],
            "template_selection_expression": "",
            "timeout_milliseconds": 29000,
            "tls_config": []
          },
          "sensitive_attributes": [],
          "private": "bnVsbA==",
          "dependencies": [
            "aws_apigatewayv2_api.reyGasExpress_api",
            "aws_iam_role.lambda_execution_role",
            "aws_lambda_function.register_order_lambda"
          ],
          "create_before_destroy": true
        }
      ]
    },
    {
      "mode": "managed",
      "type": "aws_apigatewayv2_integration",
      "name": "send_email_report_lambda_integration",
      "provider": "provider[\"registry.terraform.io/hashicorp/aws\"]",
      "instances": [
        {
          "schema_version": 0,
          "attributes": {
            "api_id": "uy4yetdz30",
            "connection_id": "",
            "connection_type": "INTERNET",
            "content_handling_strategy": "",
            "credentials_arn": "",
            "description": "",
            "id": "ztwywv3",
            "integration_method": "POST",
            "integration_response_selection_expression": "",
            "integration_subtype": "",
            "integration_type": "AWS_PROXY",
            "integration_uri": "arn:aws:apigateway:us-east-1:lambda:path/2015-03-31/functions/arn:aws:lambda:us-east-1:963527047110:function:reyGasExpress-sendEmailReport-dev/invocations",
            "passthrough_behavior": "",
            "payload_format_version": "1.0",
            "request_parameters": null,
            "request_templates": null,
            "response_parameters": [],
            "template_selection_expression": "",
            "timeout_milliseconds": 29000,
            "tls_config": []
          },
          "sensitive_attributes": [],
          "private": "bnVsbA==",
          "dependencies": [
            "aws_apigatewayv2_api.reyGasExpress_api",
            "aws_iam_role.lambda_execution_role",
            "aws_lambda_function.send_email_report_lambda",
            "aws_s3_bucket.reyGasExpress_reports_bucket"
          ],
          "create_before_destroy": true
        }
      ]
    },
    {
      "mode": "managed",
      "type": "aws_apigatewayv2_route",
      "name": "analyze_preferences_route",
      "provider": "provider[\"registry.terraform.io/hashicorp/aws\"]",
      "instances": [
        {
          "schema_version": 0,
          "attributes": {
            "api_id": "uy4yetdz30",
            "api_key_required": false,
            "authorization_scopes": null,
            "authorization_type": "AWS_IAM",
            "authorizer_id": "",
            "id": "njwwlnq",
            "model_selection_expression": "",
            "operation_name": "",
            "request_models": null,
            "request_parameter": [],
            "route_key": "POST /analyze-preferences",
            "route_response_selection_expression": "",
            "target": "integrations/kuvo8mb"
          },
          "sensitive_attributes": [],
          "private": "bnVsbA==",
          "dependencies": [
            "aws_apigatewayv2_api.reyGasExpress_api",
            "aws_apigatewayv2_integration.analyze_preferences_lambda_integration",
            "aws_db_instance.reygas_postgres_db",
            "aws_db_subnet_group.reygas_db_subnet_group",
            "aws_iam_role.lambda_execution_role",
            "aws_lambda_function.analyze_preferences_lambda",
            "aws_s3_bucket.reyGasExpress_analysis_bucket",
            "aws_secretsmanager_secret.db_master_password",
            "aws_security_group.lambda_sg",
            "aws_security_group.rds_sg",
            "aws_sns_topic.reyGasExpress_reports_topic",
            "aws_subnet.lambda_subnet_1",
            "aws_subnet.lambda_subnet_2",
            "aws_subnet.rds_subnet_1",
            "aws_subnet.rds_subnet_2",
            "aws_vpc.reygas_vpc",
            "random_password.db_master_password_generated"
          ],
          "create_before_destroy": true
        }
      ]
    },
    {
      "mode": "managed",
      "type": "aws_apigatewayv2_route",
      "name": "generate_report_route",
      "provider": "provider[\"registry.terraform.io/hashicorp/aws\"]",
      "instances": [
        {
          "schema_version": 0,
          "attributes": {
            "api_id": "uy4yetdz30",
            "api_key_required": false,
            "authorization_scopes": null,
            "authorization_type": "AWS_IAM",
            "authorizer_id": "",
            "id": "ysbngbk",
            "model_selection_expression": "",
            "operation_name": "",
            "request_models": null,
            "request_parameter": [],
            "route_key": "POST /generate-report",
            "route_response_selection_expression": "",
            "target": "integrations/ug0oao6"
          },
          "sensitive_attributes": [],
          "private": "bnVsbA==",
          "dependencies": [
            "aws_apigatewayv2_api.reyGasExpress_api",
            "aws_apigatewayv2_integration.generate_report_lambda_integration",
            "aws_iam_role.lambda_execution_role",
            "aws_lambda_function.generate_report_lambda",
            "aws_s3_bucket.reyGasExpress_analysis_bucket",
            "aws_s3_bucket.reyGasExpress_reports_bucket",
            "aws_sns_topic.reyGasExpress_email_topic"
          ],
          "create_before_destroy": true
        }
      ]
    },
    {
      "mode": "managed",
      "type": "aws_apigatewayv2_route",
      "name": "process_order_route",
      "provider": "provider[\"registry.terraform.io/hashicorp/aws\"]",
      "instances": [
        {
          "schema_version": 0,
          "attributes": {
            "api_id": "uy4yetdz30",
            "api_key_required": false,
            "authorization_scopes": null,
            "authorization_type": "AWS_IAM",
            "authorizer_id": "",
            "id": "b0q90fr",
            "model_selection_expression": "",
            "operation_name": "",
            "request_models": null,
            "request_parameter": [],
            "route_key": "POST /process-orders",
            "route_response_selection_expression": "",
            "target": "integrations/ev72nh2"
          },
          "sensitive_attributes": [],
          "private": "bnVsbA==",
          "dependencies": [
            "aws_apigatewayv2_api.reyGasExpress_api",
            "aws_apigatewayv2_integration.process_order_lambda_integration",
            "aws_db_instance.reygas_postgres_db",
            "aws_db_subnet_group.reygas_db_subnet_group",
            "aws_iam_role.lambda_execution_role",
            "aws_lambda_function.process_order_lambda",
            "aws_secretsmanager_secret.db_master_password",
            "aws_security_group.lambda_sg",
            "aws_security_group.rds_sg",
            "aws_subnet.lambda_subnet_1",
            "aws_subnet.lambda_subnet_2",
            "aws_subnet.rds_subnet_1",
            "aws_subnet.rds_subnet_2",
            "aws_vpc.reygas_vpc",
            "random_password.db_master_password_generated"
          ],
          "create_before_destroy": true
        }
      ]
    },
    {
      "mode": "managed",
      "type": "aws_apigatewayv2_route",
      "name": "register_order_route",
      "provider": "provider[\"registry.terraform.io/hashicorp/aws\"]",
      "instances": [
        {
          "schema_version": 0,
          "attributes": {
            "api_id": "uy4yetdz30",
            "api_key_required": false,
            "authorization_scopes": null,
            "authorization_type": "AWS_IAM",
            "authorizer_id": "",
            "id": "ygqw0c6",
            "model_selection_expression": "",
            "operation_name": "",
            "request_models": null,
            "request_parameter": [],
            "route_key": "POST /orders",
            "route_response_selection_expression": "",
            "target": "integrations/tn1ye9f"
          },
          "sensitive_attributes": [],
          "private": "bnVsbA==",
          "dependencies": [
            "aws_apigatewayv2_api.reyGasExpress_api",
            "aws_apigatewayv2_integration.register_order_lambda_integration",
            "aws_iam_role.lambda_execution_role",
            "aws_lambda_function.register_order_lambda"
          ],
          "create_before_destroy": true
        }
      ]
    },
    {
      "mode": "managed",
      "type": "aws_apigatewayv2_route",
      "name": "send_email_report_route",
      "provider": "provider[\"registry.terraform.io/hashicorp/aws\"]",
      "instances": [
        {
          "schema_version": 0,
          "attributes": {
            "api_id": "uy4yetdz30",
            "api_key_required": false,
            "authorization_scopes": null,
            "authorization_type": "AWS_IAM",
            "authorizer_id": "",
            "id": "itgl9ji",
            "model_selection_expression": "",
            "operation_name": "",
            "request_models": null,
            "request_parameter": [],
            "route_key": "POST /send-email-report",
            "route_response_selection_expression": "",
            "target": "integrations/ztwywv3"
          },
          "sensitive_attributes": [],
          "private": "bnVsbA==",
          "dependencies": [
            "aws_apigatewayv2_api.reyGasExpress_api",
            "aws_apigatewayv2_integration.send_email_report_lambda_integration",
            "aws_iam_role.lambda_execution_role",
            "aws_lambda_function.send_email_report_lambda",
            "aws_s3_bucket.reyGasExpress_reports_bucket"
          ],
          "create_before_destroy": true
        }
      ]
    },
    {
      "mode": "managed",
      "type": "aws_apigatewayv2_stage",
      "name": "primary_stage",
      "provider": "provider[\"registry.terraform.io/hashicorp/aws\"]",
      "instances": [
        {
          "schema_version": 0,
          "attributes": {
            "access_log_settings": [],
            "api_id": "uy4yetdz30",
            "arn": "arn:aws:apigateway:us-east-1::/apis/uy4yetdz30/stages/v1",
            "auto_deploy": true,
            "client_certificate_id": "",
            "default_route_settings": [
              {
                "data_trace_enabled": false,
                "detailed_metrics_enabled": false,
                "logging_level": "",
                "throttling_burst_limit": 500,
                "throttling_rate_limit": 1000
              }
            ],
            "deployment_id": "jxsgbx",
            "description": "",
            "execution_arn": "arn:aws:execute-api:us-east-1:963527047110:uy4yetdz30/v1",
            "id": "v1",
            "invoke_url": "https://uy4yetdz30.execute-api.us-east-1.amazonaws.com/v1",
            "name": "v1",
            "route_settings": [],
            "stage_variables": null,
            "tags": {
              "Application": "reyGasExpress",
              "Environment": "dev",
              "TrafficWeight": "70"
            },
            "tags_all": {
              "Application": "reyGasExpress",
              "Environment": "dev",
              "TrafficWeight": "70"
            }
          },
          "sensitive_attributes": [],
          "private": "bnVsbA==",
          "dependencies": [
            "aws_apigatewayv2_api.reyGasExpress_api",
            "aws_apigatewayv2_deployment.api_deployment",
            "aws_apigatewayv2_integration.analyze_preferences_lambda_integration",
            "aws_apigatewayv2_integration.generate_report_lambda_integration",
            "aws_apigatewayv2_integration.process_order_lambda_integration",
            "aws_apigatewayv2_integration.register_order_lambda_integration",
            "aws_apigatewayv2_integration.send_email_report_lambda_integration",
            "aws_apigatewayv2_route.analyze_preferences_route",
            "aws_apigatewayv2_route.generate_report_route",
            "aws_apigatewayv2_route.process_order_route",
            "aws_apigatewayv2_route.register_order_route",
            "aws_apigatewayv2_route.send_email_report_route",
            "aws_db_instance.reygas_postgres_db",
            "aws_db_subnet_group.reygas_db_subnet_group",
            "aws_iam_role.lambda_execution_role",
            "aws_lambda_function.analyze_preferences_lambda",
            "aws_lambda_function.generate_report_lambda",
            "aws_lambda_function.process_order_lambda",
            "aws_lambda_function.register_order_lambda",
            "aws_lambda_function.send_email_report_lambda",
            "aws_s3_bucket.reyGasExpress_analysis_bucket",
            "aws_s3_bucket.reyGasExpress_reports_bucket",
            "aws_secretsmanager_secret.db_master_password",
            "aws_security_group.lambda_sg",
            "aws_security_group.rds_sg",
            "aws_sns_topic.reyGasExpress_email_topic",
            "aws_sns_topic.reyGasExpress_reports_topic",
            "aws_subnet.lambda_subnet_1",
            "aws_subnet.lambda_subnet_2",
            "aws_subnet.rds_subnet_1",
            "aws_subnet.rds_subnet_2",
            "aws_vpc.reygas_vpc",
            "random_password.db_master_password_generated"
          ]
        }
      ]
    },
    {
      "mode": "managed",
      "type": "aws_apigatewayv2_stage",
      "name": "reyGasExpress_stage",
      "provider": "provider[\"registry.terraform.io/hashicorp/aws\"]",
      "instances": [
        {
          "schema_version": 0,
          "attributes": {
            "access_log_settings": [
              {
                "destination_arn": "arn:aws:logs:us-east-1:963527047110:log-group:/aws/apigateway/reyGasExpress-api-dev/dev",
                "format": "{\"httpMethod\":\"$context.httpMethod\",\"integrationLatency\":\"$context.integration.latency\",\"integrationStatus\":\"$context.integration.status\",\"ip\":\"$context.identity.sourceIp\",\"path\":\"$context.path\",\"protocol\":\"$context.protocol\",\"requestId\":\"$context.requestId\",\"requestTime\":\"$context.requestTime\",\"responseLength\":\"$context.responseLength\",\"status\":\"$context.status\"}"
              }
            ],
            "api_id": "uy4yetdz30",
            "arn": "arn:aws:apigateway:us-east-1::/apis/uy4yetdz30/stages/dev",
            "auto_deploy": true,
            "client_certificate_id": "",
            "default_route_settings": [
              {
                "data_trace_enabled": false,
                "detailed_metrics_enabled": false,
                "logging_level": "",
                "throttling_burst_limit": 0,
                "throttling_rate_limit": 0
              }
            ],
            "deployment_id": "jxsgbx",
            "description": "",
            "execution_arn": "arn:aws:execute-api:us-east-1:963527047110:uy4yetdz30/dev",
            "id": "dev",
            "invoke_url": "https://uy4yetdz30.execute-api.us-east-1.amazonaws.com/dev",
            "name": "dev",
            "route_settings": [],
            "stage_variables": null,
            "tags": {
              "Application": "reyGasExpress",
              "Environment": "dev",
              "ManagedBy": "Terraform"
            },
            "tags_all": {
              "Application": "reyGasExpress",
              "Environment": "dev",
              "ManagedBy": "Terraform"
            }
          },
          "sensitive_attributes": [],
          "private": "bnVsbA==",
          "dependencies": [
            "aws_apigatewayv2_api.reyGasExpress_api",
            "aws_apigatewayv2_deployment.api_deployment",
            "aws_apigatewayv2_integration.analyze_preferences_lambda_integration",
            "aws_apigatewayv2_integration.generate_report_lambda_integration",
            "aws_apigatewayv2_integration.process_order_lambda_integration",
            "aws_apigatewayv2_integration.register_order_lambda_integration",
            "aws_apigatewayv2_integration.send_email_report_lambda_integration",
            "aws_apigatewayv2_route.analyze_preferences_route",
            "aws_apigatewayv2_route.generate_report_route",
            "aws_apigatewayv2_route.process_order_route",
            "aws_apigatewayv2_route.register_order_route",
            "aws_apigatewayv2_route.send_email_report_route",
            "aws_cloudwatch_log_group.api_gateway_log_group",
            "aws_db_instance.reygas_postgres_db",
            "aws_db_subnet_group.reygas_db_subnet_group",
            "aws_iam_role.lambda_execution_role",
            "aws_kms_key.cloudwatch_logs_encryption",
            "aws_lambda_function.analyze_preferences_lambda",
            "aws_lambda_function.generate_report_lambda",
            "aws_lambda_function.process_order_lambda",
            "aws_lambda_function.register_order_lambda",
            "aws_lambda_function.send_email_report_lambda",
            "aws_s3_bucket.reyGasExpress_analysis_bucket",
            "aws_s3_bucket.reyGasExpress_reports_bucket",
            "aws_secretsmanager_secret.db_master_password",
            "aws_security_group.lambda_sg",
            "aws_security_group.rds_sg",
            "aws_sns_topic.reyGasExpress_email_topic",
            "aws_sns_topic.reyGasExpress_reports_topic",
            "aws_subnet.lambda_subnet_1",
            "aws_subnet.lambda_subnet_2",
            "aws_subnet.rds_subnet_1",
            "aws_subnet.rds_subnet_2",
            "aws_vpc.reygas_vpc",
            "data.aws_caller_identity.current",
            "random_password.db_master_password_generated"
          ]
        }
      ]
    },
    {
      "mode": "managed",
      "type": "aws_apigatewayv2_stage",
      "name": "secondary_stage",
      "provider": "provider[\"registry.terraform.io/hashicorp/aws\"]",
      "instances": [
        {
          "schema_version": 0,
          "attributes": {
            "access_log_settings": [],
            "api_id": "uy4yetdz30",
            "arn": "arn:aws:apigateway:us-east-1::/apis/uy4yetdz30/stages/v2",
            "auto_deploy": true,
            "client_certificate_id": "",
            "default_route_settings": [
              {
                "data_trace_enabled": false,
                "detailed_metrics_enabled": false,
                "logging_level": "",
                "throttling_burst_limit": 500,
                "throttling_rate_limit": 1000
              }
            ],
            "deployment_id": "jxsgbx",
            "description": "",
            "execution_arn": "arn:aws:execute-api:us-east-1:963527047110:uy4yetdz30/v2",
            "id": "v2",
            "invoke_url": "https://uy4yetdz30.execute-api.us-east-1.amazonaws.com/v2",
            "name": "v2",
            "route_settings": [],
            "stage_variables": null,
            "tags": {
              "Application": "reyGasExpress",
              "Environment": "dev",
              "TrafficWeight": "30"
            },
            "tags_all": {
              "Application": "reyGasExpress",
              "Environment": "dev",
              "TrafficWeight": "30"
            }
          },
          "sensitive_attributes": [],
          "private": "bnVsbA==",
          "dependencies": [
            "aws_apigatewayv2_api.reyGasExpress_api",
            "aws_apigatewayv2_deployment.api_deployment",
            "aws_apigatewayv2_integration.analyze_preferences_lambda_integration",
            "aws_apigatewayv2_integration.generate_report_lambda_integration",
            "aws_apigatewayv2_integration.process_order_lambda_integration",
            "aws_apigatewayv2_integration.register_order_lambda_integration",
            "aws_apigatewayv2_integration.send_email_report_lambda_integration",
            "aws_apigatewayv2_route.analyze_preferences_route",
            "aws_apigatewayv2_route.generate_report_route",
            "aws_apigatewayv2_route.process_order_route",
            "aws_apigatewayv2_route.register_order_route",
            "aws_apigatewayv2_route.send_email_report_route",
            "aws_db_instance.reygas_postgres_db",
            "aws_db_subnet_group.reygas_db_subnet_group",
            "aws_iam_role.lambda_execution_role",
            "aws_lambda_function.analyze_preferences_lambda",
            "aws_lambda_function.generate_report_lambda",
            "aws_lambda_function.process_order_lambda",
            "aws_lambda_function.register_order_lambda",
            "aws_lambda_function.send_email_report_lambda",
            "aws_s3_bucket.reyGasExpress_analysis_bucket",
            "aws_s3_bucket.reyGasExpress_reports_bucket",
            "aws_secretsmanager_secret.db_master_password",
            "aws_security_group.lambda_sg",
            "aws_security_group.rds_sg",
            "aws_sns_topic.reyGasExpress_email_topic",
            "aws_sns_topic.reyGasExpress_reports_topic",
            "aws_subnet.lambda_subnet_1",
            "aws_subnet.lambda_subnet_2",
            "aws_subnet.rds_subnet_1",
            "aws_subnet.rds_subnet_2",
            "aws_vpc.reygas_vpc",
            "random_password.db_master_password_generated"
          ]
        }
      ]
    },
    {
      "mode": "managed",
      "type": "aws_cloudfront_distribution",
      "name": "reygas_distribution",
      "provider": "provider[\"registry.terraform.io/hashicorp/aws\"]",
      "instances": [
        {
          "schema_version": 1,
          "attributes": {
            "aliases": null,
            "arn": "arn:aws:cloudfront::963527047110:distribution/ERHBMZ3QAZ0WY",
            "caller_reference": "terraform-20250706044834329400000009",
            "comment": null,
            "continuous_deployment_policy_id": "",
            "custom_error_response": [],
            "default_cache_behavior": [
              {
                "allowed_methods": [
                  "GET",
                  "HEAD",
                  "OPTIONS"
                ],
                "cache_policy_id": "",
                "cached_methods": [
                  "GET",
                  "HEAD"
                ],
                "compress": true,
                "default_ttl": 3600,
                "field_level_encryption_id": "",
                "forwarded_values": [
                  {
                    "cookies": [
                      {
                        "forward": "none",
                        "whitelisted_names": []
                      }
                    ],
                    "headers": [],
                    "query_string": false,
                    "query_string_cache_keys": []
                  }
                ],
                "function_association": [],
                "grpc_config": [
                  {
                    "enabled": false
                  }
                ],
                "lambda_function_association": [],
                "max_ttl": 86400,
                "min_ttl": 0,
                "origin_request_policy_id": "",
                "realtime_log_config_arn": "",
                "response_headers_policy_id": "",
                "smooth_streaming": false,
                "target_origin_id": "S3-Failover-Group",
                "trusted_key_groups": [],
                "trusted_signers": [],
                "viewer_protocol_policy": "redirect-to-https"
              }
            ],
            "default_root_object": "index.html",
            "domain_name": "d387lz5wrmsylt.cloudfront.net",
            "enabled": true,
            "etag": "EKLPSTZKGLXRV",
            "hosted_zone_id": "Z2FDTNDATAQYW2",
            "http_version": "http2",
            "id": "ERHBMZ3QAZ0WY",
            "in_progress_validation_batches": 0,
            "is_ipv6_enabled": true,
            "last_modified_time": "2025-07-06 04:48:32.389 +0000 UTC",
            "logging_config": [],
            "ordered_cache_behavior": [],
            "origin": [
              {
                "connection_attempts": 3,
                "connection_timeout": 10,
                "custom_header": [],
                "custom_origin_config": [],
                "domain_name": "reygas-express-frontend-failover-dev.s3.amazonaws.com",
                "origin_access_control_id": "E2Q34ZX0XBGYQV",
                "origin_id": "S3-reygas-express-frontend-failover-dev-Failover",
                "origin_path": "",
                "origin_shield": [],
                "s3_origin_config": [],
                "vpc_origin_config": []
              },
              {
                "connection_attempts": 3,
                "connection_timeout": 10,
                "custom_header": [],
                "custom_origin_config": [],
                "domain_name": "reygas-express-frontend.s3.amazonaws.com",
                "origin_access_control_id": "E2Q34ZX0XBGYQV",
                "origin_id": "S3-reygas-express-frontend",
                "origin_path": "",
                "origin_shield": [],
                "s3_origin_config": [],
                "vpc_origin_config": []
              }
            ],
            "origin_group": [
              {
                "failover_criteria": [
                  {
                    "status_codes": [
                      403,
                      404,
                      500,
                      502,
                      503,
                      504
                    ]
                  }
                ],
                "member": [
                  {
                    "origin_id": "S3-reygas-express-frontend"
                  },
                  {
                    "origin_id": "S3-reygas-express-frontend-failover-dev-Failover"
                  }
                ],
                "origin_id": "S3-Failover-Group"
              }
            ],
            "price_class": "PriceClass_100",
            "restrictions": [
              {
                "geo_restriction": [
                  {
                    "locations": [
                      "PE"
                    ],
                    "restriction_type": "whitelist"
                  }
                ]
              }
            ],
            "retain_on_delete": false,
            "staging": false,
            "status": "Deployed",
            "tags": {
              "Application": "reyGasExpress",
              "Environment": "dev",
              "ManagedBy": "Terraform"
            },
            "tags_all": {
              "Application": "reyGasExpress",
              "Environment": "dev",
              "ManagedBy": "Terraform"
            },
            "trusted_key_groups": [
              {
                "enabled": false,
                "items": []
              }
            ],
            "trusted_signers": [
              {
                "enabled": false,
                "items": []
              }
            ],
            "viewer_certificate": [
              {
                "acm_certificate_arn": "",
                "cloudfront_default_certificate": true,
                "iam_certificate_id": "",
                "minimum_protocol_version": "TLSv1",
                "ssl_support_method": ""
              }
            ],
            "wait_for_deployment": true,
            "web_acl_id": "arn:aws:wafv2:us-east-1:963527047110:global/webacl/reyGasExpress-web-acl/5eb72759-86d7-4fd8-aa8d-e87a4aac2afa"
          },
          "sensitive_attributes": [],
          "private": "eyJzY2hlbWFfdmVyc2lvbiI6IjEifQ==",
          "dependencies": [
            "aws_apigatewayv2_api.reyGasExpress_api",
            "aws_cloudfront_origin_access_control.reygas_oac",
            "aws_iam_role.lambda_execution_role",
            "aws_lambda_function.load_balancer_lambda",
            "aws_s3_bucket.reygas_frontend_bucket",
            "aws_s3_bucket.reygas_frontend_failover_bucket",
            "aws_s3_bucket_public_access_block.reygas_frontend_pab",
            "aws_wafv2_web_acl.reyGasExpress_waf",
            "null_resource.waf_propagation_delay"
          ]
        }
      ]
    },
    {
      "mode": "managed",
      "type": "aws_cloudfront_origin_access_control",
      "name": "reygas_oac",
      "provider": "provider[\"registry.terraform.io/hashicorp/aws\"]",
      "instances": [
        {
          "schema_version": 0,
          "attributes": {
            "arn": "arn:aws:cloudfront::963527047110:origin-access-control/E2Q34ZX0XBGYQV",
            "description": "Origin Access Control for ReyGasExpress S3 bucket",
            "etag": "ETVPDKIKX0DER",
            "id": "E2Q34ZX0XBGYQV",
            "name": "reyGasExpress-OAC",
            "origin_access_control_origin_type": "s3",
            "signing_behavior": "always",
            "signing_protocol": "sigv4"
          },
          "sensitive_attributes": [],
          "private": "bnVsbA=="
        }
      ]
    },
    {
      "mode": "managed",
      "type": "aws_cloudwatch_dashboard",
      "name": "reygas_express_dashboard",
      "provider": "provider[\"registry.terraform.io/hashicorp/aws\"]",
      "instances": [
        {
          "schema_version": 0,
          "attributes": {
            "dashboard_arn": "arn:aws:cloudwatch::963527047110:dashboard/ReyGasExpress-Application-Overview-dev",
            "dashboard_body": "{\"widgets\":[{\"height\":2,\"properties\":{\"markdown\":\"# 📊 Visión General del Pipeline de Pedidos ReyGasExpress\\n\\nEste dashboard monitorea el rendimiento y la salud de las Lambdas, API Gateway y RDS PostgreSQL en el entorno `dev`.\"},\"type\":\"text\",\"width\":24,\"x\":0,\"y\":0},{\"height\":6,\"properties\":{\"metrics\":[[\"AWS/ApiGateway\",\"Latency\",\"ApiName\",\"reyGasExpress-api-dev\",\"Stage\",\"v1\",{\"label\":\"Latencia (v1)\",\"stat\":\"Average\"}],[\"AWS/ApiGateway\",\"Latency\",\"ApiName\",\"reyGasExpress-api-dev\",\"Stage\",\"v2\",{\"label\":\"Latencia (v2)\",\"stat\":\"Average\"}],[\"AWS/ApiGateway\",\"IntegrationLatency\",\"ApiName\",\"reyGasExpress-api-dev\",\"Stage\",\"v1\",{\"color\":\"#2ca02c\",\"label\":\"Latencia Integración (v1)\",\"stat\":\"Average\"}],[\"AWS/ApiGateway\",\"IntegrationLatency\",\"ApiName\",\"reyGasExpress-api-dev\",\"Stage\",\"v2\",{\"color\":\"#8c564b\",\"label\":\"Latencia Integración (v2)\",\"stat\":\"Average\"}]],\"period\":300,\"region\":\"us-east-1\",\"stacked\":false,\"title\":\"API Gateway: Latencia de Solicitudes e Integración\",\"view\":\"timeSeries\",\"yAxis\":{\"left\":{\"min\":0}}},\"type\":\"metric\",\"width\":12,\"x\":0,\"y\":2},{\"height\":6,\"properties\":{\"metrics\":[[\"AWS/ApiGateway\",\"4XXError\",\"ApiName\",\"reyGasExpress-api-dev\",\"Stage\",\"v1\",{\"label\":\"4XX Errores (v1)\",\"stat\":\"Sum\"}],[\"AWS/ApiGateway\",\"5XXError\",\"ApiName\",\"reyGasExpress-api-dev\",\"Stage\",\"v1\",{\"label\":\"5XX Errores (v1)\",\"stat\":\"Sum\"}],[\"AWS/ApiGateway\",\"4XXError\",\"ApiName\",\"reyGasExpress-api-dev\",\"Stage\",\"v2\",{\"label\":\"4XX Errores (v2)\",\"stat\":\"Sum\"}],[\"AWS/ApiGateway\",\"5XXError\",\"ApiName\",\"reyGasExpress-api-dev\",\"Stage\",\"v2\",{\"label\":\"5XX Errores (v2)\",\"stat\":\"Sum\"}],[\"AWS/ApiGateway\",\"Count\",\"ApiName\",\"reyGasExpress-api-dev\",\"Stage\",\"v1\",{\"label\":\"Total Solicitudes (v1)\",\"yAxis\":\"right\"}],[\"AWS/ApiGateway\",\"Count\",\"ApiName\",\"reyGasExpress-api-dev\",\"Stage\",\"v2\",{\"label\":\"Total Solicitudes (v2)\",\"yAxis\":\"right\"}]],\"period\":300,\"region\":\"us-east-1\",\"stacked\":false,\"title\":\"API Gateway: Errores y Conteo de Solicitudes\",\"view\":\"timeSeries\",\"yAxis\":{\"right\":{\"label\":\"Conteo\"}}},\"type\":\"metric\",\"width\":12,\"x\":12,\"y\":2},{\"height\":6,\"properties\":{\"metrics\":[[\"AWS/Lambda\",\"Invocations\",\"FunctionName\",\"reyGasExpress-registerOrder-dev\",{\"label\":\"Register Order Invocations\"}],[\"AWS/Lambda\",\"Invocations\",\"FunctionName\",\"reyGasExpress-processOrder-dev\",{\"label\":\"Process Order Invocations\"}],[\"AWS/Lambda\",\"Invocations\",\"FunctionName\",\"reyGasExpress-analyzePreferences-dev\",{\"label\":\"Analyze Preferences Invocations\"}],[\"AWS/Lambda\",\"Invocations\",\"FunctionName\",\"reyGasExpress-generateReport-dev\",{\"label\":\"Generate Report Invocations\"}],[\"AWS/Lambda\",\"Invocations\",\"FunctionName\",\"reyGasExpress-sendEmailReport-dev\",{\"label\":\"Send Email Report Invocations\"}]],\"period\":300,\"region\":\"us-east-1\",\"stacked\":false,\"stat\":\"Sum\",\"title\":\"Lambda: Invocaciones Totales\",\"view\":\"timeSeries\",\"yAxis\":{\"left\":{\"min\":0}}},\"type\":\"metric\",\"width\":8,\"x\":0,\"y\":8},{\"height\":6,\"properties\":{\"metrics\":[[\"AWS/Lambda\",\"Errors\",\"FunctionName\",\"reyGasExpress-registerOrder-dev\",{\"label\":\"Register Order Errors\"}],[\"AWS/Lambda\",\"Errors\",\"FunctionName\",\"reyGasExpress-processOrder-dev\",{\"label\":\"Process Order Errors\"}],[\"AWS/Lambda\",\"Errors\",\"FunctionName\",\"reyGasExpress-analyzePreferences-dev\",{\"label\":\"Analyze Preferences Errors\"}],[\"AWS/Lambda\",\"Errors\",\"FunctionName\",\"reyGasExpress-generateReport-dev\",{\"label\":\"Generate Report Errors\"}],[\"AWS/Lambda\",\"Errors\",\"FunctionName\",\"reyGasExpress-sendEmailReport-dev\",{\"label\":\"Send Email Report Errors\"}]],\"period\":300,\"region\":\"us-east-1\",\"stacked\":false,\"stat\":\"Sum\",\"title\":\"Lambda: Errores Totales\",\"view\":\"timeSeries\",\"yAxis\":{\"left\":{\"min\":0}}},\"type\":\"metric\",\"width\":8,\"x\":8,\"y\":8},{\"height\":6,\"properties\":{\"metrics\":[[\"AWS/Lambda\",\"Duration\",\"FunctionName\",\"reyGasExpress-registerOrder-dev\",{\"label\":\"Register Order\",\"stat\":\"Average\"}],[\"AWS/Lambda\",\"Duration\",\"FunctionName\",\"reyGasExpress-processOrder-dev\",{\"label\":\"Process Order\",\"stat\":\"Average\"}],[\"AWS/Lambda\",\"Duration\",\"FunctionName\",\"reyGasExpress-analyzePreferences-dev\",{\"label\":\"Analyze Preferences\",\"stat\":\"Average\"}],[\"AWS/Lambda\",\"Duration\",\"FunctionName\",\"reyGasExpress-generateReport-dev\",{\"label\":\"Generate Report\",\"stat\":\"Average\"}],[\"AWS/Lambda\",\"Duration\",\"FunctionName\",\"reyGasExpress-sendEmailReport-dev\",{\"label\":\"Send Email Report\",\"stat\":\"Average\"}]],\"period\":300,\"region\":\"us-east-1\",\"stacked\":false,\"stat\":\"Average\",\"title\":\"Lambda: Duración Promedio (ms)\",\"view\":\"timeSeries\",\"yAxis\":{\"left\":{\"min\":0}}},\"type\":\"metric\",\"width\":8,\"x\":16,\"y\":8},{\"height\":6,\"properties\":{\"metrics\":[[\"AWS/RDS\",\"CPUUtilization\",\"DBInstanceIdentifier\",\"reygasexpress-db-instance-dev\",{\"label\":\"CPU Utilization (%)\",\"stat\":\"Average\"}],[\"AWS/RDS\",\"FreeableMemory\",\"DBInstanceIdentifier\",\"reygasexpress-db-instance-dev\",{\"label\":\"Memoria Libre (Bytes)\",\"stat\":\"Average\"}]],\"period\":300,\"region\":\"us-east-1\",\"stacked\":false,\"title\":\"RDS: Uso de CPU y Memoria Libre\",\"view\":\"timeSeries\",\"yAxis\":{\"left\":{\"min\":0}}},\"type\":\"metric\",\"width\":12,\"x\":0,\"y\":14},{\"height\":6,\"properties\":{\"metrics\":[[\"AWS/RDS\",\"DatabaseConnections\",\"DBInstanceIdentifier\",\"reygasexpress-db-instance-dev\",{\"label\":\"Conexiones a BD\",\"stat\":\"Average\"}],[\"AWS/RDS\",\"ReadIOPS\",\"DBInstanceIdentifier\",\"reygasexpress-db-instance-dev\",{\"label\":\"Read IOPS\",\"yAxis\":\"right\"}],[\"AWS/RDS\",\"WriteIOPS\",\"DBInstanceIdentifier\",\"reygasexpress-db-instance-dev\",{\"label\":\"Write IOPS\",\"yAxis\":\"right\"}]],\"period\":300,\"region\":\"us-east-1\",\"stacked\":false,\"title\":\"RDS: Conexiones y Operaciones de E/S\",\"view\":\"timeSeries\",\"yAxis\":{\"left\":{\"min\":0}}},\"type\":\"metric\",\"width\":12,\"x\":12,\"y\":14},{\"height\":7,\"properties\":{\"query\":\"fields @timestamp, @logStream, @message\\r\\n| filter @logStream like '/aws/lambda/' and @message like /Error|error|ERROR/\\r\\n| sort @timestamp desc\\r\\n| limit 50\\r\\n\",\"region\":\"us-east-1\",\"stacked\":false,\"title\":\"Logs de Errores Recientes en Lambdas (Últimos 50)\",\"view\":\"table\"},\"type\":\"log\",\"width\":24,\"x\":0,\"y\":20},{\"height\":7,\"properties\":{\"logGroupNames\":[\"/aws/apigateway/reyGasExpress-api-dev/dev\"],\"query\":\"fields @timestamp, requestId, httpMethod, path, status, integrationLatency\\r\\n| filter @logStream like '/aws/apigateway/' and status \u003e= 400\\r\\n| sort @timestamp desc\\r\\n| limit 50\\r\\n\",\"region\":\"us-east-1\",\"stacked\":false,\"title\":\"Logs de Errores de API Gateway (4XX/5XX Recientes)\",\"view\":\"table\"},\"type\":\"log\",\"width\":24,\"x\":0,\"y\":27}]}",
            "dashboard_name": "ReyGasExpress-Application-Overview-dev",
            "id": "ReyGasExpress-Application-Overview-dev"
          },
          "sensitive_attributes": [],
          "private": "bnVsbA==",
          "dependencies": [
            "aws_apigatewayv2_api.reyGasExpress_api",
            "aws_apigatewayv2_deployment.api_deployment",
            "aws_apigatewayv2_integration.analyze_preferences_lambda_integration",
            "aws_apigatewayv2_integration.generate_report_lambda_integration",
            "aws_apigatewayv2_integration.process_order_lambda_integration",
            "aws_apigatewayv2_integration.register_order_lambda_integration",
            "aws_apigatewayv2_integration.send_email_report_lambda_integration",
            "aws_apigatewayv2_route.analyze_preferences_route",
            "aws_apigatewayv2_route.generate_report_route",
            "aws_apigatewayv2_route.process_order_route",
            "aws_apigatewayv2_route.register_order_route",
            "aws_apigatewayv2_route.send_email_report_route",
            "aws_apigatewayv2_stage.primary_stage",
            "aws_apigatewayv2_stage.secondary_stage",
            "aws_cloudwatch_log_group.api_gateway_log_group",
            "aws_db_instance.reygas_postgres_db",
            "aws_db_subnet_group.reygas_db_subnet_group",
            "aws_iam_role.lambda_execution_role",
            "aws_kms_key.cloudwatch_logs_encryption",
            "aws_lambda_function.analyze_preferences_lambda",
            "aws_lambda_function.generate_report_lambda",
            "aws_lambda_function.process_order_lambda",
            "aws_lambda_function.register_order_lambda",
            "aws_lambda_function.send_email_report_lambda",
            "aws_s3_bucket.reyGasExpress_analysis_bucket",
            "aws_s3_bucket.reyGasExpress_reports_bucket",
            "aws_secretsmanager_secret.db_master_password",
            "aws_security_group.lambda_sg",
            "aws_security_group.rds_sg",
            "aws_sns_topic.reyGasExpress_email_topic",
            "aws_sns_topic.reyGasExpress_reports_topic",
            "aws_subnet.lambda_subnet_1",
            "aws_subnet.lambda_subnet_2",
            "aws_subnet.rds_subnet_1",
            "aws_subnet.rds_subnet_2",
            "aws_vpc.reygas_vpc",
            "data.aws_caller_identity.current",
            "random_password.db_master_password_generated"
          ]
        }
      ]
    },
    {
      "mode": "managed",
      "type": "aws_cloudwatch_event_bus",
      "name": "reygas_orders_event_bus",
      "provider": "provider[\"registry.terraform.io/hashicorp/aws\"]",
      "instances": [
        {
          "schema_version": 0,
          "attributes": {
            "arn": "arn:aws:events:us-east-1:963527047110:event-bus/reyGasExpress-orders-bus-dev",
            "dead_letter_config": [],
            "description": "",
            "event_source_name": null,
            "id": "reyGasExpress-orders-bus-dev",
            "kms_key_identifier": "",
            "name": "reyGasExpress-orders-bus-dev",
            "tags": {
              "Application": "reyGasExpress",
              "Environment": "dev",
              "ManagedBy": "Terraform",
              "Name": "ReyGasExpress-Orders-EventBus-dev"
            },
            "tags_all": {
              "Application": "reyGasExpress",
              "Environment": "dev",
              "ManagedBy": "Terraform",
              "Name": "ReyGasExpress-Orders-EventBus-dev"
            }
          },
          "sensitive_attributes": [],
          "private": "bnVsbA=="
        }
      ]
    },
    {
      "mode": "managed",
      "type": "aws_cloudwatch_event_rule",
      "name": "analyze_preferences_rule",
      "provider": "provider[\"registry.terraform.io/hashicorp/aws\"]",
      "instances": [
        {
          "schema_version": 1,
          "attributes": {
            "arn": "arn:aws:events:us-east-1:963527047110:rule/reyGasExpress-orders-bus-dev/reyGasExpress-analyzePreferences-rule-dev",
            "description": "Captura eventos de pedidos procesados para análisis de preferencias.",
            "event_bus_name": "reyGasExpress-orders-bus-dev",
            "event_pattern": "{\"detail-type\":[\"Order Processed\"],\"source\":[\"orders.system\"]}",
            "force_destroy": false,
            "id": "reyGasExpress-orders-bus-dev/reyGasExpress-analyzePreferences-rule-dev",
            "is_enabled": true,
            "name": "reyGasExpress-analyzePreferences-rule-dev",
            "name_prefix": "",
            "role_arn": "",
            "schedule_expression": "",
            "state": "ENABLED",
            "tags": {
              "Application": "reyGasExpress",
              "Environment": "dev",
              "ManagedBy": "Terraform"
            },
            "tags_all": {
              "Application": "reyGasExpress",
              "Environment": "dev",
              "ManagedBy": "Terraform"
            }
          },
          "sensitive_attributes": [],
          "private": "eyJzY2hlbWFfdmVyc2lvbiI6IjEifQ==",
          "dependencies": [
            "aws_cloudwatch_event_bus.reygas_orders_event_bus"
          ]
        }
      ]
    },
    {
      "mode": "managed",
      "type": "aws_cloudwatch_event_target",
      "name": "analyze_preferences_lambda_target",
      "provider": "provider[\"registry.terraform.io/hashicorp/aws\"]",
      "instances": [
        {
          "schema_version": 1,
          "attributes": {
            "appsync_target": [],
            "arn": "arn:aws:lambda:us-east-1:963527047110:function:reyGasExpress-analyzePreferences-dev",
            "batch_target": [],
            "dead_letter_config": [],
            "ecs_target": [],
            "event_bus_name": "reyGasExpress-orders-bus-dev",
            "force_destroy": false,
            "http_target": [],
            "id": "reyGasExpress-orders-bus-dev-reyGasExpress-analyzePreferences-rule-dev-terraform-2025070605014346360000000c",
            "input": "",
            "input_path": "",
            "input_transformer": [],
            "kinesis_target": [],
            "redshift_target": [],
            "retry_policy": [],
            "role_arn": "",
            "rule": "reyGasExpress-analyzePreferences-rule-dev",
            "run_command_targets": [],
            "sagemaker_pipeline_target": [],
            "sqs_target": [],
            "target_id": "terraform-2025070605014346360000000c"
          },
          "sensitive_attributes": [],
          "private": "eyJzY2hlbWFfdmVyc2lvbiI6IjEifQ==",
          "dependencies": [
            "aws_cloudwatch_event_bus.reygas_orders_event_bus",
            "aws_cloudwatch_event_rule.analyze_preferences_rule",
            "aws_db_instance.reygas_postgres_db",
            "aws_db_subnet_group.reygas_db_subnet_group",
            "aws_iam_role.lambda_execution_role",
            "aws_lambda_function.analyze_preferences_lambda",
            "aws_s3_bucket.reyGasExpress_analysis_bucket",
            "aws_secretsmanager_secret.db_master_password",
            "aws_security_group.lambda_sg",
            "aws_security_group.rds_sg",
            "aws_sns_topic.reyGasExpress_reports_topic",
            "aws_subnet.lambda_subnet_1",
            "aws_subnet.lambda_subnet_2",
            "aws_subnet.rds_subnet_1",
            "aws_subnet.rds_subnet_2",
            "aws_vpc.reygas_vpc",
            "random_password.db_master_password_generated"
          ]
        }
      ]
    },
    {
      "mode": "managed",
      "type": "aws_cloudwatch_log_group",
      "name": "api_gateway_log_group",
      "provider": "provider[\"registry.terraform.io/hashicorp/aws\"]",
      "instances": [
        {
          "schema_version": 0,
          "attributes": {
            "arn": "arn:aws:logs:us-east-1:963527047110:log-group:/aws/apigateway/reyGasExpress-api-dev/dev",
            "id": "/aws/apigateway/reyGasExpress-api-dev/dev",
            "kms_key_id": "arn:aws:kms:us-east-1:963527047110:key/634d0416-ea2c-41d0-a66c-2811446c4c52",
            "log_group_class": "STANDARD",
            "name": "/aws/apigateway/reyGasExpress-api-dev/dev",
            "name_prefix": "",
            "retention_in_days": 365,
            "skip_destroy": false,
            "tags": {
              "Application": "reyGasExpress",
              "Environment": "dev",
              "ManagedBy": "Terraform"
            },
            "tags_all": {
              "Application": "reyGasExpress",
              "Environment": "dev",
              "ManagedBy": "Terraform"
            }
          },
          "sensitive_attributes": [],
          "private": "bnVsbA==",
          "dependencies": [
            "aws_apigatewayv2_api.reyGasExpress_api",
            "aws_kms_key.cloudwatch_logs_encryption",
            "data.aws_caller_identity.current"
          ]
        }
      ]
    },
    {
      "mode": "managed",
      "type": "aws_cognito_user_pool",
      "name": "reyGasExpress_user_pool",
      "provider": "provider[\"registry.terraform.io/hashicorp/aws\"]",
      "instances": [
        {
          "schema_version": 0,
          "attributes": {
            "account_recovery_setting": [
              {
                "recovery_mechanism": [
                  {
                    "name": "verified_email",
                    "priority": 1
                  },
                  {
                    "name": "verified_phone_number",
                    "priority": 2
                  }
                ]
              }
            ],
            "admin_create_user_config": [
              {
                "allow_admin_create_user_only": false,
                "invite_message_template": []
              }
            ],
            "alias_attributes": [
              "email"
            ],
            "arn": "arn:aws:cognito-idp:us-east-1:963527047110:userpool/us-east-1_GtCb5HepX",
            "auto_verified_attributes": null,
            "creation_date": "2025-07-06T04:48:14Z",
            "custom_domain": "",
            "deletion_protection": "INACTIVE",
            "device_configuration": [],
            "domain": "",
            "email_configuration": [
              {
                "configuration_set": "",
                "email_sending_account": "COGNITO_DEFAULT",
                "from_email_address": "",
                "reply_to_email_address": "",
                "source_arn": ""
              }
            ],
            "email_mfa_configuration": [],
            "email_verification_message": "",
            "email_verification_subject": "",
            "endpoint": "cognito-idp.us-east-1.amazonaws.com/us-east-1_GtCb5HepX",
            "estimated_number_of_users": 0,
            "id": "us-east-1_GtCb5HepX",
            "lambda_config": [],
            "last_modified_date": "2025-07-06T04:48:14Z",
            "mfa_configuration": "OFF",
            "name": "ReyGasExpress-user-pool",
            "password_policy": [
              {
                "minimum_length": 8,
                "password_history_size": 0,
                "require_lowercase": false,
                "require_numbers": true,
                "require_symbols": true,
                "require_uppercase": true,
                "temporary_password_validity_days": 7
              }
            ],
            "schema": [],
            "sign_in_policy": [
              {
                "allowed_first_auth_factors": [
                  "PASSWORD"
                ]
              }
            ],
            "sms_authentication_message": "",
            "sms_configuration": [],
            "sms_verification_message": "",
            "software_token_mfa_configuration": [],
            "tags": {
              "Application": "reyGasExpress",
              "Environment": "dev",
              "ManagedBy": "Terraform"
            },
            "tags_all": {
              "Application": "reyGasExpress",
              "Environment": "dev",
              "ManagedBy": "Terraform"
            },
            "user_attribute_update_settings": [],
            "user_pool_add_ons": [],
            "user_pool_tier": "ESSENTIALS",
            "username_attributes": null,
            "username_configuration": [],
            "verification_message_template": [
              {
                "default_email_option": "CONFIRM_WITH_CODE",
                "email_message": "",
                "email_message_by_link": "",
                "email_subject": "",
                "email_subject_by_link": "",
                "sms_message": ""
              }
            ],
            "web_authn_configuration": []
          },
          "sensitive_attributes": [],
          "private": "bnVsbA=="
        }
      ]
    },
    {
      "mode": "managed",
      "type": "aws_cognito_user_pool_client",
      "name": "reyGasExpress_user_pool_client",
      "provider": "provider[\"registry.terraform.io/hashicorp/aws\"]",
      "instances": [
        {
          "schema_version": 0,
          "attributes": {
            "access_token_validity": 0,
            "allowed_oauth_flows": [],
            "allowed_oauth_flows_user_pool_client": false,
            "allowed_oauth_scopes": [],
            "analytics_configuration": [],
            "auth_session_validity": 3,
            "callback_urls": [],
            "client_secret": "",
            "default_redirect_uri": "",
            "enable_propagate_additional_user_context_data": false,
            "enable_token_revocation": true,
            "explicit_auth_flows": [
              "ALLOW_REFRESH_TOKEN_AUTH",
              "ALLOW_USER_PASSWORD_AUTH",
              "ALLOW_USER_SRP_AUTH"
            ],
            "generate_secret": false,
            "id": "2als49759qui21db40qqa6gu79",
            "id_token_validity": 0,
            "logout_urls": [],
            "name": "ReyGasExpress-client",
            "prevent_user_existence_errors": "",
            "read_attributes": [],
            "refresh_token_rotation": [],
            "refresh_token_validity": 30,
            "supported_identity_providers": [],
            "token_validity_units": [],
            "user_pool_id": "us-east-1_GtCb5HepX",
            "write_attributes": []
          },
          "sensitive_attributes": [
            [
              {
                "type": "get_attr",
                "value": "client_secret"
              }
            ]
          ],
          "dependencies": [
            "aws_cognito_user_pool.reyGasExpress_user_pool"
          ]
        }
      ]
    },
    {
      "mode": "managed",
      "type": "aws_db_instance",
      "name": "reygas_postgres_db",
      "provider": "provider[\"registry.terraform.io/hashicorp/aws\"]",
      "instances": [
        {
          "schema_version": 2,
          "attributes": {
            "address": "reygasexpress-db-instance-dev.coh0cgowcp34.us-east-1.rds.amazonaws.com",
            "allocated_storage": 20,
            "allow_major_version_upgrade": null,
            "apply_immediately": false,
            "arn": "arn:aws:rds:us-east-1:963527047110:db:reygasexpress-db-instance-dev",
            "auto_minor_version_upgrade": true,
            "availability_zone": "us-east-1a",
            "backup_retention_period": 7,
            "backup_target": "region",
            "backup_window": "03:00-05:00",
            "blue_green_update": [],
            "ca_cert_identifier": "rds-ca-rsa2048-g1",
            "character_set_name": "",
            "copy_tags_to_snapshot": false,
            "custom_iam_instance_profile": "",
            "customer_owned_ip_enabled": false,
            "database_insights_mode": "standard",
            "db_name": "reygasdb",
            "db_subnet_group_name": "reygas-db-subnet-group-dev",
            "dedicated_log_volume": false,
            "delete_automated_backups": true,
            "deletion_protection": false,
            "domain": "",
            "domain_auth_secret_arn": "",
            "domain_dns_ips": null,
            "domain_fqdn": "",
            "domain_iam_role_name": "",
            "domain_ou": "",
            "enabled_cloudwatch_logs_exports": null,
            "endpoint": "reygasexpress-db-instance-dev.coh0cgowcp34.us-east-1.rds.amazonaws.com:5432",
            "engine": "postgres",
            "engine_lifecycle_support": "open-source-rds-extended-support",
            "engine_version": "12.20",
            "engine_version_actual": "12.20",
            "final_snapshot_identifier": null,
            "hosted_zone_id": "Z2R2ITUGPM61AM",
            "iam_database_authentication_enabled": false,
            "id": "db-3TRILRXMRHKMZJ55E5O4G4FHXY",
            "identifier": "reygasexpress-db-instance-dev",
            "identifier_prefix": "",
            "instance_class": "db.t3.micro",
            "iops": 0,
            "kms_key_id": "",
            "latest_restorable_time": "2025-07-06T04:55:41Z",
            "license_model": "postgresql-license",
            "listener_endpoint": [],
            "maintenance_window": "mon:09:36-mon:10:06",
            "manage_master_user_password": null,
            "master_user_secret": [],
            "master_user_secret_kms_key_id": null,
            "max_allocated_storage": 0,
            "monitoring_interval": 0,
            "monitoring_role_arn": "",
            "multi_az": false,
            "nchar_character_set_name": "",
            "network_type": "IPV4",
            "option_group_name": "default:postgres-12",
            "parameter_group_name": "default.postgres12",
            "password": "bf28WOU3(_jq#\u003edJ",
            "password_wo": null,
            "password_wo_version": null,
            "performance_insights_enabled": true,
            "performance_insights_kms_key_id": "arn:aws:kms:us-east-1:963527047110:key/7164a3d5-60f6-4b08-893b-e77cb30e505d",
            "performance_insights_retention_period": 7,
            "port": 5432,
            "publicly_accessible": false,
            "replica_mode": "",
            "replicas": [],
            "replicate_source_db": "",
            "resource_id": "db-3TRILRXMRHKMZJ55E5O4G4FHXY",
            "restore_to_point_in_time": [],
            "s3_import": [],
            "skip_final_snapshot": true,
            "snapshot_identifier": null,
            "status": "available",
            "storage_encrypted": false,
            "storage_throughput": 0,
            "storage_type": "gp2",
            "tags": {
              "Application": "reyGasExpress",
              "Environment": "dev",
              "ManagedBy": "Terraform",
              "Name": "reygasexpress-postgres-db-dev"
            },
            "tags_all": {
              "Application": "reyGasExpress",
              "Environment": "dev",
              "ManagedBy": "Terraform",
              "Name": "reygasexpress-postgres-db-dev"
            },
            "timeouts": null,
            "timezone": "",
            "upgrade_storage_config": null,
            "username": "reygasadmin",
            "vpc_security_group_ids": [
              "sg-046fec2895dd88ef1"
            ]
          },
          "sensitive_attributes": [
            [
              {
                "type": "get_attr",
                "value": "password"
              }
            ],
            [
              {
                "type": "get_attr",
                "value": "password_wo"
              }
            ]
          ],
          "private": "eyJlMmJmYjczMC1lY2FhLTExZTYtOGY4OC0zNDM2M2JjN2M0YzAiOnsiY3JlYXRlIjozMDAwMDAwMDAwMDAwLCJkZWxldGUiOjM2MDAwMDAwMDAwMDAsInVwZGF0ZSI6NDgwMDAwMDAwMDAwMH0sInNjaGVtYV92ZXJzaW9uIjoiMiJ9",
          "dependencies": [
            "aws_db_subnet_group.reygas_db_subnet_group",
            "aws_security_group.lambda_sg",
            "aws_security_group.rds_sg",
            "aws_subnet.rds_subnet_1",
            "aws_subnet.rds_subnet_2",
            "aws_vpc.reygas_vpc",
            "random_password.db_master_password_generated"
          ],
          "create_before_destroy": true
        }
      ]
    },
    {
      "mode": "managed",
      "type": "aws_db_subnet_group",
      "name": "reygas_db_subnet_group",
      "provider": "provider[\"registry.terraform.io/hashicorp/aws\"]",
      "instances": [
        {
          "schema_version": 0,
          "attributes": {
            "arn": "arn:aws:rds:us-east-1:963527047110:subgrp:reygas-db-subnet-group-dev",
            "description": "Subnet group for ReyGasExpress RDS PostgreSQL instance",
            "id": "reygas-db-subnet-group-dev",
            "name": "reygas-db-subnet-group-dev",
            "name_prefix": "",
            "subnet_ids": [
              "subnet-00fdea1fdb0d5461a",
              "subnet-03e35dd69c6de924e"
            ],
            "supported_network_types": [
              "IPV4"
            ],
            "tags": {
              "Application": "reyGasExpress",
              "Environment": "dev",
              "ManagedBy": "Terraform"
            },
            "tags_all": {
              "Application": "reyGasExpress",
              "Environment": "dev",
              "ManagedBy": "Terraform"
            },
            "vpc_id": "vpc-071a6de911c9a6548"
          },
          "sensitive_attributes": [],
          "private": "bnVsbA==",
          "dependencies": [
            "aws_subnet.rds_subnet_1",
            "aws_subnet.rds_subnet_2",
            "aws_vpc.reygas_vpc"
          ],
          "create_before_destroy": true
        }
      ]
    },
    {
      "mode": "managed",
      "type": "aws_eip",
      "name": "nat_eip",
      "provider": "provider[\"registry.terraform.io/hashicorp/aws\"]",
      "instances": [
        {
          "schema_version": 0,
          "attributes": {
            "address": null,
            "allocation_id": "eipalloc-01aba3ea9303eb9d1",
            "arn": "arn:aws:ec2:us-east-1:963527047110:elastic-ip/eipalloc-01aba3ea9303eb9d1",
            "associate_with_private_ip": null,
            "association_id": "",
            "carrier_ip": "",
            "customer_owned_ip": "",
            "customer_owned_ipv4_pool": "",
            "domain": "vpc",
            "id": "eipalloc-01aba3ea9303eb9d1",
            "instance": "",
            "ipam_pool_id": null,
            "network_border_group": "us-east-1",
            "network_interface": "",
            "private_dns": null,
            "private_ip": "",
            "ptr_record": "",
            "public_dns": "ec2-44-194-75-37.compute-1.amazonaws.com",
            "public_ip": "44.194.75.37",
            "public_ipv4_pool": "amazon",
            "tags": {
              "Environment": "dev",
              "Name": "reygas-nat-eip-dev"
            },
            "tags_all": {
              "Environment": "dev",
              "Name": "reygas-nat-eip-dev"
            },
            "timeouts": null,
            "vpc": true
          },
          "sensitive_attributes": [],
          "private": "eyJlMmJmYjczMC1lY2FhLTExZTYtOGY4OC0zNDM2M2JjN2M0YzAiOnsiZGVsZXRlIjoxODAwMDAwMDAwMDAsInJlYWQiOjkwMDAwMDAwMDAwMCwidXBkYXRlIjozMDAwMDAwMDAwMDB9fQ=="
        }
      ]
    },
    {
      "mode": "managed",
      "type": "aws_iam_policy",
      "name": "lambda_all_permissions_policy",
      "provider": "provider[\"registry.terraform.io/hashicorp/aws\"]",
      "instances": [
        {
          "schema_version": 0,
          "attributes": {
            "arn": "arn:aws:iam::963527047110:policy/reyGasExpress-lambda-all-permissions-policy-dev",
            "attachment_count": 0,
            "description": "Política consolidada para todos los permisos que las funciones Lambda de reyGasExpress necesitan.",
            "id": "arn:aws:iam::963527047110:policy/reyGasExpress-lambda-all-permissions-policy-dev",
            "name": "reyGasExpress-lambda-all-permissions-policy-dev",
            "name_prefix": "",
            "path": "/",
            "policy": "{\"Statement\":[{\"Action\":[\"logs:CreateLogGroup\",\"logs:CreateLogStream\",\"logs:PutLogEvents\"],\"Effect\":\"Allow\",\"Resource\":\"arn:aws:logs:us-east-1:963527047110:log-group:/aws/lambda/*:*\"},{\"Action\":[\"cloudwatch:PutMetricData\"],\"Effect\":\"Allow\",\"Resource\":\"*\"},{\"Action\":\"events:PutEvents\",\"Effect\":\"Allow\",\"Resource\":\"arn:aws:events:us-east-1:963527047110:event-bus/reyGasExpress-orders-bus-dev\"},{\"Action\":[\"s3:PutObject\"],\"Effect\":\"Allow\",\"Resource\":[\"arn:aws:s3:::reygas-express-reports/*\",\"arn:aws:s3:::reygas-express-analysis-dev/*\"]},{\"Action\":[\"s3:GetObject\"],\"Effect\":\"Allow\",\"Resource\":[\"arn:aws:s3:::reygas-express-analysis-dev/*\",\"arn:aws:s3:::reygas-express-reports/*\"]},{\"Action\":\"sns:Publish\",\"Effect\":\"Allow\",\"Resource\":[\"arn:aws:sns:us-east-1:963527047110:reyGasExpress-reports-topic-dev\",\"arn:aws:sns:us-east-1:963527047110:reyGasExpress-email-topic\"]},{\"Action\":[\"ses:SendEmail\",\"ses:SendRawEmail\",\"ses:SendTemplatedEmail\"],\"Effect\":\"Allow\",\"Resource\":\"*\"},{\"Action\":[\"secretsmanager:GetSecretValue\",\"secretsmanager:DescribeSecret\"],\"Effect\":\"Allow\",\"Resource\":\"arn:aws:secretsmanager:us-east-1:963527047110:secret:reyGasExpress-db-master-password-dev-v6-fONH5N\"}],\"Version\":\"2012-10-17\"}",
            "policy_id": "ANPA6AVVP67DO772F4I56",
            "tags": {
              "Application": "reyGasExpress",
              "Environment": "dev",
              "ManagedBy": "Terraform"
            },
            "tags_all": {
              "Application": "reyGasExpress",
              "Environment": "dev",
              "ManagedBy": "Terraform"
            }
          },
          "sensitive_attributes": [],
          "private": "bnVsbA==",
          "dependencies": [
            "aws_s3_bucket.reyGasExpress_analysis_bucket",
            "aws_s3_bucket.reyGasExpress_reports_bucket",
            "aws_secretsmanager_secret.db_master_password",
            "aws_sns_topic.reyGasExpress_email_topic",
            "aws_sns_topic.reyGasExpress_reports_topic",
            "data.aws_caller_identity.current"
          ]
        }
      ]
    },
    {
      "mode": "managed",
      "type": "aws_iam_role",
      "name": "cloudfront_s3_access_role",
      "provider": "provider[\"registry.terraform.io/hashicorp/aws\"]",
      "instances": [
        {
          "schema_version": 0,
          "attributes": {
            "arn": "arn:aws:iam::963527047110:role/cloudfront-s3-access-role20250706044815903900000002",
            "assume_role_policy": "{\"Statement\":[{\"Action\":\"sts:AssumeRole\",\"Effect\":\"Allow\",\"Principal\":{\"Service\":\"cloudfront.amazonaws.com\"}}],\"Version\":\"2012-10-17\"}",
            "create_date": "2025-07-06T04:48:13Z",
            "description": "",
            "force_detach_policies": false,
            "id": "cloudfront-s3-access-role20250706044815903900000002",
            "inline_policy": [],
            "managed_policy_arns": [],
            "max_session_duration": 3600,
            "name": "cloudfront-s3-access-role20250706044815903900000002",
            "name_prefix": "cloudfront-s3-access-role",
            "path": "/",
            "permissions_boundary": "",
            "tags": {
              "Application": "reyGasExpress",
              "Environment": "dev",
              "ManagedBy": "Terraform"
            },
            "tags_all": {
              "Application": "reyGasExpress",
              "Environment": "dev",
              "ManagedBy": "Terraform"
            },
            "unique_id": "AROA6AVVP67DNPHZXLDR7"
          },
          "sensitive_attributes": [],
          "private": "bnVsbA=="
        }
      ]
    },
    {
      "mode": "managed",
      "type": "aws_iam_role",
      "name": "lambda_execution_role",
      "provider": "provider[\"registry.terraform.io/hashicorp/aws\"]",
      "instances": [
        {
          "schema_version": 0,
          "attributes": {
            "arn": "arn:aws:iam::963527047110:role/lambda-execution-role-reyGasExpress",
            "assume_role_policy": "{\"Statement\":[{\"Action\":\"sts:AssumeRole\",\"Effect\":\"Allow\",\"Principal\":{\"Service\":\"lambda.amazonaws.com\"}}],\"Version\":\"2012-10-17\"}",
            "create_date": "2025-07-06T04:48:11Z",
            "description": "",
            "force_detach_policies": false,
            "id": "lambda-execution-role-reyGasExpress",
            "inline_policy": [],
            "managed_policy_arns": [],
            "max_session_duration": 3600,
            "name": "lambda-execution-role-reyGasExpress",
            "name_prefix": "",
            "path": "/",
            "permissions_boundary": "",
            "tags": {
              "Application": "reyGasExpress",
              "Environment": "dev",
              "ManagedBy": "Terraform"
            },
            "tags_all": {
              "Application": "reyGasExpress",
              "Environment": "dev",
              "ManagedBy": "Terraform"
            },
            "unique_id": "AROA6AVVP67DJUR3M7SDY"
          },
          "sensitive_attributes": [],
          "private": "bnVsbA==",
          "create_before_destroy": true
        }
      ]
    },
    {
      "mode": "managed",
      "type": "aws_iam_role_policy",
      "name": "cloudfront_s3_read_policy",
      "provider": "provider[\"registry.terraform.io/hashicorp/aws\"]",
      "instances": [
        {
          "schema_version": 0,
          "attributes": {
            "id": "cloudfront-s3-access-role20250706044815903900000002:cloudfront-s3-read-policy",
            "name": "cloudfront-s3-read-policy",
            "name_prefix": "",
            "policy": "{\"Version\":\"2012-10-17\",\"Statement\":[{\"Action\":[\"s3:GetObject\",\"s3:ListBucket\"],\"Effect\":\"Allow\",\"Resource\":[\"arn:aws:s3:::reygas-express-frontend\",\"arn:aws:s3:::reygas-express-frontend/*\",\"arn:aws:s3:::reygas-express-frontend-failover-dev\",\"arn:aws:s3:::reygas-express-frontend-failover-dev/*\"]}]}",
            "role": "cloudfront-s3-access-role20250706044815903900000002"
          },
          "sensitive_attributes": [],
          "private": "bnVsbA==",
          "dependencies": [
            "aws_iam_role.cloudfront_s3_access_role",
            "aws_s3_bucket.reygas_frontend_bucket",
            "aws_s3_bucket.reygas_frontend_failover_bucket"
          ]
        }
      ]
    },
    {
      "mode": "managed",
      "type": "aws_iam_role_policy_attachment",
      "name": "lambda_all_permissions_attachment",
      "provider": "provider[\"registry.terraform.io/hashicorp/aws\"]",
      "instances": [
        {
          "schema_version": 0,
          "attributes": {
            "id": "lambda-execution-role-reyGasExpress-20250706044820370700000005",
            "policy_arn": "arn:aws:iam::963527047110:policy/reyGasExpress-lambda-all-permissions-policy-dev",
            "role": "lambda-execution-role-reyGasExpress"
          },
          "sensitive_attributes": [],
          "private": "bnVsbA==",
          "dependencies": [
            "aws_iam_policy.lambda_all_permissions_policy",
            "aws_iam_role.lambda_execution_role",
            "aws_s3_bucket.reyGasExpress_analysis_bucket",
            "aws_s3_bucket.reyGasExpress_reports_bucket",
            "aws_secretsmanager_secret.db_master_password",
            "aws_sns_topic.reyGasExpress_email_topic",
            "aws_sns_topic.reyGasExpress_reports_topic",
            "data.aws_caller_identity.current"
          ]
        }
      ]
    },
    {
      "mode": "managed",
      "type": "aws_iam_role_policy_attachment",
      "name": "lambda_vpc_access",
      "provider": "provider[\"registry.terraform.io/hashicorp/aws\"]",
      "instances": [
        {
          "schema_version": 0,
          "attributes": {
            "id": "lambda-execution-role-reyGasExpress-20250706044816715100000004",
            "policy_arn": "arn:aws:iam::aws:policy/service-role/AWSLambdaVPCAccessExecutionRole",
            "role": "lambda-execution-role-reyGasExpress"
          },
          "sensitive_attributes": [],
          "private": "bnVsbA==",
          "dependencies": [
            "aws_iam_role.lambda_execution_role"
          ]
        }
      ]
    },
    {
      "mode": "managed",
      "type": "aws_internet_gateway",
      "name": "reygas_igw",
      "provider": "provider[\"registry.terraform.io/hashicorp/aws\"]",
      "instances": [
        {
          "schema_version": 0,
          "attributes": {
            "arn": "arn:aws:ec2:us-east-1:963527047110:internet-gateway/igw-0ee45b48278862c5b",
            "id": "igw-0ee45b48278862c5b",
            "owner_id": "963527047110",
            "tags": {
              "Environment": "dev",
              "Name": "reygas-igw-dev"
            },
            "tags_all": {
              "Environment": "dev",
              "Name": "reygas-igw-dev"
            },
            "timeouts": null,
            "vpc_id": "vpc-071a6de911c9a6548"
          },
          "sensitive_attributes": [],
          "private": "eyJlMmJmYjczMC1lY2FhLTExZTYtOGY4OC0zNDM2M2JjN2M0YzAiOnsiY3JlYXRlIjoxMjAwMDAwMDAwMDAwLCJkZWxldGUiOjEyMDAwMDAwMDAwMDAsInVwZGF0ZSI6MTIwMDAwMDAwMDAwMH19",
          "dependencies": [
            "aws_vpc.reygas_vpc"
          ]
        }
      ]
    },
    {
      "mode": "managed",
      "type": "aws_kms_alias",
      "name": "cloudwatch_logs_alias",
      "provider": "provider[\"registry.terraform.io/hashicorp/aws\"]",
      "instances": [
        {
          "schema_version": 0,
          "attributes": {
            "arn": "arn:aws:kms:us-east-1:963527047110:alias/cloudwatch-logs",
            "id": "alias/cloudwatch-logs",
            "name": "alias/cloudwatch-logs",
            "name_prefix": "",
            "target_key_arn": "arn:aws:kms:us-east-1:963527047110:key/634d0416-ea2c-41d0-a66c-2811446c4c52",
            "target_key_id": "634d0416-ea2c-41d0-a66c-2811446c4c52"
          },
          "sensitive_attributes": [],
          "private": "bnVsbA==",
          "dependencies": [
            "aws_kms_key.cloudwatch_logs_encryption",
            "data.aws_caller_identity.current"
          ]
        }
      ]
    },
    {
      "mode": "managed",
      "type": "aws_kms_key",
      "name": "cloudwatch_logs_encryption",
      "provider": "provider[\"registry.terraform.io/hashicorp/aws\"]",
      "instances": [
        {
          "schema_version": 0,
          "attributes": {
            "arn": "arn:aws:kms:us-east-1:963527047110:key/634d0416-ea2c-41d0-a66c-2811446c4c52",
            "bypass_policy_lockout_safety_check": false,
            "custom_key_store_id": "",
            "customer_master_key_spec": "SYMMETRIC_DEFAULT",
            "deletion_window_in_days": 10,
            "description": "KMS key for encrypting CloudWatch logs",
            "enable_key_rotation": true,
            "id": "634d0416-ea2c-41d0-a66c-2811446c4c52",
            "is_enabled": true,
            "key_id": "634d0416-ea2c-41d0-a66c-2811446c4c52",
            "key_usage": "ENCRYPT_DECRYPT",
            "multi_region": false,
            "policy": "{\"Id\":\"key-policy\",\"Statement\":[{\"Action\":\"kms:*\",\"Effect\":\"Allow\",\"Principal\":{\"AWS\":\"arn:aws:iam::963527047110:root\"},\"Resource\":\"*\"},{\"Action\":[\"kms:Encrypt*\",\"kms:Decrypt*\",\"kms:ReEncrypt*\",\"kms:GenerateDataKey*\",\"kms:Describe*\"],\"Effect\":\"Allow\",\"Principal\":{\"Service\":\"logs.us-east-1.amazonaws.com\"},\"Resource\":\"*\"}],\"Version\":\"2012-10-17\"}",
            "rotation_period_in_days": 365,
            "tags": null,
            "tags_all": {},
            "timeouts": null,
            "xks_key_id": ""
          },
          "sensitive_attributes": [],
          "private": "eyJlMmJmYjczMC1lY2FhLTExZTYtOGY4OC0zNDM2M2JjN2M0YzAiOnsiY3JlYXRlIjoxMjAwMDAwMDAwMDB9fQ==",
          "dependencies": [
            "data.aws_caller_identity.current"
          ]
        }
      ]
    },
    {
      "mode": "managed",
      "type": "aws_lambda_function",
      "name": "analyze_preferences_lambda",
      "provider": "provider[\"registry.terraform.io/hashicorp/aws\"]",
      "instances": [
        {
          "schema_version": 0,
          "attributes": {
            "architectures": [
              "x86_64"
            ],
            "arn": "arn:aws:lambda:us-east-1:963527047110:function:reyGasExpress-analyzePreferences-dev",
            "code_sha256": "COK4L6pMtu3Oqs9dRNGip2ZiFtAw5d3Iu02iUZx3M3A=",
            "code_signing_config_arn": "",
            "dead_letter_config": [],
            "description": "",
            "environment": [
              {
                "variables": {
                  "ANALYSIS_BUCKET_NAME": "reygas-express-analysis-dev",
                  "DB_HOST": "reygasexpress-db-instance-dev.coh0cgowcp34.us-east-1.rds.amazonaws.com",
                  "DB_NAME": "reygasdb",
                  "DB_PASSWORD_SECRET_ARN": "arn:aws:secretsmanager:us-east-1:963527047110:secret:reyGasExpress-db-master-password-dev-v6-fONH5N",
                  "DB_PORT": "5432",
                  "DB_USERNAME": "reygasadmin",
                  "REPORT_TOPIC_ARN": "arn:aws:sns:us-east-1:963527047110:reyGasExpress-reports-topic-dev"
                }
              }
            ],
            "ephemeral_storage": [
              {
                "size": 512
              }
            ],
            "file_system_config": [],
            "filename": "lambda_code/analyzePreferences.zip",
            "function_name": "reyGasExpress-analyzePreferences-dev",
            "handler": "analyzePreferences.handler",
            "id": "reyGasExpress-analyzePreferences-dev",
            "image_config": [],
            "image_uri": "",
            "invoke_arn": "arn:aws:apigateway:us-east-1:lambda:path/2015-03-31/functions/arn:aws:lambda:us-east-1:963527047110:function:reyGasExpress-analyzePreferences-dev/invocations",
            "kms_key_arn": "",
            "last_modified": "2025-07-06T05:01:33.840+0000",
            "layers": null,
            "logging_config": [
              {
                "application_log_level": "",
                "log_format": "Text",
                "log_group": "/aws/lambda/reyGasExpress-analyzePreferences-dev",
                "system_log_level": ""
              }
            ],
            "memory_size": 256,
            "package_type": "Zip",
            "publish": false,
            "qualified_arn": "arn:aws:lambda:us-east-1:963527047110:function:reyGasExpress-analyzePreferences-dev:$LATEST",
            "qualified_invoke_arn": "arn:aws:apigateway:us-east-1:lambda:path/2015-03-31/functions/arn:aws:lambda:us-east-1:963527047110:function:reyGasExpress-analyzePreferences-dev:$LATEST/invocations",
            "replace_security_groups_on_destroy": null,
            "replacement_security_group_ids": null,
            "reserved_concurrent_executions": -1,
            "role": "arn:aws:iam::963527047110:role/lambda-execution-role-reyGasExpress",
            "runtime": "nodejs18.x",
            "s3_bucket": null,
            "s3_key": null,
            "s3_object_version": null,
            "signing_job_arn": "",
            "signing_profile_version_arn": "",
            "skip_destroy": false,
            "snap_start": [],
            "source_code_hash": "COK4L6pMtu3Oqs9dRNGip2ZiFtAw5d3Iu02iUZx3M3A=",
            "source_code_size": 2454,
            "tags": {
              "Application": "reyGasExpress",
              "Environment": "dev",
              "ManagedBy": "Terraform"
            },
            "tags_all": {
              "Application": "reyGasExpress",
              "Environment": "dev",
              "ManagedBy": "Terraform"
            },
            "timeout": 90,
            "timeouts": null,
            "tracing_config": [
              {
                "mode": "Active"
              }
            ],
            "version": "$LATEST",
            "vpc_config": [
              {
                "ipv6_allowed_for_dual_stack": false,
                "security_group_ids": [
                  "sg-0ac2894667e254798"
                ],
                "subnet_ids": [
                  "subnet-0b18f3682d19b4999",
                  "subnet-0d150b05b6e11a03f"
                ],
                "vpc_id": "vpc-071a6de911c9a6548"
              }
            ]
          },
          "sensitive_attributes": [],
          "private": "eyJlMmJmYjczMC1lY2FhLTExZTYtOGY4OC0zNDM2M2JjN2M0YzAiOnsiY3JlYXRlIjo2MDAwMDAwMDAwMDAsImRlbGV0ZSI6NjAwMDAwMDAwMDAwLCJ1cGRhdGUiOjYwMDAwMDAwMDAwMH19",
          "dependencies": [
            "aws_db_instance.reygas_postgres_db",
            "aws_db_subnet_group.reygas_db_subnet_group",
            "aws_iam_role.lambda_execution_role",
            "aws_s3_bucket.reyGasExpress_analysis_bucket",
            "aws_secretsmanager_secret.db_master_password",
            "aws_security_group.lambda_sg",
            "aws_security_group.rds_sg",
            "aws_sns_topic.reyGasExpress_reports_topic",
            "aws_subnet.lambda_subnet_1",
            "aws_subnet.lambda_subnet_2",
            "aws_subnet.rds_subnet_1",
            "aws_subnet.rds_subnet_2",
            "aws_vpc.reygas_vpc",
            "random_password.db_master_password_generated"
          ],
          "create_before_destroy": true
        }
      ]
    },
    {
      "mode": "managed",
      "type": "aws_lambda_function",
      "name": "generate_report_lambda",
      "provider": "provider[\"registry.terraform.io/hashicorp/aws\"]",
      "instances": [
        {
          "schema_version": 0,
          "attributes": {
            "architectures": [
              "x86_64"
            ],
            "arn": "arn:aws:lambda:us-east-1:963527047110:function:reyGasExpress-generateReport-dev",
            "code_sha256": "QbrgWhqpiOhg0RuIK7/8//1JWb/OSZg55h5e++bj8m4=",
            "code_signing_config_arn": "",
            "dead_letter_config": [],
            "description": "",
            "environment": [
              {
                "variables": {
                  "ANALYSIS_BUCKET_NAME": "reygas-express-analysis-dev",
                  "EMAIL_TOPIC_ARN": "arn:aws:sns:us-east-1:963527047110:reyGasExpress-email-topic",
                  "REPORTS_BUCKET_NAME": "reygas-express-reports"
                }
              }
            ],
            "ephemeral_storage": [
              {
                "size": 512
              }
            ],
            "file_system_config": [],
            "filename": "lambda_code/generateReport.zip",
            "function_name": "reyGasExpress-generateReport-dev",
            "handler": "generateReport.handler",
            "id": "reyGasExpress-generateReport-dev",
            "image_config": [],
            "image_uri": "",
            "invoke_arn": "arn:aws:apigateway:us-east-1:lambda:path/2015-03-31/functions/arn:aws:lambda:us-east-1:963527047110:function:reyGasExpress-generateReport-dev/invocations",
            "kms_key_arn": "",
            "last_modified": "2025-07-06T04:48:38.268+0000",
            "layers": null,
            "logging_config": [
              {
                "application_log_level": "",
                "log_format": "Text",
                "log_group": "/aws/lambda/reyGasExpress-generateReport-dev",
                "system_log_level": ""
              }
            ],
            "memory_size": 256,
            "package_type": "Zip",
            "publish": false,
            "qualified_arn": "arn:aws:lambda:us-east-1:963527047110:function:reyGasExpress-generateReport-dev:$LATEST",
            "qualified_invoke_arn": "arn:aws:apigateway:us-east-1:lambda:path/2015-03-31/functions/arn:aws:lambda:us-east-1:963527047110:function:reyGasExpress-generateReport-dev:$LATEST/invocations",
            "replace_security_groups_on_destroy": null,
            "replacement_security_group_ids": null,
            "reserved_concurrent_executions": -1,
            "role": "arn:aws:iam::963527047110:role/lambda-execution-role-reyGasExpress",
            "runtime": "nodejs18.x",
            "s3_bucket": null,
            "s3_key": null,
            "s3_object_version": null,
            "signing_job_arn": "",
            "signing_profile_version_arn": "",
            "skip_destroy": false,
            "snap_start": [],
            "source_code_hash": "QbrgWhqpiOhg0RuIK7/8//1JWb/OSZg55h5e++bj8m4=",
            "source_code_size": 1610,
            "tags": {
              "Application": "reyGasExpress",
              "Environment": "dev",
              "ManagedBy": "Terraform"
            },
            "tags_all": {
              "Application": "reyGasExpress",
              "Environment": "dev",
              "ManagedBy": "Terraform"
            },
            "timeout": 90,
            "timeouts": null,
            "tracing_config": [
              {
                "mode": "Active"
              }
            ],
            "version": "$LATEST",
            "vpc_config": []
          },
          "sensitive_attributes": [],
          "private": "eyJlMmJmYjczMC1lY2FhLTExZTYtOGY4OC0zNDM2M2JjN2M0YzAiOnsiY3JlYXRlIjo2MDAwMDAwMDAwMDAsImRlbGV0ZSI6NjAwMDAwMDAwMDAwLCJ1cGRhdGUiOjYwMDAwMDAwMDAwMH19",
          "dependencies": [
            "aws_iam_role.lambda_execution_role",
            "aws_s3_bucket.reyGasExpress_analysis_bucket",
            "aws_s3_bucket.reyGasExpress_reports_bucket",
            "aws_sns_topic.reyGasExpress_email_topic"
          ],
          "create_before_destroy": true
        }
      ]
    },
    {
      "mode": "managed",
      "type": "aws_lambda_function",
      "name": "load_balancer_lambda",
      "provider": "provider[\"registry.terraform.io/hashicorp/aws\"]",
      "instances": [
        {
          "schema_version": 0,
          "attributes": {
            "architectures": [
              "x86_64"
            ],
            "arn": "arn:aws:lambda:us-east-1:963527047110:function:reyGasExpress-load-balancer-dev",
            "code_sha256": "w5AIesiP5fiUmJl8JLkelHsFT5eoC3EPBP4vrYarJF8=",
            "code_signing_config_arn": "",
            "dead_letter_config": [],
            "description": "",
            "environment": [
              {
                "variables": {
                  "PRIMARY_ENDPOINT": "https://uy4yetdz30.execute-api.us-east-1.amazonaws.com/v1",
                  "SECONDARY_ENDPOINT": "https://uy4yetdz30.execute-api.us-east-1.amazonaws.com/v2"
                }
              }
            ],
            "ephemeral_storage": [
              {
                "size": 512
              }
            ],
            "file_system_config": [],
            "filename": "./lambda_code/loadBalancer.zip",
            "function_name": "reyGasExpress-load-balancer-dev",
            "handler": "index.handler",
            "id": "reyGasExpress-load-balancer-dev",
            "image_config": [],
            "image_uri": "",
            "invoke_arn": "arn:aws:apigateway:us-east-1:lambda:path/2015-03-31/functions/arn:aws:lambda:us-east-1:963527047110:function:reyGasExpress-load-balancer-dev/invocations",
            "kms_key_arn": "",
            "last_modified": "2025-07-06T04:48:25.393+0000",
            "layers": null,
            "logging_config": [
              {
                "application_log_level": "",
                "log_format": "Text",
                "log_group": "/aws/lambda/reyGasExpress-load-balancer-dev",
                "system_log_level": ""
              }
            ],
            "memory_size": 128,
            "package_type": "Zip",
            "publish": false,
            "qualified_arn": "arn:aws:lambda:us-east-1:963527047110:function:reyGasExpress-load-balancer-dev:$LATEST",
            "qualified_invoke_arn": "arn:aws:apigateway:us-east-1:lambda:path/2015-03-31/functions/arn:aws:lambda:us-east-1:963527047110:function:reyGasExpress-load-balancer-dev:$LATEST/invocations",
            "replace_security_groups_on_destroy": null,
            "replacement_security_group_ids": null,
            "reserved_concurrent_executions": -1,
            "role": "arn:aws:iam::963527047110:role/lambda-execution-role-reyGasExpress",
            "runtime": "nodejs18.x",
            "s3_bucket": null,
            "s3_key": null,
            "s3_object_version": null,
            "signing_job_arn": "",
            "signing_profile_version_arn": "",
            "skip_destroy": false,
            "snap_start": [],
            "source_code_hash": "",
            "source_code_size": 570,
            "tags": null,
            "tags_all": {},
            "timeout": 3,
            "timeouts": null,
            "tracing_config": [
              {
                "mode": "PassThrough"
              }
            ],
            "version": "$LATEST",
            "vpc_config": []
          },
          "sensitive_attributes": [],
          "private": "eyJlMmJmYjczMC1lY2FhLTExZTYtOGY4OC0zNDM2M2JjN2M0YzAiOnsiY3JlYXRlIjo2MDAwMDAwMDAwMDAsImRlbGV0ZSI6NjAwMDAwMDAwMDAwLCJ1cGRhdGUiOjYwMDAwMDAwMDAwMH19",
          "dependencies": [
            "aws_apigatewayv2_api.reyGasExpress_api",
            "aws_iam_role.lambda_execution_role"
          ]
        }
      ]
    },
    {
      "mode": "managed",
      "type": "aws_lambda_function",
      "name": "process_order_lambda",
      "provider": "provider[\"registry.terraform.io/hashicorp/aws\"]",
      "instances": [
        {
          "schema_version": 0,
          "attributes": {
            "architectures": [
              "x86_64"
            ],
            "arn": "arn:aws:lambda:us-east-1:963527047110:function:reyGasExpress-processOrder-dev",
            "code_sha256": "eANBSzBPYwZDqWeCYQbjl6h+sdwFOtpsZfQydl2aHD4=",
            "code_signing_config_arn": "",
            "dead_letter_config": [],
            "description": "",
            "environment": [
              {
                "variables": {
                  "DB_HOST": "reygasexpress-db-instance-dev.coh0cgowcp34.us-east-1.rds.amazonaws.com",
                  "DB_NAME": "reygasdb",
                  "DB_PASSWORD_SECRET_ARN": "arn:aws:secretsmanager:us-east-1:963527047110:secret:reyGasExpress-db-master-password-dev-v6-fONH5N",
                  "DB_PORT": "5432",
                  "DB_USERNAME": "reygasadmin",
                  "EVENT_BUS_NAME": "reyGasExpress-orders-bus-dev"
                }
              }
            ],
            "ephemeral_storage": [
              {
                "size": 512
              }
            ],
            "file_system_config": [],
            "filename": "lambda_code/processOrder.zip",
            "function_name": "reyGasExpress-processOrder-dev",
            "handler": "processOrder.handler",
            "id": "reyGasExpress-processOrder-dev",
            "image_config": [],
            "image_uri": "",
            "invoke_arn": "arn:aws:apigateway:us-east-1:lambda:path/2015-03-31/functions/arn:aws:lambda:us-east-1:963527047110:function:reyGasExpress-processOrder-dev/invocations",
            "kms_key_arn": "",
            "last_modified": "2025-07-06T04:57:48.540+0000",
            "layers": null,
            "logging_config": [
              {
                "application_log_level": "",
                "log_format": "Text",
                "log_group": "/aws/lambda/reyGasExpress-processOrder-dev",
                "system_log_level": ""
              }
            ],
            "memory_size": 256,
            "package_type": "Zip",
            "publish": false,
            "qualified_arn": "arn:aws:lambda:us-east-1:963527047110:function:reyGasExpress-processOrder-dev:$LATEST",
            "qualified_invoke_arn": "arn:aws:apigateway:us-east-1:lambda:path/2015-03-31/functions/arn:aws:lambda:us-east-1:963527047110:function:reyGasExpress-processOrder-dev:$LATEST/invocations",
            "replace_security_groups_on_destroy": null,
            "replacement_security_group_ids": null,
            "reserved_concurrent_executions": -1,
            "role": "arn:aws:iam::963527047110:role/lambda-execution-role-reyGasExpress",
            "runtime": "nodejs18.x",
            "s3_bucket": null,
            "s3_key": null,
            "s3_object_version": null,
            "signing_job_arn": "",
            "signing_profile_version_arn": "",
            "skip_destroy": false,
            "snap_start": [],
            "source_code_hash": "eANBSzBPYwZDqWeCYQbjl6h+sdwFOtpsZfQydl2aHD4=",
            "source_code_size": 1794,
            "tags": {
              "Application": "reyGasExpress",
              "Environment": "dev",
              "ManagedBy": "Terraform"
            },
            "tags_all": {
              "Application": "reyGasExpress",
              "Environment": "dev",
              "ManagedBy": "Terraform"
            },
            "timeout": 60,
            "timeouts": null,
            "tracing_config": [
              {
                "mode": "Active"
              }
            ],
            "version": "$LATEST",
            "vpc_config": [
              {
                "ipv6_allowed_for_dual_stack": false,
                "security_group_ids": [
                  "sg-0ac2894667e254798"
                ],
                "subnet_ids": [
                  "subnet-0b18f3682d19b4999",
                  "subnet-0d150b05b6e11a03f"
                ],
                "vpc_id": "vpc-071a6de911c9a6548"
              }
            ]
          },
          "sensitive_attributes": [],
          "private": "eyJlMmJmYjczMC1lY2FhLTExZTYtOGY4OC0zNDM2M2JjN2M0YzAiOnsiY3JlYXRlIjo2MDAwMDAwMDAwMDAsImRlbGV0ZSI6NjAwMDAwMDAwMDAwLCJ1cGRhdGUiOjYwMDAwMDAwMDAwMH19",
          "dependencies": [
            "aws_db_instance.reygas_postgres_db",
            "aws_db_subnet_group.reygas_db_subnet_group",
            "aws_iam_role.lambda_execution_role",
            "aws_secretsmanager_secret.db_master_password",
            "aws_security_group.lambda_sg",
            "aws_security_group.rds_sg",
            "aws_subnet.lambda_subnet_1",
            "aws_subnet.lambda_subnet_2",
            "aws_subnet.rds_subnet_1",
            "aws_subnet.rds_subnet_2",
            "aws_vpc.reygas_vpc",
            "random_password.db_master_password_generated"
          ],
          "create_before_destroy": true
        }
      ]
    },
    {
      "mode": "managed",
      "type": "aws_lambda_function",
      "name": "register_order_lambda",
      "provider": "provider[\"registry.terraform.io/hashicorp/aws\"]",
      "instances": [
        {
          "schema_version": 0,
          "attributes": {
            "architectures": [
              "x86_64"
            ],
            "arn": "arn:aws:lambda:us-east-1:963527047110:function:reyGasExpress-registerOrder-dev",
            "code_sha256": "4oRIz42v/nSIadm/moadQpVOEKzXTQ98BVxz1kEQwFs=",
            "code_signing_config_arn": "",
            "dead_letter_config": [],
            "description": "",
            "environment": [],
            "ephemeral_storage": [
              {
                "size": 512
              }
            ],
            "file_system_config": [],
            "filename": "lambda_code/registerOrder.zip",
            "function_name": "reyGasExpress-registerOrder-dev",
            "handler": "registerOrder.handler",
            "id": "reyGasExpress-registerOrder-dev",
            "image_config": [],
            "image_uri": "",
            "invoke_arn": "arn:aws:apigateway:us-east-1:lambda:path/2015-03-31/functions/arn:aws:lambda:us-east-1:963527047110:function:reyGasExpress-registerOrder-dev/invocations",
            "kms_key_arn": "",
            "last_modified": "2025-07-06T04:48:18.982+0000",
            "layers": null,
            "logging_config": [
              {
                "application_log_level": "",
                "log_format": "Text",
                "log_group": "/aws/lambda/reyGasExpress-registerOrder-dev",
                "system_log_level": ""
              }
            ],
            "memory_size": 512,
            "package_type": "Zip",
            "publish": true,
            "qualified_arn": "arn:aws:lambda:us-east-1:963527047110:function:reyGasExpress-registerOrder-dev:26",
            "qualified_invoke_arn": "arn:aws:apigateway:us-east-1:lambda:path/2015-03-31/functions/arn:aws:lambda:us-east-1:963527047110:function:reyGasExpress-registerOrder-dev:26/invocations",
            "replace_security_groups_on_destroy": null,
            "replacement_security_group_ids": null,
            "reserved_concurrent_executions": -1,
            "role": "arn:aws:iam::963527047110:role/lambda-execution-role-reyGasExpress",
            "runtime": "nodejs18.x",
            "s3_bucket": null,
            "s3_key": null,
            "s3_object_version": null,
            "signing_job_arn": "",
            "signing_profile_version_arn": "",
            "skip_destroy": false,
            "snap_start": [],
            "source_code_hash": "4oRIz42v/nSIadm/moadQpVOEKzXTQ98BVxz1kEQwFs=",
            "source_code_size": 1293,
            "tags": {
              "Application": "reyGasExpress",
              "Environment": "dev",
              "ManagedBy": "Terraform"
            },
            "tags_all": {
              "Application": "reyGasExpress",
              "Environment": "dev",
              "ManagedBy": "Terraform"
            },
            "timeout": 10,
            "timeouts": null,
            "tracing_config": [
              {
                "mode": "Active"
              }
            ],
            "version": "26",
            "vpc_config": []
          },
          "sensitive_attributes": [],
          "private": "eyJlMmJmYjczMC1lY2FhLTExZTYtOGY4OC0zNDM2M2JjN2M0YzAiOnsiY3JlYXRlIjo2MDAwMDAwMDAwMDAsImRlbGV0ZSI6NjAwMDAwMDAwMDAwLCJ1cGRhdGUiOjYwMDAwMDAwMDAwMH19",
          "dependencies": [
            "aws_iam_role.lambda_execution_role"
          ],
          "create_before_destroy": true
        }
      ]
    },
    {
      "mode": "managed",
      "type": "aws_lambda_function",
      "name": "send_email_report_lambda",
      "provider": "provider[\"registry.terraform.io/hashicorp/aws\"]",
      "instances": [
        {
          "schema_version": 0,
          "attributes": {
            "architectures": [
              "x86_64"
            ],
            "arn": "arn:aws:lambda:us-east-1:963527047110:function:reyGasExpress-sendEmailReport-dev",
            "code_sha256": "7mJsaCOoh52JsbvvNRu1ovdrC95wFNjq33loDP1xV+A=",
            "code_signing_config_arn": "",
            "dead_letter_config": [],
            "description": "",
            "environment": [
              {
                "variables": {
                  "FROM_EMAIL": "no-reply@tudominio.com",
                  "REPORTS_BUCKET_NAME": "reygas-express-reports",
                  "TO_EMAIL": "destinatario@example.com"
                }
              }
            ],
            "ephemeral_storage": [
              {
                "size": 512
              }
            ],
            "file_system_config": [],
            "filename": "lambda_code/sendEmailReport.zip",
            "function_name": "reyGasExpress-sendEmailReport-dev",
            "handler": "sendEmailReport.handler",
            "id": "reyGasExpress-sendEmailReport-dev",
            "image_config": [],
            "image_uri": "",
            "invoke_arn": "arn:aws:apigateway:us-east-1:lambda:path/2015-03-31/functions/arn:aws:lambda:us-east-1:963527047110:function:reyGasExpress-sendEmailReport-dev/invocations",
            "kms_key_arn": "",
            "last_modified": "2025-07-06T04:48:31.824+0000",
            "layers": null,
            "logging_config": [
              {
                "application_log_level": "",
                "log_format": "Text",
                "log_group": "/aws/lambda/reyGasExpress-sendEmailReport-dev",
                "system_log_level": ""
              }
            ],
            "memory_size": 192,
            "package_type": "Zip",
            "publish": false,
            "qualified_arn": "arn:aws:lambda:us-east-1:963527047110:function:reyGasExpress-sendEmailReport-dev:$LATEST",
            "qualified_invoke_arn": "arn:aws:apigateway:us-east-1:lambda:path/2015-03-31/functions/arn:aws:lambda:us-east-1:963527047110:function:reyGasExpress-sendEmailReport-dev:$LATEST/invocations",
            "replace_security_groups_on_destroy": null,
            "replacement_security_group_ids": null,
            "reserved_concurrent_executions": -1,
            "role": "arn:aws:iam::963527047110:role/lambda-execution-role-reyGasExpress",
            "runtime": "nodejs18.x",
            "s3_bucket": null,
            "s3_key": null,
            "s3_object_version": null,
            "signing_job_arn": "",
            "signing_profile_version_arn": "",
            "skip_destroy": false,
            "snap_start": [],
            "source_code_hash": "7mJsaCOoh52JsbvvNRu1ovdrC95wFNjq33loDP1xV+A=",
            "source_code_size": 1156,
            "tags": {
              "Application": "reyGasExpress",
              "Environment": "dev",
              "ManagedBy": "Terraform"
            },
            "tags_all": {
              "Application": "reyGasExpress",
              "Environment": "dev",
              "ManagedBy": "Terraform"
            },
            "timeout": 60,
            "timeouts": null,
            "tracing_config": [
              {
                "mode": "Active"
              }
            ],
            "version": "$LATEST",
            "vpc_config": []
          },
          "sensitive_attributes": [],
          "private": "eyJlMmJmYjczMC1lY2FhLTExZTYtOGY4OC0zNDM2M2JjN2M0YzAiOnsiY3JlYXRlIjo2MDAwMDAwMDAwMDAsImRlbGV0ZSI6NjAwMDAwMDAwMDAwLCJ1cGRhdGUiOjYwMDAwMDAwMDAwMH19",
          "dependencies": [
            "aws_iam_role.lambda_execution_role",
            "aws_s3_bucket.reyGasExpress_reports_bucket"
          ],
          "create_before_destroy": true
        }
      ]
    },
    {
      "mode": "managed",
      "type": "aws_lambda_permission",
      "name": "allow_apigateway_invoke_analyze_preferences_lambda",
      "provider": "provider[\"registry.terraform.io/hashicorp/aws\"]",
      "instances": [
        {
          "schema_version": 0,
          "attributes": {
            "action": "lambda:InvokeFunction",
            "event_source_token": null,
            "function_name": "reyGasExpress-analyzePreferences-dev",
            "function_url_auth_type": null,
            "id": "AllowAPIGatewayInvokeAnalyzePreferencesLambda",
            "principal": "apigateway.amazonaws.com",
            "principal_org_id": null,
            "qualifier": "",
            "source_account": null,
            "source_arn": "arn:aws:execute-api:us-east-1:963527047110:uy4yetdz30/*/*",
            "statement_id": "AllowAPIGatewayInvokeAnalyzePreferencesLambda",
            "statement_id_prefix": ""
          },
          "sensitive_attributes": [],
          "private": "bnVsbA==",
          "dependencies": [
            "aws_apigatewayv2_api.reyGasExpress_api",
            "aws_db_instance.reygas_postgres_db",
            "aws_db_subnet_group.reygas_db_subnet_group",
            "aws_iam_role.lambda_execution_role",
            "aws_lambda_function.analyze_preferences_lambda",
            "aws_s3_bucket.reyGasExpress_analysis_bucket",
            "aws_secretsmanager_secret.db_master_password",
            "aws_security_group.lambda_sg",
            "aws_security_group.rds_sg",
            "aws_sns_topic.reyGasExpress_reports_topic",
            "aws_subnet.lambda_subnet_1",
            "aws_subnet.lambda_subnet_2",
            "aws_subnet.rds_subnet_1",
            "aws_subnet.rds_subnet_2",
            "aws_vpc.reygas_vpc",
            "random_password.db_master_password_generated"
          ]
        }
      ]
    },
    {
      "mode": "managed",
      "type": "aws_lambda_permission",
      "name": "allow_apigateway_invoke_generate_report_lambda",
      "provider": "provider[\"registry.terraform.io/hashicorp/aws\"]",
      "instances": [
        {
          "schema_version": 0,
          "attributes": {
            "action": "lambda:InvokeFunction",
            "event_source_token": null,
            "function_name": "reyGasExpress-generateReport-dev",
            "function_url_auth_type": null,
            "id": "AllowAPIGatewayInvokeGenerateReportLambda",
            "principal": "apigateway.amazonaws.com",
            "principal_org_id": null,
            "qualifier": "",
            "source_account": null,
            "source_arn": "arn:aws:execute-api:us-east-1:963527047110:uy4yetdz30/*/*",
            "statement_id": "AllowAPIGatewayInvokeGenerateReportLambda",
            "statement_id_prefix": ""
          },
          "sensitive_attributes": [],
          "private": "bnVsbA==",
          "dependencies": [
            "aws_apigatewayv2_api.reyGasExpress_api",
            "aws_iam_role.lambda_execution_role",
            "aws_lambda_function.generate_report_lambda",
            "aws_s3_bucket.reyGasExpress_analysis_bucket",
            "aws_s3_bucket.reyGasExpress_reports_bucket",
            "aws_sns_topic.reyGasExpress_email_topic"
          ]
        }
      ]
    },
    {
      "mode": "managed",
      "type": "aws_lambda_permission",
      "name": "allow_apigateway_invoke_process_order_lambda",
      "provider": "provider[\"registry.terraform.io/hashicorp/aws\"]",
      "instances": [
        {
          "schema_version": 0,
          "attributes": {
            "action": "lambda:InvokeFunction",
            "event_source_token": null,
            "function_name": "reyGasExpress-processOrder-dev",
            "function_url_auth_type": null,
            "id": "AllowAPIGatewayInvokeProcessOrderLambda",
            "principal": "apigateway.amazonaws.com",
            "principal_org_id": null,
            "qualifier": "",
            "source_account": null,
            "source_arn": "arn:aws:execute-api:us-east-1:963527047110:uy4yetdz30/*/*",
            "statement_id": "AllowAPIGatewayInvokeProcessOrderLambda",
            "statement_id_prefix": ""
          },
          "sensitive_attributes": [],
          "private": "bnVsbA==",
          "dependencies": [
            "aws_apigatewayv2_api.reyGasExpress_api",
            "aws_db_instance.reygas_postgres_db",
            "aws_db_subnet_group.reygas_db_subnet_group",
            "aws_iam_role.lambda_execution_role",
            "aws_lambda_function.process_order_lambda",
            "aws_secretsmanager_secret.db_master_password",
            "aws_security_group.lambda_sg",
            "aws_security_group.rds_sg",
            "aws_subnet.lambda_subnet_1",
            "aws_subnet.lambda_subnet_2",
            "aws_subnet.rds_subnet_1",
            "aws_subnet.rds_subnet_2",
            "aws_vpc.reygas_vpc",
            "random_password.db_master_password_generated"
          ]
        }
      ]
    },
    {
      "mode": "managed",
      "type": "aws_lambda_permission",
      "name": "allow_apigateway_invoke_register_order_lambda",
      "provider": "provider[\"registry.terraform.io/hashicorp/aws\"]",
      "instances": [
        {
          "schema_version": 0,
          "attributes": {
            "action": "lambda:InvokeFunction",
            "event_source_token": null,
            "function_name": "reyGasExpress-registerOrder-dev",
            "function_url_auth_type": null,
            "id": "AllowAPIGatewayInvokeRegisterOrderLambda",
            "principal": "apigateway.amazonaws.com",
            "principal_org_id": null,
            "qualifier": "",
            "source_account": null,
            "source_arn": "arn:aws:execute-api:us-east-1:963527047110:uy4yetdz30/*/*",
            "statement_id": "AllowAPIGatewayInvokeRegisterOrderLambda",
            "statement_id_prefix": ""
          },
          "sensitive_attributes": [],
          "private": "bnVsbA==",
          "dependencies": [
            "aws_apigatewayv2_api.reyGasExpress_api",
            "aws_iam_role.lambda_execution_role",
            "aws_lambda_function.register_order_lambda"
          ]
        }
      ]
    },
    {
      "mode": "managed",
      "type": "aws_lambda_permission",
      "name": "allow_apigateway_invoke_send_email_report_lambda",
      "provider": "provider[\"registry.terraform.io/hashicorp/aws\"]",
      "instances": [
        {
          "schema_version": 0,
          "attributes": {
            "action": "lambda:InvokeFunction",
            "event_source_token": null,
            "function_name": "reyGasExpress-sendEmailReport-dev",
            "function_url_auth_type": null,
            "id": "AllowAPIGatewayInvokeSendEmailReportLambda",
            "principal": "apigateway.amazonaws.com",
            "principal_org_id": null,
            "qualifier": "",
            "source_account": null,
            "source_arn": "arn:aws:execute-api:us-east-1:963527047110:uy4yetdz30/*/*",
            "statement_id": "AllowAPIGatewayInvokeSendEmailReportLambda",
            "statement_id_prefix": ""
          },
          "sensitive_attributes": [],
          "private": "bnVsbA==",
          "dependencies": [
            "aws_apigatewayv2_api.reyGasExpress_api",
            "aws_iam_role.lambda_execution_role",
            "aws_lambda_function.send_email_report_lambda",
            "aws_s3_bucket.reyGasExpress_reports_bucket"
          ]
        }
      ]
    },
    {
      "mode": "managed",
      "type": "aws_lambda_permission",
      "name": "allow_eventbridge_invoke_analyze_preferences_lambda",
      "provider": "provider[\"registry.terraform.io/hashicorp/aws\"]",
      "instances": [
        {
          "schema_version": 0,
          "attributes": {
            "action": "lambda:InvokeFunction",
            "event_source_token": null,
            "function_name": "reyGasExpress-analyzePreferences-dev",
            "function_url_auth_type": null,
            "id": "AllowEventBridgeInvokeAnalyzePreferences",
            "principal": "events.amazonaws.com",
            "principal_org_id": null,
            "qualifier": "",
            "source_account": null,
            "source_arn": "arn:aws:events:us-east-1:963527047110:rule/reyGasExpress-orders-bus-dev/reyGasExpress-analyzePreferences-rule-dev",
            "statement_id": "AllowEventBridgeInvokeAnalyzePreferences",
            "statement_id_prefix": ""
          },
          "sensitive_attributes": [],
          "private": "bnVsbA==",
          "dependencies": [
            "aws_cloudwatch_event_bus.reygas_orders_event_bus",
            "aws_cloudwatch_event_rule.analyze_preferences_rule",
            "aws_db_instance.reygas_postgres_db",
            "aws_db_subnet_group.reygas_db_subnet_group",
            "aws_iam_role.lambda_execution_role",
            "aws_lambda_function.analyze_preferences_lambda",
            "aws_s3_bucket.reyGasExpress_analysis_bucket",
            "aws_secretsmanager_secret.db_master_password",
            "aws_security_group.lambda_sg",
            "aws_security_group.rds_sg",
            "aws_sns_topic.reyGasExpress_reports_topic",
            "aws_subnet.lambda_subnet_1",
            "aws_subnet.lambda_subnet_2",
            "aws_subnet.rds_subnet_1",
            "aws_subnet.rds_subnet_2",
            "aws_vpc.reygas_vpc",
            "random_password.db_master_password_generated"
          ]
        }
      ]
    },
    {
      "mode": "managed",
      "type": "aws_lambda_permission",
      "name": "allow_sns_invoke_send_email_report_lambda",
      "provider": "provider[\"registry.terraform.io/hashicorp/aws\"]",
      "instances": [
        {
          "schema_version": 0,
          "attributes": {
            "action": "lambda:InvokeFunction",
            "event_source_token": null,
            "function_name": "reyGasExpress-sendEmailReport-dev",
            "function_url_auth_type": null,
            "id": "AllowSNSInvokeSendEmailReport",
            "principal": "sns.amazonaws.com",
            "principal_org_id": null,
            "qualifier": "",
            "source_account": null,
            "source_arn": "arn:aws:sns:us-east-1:963527047110:reyGasExpress-email-topic",
            "statement_id": "AllowSNSInvokeSendEmailReport",
            "statement_id_prefix": ""
          },
          "sensitive_attributes": [],
          "private": "bnVsbA==",
          "dependencies": [
            "aws_iam_role.lambda_execution_role",
            "aws_lambda_function.send_email_report_lambda",
            "aws_s3_bucket.reyGasExpress_reports_bucket",
            "aws_sns_topic.reyGasExpress_email_topic"
          ]
        }
      ]
    },
    {
      "mode": "managed",
      "type": "aws_nat_gateway",
      "name": "reygas_nat",
      "provider": "provider[\"registry.terraform.io/hashicorp/aws\"]",
      "instances": [
        {
          "schema_version": 0,
          "attributes": {
            "allocation_id": "eipalloc-01aba3ea9303eb9d1",
            "association_id": "eipassoc-0c712deece3b5bea1",
            "connectivity_type": "public",
            "id": "nat-06a06d45a99b5b1bb",
            "network_interface_id": "eni-055ee41361a789493",
            "private_ip": "10.0.3.69",
            "public_ip": "44.194.75.37",
            "secondary_allocation_ids": null,
            "secondary_private_ip_address_count": 0,
            "secondary_private_ip_addresses": [],
            "subnet_id": "subnet-06d08a7f21244a12c",
            "tags": {
              "Environment": "dev",
              "Name": "reygas-nat-dev"
            },
            "tags_all": {
              "Environment": "dev",
              "Name": "reygas-nat-dev"
            },
            "timeouts": null
          },
          "sensitive_attributes": [],
          "private": "eyJlMmJmYjczMC1lY2FhLTExZTYtOGY4OC0zNDM2M2JjN2M0YzAiOnsiY3JlYXRlIjo2MDAwMDAwMDAwMDAsImRlbGV0ZSI6MTgwMDAwMDAwMDAwMCwidXBkYXRlIjo2MDAwMDAwMDAwMDB9fQ==",
          "dependencies": [
            "aws_eip.nat_eip",
            "aws_internet_gateway.reygas_igw",
            "aws_subnet.public_subnet",
            "aws_vpc.reygas_vpc"
          ]
        }
      ]
    },
    {
      "mode": "managed",
      "type": "aws_route_table",
      "name": "private_rt",
      "provider": "provider[\"registry.terraform.io/hashicorp/aws\"]",
      "instances": [
        {
          "schema_version": 0,
          "attributes": {
            "arn": "arn:aws:ec2:us-east-1:963527047110:route-table/rtb-048eb70f04ee9329d",
            "id": "rtb-048eb70f04ee9329d",
            "owner_id": "963527047110",
            "propagating_vgws": [],
            "route": [
              {
                "carrier_gateway_id": "",
                "cidr_block": "0.0.0.0/0",
                "core_network_arn": "",
                "destination_prefix_list_id": "",
                "egress_only_gateway_id": "",
                "gateway_id": "",
                "ipv6_cidr_block": "",
                "local_gateway_id": "",
                "nat_gateway_id": "nat-06a06d45a99b5b1bb",
                "network_interface_id": "",
                "transit_gateway_id": "",
                "vpc_endpoint_id": "",
                "vpc_peering_connection_id": ""
              }
            ],
            "tags": {
              "Name": "private-rt-dev"
            },
            "tags_all": {
              "Name": "private-rt-dev"
            },
            "timeouts": null,
            "vpc_id": "vpc-071a6de911c9a6548"
          },
          "sensitive_attributes": [],
          "private": "eyJlMmJmYjczMC1lY2FhLTExZTYtOGY4OC0zNDM2M2JjN2M0YzAiOnsiY3JlYXRlIjozMDAwMDAwMDAwMDAsImRlbGV0ZSI6MzAwMDAwMDAwMDAwLCJ1cGRhdGUiOjEyMDAwMDAwMDAwMH19",
          "dependencies": [
            "aws_eip.nat_eip",
            "aws_internet_gateway.reygas_igw",
            "aws_nat_gateway.reygas_nat",
            "aws_subnet.public_subnet",
            "aws_vpc.reygas_vpc"
          ]
        }
      ]
    },
    {
      "mode": "managed",
      "type": "aws_route_table_association",
      "name": "lambda_subnet_1_rt",
      "provider": "provider[\"registry.terraform.io/hashicorp/aws\"]",
      "instances": [
        {
          "schema_version": 0,
          "attributes": {
            "gateway_id": "",
            "id": "rtbassoc-057f2ae8eee0c9cad",
            "route_table_id": "rtb-048eb70f04ee9329d",
            "subnet_id": "subnet-0b18f3682d19b4999",
            "timeouts": null
          },
          "sensitive_attributes": [],
          "private": "eyJlMmJmYjczMC1lY2FhLTExZTYtOGY4OC0zNDM2M2JjN2M0YzAiOnsiY3JlYXRlIjozMDAwMDAwMDAwMDAsImRlbGV0ZSI6MzAwMDAwMDAwMDAwLCJ1cGRhdGUiOjEyMDAwMDAwMDAwMH19",
          "dependencies": [
            "aws_eip.nat_eip",
            "aws_internet_gateway.reygas_igw",
            "aws_nat_gateway.reygas_nat",
            "aws_route_table.private_rt",
            "aws_subnet.lambda_subnet_1",
            "aws_subnet.public_subnet",
            "aws_vpc.reygas_vpc"
          ]
        }
      ]
    },
    {
      "mode": "managed",
      "type": "aws_route_table_association",
      "name": "lambda_subnet_2_rt",
      "provider": "provider[\"registry.terraform.io/hashicorp/aws\"]",
      "instances": [
        {
          "schema_version": 0,
          "attributes": {
            "gateway_id": "",
            "id": "rtbassoc-070839ca520a41436",
            "route_table_id": "rtb-048eb70f04ee9329d",
            "subnet_id": "subnet-0d150b05b6e11a03f",
            "timeouts": null
          },
          "sensitive_attributes": [],
          "private": "eyJlMmJmYjczMC1lY2FhLTExZTYtOGY4OC0zNDM2M2JjN2M0YzAiOnsiY3JlYXRlIjozMDAwMDAwMDAwMDAsImRlbGV0ZSI6MzAwMDAwMDAwMDAwLCJ1cGRhdGUiOjEyMDAwMDAwMDAwMH19",
          "dependencies": [
            "aws_eip.nat_eip",
            "aws_internet_gateway.reygas_igw",
            "aws_nat_gateway.reygas_nat",
            "aws_route_table.private_rt",
            "aws_subnet.lambda_subnet_2",
            "aws_subnet.public_subnet",
            "aws_vpc.reygas_vpc"
          ]
        }
      ]
    },
    {
      "mode": "managed",
      "type": "aws_route_table_association",
      "name": "rds_subnet_1_rt",
      "provider": "provider[\"registry.terraform.io/hashicorp/aws\"]",
      "instances": [
        {
          "schema_version": 0,
          "attributes": {
            "gateway_id": "",
            "id": "rtbassoc-02c734ba56615c799",
            "route_table_id": "rtb-048eb70f04ee9329d",
            "subnet_id": "subnet-03e35dd69c6de924e",
            "timeouts": null
          },
          "sensitive_attributes": [],
          "private": "eyJlMmJmYjczMC1lY2FhLTExZTYtOGY4OC0zNDM2M2JjN2M0YzAiOnsiY3JlYXRlIjozMDAwMDAwMDAwMDAsImRlbGV0ZSI6MzAwMDAwMDAwMDAwLCJ1cGRhdGUiOjEyMDAwMDAwMDAwMH19",
          "dependencies": [
            "aws_eip.nat_eip",
            "aws_internet_gateway.reygas_igw",
            "aws_nat_gateway.reygas_nat",
            "aws_route_table.private_rt",
            "aws_subnet.public_subnet",
            "aws_subnet.rds_subnet_1",
            "aws_vpc.reygas_vpc"
          ]
        }
      ]
    },
    {
      "mode": "managed",
      "type": "aws_route_table_association",
      "name": "rds_subnet_2_rt",
      "provider": "provider[\"registry.terraform.io/hashicorp/aws\"]",
      "instances": [
        {
          "schema_version": 0,
          "attributes": {
            "gateway_id": "",
            "id": "rtbassoc-0f6aff54356ea3496",
            "route_table_id": "rtb-048eb70f04ee9329d",
            "subnet_id": "subnet-00fdea1fdb0d5461a",
            "timeouts": null
          },
          "sensitive_attributes": [],
          "private": "eyJlMmJmYjczMC1lY2FhLTExZTYtOGY4OC0zNDM2M2JjN2M0YzAiOnsiY3JlYXRlIjozMDAwMDAwMDAwMDAsImRlbGV0ZSI6MzAwMDAwMDAwMDAwLCJ1cGRhdGUiOjEyMDAwMDAwMDAwMH19",
          "dependencies": [
            "aws_eip.nat_eip",
            "aws_internet_gateway.reygas_igw",
            "aws_nat_gateway.reygas_nat",
            "aws_route_table.private_rt",
            "aws_subnet.public_subnet",
            "aws_subnet.rds_subnet_2",
            "aws_vpc.reygas_vpc"
          ]
        }
      ]
    },
    {
      "mode": "managed",
      "type": "aws_s3_bucket",
      "name": "reyGasExpress_analysis_bucket",
      "provider": "provider[\"registry.terraform.io/hashicorp/aws\"]",
      "instances": [
        {
          "schema_version": 0,
          "attributes": {
            "acceleration_status": "",
            "acl": null,
            "arn": "arn:aws:s3:::reygas-express-analysis-dev",
            "bucket": "reygas-express-analysis-dev",
            "bucket_domain_name": "reygas-express-analysis-dev.s3.amazonaws.com",
            "bucket_prefix": "",
            "bucket_regional_domain_name": "reygas-express-analysis-dev.s3.us-east-1.amazonaws.com",
            "cors_rule": [],
            "force_destroy": false,
            "grant": [
              {
                "id": "4f6498a9624cae9dac58911e59a6605e7dcdae8930b3a66109c565981ededddd",
                "permissions": [
                  "FULL_CONTROL"
                ],
                "type": "CanonicalUser",
                "uri": ""
              }
            ],
            "hosted_zone_id": "Z3AQBSTGFYJSTF",
            "id": "reygas-express-analysis-dev",
            "lifecycle_rule": [],
            "logging": [],
            "object_lock_configuration": [],
            "object_lock_enabled": false,
            "policy": "",
            "region": "us-east-1",
            "replication_configuration": [],
            "request_payer": "BucketOwner",
            "server_side_encryption_configuration": [
              {
                "rule": [
                  {
                    "apply_server_side_encryption_by_default": [
                      {
                        "kms_master_key_id": "",
                        "sse_algorithm": "AES256"
                      }
                    ],
                    "bucket_key_enabled": false
                  }
                ]
              }
            ],
            "tags": {
              "Application": "reyGasExpress",
              "Environment": "dev",
              "ManagedBy": "Terraform"
            },
            "tags_all": {
              "Application": "reyGasExpress",
              "Environment": "dev",
              "ManagedBy": "Terraform"
            },
            "timeouts": null,
            "versioning": [
              {
                "enabled": false,
                "mfa_delete": false
              }
            ],
            "website": [],
            "website_domain": null,
            "website_endpoint": null
          },
          "sensitive_attributes": [],
          "private": "eyJlMmJmYjczMC1lY2FhLTExZTYtOGY4OC0zNDM2M2JjN2M0YzAiOnsiY3JlYXRlIjoxMjAwMDAwMDAwMDAwLCJkZWxldGUiOjM2MDAwMDAwMDAwMDAsInJlYWQiOjEyMDAwMDAwMDAwMDAsInVwZGF0ZSI6MTIwMDAwMDAwMDAwMH19",
          "create_before_destroy": true
        }
      ]
    },
    {
      "mode": "managed",
      "type": "aws_s3_bucket",
      "name": "reyGasExpress_reports_bucket",
      "provider": "provider[\"registry.terraform.io/hashicorp/aws\"]",
      "instances": [
        {
          "schema_version": 0,
          "attributes": {
            "acceleration_status": "",
            "acl": null,
            "arn": "arn:aws:s3:::reygas-express-reports",
            "bucket": "reygas-express-reports",
            "bucket_domain_name": "reygas-express-reports.s3.amazonaws.com",
            "bucket_prefix": "",
            "bucket_regional_domain_name": "reygas-express-reports.s3.us-east-1.amazonaws.com",
            "cors_rule": [],
            "force_destroy": false,
            "grant": [
              {
                "id": "4f6498a9624cae9dac58911e59a6605e7dcdae8930b3a66109c565981ededddd",
                "permissions": [
                  "FULL_CONTROL"
                ],
                "type": "CanonicalUser",
                "uri": ""
              }
            ],
            "hosted_zone_id": "Z3AQBSTGFYJSTF",
            "id": "reygas-express-reports",
            "lifecycle_rule": [],
            "logging": [],
            "object_lock_configuration": [],
            "object_lock_enabled": false,
            "policy": "",
            "region": "us-east-1",
            "replication_configuration": [],
            "request_payer": "BucketOwner",
            "server_side_encryption_configuration": [
              {
                "rule": [
                  {
                    "apply_server_side_encryption_by_default": [
                      {
                        "kms_master_key_id": "",
                        "sse_algorithm": "AES256"
                      }
                    ],
                    "bucket_key_enabled": false
                  }
                ]
              }
            ],
            "tags": {
              "Application": "reyGasExpress",
              "Environment": "dev",
              "ManagedBy": "Terraform"
            },
            "tags_all": {
              "Application": "reyGasExpress",
              "Environment": "dev",
              "ManagedBy": "Terraform"
            },
            "timeouts": null,
            "versioning": [
              {
                "enabled": false,
                "mfa_delete": false
              }
            ],
            "website": [],
            "website_domain": null,
            "website_endpoint": null
          },
          "sensitive_attributes": [],
          "private": "eyJlMmJmYjczMC1lY2FhLTExZTYtOGY4OC0zNDM2M2JjN2M0YzAiOnsiY3JlYXRlIjoxMjAwMDAwMDAwMDAwLCJkZWxldGUiOjM2MDAwMDAwMDAwMDAsInJlYWQiOjEyMDAwMDAwMDAwMDAsInVwZGF0ZSI6MTIwMDAwMDAwMDAwMH19",
          "create_before_destroy": true
        }
      ]
    },
    {
      "mode": "managed",
      "type": "aws_s3_bucket",
      "name": "reygas_frontend_bucket",
      "provider": "provider[\"registry.terraform.io/hashicorp/aws\"]",
      "instances": [
        {
          "schema_version": 0,
          "attributes": {
            "acceleration_status": "",
            "acl": null,
            "arn": "arn:aws:s3:::reygas-express-frontend",
            "bucket": "reygas-express-frontend",
            "bucket_domain_name": "reygas-express-frontend.s3.amazonaws.com",
            "bucket_prefix": "",
            "bucket_regional_domain_name": "reygas-express-frontend.s3.us-east-1.amazonaws.com",
            "cors_rule": [],
            "force_destroy": false,
            "grant": [
              {
                "id": "4f6498a9624cae9dac58911e59a6605e7dcdae8930b3a66109c565981ededddd",
                "permissions": [
                  "FULL_CONTROL"
                ],
                "type": "CanonicalUser",
                "uri": ""
              }
            ],
            "hosted_zone_id": "Z3AQBSTGFYJSTF",
            "id": "reygas-express-frontend",
            "lifecycle_rule": [],
            "logging": [],
            "object_lock_configuration": [],
            "object_lock_enabled": false,
            "policy": "",
            "region": "us-east-1",
            "replication_configuration": [],
            "request_payer": "BucketOwner",
            "server_side_encryption_configuration": [
              {
                "rule": [
                  {
                    "apply_server_side_encryption_by_default": [
                      {
                        "kms_master_key_id": "",
                        "sse_algorithm": "AES256"
                      }
                    ],
                    "bucket_key_enabled": false
                  }
                ]
              }
            ],
            "tags": {
              "Application": "reyGasExpress",
              "Environment": "dev",
              "ManagedBy": "Terraform"
            },
            "tags_all": {
              "Application": "reyGasExpress",
              "Environment": "dev",
              "ManagedBy": "Terraform"
            },
            "timeouts": null,
            "versioning": [
              {
                "enabled": false,
                "mfa_delete": false
              }
            ],
            "website": [],
            "website_domain": null,
            "website_endpoint": null
          },
          "sensitive_attributes": [],
          "private": "eyJlMmJmYjczMC1lY2FhLTExZTYtOGY4OC0zNDM2M2JjN2M0YzAiOnsiY3JlYXRlIjoxMjAwMDAwMDAwMDAwLCJkZWxldGUiOjM2MDAwMDAwMDAwMDAsInJlYWQiOjEyMDAwMDAwMDAwMDAsInVwZGF0ZSI6MTIwMDAwMDAwMDAwMH19"
        }
      ]
    },
    {
      "mode": "managed",
      "type": "aws_s3_bucket",
      "name": "reygas_frontend_failover_bucket",
      "provider": "provider[\"registry.terraform.io/hashicorp/aws\"]",
      "instances": [
        {
          "schema_version": 0,
          "attributes": {
            "acceleration_status": "",
            "acl": null,
            "arn": "arn:aws:s3:::reygas-express-frontend-failover-dev",
            "bucket": "reygas-express-frontend-failover-dev",
            "bucket_domain_name": "reygas-express-frontend-failover-dev.s3.amazonaws.com",
            "bucket_prefix": "",
            "bucket_regional_domain_name": "reygas-express-frontend-failover-dev.s3.us-east-1.amazonaws.com",
            "cors_rule": [],
            "force_destroy": false,
            "grant": [
              {
                "id": "4f6498a9624cae9dac58911e59a6605e7dcdae8930b3a66109c565981ededddd",
                "permissions": [
                  "FULL_CONTROL"
                ],
                "type": "CanonicalUser",
                "uri": ""
              }
            ],
            "hosted_zone_id": "Z3AQBSTGFYJSTF",
            "id": "reygas-express-frontend-failover-dev",
            "lifecycle_rule": [],
            "logging": [],
            "object_lock_configuration": [],
            "object_lock_enabled": false,
            "policy": "",
            "region": "us-east-1",
            "replication_configuration": [],
            "request_payer": "BucketOwner",
            "server_side_encryption_configuration": [
              {
                "rule": [
                  {
                    "apply_server_side_encryption_by_default": [
                      {
                        "kms_master_key_id": "",
                        "sse_algorithm": "AES256"
                      }
                    ],
                    "bucket_key_enabled": false
                  }
                ]
              }
            ],
            "tags": {
              "Application": "reyGasExpress",
              "Environment": "dev",
              "ManagedBy": "Terraform"
            },
            "tags_all": {
              "Application": "reyGasExpress",
              "Environment": "dev",
              "ManagedBy": "Terraform"
            },
            "timeouts": null,
            "versioning": [
              {
                "enabled": false,
                "mfa_delete": false
              }
            ],
            "website": [],
            "website_domain": null,
            "website_endpoint": null
          },
          "sensitive_attributes": [],
          "private": "eyJlMmJmYjczMC1lY2FhLTExZTYtOGY4OC0zNDM2M2JjN2M0YzAiOnsiY3JlYXRlIjoxMjAwMDAwMDAwMDAwLCJkZWxldGUiOjM2MDAwMDAwMDAwMDAsInJlYWQiOjEyMDAwMDAwMDAwMDAsInVwZGF0ZSI6MTIwMDAwMDAwMDAwMH19"
        }
      ]
    },
    {
      "mode": "managed",
      "type": "aws_s3_bucket_policy",
      "name": "reygas_bucket_policy",
      "provider": "provider[\"registry.terraform.io/hashicorp/aws\"]",
      "instances": [
        {
          "schema_version": 0,
          "attributes": {
            "bucket": "reygas-express-frontend",
            "id": "reygas-express-frontend",
            "policy": "{\"Statement\":[{\"Action\":\"s3:GetObject\",\"Condition\":{\"StringEquals\":{\"AWS:SourceArn\":\"arn:aws:cloudfront::963527047110:distribution/ERHBMZ3QAZ0WY\"}},\"Effect\":\"Allow\",\"Principal\":{\"Service\":\"cloudfront.amazonaws.com\"},\"Resource\":\"arn:aws:s3:::reygas-express-frontend/*\",\"Sid\":\"AllowCloudFrontServicePrincipal\"}],\"Version\":\"2012-10-17\"}"
          },
          "sensitive_attributes": [],
          "private": "bnVsbA==",
          "dependencies": [
            "aws_apigatewayv2_api.reyGasExpress_api",
            "aws_cloudfront_distribution.reygas_distribution",
            "aws_cloudfront_origin_access_control.reygas_oac",
            "aws_iam_role.lambda_execution_role",
            "aws_lambda_function.load_balancer_lambda",
            "aws_s3_bucket.reygas_frontend_bucket",
            "aws_s3_bucket.reygas_frontend_failover_bucket",
            "aws_s3_bucket_public_access_block.reygas_frontend_pab",
            "aws_wafv2_web_acl.reyGasExpress_waf",
            "null_resource.waf_propagation_delay"
          ]
        }
      ]
    },
    {
      "mode": "managed",
      "type": "aws_s3_bucket_public_access_block",
      "name": "analysis_bucket_public_access_block",
      "provider": "provider[\"registry.terraform.io/hashicorp/aws\"]",
      "instances": [
        {
          "schema_version": 0,
          "attributes": {
            "block_public_acls": true,
            "block_public_policy": true,
            "bucket": "reygas-express-analysis-dev",
            "id": "reygas-express-analysis-dev",
            "ignore_public_acls": true,
            "restrict_public_buckets": true
          },
          "sensitive_attributes": [],
          "private": "bnVsbA==",
          "dependencies": [
            "aws_s3_bucket.reyGasExpress_analysis_bucket"
          ]
        }
      ]
    },
    {
      "mode": "managed",
      "type": "aws_s3_bucket_public_access_block",
      "name": "reports_bucket_public_access_block",
      "provider": "provider[\"registry.terraform.io/hashicorp/aws\"]",
      "instances": [
        {
          "schema_version": 0,
          "attributes": {
            "block_public_acls": true,
            "block_public_policy": true,
            "bucket": "reygas-express-reports",
            "id": "reygas-express-reports",
            "ignore_public_acls": true,
            "restrict_public_buckets": true
          },
          "sensitive_attributes": [],
          "private": "bnVsbA==",
          "dependencies": [
            "aws_s3_bucket.reyGasExpress_reports_bucket"
          ]
        }
      ]
    },
    {
      "mode": "managed",
      "type": "aws_s3_bucket_public_access_block",
      "name": "reygas_frontend_failover_pab",
      "provider": "provider[\"registry.terraform.io/hashicorp/aws\"]",
      "instances": [
        {
          "schema_version": 0,
          "attributes": {
            "block_public_acls": true,
            "block_public_policy": true,
            "bucket": "reygas-express-frontend-failover-dev",
            "id": "reygas-express-frontend-failover-dev",
            "ignore_public_acls": true,
            "restrict_public_buckets": true
          },
          "sensitive_attributes": [],
          "private": "bnVsbA==",
          "dependencies": [
            "aws_s3_bucket.reygas_frontend_failover_bucket"
          ]
        }
      ]
    },
    {
      "mode": "managed",
      "type": "aws_s3_bucket_public_access_block",
      "name": "reygas_frontend_pab",
      "provider": "provider[\"registry.terraform.io/hashicorp/aws\"]",
      "instances": [
        {
          "schema_version": 0,
          "attributes": {
            "block_public_acls": true,
            "block_public_policy": true,
            "bucket": "reygas-express-frontend",
            "id": "reygas-express-frontend",
            "ignore_public_acls": true,
            "restrict_public_buckets": true
          },
          "sensitive_attributes": [],
          "private": "bnVsbA==",
          "dependencies": [
            "aws_s3_bucket.reygas_frontend_bucket"
          ]
        }
      ]
    },
    {
      "mode": "managed",
      "type": "aws_s3_bucket_server_side_encryption_configuration",
      "name": "analysis_bucket_encryption",
      "provider": "provider[\"registry.terraform.io/hashicorp/aws\"]",
      "instances": [
        {
          "schema_version": 0,
          "attributes": {
            "bucket": "reygas-express-analysis-dev",
            "expected_bucket_owner": "",
            "id": "reygas-express-analysis-dev",
            "rule": [
              {
                "apply_server_side_encryption_by_default": [
                  {
                    "kms_master_key_id": "",
                    "sse_algorithm": "AES256"
                  }
                ],
                "bucket_key_enabled": null
              }
            ]
          },
          "sensitive_attributes": [],
          "private": "bnVsbA==",
          "dependencies": [
            "aws_s3_bucket.reyGasExpress_analysis_bucket"
          ]
        }
      ]
    },
    {
      "mode": "managed",
      "type": "aws_s3_bucket_server_side_encryption_configuration",
      "name": "reports_bucket_encryption",
      "provider": "provider[\"registry.terraform.io/hashicorp/aws\"]",
      "instances": [
        {
          "schema_version": 0,
          "attributes": {
            "bucket": "reygas-express-reports",
            "expected_bucket_owner": "",
            "id": "reygas-express-reports",
            "rule": [
              {
                "apply_server_side_encryption_by_default": [
                  {
                    "kms_master_key_id": "",
                    "sse_algorithm": "AES256"
                  }
                ],
                "bucket_key_enabled": null
              }
            ]
          },
          "sensitive_attributes": [],
          "private": "bnVsbA==",
          "dependencies": [
            "aws_s3_bucket.reyGasExpress_reports_bucket"
          ]
        }
      ]
    },
    {
      "mode": "managed",
      "type": "aws_s3_bucket_server_side_encryption_configuration",
      "name": "reygas_failover_encryption",
      "provider": "provider[\"registry.terraform.io/hashicorp/aws\"]",
      "instances": [
        {
          "schema_version": 0,
          "attributes": {
            "bucket": "reygas-express-frontend-failover-dev",
            "expected_bucket_owner": "",
            "id": "reygas-express-frontend-failover-dev",
            "rule": [
              {
                "apply_server_side_encryption_by_default": [
                  {
                    "kms_master_key_id": "",
                    "sse_algorithm": "AES256"
                  }
                ],
                "bucket_key_enabled": null
              }
            ]
          },
          "sensitive_attributes": [],
          "private": "bnVsbA==",
          "dependencies": [
            "aws_s3_bucket.reygas_frontend_failover_bucket"
          ]
        }
      ]
    },
    {
      "mode": "managed",
      "type": "aws_s3_bucket_server_side_encryption_configuration",
      "name": "reygas_frontend_encryption",
      "provider": "provider[\"registry.terraform.io/hashicorp/aws\"]",
      "instances": [
        {
          "schema_version": 0,
          "attributes": {
            "bucket": "reygas-express-frontend",
            "expected_bucket_owner": "",
            "id": "reygas-express-frontend",
            "rule": [
              {
                "apply_server_side_encryption_by_default": [
                  {
                    "kms_master_key_id": "",
                    "sse_algorithm": "AES256"
                  }
                ],
                "bucket_key_enabled": null
              }
            ]
          },
          "sensitive_attributes": [],
          "private": "bnVsbA==",
          "dependencies": [
            "aws_s3_bucket.reygas_frontend_bucket"
          ]
        }
      ]
    },
    {
      "mode": "managed",
      "type": "aws_s3_bucket_versioning",
      "name": "reygas_failover_versioning",
      "provider": "provider[\"registry.terraform.io/hashicorp/aws\"]",
      "instances": [
        {
          "schema_version": 0,
          "attributes": {
            "bucket": "reygas-express-frontend-failover-dev",
            "expected_bucket_owner": "",
            "id": "reygas-express-frontend-failover-dev",
            "mfa": null,
            "versioning_configuration": [
              {
                "mfa_delete": "",
                "status": "Enabled"
              }
            ]
          },
          "sensitive_attributes": [],
          "private": "bnVsbA==",
          "dependencies": [
            "aws_s3_bucket.reygas_frontend_failover_bucket"
          ]
        }
      ]
    },
    {
      "mode": "managed",
      "type": "aws_s3_bucket_versioning",
      "name": "reygas_frontend_versioning",
      "provider": "provider[\"registry.terraform.io/hashicorp/aws\"]",
      "instances": [
        {
          "schema_version": 0,
          "attributes": {
            "bucket": "reygas-express-frontend",
            "expected_bucket_owner": "",
            "id": "reygas-express-frontend",
            "mfa": null,
            "versioning_configuration": [
              {
                "mfa_delete": "",
                "status": "Enabled"
              }
            ]
          },
          "sensitive_attributes": [],
          "private": "bnVsbA==",
          "dependencies": [
            "aws_s3_bucket.reygas_frontend_bucket"
          ]
        }
      ]
    },
    {
      "mode": "managed",
      "type": "aws_secretsmanager_secret",
      "name": "db_master_password",
      "provider": "provider[\"registry.terraform.io/hashicorp/aws\"]",
      "instances": [
        {
          "schema_version": 0,
          "attributes": {
            "arn": "arn:aws:secretsmanager:us-east-1:963527047110:secret:reyGasExpress-db-master-password-dev-v6-fONH5N",
            "description": "Contraseña maestra para la instancia RDS de ReyGasExpress",
            "force_overwrite_replica_secret": false,
            "id": "arn:aws:secretsmanager:us-east-1:963527047110:secret:reyGasExpress-db-master-password-dev-v6-fONH5N",
            "kms_key_id": "",
            "name": "reyGasExpress-db-master-password-dev-v6",
            "name_prefix": "",
            "policy": "",
            "recovery_window_in_days": 30,
            "replica": [],
            "tags": {
              "Application": "reyGasExpress",
              "Environment": "dev",
              "ManagedBy": "Terraform"
            },
            "tags_all": {
              "Application": "reyGasExpress",
              "Environment": "dev",
              "ManagedBy": "Terraform"
            }
          },
          "sensitive_attributes": [],
          "private": "bnVsbA==",
          "create_before_destroy": true
        }
      ]
    },
    {
      "mode": "managed",
      "type": "aws_secretsmanager_secret_version",
      "name": "db_master_password_version",
      "provider": "provider[\"registry.terraform.io/hashicorp/aws\"]",
      "instances": [
        {
          "schema_version": 0,
          "attributes": {
            "arn": "arn:aws:secretsmanager:us-east-1:963527047110:secret:reyGasExpress-db-master-password-dev-v6-fONH5N",
            "has_secret_string_wo": null,
            "id": "arn:aws:secretsmanager:us-east-1:963527047110:secret:reyGasExpress-db-master-password-dev-v6-fONH5N|terraform-20250706044816713400000003",
            "secret_binary": "",
            "secret_id": "arn:aws:secretsmanager:us-east-1:963527047110:secret:reyGasExpress-db-master-password-dev-v6-fONH5N",
            "secret_string": "bf28WOU3(_jq#\u003edJ",
            "secret_string_wo": null,
            "secret_string_wo_version": null,
            "version_id": "terraform-20250706044816713400000003",
            "version_stages": [
              "AWSCURRENT"
            ]
          },
          "sensitive_attributes": [
            [
              {
                "type": "get_attr",
                "value": "secret_string_wo"
              }
            ],
            [
              {
                "type": "get_attr",
                "value": "secret_string"
              }
            ],
            [
              {
                "type": "get_attr",
                "value": "secret_binary"
              }
            ]
          ],
          "private": "bnVsbA==",
          "dependencies": [
            "aws_secretsmanager_secret.db_master_password",
            "random_password.db_master_password_generated"
          ]
        }
      ]
    },
    {
      "mode": "managed",
      "type": "aws_security_group",
      "name": "lambda_sg",
      "provider": "provider[\"registry.terraform.io/hashicorp/aws\"]",
      "instances": [
        {
          "schema_version": 1,
          "attributes": {
            "arn": "arn:aws:ec2:us-east-1:963527047110:security-group/sg-0ac2894667e254798",
            "description": "Security group for ReyGasExpress Lambda functions",
            "egress": [
              {
                "cidr_blocks": [
                  "0.0.0.0/0"
                ],
                "description": "",
                "from_port": 0,
                "ipv6_cidr_blocks": [],
                "prefix_list_ids": [],
                "protocol": "-1",
                "security_groups": [],
                "self": false,
                "to_port": 0
              }
            ],
            "id": "sg-0ac2894667e254798",
            "ingress": [],
            "name": "reygas-lambda-sg-dev",
            "name_prefix": "",
            "owner_id": "963527047110",
            "revoke_rules_on_delete": false,
            "tags": {
              "Application": "reyGasExpress",
              "Environment": "dev",
              "ManagedBy": "Terraform",
              "Name": "reygas-lambda-sg-dev"
            },
            "tags_all": {
              "Application": "reyGasExpress",
              "Environment": "dev",
              "ManagedBy": "Terraform",
              "Name": "reygas-lambda-sg-dev"
            },
            "timeouts": null,
            "vpc_id": "vpc-071a6de911c9a6548"
          },
          "sensitive_attributes": [],
          "private": "eyJlMmJmYjczMC1lY2FhLTExZTYtOGY4OC0zNDM2M2JjN2M0YzAiOnsiY3JlYXRlIjo2MDAwMDAwMDAwMDAsImRlbGV0ZSI6OTAwMDAwMDAwMDAwfSwic2NoZW1hX3ZlcnNpb24iOiIxIn0=",
          "dependencies": [
            "aws_vpc.reygas_vpc"
          ],
          "create_before_destroy": true
        }
      ]
    },
    {
      "mode": "managed",
      "type": "aws_security_group",
      "name": "rds_sg",
      "provider": "provider[\"registry.terraform.io/hashicorp/aws\"]",
      "instances": [
        {
          "schema_version": 1,
          "attributes": {
            "arn": "arn:aws:ec2:us-east-1:963527047110:security-group/sg-046fec2895dd88ef1",
            "description": "Security group for ReyGasExpress RDS PostgreSQL database",
            "egress": [
              {
                "cidr_blocks": [
                  "0.0.0.0/0"
                ],
                "description": "",
                "from_port": 0,
                "ipv6_cidr_blocks": [],
                "prefix_list_ids": [],
                "protocol": "-1",
                "security_groups": [],
                "self": false,
                "to_port": 0
              }
            ],
            "id": "sg-046fec2895dd88ef1",
            "ingress": [
              {
                "cidr_blocks": [],
                "description": "Allow PostgreSQL access from Lambda SG",
                "from_port": 5432,
                "ipv6_cidr_blocks": [],
                "prefix_list_ids": [],
                "protocol": "tcp",
                "security_groups": [
                  "sg-0ac2894667e254798"
                ],
                "self": false,
                "to_port": 5432
              }
            ],
            "name": "reygas-rds-sg-dev",
            "name_prefix": "",
            "owner_id": "963527047110",
            "revoke_rules_on_delete": false,
            "tags": {
              "Application": "reyGasExpress",
              "Environment": "dev",
              "ManagedBy": "Terraform",
              "Name": "reygas-rds-sg-dev"
            },
            "tags_all": {
              "Application": "reyGasExpress",
              "Environment": "dev",
              "ManagedBy": "Terraform",
              "Name": "reygas-rds-sg-dev"
            },
            "timeouts": null,
            "vpc_id": "vpc-071a6de911c9a6548"
          },
          "sensitive_attributes": [],
          "private": "eyJlMmJmYjczMC1lY2FhLTExZTYtOGY4OC0zNDM2M2JjN2M0YzAiOnsiY3JlYXRlIjo2MDAwMDAwMDAwMDAsImRlbGV0ZSI6OTAwMDAwMDAwMDAwfSwic2NoZW1hX3ZlcnNpb24iOiIxIn0=",
          "dependencies": [
            "aws_security_group.lambda_sg",
            "aws_vpc.reygas_vpc"
          ],
          "create_before_destroy": true
        }
      ]
    },
    {
      "mode": "managed",
      "type": "aws_sns_topic",
      "name": "reyGasExpress_email_topic",
      "provider": "provider[\"registry.terraform.io/hashicorp/aws\"]",
      "instances": [
        {
          "schema_version": 0,
          "attributes": {
            "application_failure_feedback_role_arn": "",
            "application_success_feedback_role_arn": "",
            "application_success_feedback_sample_rate": 0,
            "archive_policy": "",
            "arn": "arn:aws:sns:us-east-1:963527047110:reyGasExpress-email-topic",
            "beginning_archive_time": "",
            "content_based_deduplication": false,
            "delivery_policy": "",
            "display_name": "",
            "fifo_throughput_scope": "",
            "fifo_topic": false,
            "firehose_failure_feedback_role_arn": "",
            "firehose_success_feedback_role_arn": "",
            "firehose_success_feedback_sample_rate": 0,
            "http_failure_feedback_role_arn": "",
            "http_success_feedback_role_arn": "",
            "http_success_feedback_sample_rate": 0,
            "id": "arn:aws:sns:us-east-1:963527047110:reyGasExpress-email-topic",
            "kms_master_key_id": "",
            "lambda_failure_feedback_role_arn": "",
            "lambda_success_feedback_role_arn": "",
            "lambda_success_feedback_sample_rate": 0,
            "name": "reyGasExpress-email-topic",
            "name_prefix": "",
            "owner": "963527047110",
            "policy": "{\"Id\":\"__default_policy_ID\",\"Statement\":[{\"Action\":[\"SNS:GetTopicAttributes\",\"SNS:SetTopicAttributes\",\"SNS:AddPermission\",\"SNS:RemovePermission\",\"SNS:DeleteTopic\",\"SNS:Subscribe\",\"SNS:ListSubscriptionsByTopic\",\"SNS:Publish\"],\"Condition\":{\"StringEquals\":{\"AWS:SourceOwner\":\"963527047110\"}},\"Effect\":\"Allow\",\"Principal\":{\"AWS\":\"*\"},\"Resource\":\"arn:aws:sns:us-east-1:963527047110:reyGasExpress-email-topic\",\"Sid\":\"__default_statement_ID\"}],\"Version\":\"2008-10-17\"}",
            "signature_version": 0,
            "sqs_failure_feedback_role_arn": "",
            "sqs_success_feedback_role_arn": "",
            "sqs_success_feedback_sample_rate": 0,
            "tags": {
              "Application": "reyGasExpress",
              "Environment": "dev",
              "ManagedBy": "Terraform"
            },
            "tags_all": {
              "Application": "reyGasExpress",
              "Environment": "dev",
              "ManagedBy": "Terraform"
            },
            "tracing_config": ""
          },
          "sensitive_attributes": [],
          "private": "bnVsbA==",
          "create_before_destroy": true
        }
      ]
    },
    {
      "mode": "managed",
      "type": "aws_sns_topic",
      "name": "reyGasExpress_reports_topic",
      "provider": "provider[\"registry.terraform.io/hashicorp/aws\"]",
      "instances": [
        {
          "schema_version": 0,
          "attributes": {
            "application_failure_feedback_role_arn": "",
            "application_success_feedback_role_arn": "",
            "application_success_feedback_sample_rate": 0,
            "archive_policy": "",
            "arn": "arn:aws:sns:us-east-1:963527047110:reyGasExpress-reports-topic-dev",
            "beginning_archive_time": "",
            "content_based_deduplication": false,
            "delivery_policy": "",
            "display_name": "",
            "fifo_throughput_scope": "",
            "fifo_topic": false,
            "firehose_failure_feedback_role_arn": "",
            "firehose_success_feedback_role_arn": "",
            "firehose_success_feedback_sample_rate": 0,
            "http_failure_feedback_role_arn": "",
            "http_success_feedback_role_arn": "",
            "http_success_feedback_sample_rate": 0,
            "id": "arn:aws:sns:us-east-1:963527047110:reyGasExpress-reports-topic-dev",
            "kms_master_key_id": "",
            "lambda_failure_feedback_role_arn": "",
            "lambda_success_feedback_role_arn": "",
            "lambda_success_feedback_sample_rate": 0,
            "name": "reyGasExpress-reports-topic-dev",
            "name_prefix": "",
            "owner": "963527047110",
            "policy": "{\"Id\":\"__default_policy_ID\",\"Statement\":[{\"Action\":[\"SNS:GetTopicAttributes\",\"SNS:SetTopicAttributes\",\"SNS:AddPermission\",\"SNS:RemovePermission\",\"SNS:DeleteTopic\",\"SNS:Subscribe\",\"SNS:ListSubscriptionsByTopic\",\"SNS:Publish\"],\"Condition\":{\"StringEquals\":{\"AWS:SourceOwner\":\"963527047110\"}},\"Effect\":\"Allow\",\"Principal\":{\"AWS\":\"*\"},\"Resource\":\"arn:aws:sns:us-east-1:963527047110:reyGasExpress-reports-topic-dev\",\"Sid\":\"__default_statement_ID\"}],\"Version\":\"2008-10-17\"}",
            "signature_version": 0,
            "sqs_failure_feedback_role_arn": "",
            "sqs_success_feedback_role_arn": "",
            "sqs_success_feedback_sample_rate": 0,
            "tags": {
              "Application": "reyGasExpress",
              "Environment": "dev",
              "ManagedBy": "Terraform"
            },
            "tags_all": {
              "Application": "reyGasExpress",
              "Environment": "dev",
              "ManagedBy": "Terraform"
            },
            "tracing_config": ""
          },
          "sensitive_attributes": [],
          "private": "bnVsbA==",
          "create_before_destroy": true
        }
      ]
    },
    {
      "mode": "managed",
      "type": "aws_sns_topic_subscription",
      "name": "generate_report_lambda_sns_subscription",
      "provider": "provider[\"registry.terraform.io/hashicorp/aws\"]",
      "instances": [
        {
          "schema_version": 0,
          "attributes": {
            "arn": "arn:aws:sns:us-east-1:963527047110:reyGasExpress-reports-topic-dev:5ce3e28d-00e4-4a2b-b41c-456d83c56f9e",
            "confirmation_timeout_in_minutes": 1,
            "confirmation_was_authenticated": true,
            "delivery_policy": "",
            "endpoint": "arn:aws:lambda:us-east-1:963527047110:function:reyGasExpress-generateReport-dev",
            "endpoint_auto_confirms": false,
            "filter_policy": "",
            "filter_policy_scope": "",
            "id": "arn:aws:sns:us-east-1:963527047110:reyGasExpress-reports-topic-dev:5ce3e28d-00e4-4a2b-b41c-456d83c56f9e",
            "owner_id": "963527047110",
            "pending_confirmation": false,
            "protocol": "lambda",
            "raw_message_delivery": false,
            "redrive_policy": "",
            "replay_policy": "",
            "subscription_role_arn": "",
            "topic_arn": "arn:aws:sns:us-east-1:963527047110:reyGasExpress-reports-topic-dev"
          },
          "sensitive_attributes": [],
          "private": "bnVsbA==",
          "dependencies": [
            "aws_iam_role.lambda_execution_role",
            "aws_lambda_function.generate_report_lambda",
            "aws_s3_bucket.reyGasExpress_analysis_bucket",
            "aws_s3_bucket.reyGasExpress_reports_bucket",
            "aws_sns_topic.reyGasExpress_email_topic",
            "aws_sns_topic.reyGasExpress_reports_topic"
          ]
        }
      ]
    },
    {
      "mode": "managed",
      "type": "aws_sns_topic_subscription",
      "name": "send_email_report_lambda_sns_subscription",
      "provider": "provider[\"registry.terraform.io/hashicorp/aws\"]",
      "instances": [
        {
          "schema_version": 0,
          "attributes": {
            "arn": "arn:aws:sns:us-east-1:963527047110:reyGasExpress-email-topic:54d87cb2-ceac-4b3a-8621-6d0a711b9179",
            "confirmation_timeout_in_minutes": 1,
            "confirmation_was_authenticated": true,
            "delivery_policy": "",
            "endpoint": "arn:aws:lambda:us-east-1:963527047110:function:reyGasExpress-sendEmailReport-dev",
            "endpoint_auto_confirms": false,
            "filter_policy": "",
            "filter_policy_scope": "",
            "id": "arn:aws:sns:us-east-1:963527047110:reyGasExpress-email-topic:54d87cb2-ceac-4b3a-8621-6d0a711b9179",
            "owner_id": "963527047110",
            "pending_confirmation": false,
            "protocol": "lambda",
            "raw_message_delivery": false,
            "redrive_policy": "",
            "replay_policy": "",
            "subscription_role_arn": "",
            "topic_arn": "arn:aws:sns:us-east-1:963527047110:reyGasExpress-email-topic"
          },
          "sensitive_attributes": [],
          "private": "bnVsbA==",
          "dependencies": [
            "aws_iam_role.lambda_execution_role",
            "aws_lambda_function.send_email_report_lambda",
            "aws_s3_bucket.reyGasExpress_reports_bucket",
            "aws_sns_topic.reyGasExpress_email_topic"
          ]
        }
      ]
    },
    {
      "mode": "managed",
      "type": "aws_subnet",
      "name": "lambda_subnet_1",
      "provider": "provider[\"registry.terraform.io/hashicorp/aws\"]",
      "instances": [
        {
          "schema_version": 1,
          "attributes": {
            "arn": "arn:aws:ec2:us-east-1:963527047110:subnet/subnet-0b18f3682d19b4999",
            "assign_ipv6_address_on_creation": false,
            "availability_zone": "us-east-1a",
            "availability_zone_id": "use1-az2",
            "cidr_block": "10.0.1.0/24",
            "customer_owned_ipv4_pool": "",
            "enable_dns64": false,
            "enable_lni_at_device_index": 0,
            "enable_resource_name_dns_a_record_on_launch": false,
            "enable_resource_name_dns_aaaa_record_on_launch": false,
            "id": "subnet-0b18f3682d19b4999",
            "ipv6_cidr_block": "",
            "ipv6_cidr_block_association_id": "",
            "ipv6_native": false,
            "map_customer_owned_ip_on_launch": false,
            "map_public_ip_on_launch": false,
            "outpost_arn": "",
            "owner_id": "963527047110",
            "private_dns_hostname_type_on_launch": "ip-name",
            "tags": {
              "Application": "reyGasExpress",
              "Environment": "dev",
              "ManagedBy": "Terraform",
              "Name": "lambda-subnet-1-dev"
            },
            "tags_all": {
              "Application": "reyGasExpress",
              "Environment": "dev",
              "ManagedBy": "Terraform",
              "Name": "lambda-subnet-1-dev"
            },
            "timeouts": null,
            "vpc_id": "vpc-071a6de911c9a6548"
          },
          "sensitive_attributes": [],
          "private": "eyJlMmJmYjczMC1lY2FhLTExZTYtOGY4OC0zNDM2M2JjN2M0YzAiOnsiY3JlYXRlIjo2MDAwMDAwMDAwMDAsImRlbGV0ZSI6MTIwMDAwMDAwMDAwMH0sInNjaGVtYV92ZXJzaW9uIjoiMSJ9",
          "dependencies": [
            "aws_vpc.reygas_vpc"
          ],
          "create_before_destroy": true
        }
      ]
    },
    {
      "mode": "managed",
      "type": "aws_subnet",
      "name": "lambda_subnet_2",
      "provider": "provider[\"registry.terraform.io/hashicorp/aws\"]",
      "instances": [
        {
          "schema_version": 1,
          "attributes": {
            "arn": "arn:aws:ec2:us-east-1:963527047110:subnet/subnet-0d150b05b6e11a03f",
            "assign_ipv6_address_on_creation": false,
            "availability_zone": "us-east-1b",
            "availability_zone_id": "use1-az4",
            "cidr_block": "10.0.2.0/24",
            "customer_owned_ipv4_pool": "",
            "enable_dns64": false,
            "enable_lni_at_device_index": 0,
            "enable_resource_name_dns_a_record_on_launch": false,
            "enable_resource_name_dns_aaaa_record_on_launch": false,
            "id": "subnet-0d150b05b6e11a03f",
            "ipv6_cidr_block": "",
            "ipv6_cidr_block_association_id": "",
            "ipv6_native": false,
            "map_customer_owned_ip_on_launch": false,
            "map_public_ip_on_launch": false,
            "outpost_arn": "",
            "owner_id": "963527047110",
            "private_dns_hostname_type_on_launch": "ip-name",
            "tags": {
              "Application": "reyGasExpress",
              "Environment": "dev",
              "ManagedBy": "Terraform",
              "Name": "lambda-subnet-2-dev"
            },
            "tags_all": {
              "Application": "reyGasExpress",
              "Environment": "dev",
              "ManagedBy": "Terraform",
              "Name": "lambda-subnet-2-dev"
            },
            "timeouts": null,
            "vpc_id": "vpc-071a6de911c9a6548"
          },
          "sensitive_attributes": [],
          "private": "eyJlMmJmYjczMC1lY2FhLTExZTYtOGY4OC0zNDM2M2JjN2M0YzAiOnsiY3JlYXRlIjo2MDAwMDAwMDAwMDAsImRlbGV0ZSI6MTIwMDAwMDAwMDAwMH0sInNjaGVtYV92ZXJzaW9uIjoiMSJ9",
          "dependencies": [
            "aws_vpc.reygas_vpc"
          ],
          "create_before_destroy": true
        }
      ]
    },
    {
      "mode": "managed",
      "type": "aws_subnet",
      "name": "public_subnet",
      "provider": "provider[\"registry.terraform.io/hashicorp/aws\"]",
      "instances": [
        {
          "schema_version": 1,
          "attributes": {
            "arn": "arn:aws:ec2:us-east-1:963527047110:subnet/subnet-06d08a7f21244a12c",
            "assign_ipv6_address_on_creation": false,
            "availability_zone": "us-east-1a",
            "availability_zone_id": "use1-az2",
            "cidr_block": "10.0.3.0/24",
            "customer_owned_ipv4_pool": "",
            "enable_dns64": false,
            "enable_lni_at_device_index": 0,
            "enable_resource_name_dns_a_record_on_launch": false,
            "enable_resource_name_dns_aaaa_record_on_launch": false,
            "id": "subnet-06d08a7f21244a12c",
            "ipv6_cidr_block": "",
            "ipv6_cidr_block_association_id": "",
            "ipv6_native": false,
            "map_customer_owned_ip_on_launch": false,
            "map_public_ip_on_launch": false,
            "outpost_arn": "",
            "owner_id": "963527047110",
            "private_dns_hostname_type_on_launch": "ip-name",
            "tags": {
              "Environment": "dev",
              "Name": "public-subnet-dev"
            },
            "tags_all": {
              "Environment": "dev",
              "Name": "public-subnet-dev"
            },
            "timeouts": null,
            "vpc_id": "vpc-071a6de911c9a6548"
          },
          "sensitive_attributes": [],
          "private": "eyJlMmJmYjczMC1lY2FhLTExZTYtOGY4OC0zNDM2M2JjN2M0YzAiOnsiY3JlYXRlIjo2MDAwMDAwMDAwMDAsImRlbGV0ZSI6MTIwMDAwMDAwMDAwMH0sInNjaGVtYV92ZXJzaW9uIjoiMSJ9",
          "dependencies": [
            "aws_vpc.reygas_vpc"
          ]
        }
      ]
    },
    {
      "mode": "managed",
      "type": "aws_subnet",
      "name": "rds_subnet_1",
      "provider": "provider[\"registry.terraform.io/hashicorp/aws\"]",
      "instances": [
        {
          "schema_version": 1,
          "attributes": {
            "arn": "arn:aws:ec2:us-east-1:963527047110:subnet/subnet-03e35dd69c6de924e",
            "assign_ipv6_address_on_creation": false,
            "availability_zone": "us-east-1a",
            "availability_zone_id": "use1-az2",
            "cidr_block": "10.0.10.0/24",
            "customer_owned_ipv4_pool": "",
            "enable_dns64": false,
            "enable_lni_at_device_index": 0,
            "enable_resource_name_dns_a_record_on_launch": false,
            "enable_resource_name_dns_aaaa_record_on_launch": false,
            "id": "subnet-03e35dd69c6de924e",
            "ipv6_cidr_block": "",
            "ipv6_cidr_block_association_id": "",
            "ipv6_native": false,
            "map_customer_owned_ip_on_launch": false,
            "map_public_ip_on_launch": false,
            "outpost_arn": "",
            "owner_id": "963527047110",
            "private_dns_hostname_type_on_launch": "ip-name",
            "tags": {
              "Application": "reyGasExpress",
              "Environment": "dev",
              "ManagedBy": "Terraform",
              "Name": "rds-subnet-1-dev"
            },
            "tags_all": {
              "Application": "reyGasExpress",
              "Environment": "dev",
              "ManagedBy": "Terraform",
              "Name": "rds-subnet-1-dev"
            },
            "timeouts": null,
            "vpc_id": "vpc-071a6de911c9a6548"
          },
          "sensitive_attributes": [],
          "private": "eyJlMmJmYjczMC1lY2FhLTExZTYtOGY4OC0zNDM2M2JjN2M0YzAiOnsiY3JlYXRlIjo2MDAwMDAwMDAwMDAsImRlbGV0ZSI6MTIwMDAwMDAwMDAwMH0sInNjaGVtYV92ZXJzaW9uIjoiMSJ9",
          "dependencies": [
            "aws_vpc.reygas_vpc"
          ],
          "create_before_destroy": true
        }
      ]
    },
    {
      "mode": "managed",
      "type": "aws_subnet",
      "name": "rds_subnet_2",
      "provider": "provider[\"registry.terraform.io/hashicorp/aws\"]",
      "instances": [
        {
          "schema_version": 1,
          "attributes": {
            "arn": "arn:aws:ec2:us-east-1:963527047110:subnet/subnet-00fdea1fdb0d5461a",
            "assign_ipv6_address_on_creation": false,
            "availability_zone": "us-east-1b",
            "availability_zone_id": "use1-az4",
            "cidr_block": "10.0.11.0/24",
            "customer_owned_ipv4_pool": "",
            "enable_dns64": false,
            "enable_lni_at_device_index": 0,
            "enable_resource_name_dns_a_record_on_launch": false,
            "enable_resource_name_dns_aaaa_record_on_launch": false,
            "id": "subnet-00fdea1fdb0d5461a",
            "ipv6_cidr_block": "",
            "ipv6_cidr_block_association_id": "",
            "ipv6_native": false,
            "map_customer_owned_ip_on_launch": false,
            "map_public_ip_on_launch": false,
            "outpost_arn": "",
            "owner_id": "963527047110",
            "private_dns_hostname_type_on_launch": "ip-name",
            "tags": {
              "Application": "reyGasExpress",
              "Environment": "dev",
              "ManagedBy": "Terraform",
              "Name": "rds-subnet-2-dev"
            },
            "tags_all": {
              "Application": "reyGasExpress",
              "Environment": "dev",
              "ManagedBy": "Terraform",
              "Name": "rds-subnet-2-dev"
            },
            "timeouts": null,
            "vpc_id": "vpc-071a6de911c9a6548"
          },
          "sensitive_attributes": [],
          "private": "eyJlMmJmYjczMC1lY2FhLTExZTYtOGY4OC0zNDM2M2JjN2M0YzAiOnsiY3JlYXRlIjo2MDAwMDAwMDAwMDAsImRlbGV0ZSI6MTIwMDAwMDAwMDAwMH0sInNjaGVtYV92ZXJzaW9uIjoiMSJ9",
          "dependencies": [
            "aws_vpc.reygas_vpc"
          ],
          "create_before_destroy": true
        }
      ]
    },
    {
      "mode": "managed",
      "type": "aws_vpc",
      "name": "reygas_vpc",
      "provider": "provider[\"registry.terraform.io/hashicorp/aws\"]",
      "instances": [
        {
          "schema_version": 1,
          "attributes": {
            "arn": "arn:aws:ec2:us-east-1:963527047110:vpc/vpc-071a6de911c9a6548",
            "assign_generated_ipv6_cidr_block": false,
            "cidr_block": "10.0.0.0/16",
            "default_network_acl_id": "acl-0c44abbd8e178fccc",
            "default_route_table_id": "rtb-00434225157b3ac1e",
            "default_security_group_id": "sg-061417f14c38b451d",
            "dhcp_options_id": "dopt-0a98db86722142d75",
            "enable_dns_hostnames": true,
            "enable_dns_support": true,
            "enable_network_address_usage_metrics": false,
            "id": "vpc-071a6de911c9a6548",
            "instance_tenancy": "default",
            "ipv4_ipam_pool_id": null,
            "ipv4_netmask_length": null,
            "ipv6_association_id": "",
            "ipv6_cidr_block": "",
            "ipv6_cidr_block_network_border_group": "",
            "ipv6_ipam_pool_id": "",
            "ipv6_netmask_length": 0,
            "main_route_table_id": "rtb-00434225157b3ac1e",
            "owner_id": "963527047110",
            "tags": {
              "Application": "reyGasExpress",
              "Environment": "dev",
              "ManagedBy": "Terraform",
              "Name": "reygas-vpc-dev"
            },
            "tags_all": {
              "Application": "reyGasExpress",
              "Environment": "dev",
              "ManagedBy": "Terraform",
              "Name": "reygas-vpc-dev"
            }
          },
          "sensitive_attributes": [],
          "private": "eyJzY2hlbWFfdmVyc2lvbiI6IjEifQ==",
          "create_before_destroy": true
        }
      ]
    },
    {
      "mode": "managed",
      "type": "aws_vpc_endpoint",
      "name": "cloudwatch_endpoint",
      "provider": "provider[\"registry.terraform.io/hashicorp/aws\"]",
      "instances": [
        {
          "schema_version": 0,
          "attributes": {
            "arn": "arn:aws:ec2:us-east-1:963527047110:vpc-endpoint/vpce-00b21de5e350f5e9b",
            "auto_accept": null,
            "cidr_blocks": [],
            "dns_entry": [
              {
                "dns_name": "vpce-00b21de5e350f5e9b-qtzpimeu.logs.us-east-1.vpce.amazonaws.com",
                "hosted_zone_id": "Z7HUB22UULQXV"
              },
              {
                "dns_name": "vpce-00b21de5e350f5e9b-qtzpimeu-us-east-1b.logs.us-east-1.vpce.amazonaws.com",
                "hosted_zone_id": "Z7HUB22UULQXV"
              },
              {
                "dns_name": "vpce-00b21de5e350f5e9b-qtzpimeu-us-east-1a.logs.us-east-1.vpce.amazonaws.com",
                "hosted_zone_id": "Z7HUB22UULQXV"
              },
              {
                "dns_name": "logs.us-east-1.amazonaws.com",
                "hosted_zone_id": "Z0771403179ITU5UYFQ6Y"
              },
              {
                "dns_name": "streaming-logs.us-east-1.amazonaws.com",
                "hosted_zone_id": "Z05116702ZA5IVDVGTKIC"
              },
              {
                "dns_name": "streaming-logs.us-east-1.api.aws",
                "hosted_zone_id": "Z0299852A4GXRXBHDSCR"
              },
              {
                "dns_name": "logs.us-east-1.api.aws",
                "hosted_zone_id": "Z05116713KER8XAHQDR40"
              }
            ],
            "dns_options": [
              {
                "dns_record_ip_type": "ipv4",
                "private_dns_only_for_inbound_resolver_endpoint": false
              }
            ],
            "id": "vpce-00b21de5e350f5e9b",
            "ip_address_type": "ipv4",
            "network_interface_ids": [
              "eni-0a12c7fb86a0df8db",
              "eni-0f644bbddd6d1b1a8"
            ],
            "owner_id": "963527047110",
            "policy": "{\"Statement\":[{\"Action\":\"*\",\"Effect\":\"Allow\",\"Principal\":\"*\",\"Resource\":\"*\"}]}",
            "prefix_list_id": null,
            "private_dns_enabled": true,
            "requester_managed": false,
            "resource_configuration_arn": "",
            "route_table_ids": [],
            "security_group_ids": [
              "sg-0ac2894667e254798"
            ],
            "service_name": "com.amazonaws.us-east-1.logs",
            "service_network_arn": "",
            "service_region": "us-east-1",
            "state": "available",
            "subnet_configuration": [
              {
                "ipv4": "10.0.1.23",
                "ipv6": "",
                "subnet_id": "subnet-0b18f3682d19b4999"
              },
              {
                "ipv4": "10.0.2.212",
                "ipv6": "",
                "subnet_id": "subnet-0d150b05b6e11a03f"
              }
            ],
            "subnet_ids": [
              "subnet-0b18f3682d19b4999",
              "subnet-0d150b05b6e11a03f"
            ],
            "tags": {
              "Name": "cloudwatch-logs-endpoint-dev"
            },
            "tags_all": {
              "Name": "cloudwatch-logs-endpoint-dev"
            },
            "timeouts": null,
            "vpc_endpoint_type": "Interface",
            "vpc_id": "vpc-071a6de911c9a6548"
          },
          "sensitive_attributes": [],
          "private": "eyJlMmJmYjczMC1lY2FhLTExZTYtOGY4OC0zNDM2M2JjN2M0YzAiOnsiY3JlYXRlIjo2MDAwMDAwMDAwMDAsImRlbGV0ZSI6NjAwMDAwMDAwMDAwLCJ1cGRhdGUiOjYwMDAwMDAwMDAwMH19",
          "dependencies": [
            "aws_security_group.lambda_sg",
            "aws_subnet.lambda_subnet_1",
            "aws_subnet.lambda_subnet_2",
            "aws_vpc.reygas_vpc"
          ]
        }
      ]
    },
    {
      "mode": "managed",
      "type": "aws_vpc_endpoint",
      "name": "s3_endpoint",
      "provider": "provider[\"registry.terraform.io/hashicorp/aws\"]",
      "instances": [
        {
          "schema_version": 0,
          "attributes": {
            "arn": "arn:aws:ec2:us-east-1:963527047110:vpc-endpoint/vpce-00caa8d7ed2155470",
            "auto_accept": null,
            "cidr_blocks": [
              "16.15.176.0/20",
              "16.182.0.0/16",
              "18.34.0.0/19",
              "52.216.0.0/15",
              "54.231.0.0/16",
              "3.5.0.0/19",
              "18.34.232.0/21",
              "16.15.192.0/18"
            ],
            "dns_entry": [],
            "dns_options": [],
            "id": "vpce-00caa8d7ed2155470",
            "ip_address_type": "",
            "network_interface_ids": [],
            "owner_id": "963527047110",
            "policy": "{\"Statement\":[{\"Action\":\"*\",\"Effect\":\"Allow\",\"Principal\":\"*\",\"Resource\":\"*\"}],\"Version\":\"2008-10-17\"}",
            "prefix_list_id": "pl-63a5400a",
            "private_dns_enabled": false,
            "requester_managed": false,
            "resource_configuration_arn": "",
            "route_table_ids": [
              "rtb-048eb70f04ee9329d"
            ],
            "security_group_ids": [],
            "service_name": "com.amazonaws.us-east-1.s3",
            "service_network_arn": "",
            "service_region": "us-east-1",
            "state": "available",
            "subnet_configuration": [],
            "subnet_ids": [],
            "tags": {
              "Name": "s3-gateway-endpoint-dev"
            },
            "tags_all": {
              "Name": "s3-gateway-endpoint-dev"
            },
            "timeouts": null,
            "vpc_endpoint_type": "Gateway",
            "vpc_id": "vpc-071a6de911c9a6548"
          },
          "sensitive_attributes": [],
          "private": "eyJlMmJmYjczMC1lY2FhLTExZTYtOGY4OC0zNDM2M2JjN2M0YzAiOnsiY3JlYXRlIjo2MDAwMDAwMDAwMDAsImRlbGV0ZSI6NjAwMDAwMDAwMDAwLCJ1cGRhdGUiOjYwMDAwMDAwMDAwMH19",
          "dependencies": [
            "aws_eip.nat_eip",
            "aws_internet_gateway.reygas_igw",
            "aws_nat_gateway.reygas_nat",
            "aws_route_table.private_rt",
            "aws_subnet.public_subnet",
            "aws_vpc.reygas_vpc"
          ]
        }
      ]
    },
    {
      "mode": "managed",
      "type": "aws_vpc_endpoint",
      "name": "secretsmanager_endpoint",
      "provider": "provider[\"registry.terraform.io/hashicorp/aws\"]",
      "instances": [
        {
          "schema_version": 0,
          "attributes": {
            "arn": "arn:aws:ec2:us-east-1:963527047110:vpc-endpoint/vpce-0d06aa520ab4070fe",
            "auto_accept": null,
            "cidr_blocks": [],
            "dns_entry": [
              {
                "dns_name": "vpce-0d06aa520ab4070fe-90hx6ij9.secretsmanager.us-east-1.vpce.amazonaws.com",
                "hosted_zone_id": "Z7HUB22UULQXV"
              },
              {
                "dns_name": "vpce-0d06aa520ab4070fe-90hx6ij9-us-east-1b.secretsmanager.us-east-1.vpce.amazonaws.com",
                "hosted_zone_id": "Z7HUB22UULQXV"
              },
              {
                "dns_name": "vpce-0d06aa520ab4070fe-90hx6ij9-us-east-1a.secretsmanager.us-east-1.vpce.amazonaws.com",
                "hosted_zone_id": "Z7HUB22UULQXV"
              },
              {
                "dns_name": "secretsmanager.us-east-1.amazonaws.com",
                "hosted_zone_id": "Z03235702J1FWZ5TLFRGX"
              }
            ],
            "dns_options": [
              {
                "dns_record_ip_type": "ipv4",
                "private_dns_only_for_inbound_resolver_endpoint": false
              }
            ],
            "id": "vpce-0d06aa520ab4070fe",
            "ip_address_type": "ipv4",
            "network_interface_ids": [
              "eni-052d591c3146df9c4",
              "eni-0f51ef99bf4a33505"
            ],
            "owner_id": "963527047110",
            "policy": "{\"Statement\":[{\"Action\":\"*\",\"Effect\":\"Allow\",\"Principal\":\"*\",\"Resource\":\"*\"}]}",
            "prefix_list_id": null,
            "private_dns_enabled": true,
            "requester_managed": false,
            "resource_configuration_arn": "",
            "route_table_ids": [],
            "security_group_ids": [
              "sg-0ac2894667e254798"
            ],
            "service_name": "com.amazonaws.us-east-1.secretsmanager",
            "service_network_arn": "",
            "service_region": "us-east-1",
            "state": "available",
            "subnet_configuration": [
              {
                "ipv4": "10.0.1.11",
                "ipv6": "",
                "subnet_id": "subnet-0b18f3682d19b4999"
              },
              {
                "ipv4": "10.0.2.194",
                "ipv6": "",
                "subnet_id": "subnet-0d150b05b6e11a03f"
              }
            ],
            "subnet_ids": [
              "subnet-0b18f3682d19b4999",
              "subnet-0d150b05b6e11a03f"
            ],
            "tags": {
              "Name": "secretsmanager-endpoint-dev"
            },
            "tags_all": {
              "Name": "secretsmanager-endpoint-dev"
            },
            "timeouts": null,
            "vpc_endpoint_type": "Interface",
            "vpc_id": "vpc-071a6de911c9a6548"
          },
          "sensitive_attributes": [],
          "private": "eyJlMmJmYjczMC1lY2FhLTExZTYtOGY4OC0zNDM2M2JjN2M0YzAiOnsiY3JlYXRlIjo2MDAwMDAwMDAwMDAsImRlbGV0ZSI6NjAwMDAwMDAwMDAwLCJ1cGRhdGUiOjYwMDAwMDAwMDAwMH19",
          "dependencies": [
            "aws_security_group.lambda_sg",
            "aws_subnet.lambda_subnet_1",
            "aws_subnet.lambda_subnet_2",
            "aws_vpc.reygas_vpc"
          ]
        }
      ]
    },
    {
      "mode": "managed",
      "type": "aws_wafv2_web_acl",
      "name": "reyGasExpress_waf",
      "provider": "provider[\"registry.terraform.io/hashicorp/aws\"].us_east_1",
      "instances": [
        {
          "schema_version": 0,
          "attributes": {
            "application_integration_url": "",
            "arn": "arn:aws:wafv2:us-east-1:963527047110:global/webacl/reyGasExpress-web-acl/5eb72759-86d7-4fd8-aa8d-e87a4aac2afa",
            "association_config": [],
            "capacity": 903,
            "captcha_config": [],
            "challenge_config": [],
            "custom_response_body": [],
            "data_protection_config": [],
            "default_action": [
              {
                "allow": [
                  {
                    "custom_request_handling": []
                  }
                ],
                "block": []
              }
            ],
            "description": "",
            "id": "5eb72759-86d7-4fd8-aa8d-e87a4aac2afa",
            "lock_token": "af010cd4-1009-4b87-a73d-537b509370f3",
            "name": "reyGasExpress-web-acl",
            "name_prefix": "",
            "rule": [
              {
                "action": [
                  {
                    "allow": [],
                    "block": [
                      {
                        "custom_response": []
                      }
                    ],
                    "captcha": [],
                    "challenge": [],
                    "count": []
                  }
                ],
                "captcha_config": [],
                "challenge_config": [],
                "name": "GeoRestrictionRule",
                "override_action": [],
                "priority": 1,
                "rule_label": [],
                "statement": [
                  {
                    "and_statement": [],
                    "byte_match_statement": [],
                    "geo_match_statement": [],
                    "ip_set_reference_statement": [],
                    "label_match_statement": [],
                    "managed_rule_group_statement": [],
                    "not_statement": [
                      {
                        "statement": [
                          {
                            "and_statement": [],
                            "byte_match_statement": [],
                            "geo_match_statement": [
                              {
                                "country_codes": [
                                  "PE"
                                ],
                                "forwarded_ip_config": []
                              }
                            ],
                            "ip_set_reference_statement": [],
                            "label_match_statement": [],
                            "not_statement": [],
                            "or_statement": [],
                            "regex_match_statement": [],
                            "regex_pattern_set_reference_statement": [],
                            "size_constraint_statement": [],
                            "sqli_match_statement": [],
                            "xss_match_statement": []
                          }
                        ]
                      }
                    ],
                    "or_statement": [],
                    "rate_based_statement": [],
                    "regex_match_statement": [],
                    "regex_pattern_set_reference_statement": [],
                    "rule_group_reference_statement": [],
                    "size_constraint_statement": [],
                    "sqli_match_statement": [],
                    "xss_match_statement": []
                  }
                ],
                "visibility_config": [
                  {
                    "cloudwatch_metrics_enabled": true,
                    "metric_name": "GeoRestrictionRule",
                    "sampled_requests_enabled": true
                  }
                ]
              },
              {
                "action": [
                  {
                    "allow": [],
                    "block": [
                      {
                        "custom_response": []
                      }
                    ],
                    "captcha": [],
                    "challenge": [],
                    "count": []
                  }
                ],
                "captcha_config": [],
                "challenge_config": [],
                "name": "RateLimitRule",
                "override_action": [],
                "priority": 5,
                "rule_label": [],
                "statement": [
                  {
                    "and_statement": [],
                    "byte_match_statement": [],
                    "geo_match_statement": [],
                    "ip_set_reference_statement": [],
                    "label_match_statement": [],
                    "managed_rule_group_statement": [],
                    "not_statement": [],
                    "or_statement": [],
                    "rate_based_statement": [
                      {
                        "aggregate_key_type": "IP",
                        "custom_key": [],
                        "evaluation_window_sec": 300,
                        "forwarded_ip_config": [],
                        "limit": 2000,
                        "scope_down_statement": []
                      }
                    ],
                    "regex_match_statement": [],
                    "regex_pattern_set_reference_statement": [],
                    "rule_group_reference_statement": [],
                    "size_constraint_statement": [],
                    "sqli_match_statement": [],
                    "xss_match_statement": []
                  }
                ],
                "visibility_config": [
                  {
                    "cloudwatch_metrics_enabled": true,
                    "metric_name": "RateLimitRule",
                    "sampled_requests_enabled": true
                  }
                ]
              },
              {
                "action": [],
                "captcha_config": [],
                "challenge_config": [],
                "name": "AWS-ManagedRulesCommonRuleSet",
                "override_action": [
                  {
                    "count": [],
                    "none": [
                      {}
                    ]
                  }
                ],
                "priority": 10,
                "rule_label": [],
                "statement": [
                  {
                    "and_statement": [],
                    "byte_match_statement": [],
                    "geo_match_statement": [],
                    "ip_set_reference_statement": [],
                    "label_match_statement": [],
                    "managed_rule_group_statement": [
                      {
                        "managed_rule_group_configs": [],
                        "name": "AWSManagedRulesCommonRuleSet",
                        "rule_action_override": [],
                        "scope_down_statement": [],
                        "vendor_name": "AWS",
                        "version": ""
                      }
                    ],
                    "not_statement": [],
                    "or_statement": [],
                    "rate_based_statement": [],
                    "regex_match_statement": [],
                    "regex_pattern_set_reference_statement": [],
                    "rule_group_reference_statement": [],
                    "size_constraint_statement": [],
                    "sqli_match_statement": [],
                    "xss_match_statement": []
                  }
                ],
                "visibility_config": [
                  {
                    "cloudwatch_metrics_enabled": true,
                    "metric_name": "AWSCommonRulesMetric",
                    "sampled_requests_enabled": true
                  }
                ]
              },
              {
                "action": [],
                "captcha_config": [],
                "challenge_config": [],
                "name": "AWSManagedRulesKnownBadInputsRule",
                "override_action": [
                  {
                    "count": [],
                    "none": [
                      {}
                    ]
                  }
                ],
                "priority": 15,
                "rule_label": [],
                "statement": [
                  {
                    "and_statement": [],
                    "byte_match_statement": [],
                    "geo_match_statement": [],
                    "ip_set_reference_statement": [],
                    "label_match_statement": [],
                    "managed_rule_group_statement": [
                      {
                        "managed_rule_group_configs": [],
                        "name": "AWSManagedRulesKnownBadInputsRuleSet",
                        "rule_action_override": [],
                        "scope_down_statement": [],
                        "vendor_name": "AWS",
                        "version": ""
                      }
                    ],
                    "not_statement": [],
                    "or_statement": [],
                    "rate_based_statement": [],
                    "regex_match_statement": [],
                    "regex_pattern_set_reference_statement": [],
                    "rule_group_reference_statement": [],
                    "size_constraint_statement": [],
                    "sqli_match_statement": [],
                    "xss_match_statement": []
                  }
                ],
                "visibility_config": [
                  {
                    "cloudwatch_metrics_enabled": true,
                    "metric_name": "log4shellProtection",
                    "sampled_requests_enabled": true
                  }
                ]
              }
            ],
            "rule_json": null,
            "scope": "CLOUDFRONT",
            "tags": {
              "Application": "reyGasExpress",
              "Environment": "dev",
              "ManagedBy": "Terraform"
            },
            "tags_all": {
              "Application": "reyGasExpress",
              "Environment": "dev",
              "ManagedBy": "Terraform"
            },
            "token_domains": null,
            "visibility_config": [
              {
                "cloudwatch_metrics_enabled": true,
                "metric_name": "reyGasExpressWebACL",
                "sampled_requests_enabled": true
              }
            ]
          },
          "sensitive_attributes": [],
          "private": "bnVsbA=="
        }
      ]
    },
    {
      "mode": "managed",
      "type": "null_resource",
      "name": "waf_propagation_delay",
      "provider": "provider[\"registry.terraform.io/hashicorp/null\"]",
      "instances": [
        {
          "schema_version": 0,
          "attributes": {
            "id": "182465085",
            "triggers": {
              "waf_id": "5eb72759-86d7-4fd8-aa8d-e87a4aac2afa"
            }
          },
          "sensitive_attributes": [],
          "dependencies": [
            "aws_wafv2_web_acl.reyGasExpress_waf"
          ]
        }
      ]
    },
    {
      "mode": "managed",
      "type": "random_password",
      "name": "db_master_password_generated",
      "provider": "provider[\"registry.terraform.io/hashicorp/random\"]",
      "instances": [
        {
          "schema_version": 3,
          "attributes": {
            "bcrypt_hash": "$2a$10$HyJUc0yZBy2WUKV5KQGNv.vYpjbdgdMkOhuCT8WBfIpSGoXGdTdhW",
            "id": "none",
            "keepers": null,
            "length": 16,
            "lower": true,
            "min_lower": 2,
            "min_numeric": 2,
            "min_special": 2,
            "min_upper": 2,
            "number": true,
            "numeric": true,
            "override_special": "!#$%\u0026*()-_=+[]{}\u003c\u003e:;?.",
            "result": "bf28WOU3(_jq#\u003edJ",
            "special": true,
            "upper": true
          },
          "sensitive_attributes": [
            [
              {
                "type": "get_attr",
                "value": "result"
              }
            ],
            [
              {
                "type": "get_attr",
                "value": "bcrypt_hash"
              }
            ]
          ],
          "create_before_destroy": true
        }
      ]
    }
  ],
  "check_results": null
}
