{
  "version": 4,
  "terraform_version": "1.11.4",
  "serial": 239,
  "lineage": "90ba0435-45c1-c48f-a237-324e280965e1",
  "outputs": {
    "cloudfront_distribution_arn": {
      "value": "arn:aws:cloudfront::963527047110:distribution/ED6KRXXEKLGXL",
      "type": "string"
    },
    "cloudfront_distribution_id": {
      "value": "ED6KRXXEKLGXL",
      "type": "string"
    },
    "cloudfront_domain_name": {
      "value": "d1g24h7oyru1q.cloudfront.net",
      "type": "string"
    },
    "cloudfront_hosted_zone_id": {
      "value": "Z2FDTNDATAQYW2",
      "type": "string"
    },
    "waf_web_acl_arn": {
      "value": "arn:aws:wafv2:us-east-1:963527047110:global/webacl/reyGasExpress-web-acl/438f46d7-9fd6-4748-97d2-d15fce972eed",
      "type": "string"
    },
    "waf_web_acl_id": {
      "value": "438f46d7-9fd6-4748-97d2-d15fce972eed",
      "type": "string"
    }
  },
  "resources": [
    {
      "mode": "managed",
      "type": "aws_cloudfront_distribution",
      "name": "reygas_distribution",
      "provider": "provider[\"registry.terraform.io/hashicorp/aws\"]",
      "instances": [
        {
          "schema_version": 1,
          "attributes": {
            "aliases": null,
            "arn": "arn:aws:cloudfront::963527047110:distribution/ED6KRXXEKLGXL",
            "caller_reference": "terraform-20250603043025573800000003",
            "comment": null,
            "continuous_deployment_policy_id": "",
            "custom_error_response": [],
            "default_cache_behavior": [
              {
                "allowed_methods": [
                  "DELETE",
                  "GET",
                  "HEAD",
                  "OPTIONS",
                  "PATCH",
                  "POST",
                  "PUT"
                ],
                "cache_policy_id": "",
                "cached_methods": [
                  "GET",
                  "HEAD"
                ],
                "compress": true,
                "default_ttl": 3600,
                "field_level_encryption_id": "",
                "forwarded_values": [
                  {
                    "cookies": [
                      {
                        "forward": "none",
                        "whitelisted_names": []
                      }
                    ],
                    "headers": [],
                    "query_string": false,
                    "query_string_cache_keys": []
                  }
                ],
                "function_association": [],
                "grpc_config": [
                  {
                    "enabled": false
                  }
                ],
                "lambda_function_association": [],
                "max_ttl": 86400,
                "min_ttl": 0,
                "origin_request_policy_id": "",
                "realtime_log_config_arn": "",
                "response_headers_policy_id": "",
                "smooth_streaming": false,
                "target_origin_id": "S3-reygas-express-frontend",
                "trusted_key_groups": [],
                "trusted_signers": [],
                "viewer_protocol_policy": "redirect-to-https"
              }
            ],
            "default_root_object": "index.html",
            "domain_name": "d1g24h7oyru1q.cloudfront.net",
            "enabled": true,
            "etag": "E2231JORO4POG5",
            "hosted_zone_id": "Z2FDTNDATAQYW2",
            "http_version": "http2",
            "id": "ED6KRXXEKLGXL",
            "in_progress_validation_batches": 0,
            "is_ipv6_enabled": true,
            "last_modified_time": "2025-06-03 04:30:25.016 +0000 UTC",
            "logging_config": [],
            "ordered_cache_behavior": [],
            "origin": [
              {
                "connection_attempts": 3,
                "connection_timeout": 10,
                "custom_header": [],
                "custom_origin_config": [],
                "domain_name": "reygas-express-frontend.s3.amazonaws.com",
                "origin_access_control_id": "E3SWPQYYDPI2XI",
                "origin_id": "S3-reygas-express-frontend",
                "origin_path": "",
                "origin_shield": [],
                "s3_origin_config": [],
                "vpc_origin_config": []
              }
            ],
            "origin_group": [],
            "price_class": "PriceClass_100",
            "restrictions": [
              {
                "geo_restriction": [
                  {
                    "locations": [
                      "PE"
                    ],
                    "restriction_type": "whitelist"
                  }
                ]
              }
            ],
            "retain_on_delete": false,
            "staging": false,
            "status": "Deployed",
            "tags": {
              "Application": "reyGasExpress",
              "Environment": "dev",
              "ManagedBy": "Terraform"
            },
            "tags_all": {
              "Application": "reyGasExpress",
              "Environment": "dev",
              "ManagedBy": "Terraform"
            },
            "trusted_key_groups": [
              {
                "enabled": false,
                "items": []
              }
            ],
            "trusted_signers": [
              {
                "enabled": false,
                "items": []
              }
            ],
            "viewer_certificate": [
              {
                "acm_certificate_arn": "",
                "cloudfront_default_certificate": true,
                "iam_certificate_id": "",
                "minimum_protocol_version": "TLSv1",
                "ssl_support_method": ""
              }
            ],
            "wait_for_deployment": true,
            "web_acl_id": "arn:aws:wafv2:us-east-1:963527047110:global/webacl/reyGasExpress-web-acl/438f46d7-9fd6-4748-97d2-d15fce972eed"
          },
          "sensitive_attributes": [],
          "private": "eyJzY2hlbWFfdmVyc2lvbiI6IjEifQ==",
          "dependencies": [
            "aws_cloudfront_origin_access_control.reygas_oac",
            "aws_s3_bucket.reygas_frontend_bucket",
            "aws_s3_bucket_public_access_block.reygas_frontend_pab",
            "aws_wafv2_web_acl.reyGasExpress_waf",
            "null_resource.waf_propagation_delay"
          ]
        }
      ]
    },
    {
      "mode": "managed",
      "type": "aws_cloudfront_origin_access_control",
      "name": "reygas_oac",
      "provider": "provider[\"registry.terraform.io/hashicorp/aws\"]",
      "instances": [
        {
          "schema_version": 0,
          "attributes": {
            "arn": "arn:aws:cloudfront::963527047110:origin-access-control/E3SWPQYYDPI2XI",
            "description": "Origin Access Control for ReyGasExpress S3 bucket",
            "etag": "ETVPDKIKX0DER",
            "id": "E3SWPQYYDPI2XI",
            "name": "reyGasExpress-OAC",
            "origin_access_control_origin_type": "s3",
            "signing_behavior": "always",
            "signing_protocol": "sigv4"
          },
          "sensitive_attributes": [],
          "private": "bnVsbA=="
        }
      ]
    },
    {
      "mode": "managed",
      "type": "aws_cognito_user_pool",
      "name": "reyGasExpress_user_pool",
      "provider": "provider[\"registry.terraform.io/hashicorp/aws\"]",
      "instances": [
        {
          "schema_version": 0,
          "attributes": {
            "account_recovery_setting": [
              {
                "recovery_mechanism": [
                  {
                    "name": "verified_email",
                    "priority": 1
                  },
                  {
                    "name": "verified_phone_number",
                    "priority": 2
                  }
                ]
              }
            ],
            "admin_create_user_config": [
              {
                "allow_admin_create_user_only": false,
                "invite_message_template": []
              }
            ],
            "alias_attributes": [
              "email"
            ],
            "arn": "arn:aws:cognito-idp:us-east-1:963527047110:userpool/us-east-1_Qna5tcllI",
            "auto_verified_attributes": null,
            "creation_date": "2025-06-03T04:30:18Z",
            "custom_domain": "",
            "deletion_protection": "INACTIVE",
            "device_configuration": [],
            "domain": "",
            "email_configuration": [
              {
                "configuration_set": "",
                "email_sending_account": "COGNITO_DEFAULT",
                "from_email_address": "",
                "reply_to_email_address": "",
                "source_arn": ""
              }
            ],
            "email_mfa_configuration": [],
            "email_verification_message": "",
            "email_verification_subject": "",
            "endpoint": "cognito-idp.us-east-1.amazonaws.com/us-east-1_Qna5tcllI",
            "estimated_number_of_users": 0,
            "id": "us-east-1_Qna5tcllI",
            "lambda_config": [],
            "last_modified_date": "2025-06-03T04:30:18Z",
            "mfa_configuration": "OFF",
            "name": "ReyGasExpress-user-pool",
            "password_policy": [
              {
                "minimum_length": 8,
                "password_history_size": 0,
                "require_lowercase": false,
                "require_numbers": true,
                "require_symbols": true,
                "require_uppercase": true,
                "temporary_password_validity_days": 7
              }
            ],
            "schema": [],
            "sign_in_policy": [
              {
                "allowed_first_auth_factors": [
                  "PASSWORD"
                ]
              }
            ],
            "sms_authentication_message": "",
            "sms_configuration": [],
            "sms_verification_message": "",
            "software_token_mfa_configuration": [],
            "tags": {
              "Application": "reyGasExpress",
              "Environment": "dev",
              "ManagedBy": "Terraform"
            },
            "tags_all": {
              "Application": "reyGasExpress",
              "Environment": "dev",
              "ManagedBy": "Terraform"
            },
            "user_attribute_update_settings": [],
            "user_pool_add_ons": [],
            "user_pool_tier": "ESSENTIALS",
            "username_attributes": null,
            "username_configuration": [],
            "verification_message_template": [
              {
                "default_email_option": "CONFIRM_WITH_CODE",
                "email_message": "",
                "email_message_by_link": "",
                "email_subject": "",
                "email_subject_by_link": "",
                "sms_message": ""
              }
            ],
            "web_authn_configuration": []
          },
          "sensitive_attributes": [],
          "private": "bnVsbA=="
        }
      ]
    },
    {
      "mode": "managed",
      "type": "aws_cognito_user_pool_client",
      "name": "reyGasExpress_user_pool_client",
      "provider": "provider[\"registry.terraform.io/hashicorp/aws\"]",
      "instances": [
        {
          "schema_version": 0,
          "attributes": {
            "access_token_validity": 0,
            "allowed_oauth_flows": [],
            "allowed_oauth_flows_user_pool_client": false,
            "allowed_oauth_scopes": [],
            "analytics_configuration": [],
            "auth_session_validity": 3,
            "callback_urls": [],
            "client_secret": "",
            "default_redirect_uri": "",
            "enable_propagate_additional_user_context_data": false,
            "enable_token_revocation": true,
            "explicit_auth_flows": [
              "ALLOW_REFRESH_TOKEN_AUTH",
              "ALLOW_USER_PASSWORD_AUTH",
              "ALLOW_USER_SRP_AUTH"
            ],
            "generate_secret": false,
            "id": "2flni05brh2tsnngcedbbln00v",
            "id_token_validity": 0,
            "logout_urls": [],
            "name": "ReyGasExpress-client",
            "prevent_user_existence_errors": "",
            "read_attributes": [],
            "refresh_token_rotation": [],
            "refresh_token_validity": 30,
            "supported_identity_providers": [],
            "token_validity_units": [],
            "user_pool_id": "us-east-1_Qna5tcllI",
            "write_attributes": []
          },
          "sensitive_attributes": [
            [
              {
                "type": "get_attr",
                "value": "client_secret"
              }
            ]
          ],
          "dependencies": [
            "aws_cognito_user_pool.reyGasExpress_user_pool"
          ]
        }
      ]
    },
    {
      "mode": "managed",
      "type": "aws_iam_role",
      "name": "lambda_execution_role",
      "provider": "provider[\"registry.terraform.io/hashicorp/aws\"]",
      "instances": [
        {
          "schema_version": 0,
          "attributes": {
            "arn": "arn:aws:iam::963527047110:role/lambda-execution-role-reyGasExpress",
            "assume_role_policy": "{\"Statement\":[{\"Action\":\"sts:AssumeRole\",\"Effect\":\"Allow\",\"Principal\":{\"Service\":\"lambda.amazonaws.com\"}}],\"Version\":\"2012-10-17\"}",
            "create_date": "2025-06-03T04:30:17Z",
            "description": "",
            "force_detach_policies": false,
            "id": "lambda-execution-role-reyGasExpress",
            "inline_policy": [],
            "managed_policy_arns": [],
            "max_session_duration": 3600,
            "name": "lambda-execution-role-reyGasExpress",
            "name_prefix": "",
            "path": "/",
            "permissions_boundary": "",
            "tags": {
              "Application": "reyGasExpress",
              "Environment": "dev",
              "ManagedBy": "Terraform"
            },
            "tags_all": {
              "Application": "reyGasExpress",
              "Environment": "dev",
              "ManagedBy": "Terraform"
            },
            "unique_id": "AROA6AVVP67DBN5UQVPXU"
          },
          "sensitive_attributes": [],
          "private": "bnVsbA=="
        }
      ]
    },
    {
      "mode": "managed",
      "type": "aws_iam_role_policy_attachment",
      "name": "lambda_logging",
      "provider": "provider[\"registry.terraform.io/hashicorp/aws\"]",
      "instances": [
        {
          "schema_version": 0,
          "attributes": {
            "id": "lambda-execution-role-reyGasExpress-20250603043019836900000001",
            "policy_arn": "arn:aws:iam::aws:policy/service-role/AWSLambdaBasicExecutionRole",
            "role": "lambda-execution-role-reyGasExpress"
          },
          "sensitive_attributes": [],
          "private": "bnVsbA==",
          "dependencies": [
            "aws_iam_role.lambda_execution_role"
          ]
        }
      ]
    },
    {
      "mode": "managed",
      "type": "aws_iam_role_policy_attachment",
      "name": "lambda_s3_access",
      "provider": "provider[\"registry.terraform.io/hashicorp/aws\"]",
      "instances": [
        {
          "schema_version": 0,
          "attributes": {
            "id": "lambda-execution-role-reyGasExpress-20250603043020050600000002",
            "policy_arn": "arn:aws:iam::aws:policy/AmazonS3FullAccess",
            "role": "lambda-execution-role-reyGasExpress"
          },
          "sensitive_attributes": [],
          "private": "bnVsbA==",
          "dependencies": [
            "aws_iam_role.lambda_execution_role"
          ]
        }
      ]
    },
    {
      "mode": "managed",
      "type": "aws_s3_bucket",
      "name": "reygas_frontend_bucket",
      "provider": "provider[\"registry.terraform.io/hashicorp/aws\"]",
      "instances": [
        {
          "schema_version": 0,
          "attributes": {
            "acceleration_status": "",
            "acl": null,
            "arn": "arn:aws:s3:::reygas-express-frontend",
            "bucket": "reygas-express-frontend",
            "bucket_domain_name": "reygas-express-frontend.s3.amazonaws.com",
            "bucket_prefix": "",
            "bucket_regional_domain_name": "reygas-express-frontend.s3.us-east-1.amazonaws.com",
            "cors_rule": [],
            "force_destroy": false,
            "grant": [
              {
                "id": "4f6498a9624cae9dac58911e59a6605e7dcdae8930b3a66109c565981ededddd",
                "permissions": [
                  "FULL_CONTROL"
                ],
                "type": "CanonicalUser",
                "uri": ""
              }
            ],
            "hosted_zone_id": "Z3AQBSTGFYJSTF",
            "id": "reygas-express-frontend",
            "lifecycle_rule": [],
            "logging": [],
            "object_lock_configuration": [],
            "object_lock_enabled": false,
            "policy": "",
            "region": "us-east-1",
            "replication_configuration": [],
            "request_payer": "BucketOwner",
            "server_side_encryption_configuration": [
              {
                "rule": [
                  {
                    "apply_server_side_encryption_by_default": [
                      {
                        "kms_master_key_id": "",
                        "sse_algorithm": "AES256"
                      }
                    ],
                    "bucket_key_enabled": false
                  }
                ]
              }
            ],
            "tags": {
              "Application": "reyGasExpress",
              "Environment": "dev",
              "ManagedBy": "Terraform"
            },
            "tags_all": {
              "Application": "reyGasExpress",
              "Environment": "dev",
              "ManagedBy": "Terraform"
            },
            "timeouts": null,
            "versioning": [
              {
                "enabled": false,
                "mfa_delete": false
              }
            ],
            "website": [],
            "website_domain": null,
            "website_endpoint": null
          },
          "sensitive_attributes": [],
          "private": "eyJlMmJmYjczMC1lY2FhLTExZTYtOGY4OC0zNDM2M2JjN2M0YzAiOnsiY3JlYXRlIjoxMjAwMDAwMDAwMDAwLCJkZWxldGUiOjM2MDAwMDAwMDAwMDAsInJlYWQiOjEyMDAwMDAwMDAwMDAsInVwZGF0ZSI6MTIwMDAwMDAwMDAwMH19"
        }
      ]
    },
    {
      "mode": "managed",
      "type": "aws_s3_bucket_policy",
      "name": "reygas_bucket_policy",
      "provider": "provider[\"registry.terraform.io/hashicorp/aws\"]",
      "instances": [
        {
          "schema_version": 0,
          "attributes": {
            "bucket": "reygas-express-frontend",
            "id": "reygas-express-frontend",
            "policy": "{\"Statement\":[{\"Action\":\"s3:GetObject\",\"Condition\":{\"StringEquals\":{\"AWS:SourceArn\":\"arn:aws:cloudfront::963527047110:distribution/ED6KRXXEKLGXL\"}},\"Effect\":\"Allow\",\"Principal\":{\"Service\":\"cloudfront.amazonaws.com\"},\"Resource\":\"arn:aws:s3:::reygas-express-frontend/*\",\"Sid\":\"AllowCloudFrontServicePrincipal\"}],\"Version\":\"2012-10-17\"}"
          },
          "sensitive_attributes": [],
          "private": "bnVsbA==",
          "dependencies": [
            "aws_cloudfront_distribution.reygas_distribution",
            "aws_cloudfront_origin_access_control.reygas_oac",
            "aws_s3_bucket.reygas_frontend_bucket",
            "aws_s3_bucket_public_access_block.reygas_frontend_pab",
            "aws_wafv2_web_acl.reyGasExpress_waf",
            "null_resource.waf_propagation_delay"
          ]
        }
      ]
    },
    {
      "mode": "managed",
      "type": "aws_s3_bucket_public_access_block",
      "name": "reygas_frontend_pab",
      "provider": "provider[\"registry.terraform.io/hashicorp/aws\"]",
      "instances": [
        {
          "schema_version": 0,
          "attributes": {
            "block_public_acls": true,
            "block_public_policy": true,
            "bucket": "reygas-express-frontend",
            "id": "reygas-express-frontend",
            "ignore_public_acls": true,
            "restrict_public_buckets": true
          },
          "sensitive_attributes": [],
          "private": "bnVsbA==",
          "dependencies": [
            "aws_s3_bucket.reygas_frontend_bucket"
          ]
        }
      ]
    },
    {
      "mode": "managed",
      "type": "aws_s3_bucket_server_side_encryption_configuration",
      "name": "reygas_frontend_encryption",
      "provider": "provider[\"registry.terraform.io/hashicorp/aws\"]",
      "instances": [
        {
          "schema_version": 0,
          "attributes": {
            "bucket": "reygas-express-frontend",
            "expected_bucket_owner": "",
            "id": "reygas-express-frontend",
            "rule": [
              {
                "apply_server_side_encryption_by_default": [
                  {
                    "kms_master_key_id": "",
                    "sse_algorithm": "AES256"
                  }
                ],
                "bucket_key_enabled": null
              }
            ]
          },
          "sensitive_attributes": [],
          "private": "bnVsbA==",
          "dependencies": [
            "aws_s3_bucket.reygas_frontend_bucket"
          ]
        }
      ]
    },
    {
      "mode": "managed",
      "type": "aws_s3_bucket_versioning",
      "name": "reygas_frontend_versioning",
      "provider": "provider[\"registry.terraform.io/hashicorp/aws\"]",
      "instances": [
        {
          "schema_version": 0,
          "attributes": {
            "bucket": "reygas-express-frontend",
            "expected_bucket_owner": "",
            "id": "reygas-express-frontend",
            "mfa": null,
            "versioning_configuration": [
              {
                "mfa_delete": "",
                "status": "Enabled"
              }
            ]
          },
          "sensitive_attributes": [],
          "private": "bnVsbA==",
          "dependencies": [
            "aws_s3_bucket.reygas_frontend_bucket"
          ]
        }
      ]
    },
    {
      "mode": "managed",
      "type": "aws_wafv2_web_acl",
      "name": "reyGasExpress_waf",
      "provider": "provider[\"registry.terraform.io/hashicorp/aws\"].us_east_1",
      "instances": [
        {
          "schema_version": 0,
          "attributes": {
            "application_integration_url": "",
            "arn": "arn:aws:wafv2:us-east-1:963527047110:global/webacl/reyGasExpress-web-acl/438f46d7-9fd6-4748-97d2-d15fce972eed",
            "association_config": [],
            "capacity": 703,
            "captcha_config": [],
            "challenge_config": [],
            "custom_response_body": [],
            "data_protection_config": [],
            "default_action": [
              {
                "allow": [
                  {
                    "custom_request_handling": []
                  }
                ],
                "block": []
              }
            ],
            "description": "",
            "id": "438f46d7-9fd6-4748-97d2-d15fce972eed",
            "lock_token": "2c2f19c4-2a41-433e-a343-3aeb90c434ba",
            "name": "reyGasExpress-web-acl",
            "name_prefix": "",
            "rule": [
              {
                "action": [
                  {
                    "allow": [],
                    "block": [
                      {
                        "custom_response": []
                      }
                    ],
                    "captcha": [],
                    "challenge": [],
                    "count": []
                  }
                ],
                "captcha_config": [],
                "challenge_config": [],
                "name": "GeoRestrictionRule",
                "override_action": [],
                "priority": 1,
                "rule_label": [],
                "statement": [
                  {
                    "and_statement": [],
                    "byte_match_statement": [],
                    "geo_match_statement": [],
                    "ip_set_reference_statement": [],
                    "label_match_statement": [],
                    "managed_rule_group_statement": [],
                    "not_statement": [
                      {
                        "statement": [
                          {
                            "and_statement": [],
                            "byte_match_statement": [],
                            "geo_match_statement": [
                              {
                                "country_codes": [
                                  "PE"
                                ],
                                "forwarded_ip_config": []
                              }
                            ],
                            "ip_set_reference_statement": [],
                            "label_match_statement": [],
                            "not_statement": [],
                            "or_statement": [],
                            "regex_match_statement": [],
                            "regex_pattern_set_reference_statement": [],
                            "size_constraint_statement": [],
                            "sqli_match_statement": [],
                            "xss_match_statement": []
                          }
                        ]
                      }
                    ],
                    "or_statement": [],
                    "rate_based_statement": [],
                    "regex_match_statement": [],
                    "regex_pattern_set_reference_statement": [],
                    "rule_group_reference_statement": [],
                    "size_constraint_statement": [],
                    "sqli_match_statement": [],
                    "xss_match_statement": []
                  }
                ],
                "visibility_config": [
                  {
                    "cloudwatch_metrics_enabled": true,
                    "metric_name": "GeoRestrictionRule",
                    "sampled_requests_enabled": true
                  }
                ]
              },
              {
                "action": [
                  {
                    "allow": [],
                    "block": [
                      {
                        "custom_response": []
                      }
                    ],
                    "captcha": [],
                    "challenge": [],
                    "count": []
                  }
                ],
                "captcha_config": [],
                "challenge_config": [],
                "name": "RateLimitRule",
                "override_action": [],
                "priority": 5,
                "rule_label": [],
                "statement": [
                  {
                    "and_statement": [],
                    "byte_match_statement": [],
                    "geo_match_statement": [],
                    "ip_set_reference_statement": [],
                    "label_match_statement": [],
                    "managed_rule_group_statement": [],
                    "not_statement": [],
                    "or_statement": [],
                    "rate_based_statement": [
                      {
                        "aggregate_key_type": "IP",
                        "custom_key": [],
                        "evaluation_window_sec": 300,
                        "forwarded_ip_config": [],
                        "limit": 2000,
                        "scope_down_statement": []
                      }
                    ],
                    "regex_match_statement": [],
                    "regex_pattern_set_reference_statement": [],
                    "rule_group_reference_statement": [],
                    "size_constraint_statement": [],
                    "sqli_match_statement": [],
                    "xss_match_statement": []
                  }
                ],
                "visibility_config": [
                  {
                    "cloudwatch_metrics_enabled": true,
                    "metric_name": "RateLimitRule",
                    "sampled_requests_enabled": true
                  }
                ]
              },
              {
                "action": [],
                "captcha_config": [],
                "challenge_config": [],
                "name": "AWS-ManagedRulesCommonRuleSet",
                "override_action": [
                  {
                    "count": [],
                    "none": [
                      {}
                    ]
                  }
                ],
                "priority": 10,
                "rule_label": [],
                "statement": [
                  {
                    "and_statement": [],
                    "byte_match_statement": [],
                    "geo_match_statement": [],
                    "ip_set_reference_statement": [],
                    "label_match_statement": [],
                    "managed_rule_group_statement": [
                      {
                        "managed_rule_group_configs": [],
                        "name": "AWSManagedRulesCommonRuleSet",
                        "rule_action_override": [],
                        "scope_down_statement": [],
                        "vendor_name": "AWS",
                        "version": ""
                      }
                    ],
                    "not_statement": [],
                    "or_statement": [],
                    "rate_based_statement": [],
                    "regex_match_statement": [],
                    "regex_pattern_set_reference_statement": [],
                    "rule_group_reference_statement": [],
                    "size_constraint_statement": [],
                    "sqli_match_statement": [],
                    "xss_match_statement": []
                  }
                ],
                "visibility_config": [
                  {
                    "cloudwatch_metrics_enabled": true,
                    "metric_name": "AWSCommonRulesMetric",
                    "sampled_requests_enabled": true
                  }
                ]
              }
            ],
            "rule_json": null,
            "scope": "CLOUDFRONT",
            "tags": {
              "Application": "reyGasExpress",
              "Environment": "dev",
              "ManagedBy": "Terraform"
            },
            "tags_all": {
              "Application": "reyGasExpress",
              "Environment": "dev",
              "ManagedBy": "Terraform"
            },
            "token_domains": null,
            "visibility_config": [
              {
                "cloudwatch_metrics_enabled": true,
                "metric_name": "reyGasExpressWebACL",
                "sampled_requests_enabled": true
              }
            ]
          },
          "sensitive_attributes": [],
          "private": "bnVsbA=="
        }
      ]
    },
    {
      "mode": "managed",
      "type": "null_resource",
      "name": "waf_propagation_delay",
      "provider": "provider[\"registry.terraform.io/hashicorp/null\"]",
      "instances": [
        {
          "schema_version": 0,
          "attributes": {
            "id": "1371709059",
            "triggers": {
              "waf_id": "438f46d7-9fd6-4748-97d2-d15fce972eed"
            }
          },
          "sensitive_attributes": [],
          "dependencies": [
            "aws_wafv2_web_acl.reyGasExpress_waf"
          ]
        }
      ]
    }
  ],
  "check_results": null
}
