{
  "version": 4,
  "terraform_version": "1.11.4",
  "serial": 3424,
  "lineage": "90ba0435-45c1-c48f-a237-324e280965e1",
  "outputs": {
    "analysis_bucket_arn": {
      "value": "arn:aws:s3:::reygas-express-analysis-dev",
      "type": "string"
    },
    "analysis_bucket_name": {
      "value": "reygas-express-analysis-dev",
      "type": "string"
    },
    "cloudfront_distribution_arn": {
      "value": "arn:aws:cloudfront::963527047110:distribution/EZXF50Z8BYBMG",
      "type": "string"
    },
    "cloudfront_distribution_id": {
      "value": "EZXF50Z8BYBMG",
      "type": "string"
    },
    "cloudfront_domain_name": {
      "value": "d2vax8pu7omlio.cloudfront.net",
      "type": "string"
    },
    "cloudfront_hosted_zone_id": {
      "value": "Z2FDTNDATAQYW2",
      "type": "string"
    },
    "cloudwatch_dashboard_name": {
      "value": "ReyGasExpress-Dashboard-dev",
      "type": "string"
    },
    "email_topic_arn": {
      "value": "arn:aws:sns:us-east-1:963527047110:reyGasExpress-email-topic",
      "type": "string"
    },
    "orders_table_arn": {
      "value": "arn:aws:dynamodb:us-east-1:963527047110:table/reyGasExpress-orders-table-dev",
      "type": "string"
    },
    "orders_table_name": {
      "value": "reyGasExpress-orders-table-dev",
      "type": "string"
    },
    "reports_bucket_arn": {
      "value": "arn:aws:s3:::reygas-express-reports",
      "type": "string"
    },
    "reports_bucket_name": {
      "value": "reygas-express-reports",
      "type": "string"
    },
    "reports_topic_arn": {
      "value": "arn:aws:sns:us-east-1:963527047110:reyGasExpress-reports-topic-dev",
      "type": "string"
    },
    "sqs_order_queue_arn": {
      "value": "arn:aws:sqs:us-east-1:963527047110:reyGasExpress-order-queue-dev",
      "type": "string"
    },
    "sqs_order_queue_url": {
      "value": "https://sqs.us-east-1.amazonaws.com/963527047110/reyGasExpress-order-queue-dev",
      "type": "string"
    },
    "waf_web_acl_arn": {
      "value": "arn:aws:wafv2:us-east-1:963527047110:global/webacl/reyGasExpress-web-acl/013a9f67-3715-4ff6-910d-50ddd38e2374",
      "type": "string"
    },
    "waf_web_acl_id": {
      "value": "013a9f67-3715-4ff6-910d-50ddd38e2374",
      "type": "string"
    }
  },
  "resources": [
    {
      "mode": "data",
      "type": "aws_caller_identity",
      "name": "current",
      "provider": "provider[\"registry.terraform.io/hashicorp/aws\"]",
      "instances": [
        {
          "schema_version": 0,
          "attributes": {
            "account_id": "963527047110",
            "arn": "arn:aws:iam::963527047110:root",
            "id": "963527047110",
            "user_id": "963527047110"
          },
          "sensitive_attributes": []
        }
      ]
    },
    {
      "mode": "managed",
      "type": "aws_apigatewayv2_api",
      "name": "reyGasExpress_api",
      "provider": "provider[\"registry.terraform.io/hashicorp/aws\"]",
      "instances": [
        {
          "schema_version": 0,
          "attributes": {
            "api_endpoint": "https://jeydfltyo4.execute-api.us-east-1.amazonaws.com",
            "api_key_selection_expression": "$request.header.x-api-key",
            "arn": "arn:aws:apigateway:us-east-1::/apis/jeydfltyo4",
            "body": null,
            "cors_configuration": [],
            "credentials_arn": null,
            "description": "",
            "disable_execute_api_endpoint": false,
            "execution_arn": "arn:aws:execute-api:us-east-1:963527047110:jeydfltyo4",
            "fail_on_warnings": null,
            "id": "jeydfltyo4",
            "ip_address_type": "ipv4",
            "name": "reyGasExpress-api-dev",
            "protocol_type": "HTTP",
            "route_key": null,
            "route_selection_expression": "$request.method $request.path",
            "tags": {
              "Application": "reyGasExpress",
              "Environment": "dev",
              "ManagedBy": "Terraform"
            },
            "tags_all": {
              "Application": "reyGasExpress",
              "Environment": "dev",
              "ManagedBy": "Terraform"
            },
            "target": null,
            "version": ""
          },
          "sensitive_attributes": [],
          "private": "bnVsbA==",
          "create_before_destroy": true
        }
      ]
    },
    {
      "mode": "managed",
      "type": "aws_apigatewayv2_deployment",
      "name": "api_deployment",
      "provider": "provider[\"registry.terraform.io/hashicorp/aws\"]",
      "instances": [
        {
          "schema_version": 0,
          "attributes": {
            "api_id": "jeydfltyo4",
            "auto_deployed": false,
            "description": "",
            "id": "ieqj7g",
            "triggers": {
              "redeployment": "1c4d9c84428f457b2ff3e8a1c41f2c938e0f09ab"
            }
          },
          "sensitive_attributes": [],
          "private": "bnVsbA==",
          "dependencies": [
            "aws_apigatewayv2_api.reyGasExpress_api",
            "aws_apigatewayv2_integration.analyze_preferences_lambda_integration",
            "aws_apigatewayv2_integration.generate_report_lambda_integration",
            "aws_apigatewayv2_integration.process_order_lambda_integration",
            "aws_apigatewayv2_integration.register_order_lambda_integration",
            "aws_apigatewayv2_integration.send_email_report_lambda_integration",
            "aws_apigatewayv2_route.analyze_preferences_route",
            "aws_apigatewayv2_route.generate_report_route",
            "aws_apigatewayv2_route.process_order_route",
            "aws_apigatewayv2_route.register_order_route",
            "aws_apigatewayv2_route.send_email_report_route",
            "aws_dynamodb_table.reyGasExpress_orders_table",
            "aws_iam_role.lambda_execution_role",
            "aws_lambda_function.analyze_preferences_lambda",
            "aws_lambda_function.generate_report_lambda",
            "aws_lambda_function.process_order_lambda",
            "aws_lambda_function.register_order_lambda",
            "aws_lambda_function.send_email_report_lambda",
            "aws_s3_bucket.reyGasExpress_analysis_bucket",
            "aws_s3_bucket.reyGasExpress_reports_bucket",
            "aws_sns_topic.reyGasExpress_email_topic",
            "aws_sns_topic.reyGasExpress_reports_topic",
            "aws_sqs_queue.reyGasExpress_dlq",
            "aws_sqs_queue.reyGasExpress_order_queue"
          ],
          "create_before_destroy": true
        }
      ]
    },
    {
      "mode": "managed",
      "type": "aws_apigatewayv2_integration",
      "name": "analyze_preferences_lambda_integration",
      "provider": "provider[\"registry.terraform.io/hashicorp/aws\"]",
      "instances": [
        {
          "schema_version": 0,
          "attributes": {
            "api_id": "jeydfltyo4",
            "connection_id": "",
            "connection_type": "INTERNET",
            "content_handling_strategy": "",
            "credentials_arn": "",
            "description": "",
            "id": "pr79shp",
            "integration_method": "POST",
            "integration_response_selection_expression": "",
            "integration_subtype": "",
            "integration_type": "AWS_PROXY",
            "integration_uri": "arn:aws:apigateway:us-east-1:lambda:path/2015-03-31/functions/arn:aws:lambda:us-east-1:963527047110:function:reyGasExpress-analyzePreferences-dev/invocations",
            "passthrough_behavior": "",
            "payload_format_version": "1.0",
            "request_parameters": null,
            "request_templates": null,
            "response_parameters": [],
            "template_selection_expression": "",
            "timeout_milliseconds": 29000,
            "tls_config": []
          },
          "sensitive_attributes": [],
          "private": "bnVsbA==",
          "dependencies": [
            "aws_apigatewayv2_api.reyGasExpress_api",
            "aws_dynamodb_table.reyGasExpress_orders_table",
            "aws_iam_role.lambda_execution_role",
            "aws_lambda_function.analyze_preferences_lambda",
            "aws_s3_bucket.reyGasExpress_analysis_bucket",
            "aws_sns_topic.reyGasExpress_reports_topic",
            "aws_sqs_queue.reyGasExpress_dlq"
          ],
          "create_before_destroy": true
        }
      ]
    },
    {
      "mode": "managed",
      "type": "aws_apigatewayv2_integration",
      "name": "generate_report_lambda_integration",
      "provider": "provider[\"registry.terraform.io/hashicorp/aws\"]",
      "instances": [
        {
          "schema_version": 0,
          "attributes": {
            "api_id": "jeydfltyo4",
            "connection_id": "",
            "connection_type": "INTERNET",
            "content_handling_strategy": "",
            "credentials_arn": "",
            "description": "",
            "id": "yr8uoat",
            "integration_method": "POST",
            "integration_response_selection_expression": "",
            "integration_subtype": "",
            "integration_type": "AWS_PROXY",
            "integration_uri": "arn:aws:apigateway:us-east-1:lambda:path/2015-03-31/functions/arn:aws:lambda:us-east-1:963527047110:function:reyGasExpress-generateReport-dev/invocations",
            "passthrough_behavior": "",
            "payload_format_version": "1.0",
            "request_parameters": null,
            "request_templates": null,
            "response_parameters": [],
            "template_selection_expression": "",
            "timeout_milliseconds": 29000,
            "tls_config": []
          },
          "sensitive_attributes": [],
          "private": "bnVsbA==",
          "dependencies": [
            "aws_apigatewayv2_api.reyGasExpress_api",
            "aws_iam_role.lambda_execution_role",
            "aws_lambda_function.generate_report_lambda",
            "aws_s3_bucket.reyGasExpress_analysis_bucket",
            "aws_s3_bucket.reyGasExpress_reports_bucket",
            "aws_sns_topic.reyGasExpress_email_topic",
            "aws_sqs_queue.reyGasExpress_dlq"
          ],
          "create_before_destroy": true
        }
      ]
    },
    {
      "mode": "managed",
      "type": "aws_apigatewayv2_integration",
      "name": "process_order_lambda_integration",
      "provider": "provider[\"registry.terraform.io/hashicorp/aws\"]",
      "instances": [
        {
          "schema_version": 0,
          "attributes": {
            "api_id": "jeydfltyo4",
            "connection_id": "",
            "connection_type": "INTERNET",
            "content_handling_strategy": "",
            "credentials_arn": "",
            "description": "",
            "id": "nbpcdej",
            "integration_method": "POST",
            "integration_response_selection_expression": "",
            "integration_subtype": "",
            "integration_type": "AWS_PROXY",
            "integration_uri": "arn:aws:apigateway:us-east-1:lambda:path/2015-03-31/functions/arn:aws:lambda:us-east-1:963527047110:function:reyGasExpress-processOrder-dev/invocations",
            "passthrough_behavior": "",
            "payload_format_version": "1.0",
            "request_parameters": null,
            "request_templates": null,
            "response_parameters": [],
            "template_selection_expression": "",
            "timeout_milliseconds": 29000,
            "tls_config": []
          },
          "sensitive_attributes": [],
          "private": "bnVsbA==",
          "dependencies": [
            "aws_apigatewayv2_api.reyGasExpress_api",
            "aws_dynamodb_table.reyGasExpress_orders_table",
            "aws_iam_role.lambda_execution_role",
            "aws_lambda_function.process_order_lambda",
            "aws_sqs_queue.reyGasExpress_dlq"
          ],
          "create_before_destroy": true
        }
      ]
    },
    {
      "mode": "managed",
      "type": "aws_apigatewayv2_integration",
      "name": "register_order_lambda_integration",
      "provider": "provider[\"registry.terraform.io/hashicorp/aws\"]",
      "instances": [
        {
          "schema_version": 0,
          "attributes": {
            "api_id": "jeydfltyo4",
            "connection_id": "",
            "connection_type": "INTERNET",
            "content_handling_strategy": "",
            "credentials_arn": "",
            "description": "",
            "id": "veolv0o",
            "integration_method": "POST",
            "integration_response_selection_expression": "",
            "integration_subtype": "",
            "integration_type": "AWS_PROXY",
            "integration_uri": "arn:aws:apigateway:us-east-1:lambda:path/2015-03-31/functions/arn:aws:lambda:us-east-1:963527047110:function:reyGasExpress-registerOrder-dev/invocations",
            "passthrough_behavior": "",
            "payload_format_version": "1.0",
            "request_parameters": null,
            "request_templates": null,
            "response_parameters": [],
            "template_selection_expression": "",
            "timeout_milliseconds": 29000,
            "tls_config": []
          },
          "sensitive_attributes": [],
          "private": "bnVsbA==",
          "dependencies": [
            "aws_apigatewayv2_api.reyGasExpress_api",
            "aws_iam_role.lambda_execution_role",
            "aws_lambda_function.register_order_lambda",
            "aws_sqs_queue.reyGasExpress_dlq",
            "aws_sqs_queue.reyGasExpress_order_queue"
          ],
          "create_before_destroy": true
        }
      ]
    },
    {
      "mode": "managed",
      "type": "aws_apigatewayv2_integration",
      "name": "send_email_report_lambda_integration",
      "provider": "provider[\"registry.terraform.io/hashicorp/aws\"]",
      "instances": [
        {
          "schema_version": 0,
          "attributes": {
            "api_id": "jeydfltyo4",
            "connection_id": "",
            "connection_type": "INTERNET",
            "content_handling_strategy": "",
            "credentials_arn": "",
            "description": "",
            "id": "9prj4bv",
            "integration_method": "POST",
            "integration_response_selection_expression": "",
            "integration_subtype": "",
            "integration_type": "AWS_PROXY",
            "integration_uri": "arn:aws:apigateway:us-east-1:lambda:path/2015-03-31/functions/arn:aws:lambda:us-east-1:963527047110:function:reyGasExpress-sendEmailReport-dev/invocations",
            "passthrough_behavior": "",
            "payload_format_version": "1.0",
            "request_parameters": null,
            "request_templates": null,
            "response_parameters": [],
            "template_selection_expression": "",
            "timeout_milliseconds": 29000,
            "tls_config": []
          },
          "sensitive_attributes": [],
          "private": "bnVsbA==",
          "dependencies": [
            "aws_apigatewayv2_api.reyGasExpress_api",
            "aws_iam_role.lambda_execution_role",
            "aws_lambda_function.send_email_report_lambda",
            "aws_s3_bucket.reyGasExpress_reports_bucket",
            "aws_sqs_queue.reyGasExpress_dlq"
          ],
          "create_before_destroy": true
        }
      ]
    },
    {
      "mode": "managed",
      "type": "aws_apigatewayv2_route",
      "name": "analyze_preferences_route",
      "provider": "provider[\"registry.terraform.io/hashicorp/aws\"]",
      "instances": [
        {
          "schema_version": 0,
          "attributes": {
            "api_id": "jeydfltyo4",
            "api_key_required": false,
            "authorization_scopes": null,
            "authorization_type": "AWS_IAM",
            "authorizer_id": "",
            "id": "lylhm7q",
            "model_selection_expression": "",
            "operation_name": "",
            "request_models": null,
            "request_parameter": [],
            "route_key": "POST /analyze-preferences",
            "route_response_selection_expression": "",
            "target": "integrations/pr79shp"
          },
          "sensitive_attributes": [],
          "private": "bnVsbA==",
          "dependencies": [
            "aws_apigatewayv2_api.reyGasExpress_api",
            "aws_apigatewayv2_integration.analyze_preferences_lambda_integration",
            "aws_dynamodb_table.reyGasExpress_orders_table",
            "aws_iam_role.lambda_execution_role",
            "aws_lambda_function.analyze_preferences_lambda",
            "aws_s3_bucket.reyGasExpress_analysis_bucket",
            "aws_sns_topic.reyGasExpress_reports_topic",
            "aws_sqs_queue.reyGasExpress_dlq"
          ],
          "create_before_destroy": true
        }
      ]
    },
    {
      "mode": "managed",
      "type": "aws_apigatewayv2_route",
      "name": "generate_report_route",
      "provider": "provider[\"registry.terraform.io/hashicorp/aws\"]",
      "instances": [
        {
          "schema_version": 0,
          "attributes": {
            "api_id": "jeydfltyo4",
            "api_key_required": false,
            "authorization_scopes": null,
            "authorization_type": "AWS_IAM",
            "authorizer_id": "",
            "id": "pc9ehcl",
            "model_selection_expression": "",
            "operation_name": "",
            "request_models": null,
            "request_parameter": [],
            "route_key": "POST /generate-report",
            "route_response_selection_expression": "",
            "target": "integrations/yr8uoat"
          },
          "sensitive_attributes": [],
          "private": "bnVsbA==",
          "dependencies": [
            "aws_apigatewayv2_api.reyGasExpress_api",
            "aws_apigatewayv2_integration.generate_report_lambda_integration",
            "aws_iam_role.lambda_execution_role",
            "aws_lambda_function.generate_report_lambda",
            "aws_s3_bucket.reyGasExpress_analysis_bucket",
            "aws_s3_bucket.reyGasExpress_reports_bucket",
            "aws_sns_topic.reyGasExpress_email_topic",
            "aws_sqs_queue.reyGasExpress_dlq"
          ],
          "create_before_destroy": true
        }
      ]
    },
    {
      "mode": "managed",
      "type": "aws_apigatewayv2_route",
      "name": "process_order_route",
      "provider": "provider[\"registry.terraform.io/hashicorp/aws\"]",
      "instances": [
        {
          "schema_version": 0,
          "attributes": {
            "api_id": "jeydfltyo4",
            "api_key_required": false,
            "authorization_scopes": null,
            "authorization_type": "AWS_IAM",
            "authorizer_id": "",
            "id": "khjaubi",
            "model_selection_expression": "",
            "operation_name": "",
            "request_models": null,
            "request_parameter": [],
            "route_key": "POST /process-orders",
            "route_response_selection_expression": "",
            "target": "integrations/nbpcdej"
          },
          "sensitive_attributes": [],
          "private": "bnVsbA==",
          "dependencies": [
            "aws_apigatewayv2_api.reyGasExpress_api",
            "aws_apigatewayv2_integration.process_order_lambda_integration",
            "aws_dynamodb_table.reyGasExpress_orders_table",
            "aws_iam_role.lambda_execution_role",
            "aws_lambda_function.process_order_lambda",
            "aws_sqs_queue.reyGasExpress_dlq"
          ],
          "create_before_destroy": true
        }
      ]
    },
    {
      "mode": "managed",
      "type": "aws_apigatewayv2_route",
      "name": "register_order_route",
      "provider": "provider[\"registry.terraform.io/hashicorp/aws\"]",
      "instances": [
        {
          "schema_version": 0,
          "attributes": {
            "api_id": "jeydfltyo4",
            "api_key_required": false,
            "authorization_scopes": null,
            "authorization_type": "AWS_IAM",
            "authorizer_id": "",
            "id": "fg45nb7",
            "model_selection_expression": "",
            "operation_name": "",
            "request_models": null,
            "request_parameter": [],
            "route_key": "POST /orders",
            "route_response_selection_expression": "",
            "target": "integrations/veolv0o"
          },
          "sensitive_attributes": [],
          "private": "bnVsbA==",
          "dependencies": [
            "aws_apigatewayv2_api.reyGasExpress_api",
            "aws_apigatewayv2_integration.register_order_lambda_integration",
            "aws_iam_role.lambda_execution_role",
            "aws_lambda_function.register_order_lambda",
            "aws_sqs_queue.reyGasExpress_dlq",
            "aws_sqs_queue.reyGasExpress_order_queue"
          ],
          "create_before_destroy": true
        }
      ]
    },
    {
      "mode": "managed",
      "type": "aws_apigatewayv2_route",
      "name": "send_email_report_route",
      "provider": "provider[\"registry.terraform.io/hashicorp/aws\"]",
      "instances": [
        {
          "schema_version": 0,
          "attributes": {
            "api_id": "jeydfltyo4",
            "api_key_required": false,
            "authorization_scopes": null,
            "authorization_type": "AWS_IAM",
            "authorizer_id": "",
            "id": "pk9t7ci",
            "model_selection_expression": "",
            "operation_name": "",
            "request_models": null,
            "request_parameter": [],
            "route_key": "POST /send-email-report",
            "route_response_selection_expression": "",
            "target": "integrations/9prj4bv"
          },
          "sensitive_attributes": [],
          "private": "bnVsbA==",
          "dependencies": [
            "aws_apigatewayv2_api.reyGasExpress_api",
            "aws_apigatewayv2_integration.send_email_report_lambda_integration",
            "aws_iam_role.lambda_execution_role",
            "aws_lambda_function.send_email_report_lambda",
            "aws_s3_bucket.reyGasExpress_reports_bucket",
            "aws_sqs_queue.reyGasExpress_dlq"
          ],
          "create_before_destroy": true
        }
      ]
    },
    {
      "mode": "managed",
      "type": "aws_apigatewayv2_stage",
      "name": "primary_stage",
      "provider": "provider[\"registry.terraform.io/hashicorp/aws\"]",
      "instances": [
        {
          "schema_version": 0,
          "attributes": {
            "access_log_settings": [],
            "api_id": "jeydfltyo4",
            "arn": "arn:aws:apigateway:us-east-1::/apis/jeydfltyo4/stages/v1",
            "auto_deploy": true,
            "client_certificate_id": "",
            "default_route_settings": [
              {
                "data_trace_enabled": false,
                "detailed_metrics_enabled": false,
                "logging_level": "",
                "throttling_burst_limit": 500,
                "throttling_rate_limit": 1000
              }
            ],
            "deployment_id": "ieqj7g",
            "description": "",
            "execution_arn": "arn:aws:execute-api:us-east-1:963527047110:jeydfltyo4/v1",
            "id": "v1",
            "invoke_url": "https://jeydfltyo4.execute-api.us-east-1.amazonaws.com/v1",
            "name": "v1",
            "route_settings": [],
            "stage_variables": null,
            "tags": {
              "Application": "reyGasExpress",
              "Environment": "dev",
              "TrafficWeight": "70"
            },
            "tags_all": {
              "Application": "reyGasExpress",
              "Environment": "dev",
              "TrafficWeight": "70"
            }
          },
          "sensitive_attributes": [],
          "private": "bnVsbA==",
          "dependencies": [
            "aws_apigatewayv2_api.reyGasExpress_api",
            "aws_apigatewayv2_deployment.api_deployment",
            "aws_apigatewayv2_integration.analyze_preferences_lambda_integration",
            "aws_apigatewayv2_integration.generate_report_lambda_integration",
            "aws_apigatewayv2_integration.process_order_lambda_integration",
            "aws_apigatewayv2_integration.register_order_lambda_integration",
            "aws_apigatewayv2_integration.send_email_report_lambda_integration",
            "aws_apigatewayv2_route.analyze_preferences_route",
            "aws_apigatewayv2_route.generate_report_route",
            "aws_apigatewayv2_route.process_order_route",
            "aws_apigatewayv2_route.register_order_route",
            "aws_apigatewayv2_route.send_email_report_route",
            "aws_dynamodb_table.reyGasExpress_orders_table",
            "aws_iam_role.lambda_execution_role",
            "aws_lambda_function.analyze_preferences_lambda",
            "aws_lambda_function.generate_report_lambda",
            "aws_lambda_function.process_order_lambda",
            "aws_lambda_function.register_order_lambda",
            "aws_lambda_function.send_email_report_lambda",
            "aws_s3_bucket.reyGasExpress_analysis_bucket",
            "aws_s3_bucket.reyGasExpress_reports_bucket",
            "aws_sns_topic.reyGasExpress_email_topic",
            "aws_sns_topic.reyGasExpress_reports_topic",
            "aws_sqs_queue.reyGasExpress_dlq",
            "aws_sqs_queue.reyGasExpress_order_queue"
          ]
        }
      ]
    },
    {
      "mode": "managed",
      "type": "aws_apigatewayv2_stage",
      "name": "reyGasExpress_stage",
      "provider": "provider[\"registry.terraform.io/hashicorp/aws\"]",
      "instances": [
        {
          "schema_version": 0,
          "attributes": {
            "access_log_settings": [
              {
                "destination_arn": "arn:aws:logs:us-east-1:963527047110:log-group:/aws/apigateway/reyGasExpress-api-dev/dev",
                "format": "{\"httpMethod\":\"$context.httpMethod\",\"integrationLatency\":\"$context.integration.latency\",\"integrationStatus\":\"$context.integration.status\",\"ip\":\"$context.identity.sourceIp\",\"path\":\"$context.path\",\"protocol\":\"$context.protocol\",\"requestId\":\"$context.requestId\",\"requestTime\":\"$context.requestTime\",\"responseLength\":\"$context.responseLength\",\"status\":\"$context.status\"}"
              }
            ],
            "api_id": "jeydfltyo4",
            "arn": "arn:aws:apigateway:us-east-1::/apis/jeydfltyo4/stages/dev",
            "auto_deploy": true,
            "client_certificate_id": "",
            "default_route_settings": [
              {
                "data_trace_enabled": false,
                "detailed_metrics_enabled": false,
                "logging_level": "",
                "throttling_burst_limit": 0,
                "throttling_rate_limit": 0
              }
            ],
            "deployment_id": "ieqj7g",
            "description": "",
            "execution_arn": "arn:aws:execute-api:us-east-1:963527047110:jeydfltyo4/dev",
            "id": "dev",
            "invoke_url": "https://jeydfltyo4.execute-api.us-east-1.amazonaws.com/dev",
            "name": "dev",
            "route_settings": [],
            "stage_variables": null,
            "tags": {
              "Application": "reyGasExpress",
              "Environment": "dev",
              "ManagedBy": "Terraform"
            },
            "tags_all": {
              "Application": "reyGasExpress",
              "Environment": "dev",
              "ManagedBy": "Terraform"
            }
          },
          "sensitive_attributes": [],
          "private": "bnVsbA==",
          "dependencies": [
            "aws_apigatewayv2_api.reyGasExpress_api",
            "aws_apigatewayv2_deployment.api_deployment",
            "aws_apigatewayv2_integration.analyze_preferences_lambda_integration",
            "aws_apigatewayv2_integration.generate_report_lambda_integration",
            "aws_apigatewayv2_integration.process_order_lambda_integration",
            "aws_apigatewayv2_integration.register_order_lambda_integration",
            "aws_apigatewayv2_integration.send_email_report_lambda_integration",
            "aws_apigatewayv2_route.analyze_preferences_route",
            "aws_apigatewayv2_route.generate_report_route",
            "aws_apigatewayv2_route.process_order_route",
            "aws_apigatewayv2_route.register_order_route",
            "aws_apigatewayv2_route.send_email_report_route",
            "aws_cloudwatch_log_group.api_gateway_log_group",
            "aws_dynamodb_table.reyGasExpress_orders_table",
            "aws_iam_role.lambda_execution_role",
            "aws_kms_key.cloudwatch_logs_encryption",
            "aws_lambda_function.analyze_preferences_lambda",
            "aws_lambda_function.generate_report_lambda",
            "aws_lambda_function.process_order_lambda",
            "aws_lambda_function.register_order_lambda",
            "aws_lambda_function.send_email_report_lambda",
            "aws_s3_bucket.reyGasExpress_analysis_bucket",
            "aws_s3_bucket.reyGasExpress_reports_bucket",
            "aws_sns_topic.reyGasExpress_email_topic",
            "aws_sns_topic.reyGasExpress_reports_topic",
            "aws_sqs_queue.reyGasExpress_dlq",
            "aws_sqs_queue.reyGasExpress_order_queue",
            "data.aws_caller_identity.current"
          ]
        }
      ]
    },
    {
      "mode": "managed",
      "type": "aws_apigatewayv2_stage",
      "name": "secondary_stage",
      "provider": "provider[\"registry.terraform.io/hashicorp/aws\"]",
      "instances": [
        {
          "schema_version": 0,
          "attributes": {
            "access_log_settings": [],
            "api_id": "jeydfltyo4",
            "arn": "arn:aws:apigateway:us-east-1::/apis/jeydfltyo4/stages/v2",
            "auto_deploy": true,
            "client_certificate_id": "",
            "default_route_settings": [
              {
                "data_trace_enabled": false,
                "detailed_metrics_enabled": false,
                "logging_level": "",
                "throttling_burst_limit": 500,
                "throttling_rate_limit": 1000
              }
            ],
            "deployment_id": "ieqj7g",
            "description": "",
            "execution_arn": "arn:aws:execute-api:us-east-1:963527047110:jeydfltyo4/v2",
            "id": "v2",
            "invoke_url": "https://jeydfltyo4.execute-api.us-east-1.amazonaws.com/v2",
            "name": "v2",
            "route_settings": [],
            "stage_variables": null,
            "tags": {
              "Application": "reyGasExpress",
              "Environment": "dev",
              "TrafficWeight": "30"
            },
            "tags_all": {
              "Application": "reyGasExpress",
              "Environment": "dev",
              "TrafficWeight": "30"
            }
          },
          "sensitive_attributes": [],
          "private": "bnVsbA==",
          "dependencies": [
            "aws_apigatewayv2_api.reyGasExpress_api",
            "aws_apigatewayv2_deployment.api_deployment",
            "aws_apigatewayv2_integration.analyze_preferences_lambda_integration",
            "aws_apigatewayv2_integration.generate_report_lambda_integration",
            "aws_apigatewayv2_integration.process_order_lambda_integration",
            "aws_apigatewayv2_integration.register_order_lambda_integration",
            "aws_apigatewayv2_integration.send_email_report_lambda_integration",
            "aws_apigatewayv2_route.analyze_preferences_route",
            "aws_apigatewayv2_route.generate_report_route",
            "aws_apigatewayv2_route.process_order_route",
            "aws_apigatewayv2_route.register_order_route",
            "aws_apigatewayv2_route.send_email_report_route",
            "aws_dynamodb_table.reyGasExpress_orders_table",
            "aws_iam_role.lambda_execution_role",
            "aws_lambda_function.analyze_preferences_lambda",
            "aws_lambda_function.generate_report_lambda",
            "aws_lambda_function.process_order_lambda",
            "aws_lambda_function.register_order_lambda",
            "aws_lambda_function.send_email_report_lambda",
            "aws_s3_bucket.reyGasExpress_analysis_bucket",
            "aws_s3_bucket.reyGasExpress_reports_bucket",
            "aws_sns_topic.reyGasExpress_email_topic",
            "aws_sns_topic.reyGasExpress_reports_topic",
            "aws_sqs_queue.reyGasExpress_dlq",
            "aws_sqs_queue.reyGasExpress_order_queue"
          ]
        }
      ]
    },
    {
      "mode": "managed",
      "type": "aws_cloudfront_distribution",
      "name": "reygas_distribution",
      "provider": "provider[\"registry.terraform.io/hashicorp/aws\"]",
      "instances": [
        {
          "schema_version": 1,
          "attributes": {
            "aliases": null,
            "arn": "arn:aws:cloudfront::963527047110:distribution/EZXF50Z8BYBMG",
            "caller_reference": "terraform-20250619080423300500000003",
            "comment": null,
            "continuous_deployment_policy_id": "",
            "custom_error_response": [],
            "default_cache_behavior": [
              {
                "allowed_methods": [
                  "GET",
                  "HEAD",
                  "OPTIONS"
                ],
                "cache_policy_id": "",
                "cached_methods": [
                  "GET",
                  "HEAD"
                ],
                "compress": true,
                "default_ttl": 3600,
                "field_level_encryption_id": "",
                "forwarded_values": [
                  {
                    "cookies": [
                      {
                        "forward": "none",
                        "whitelisted_names": []
                      }
                    ],
                    "headers": [],
                    "query_string": false,
                    "query_string_cache_keys": []
                  }
                ],
                "function_association": [],
                "grpc_config": [
                  {
                    "enabled": false
                  }
                ],
                "lambda_function_association": [],
                "max_ttl": 86400,
                "min_ttl": 0,
                "origin_request_policy_id": "",
                "realtime_log_config_arn": "",
                "response_headers_policy_id": "",
                "smooth_streaming": false,
                "target_origin_id": "S3-Failover-Group",
                "trusted_key_groups": [],
                "trusted_signers": [],
                "viewer_protocol_policy": "redirect-to-https"
              }
            ],
            "default_root_object": "index.html",
            "domain_name": "d2vax8pu7omlio.cloudfront.net",
            "enabled": true,
            "etag": "E7GXKMP0PZCGP",
            "hosted_zone_id": "Z2FDTNDATAQYW2",
            "http_version": "http2",
            "id": "EZXF50Z8BYBMG",
            "in_progress_validation_batches": 0,
            "is_ipv6_enabled": true,
            "last_modified_time": "2025-06-19 08:04:23.375 +0000 UTC",
            "logging_config": [],
            "ordered_cache_behavior": [],
            "origin": [
              {
                "connection_attempts": 3,
                "connection_timeout": 10,
                "custom_header": [],
                "custom_origin_config": [],
                "domain_name": "reygas-express-frontend-failover-dev.s3.amazonaws.com",
                "origin_access_control_id": "E3F2F0E92F3NLL",
                "origin_id": "S3-reygas-express-frontend-failover-dev-Failover",
                "origin_path": "",
                "origin_shield": [],
                "s3_origin_config": [],
                "vpc_origin_config": []
              },
              {
                "connection_attempts": 3,
                "connection_timeout": 10,
                "custom_header": [],
                "custom_origin_config": [],
                "domain_name": "reygas-express-frontend.s3.amazonaws.com",
                "origin_access_control_id": "E3F2F0E92F3NLL",
                "origin_id": "S3-reygas-express-frontend",
                "origin_path": "",
                "origin_shield": [],
                "s3_origin_config": [],
                "vpc_origin_config": []
              }
            ],
            "origin_group": [
              {
                "failover_criteria": [
                  {
                    "status_codes": [
                      403,
                      404,
                      500,
                      502,
                      503,
                      504
                    ]
                  }
                ],
                "member": [
                  {
                    "origin_id": "S3-reygas-express-frontend"
                  },
                  {
                    "origin_id": "S3-reygas-express-frontend-failover-dev-Failover"
                  }
                ],
                "origin_id": "S3-Failover-Group"
              }
            ],
            "price_class": "PriceClass_100",
            "restrictions": [
              {
                "geo_restriction": [
                  {
                    "locations": [
                      "PE"
                    ],
                    "restriction_type": "whitelist"
                  }
                ]
              }
            ],
            "retain_on_delete": false,
            "staging": false,
            "status": "Deployed",
            "tags": {
              "Application": "reyGasExpress",
              "Environment": "dev",
              "ManagedBy": "Terraform"
            },
            "tags_all": {
              "Application": "reyGasExpress",
              "Environment": "dev",
              "ManagedBy": "Terraform"
            },
            "trusted_key_groups": [
              {
                "enabled": false,
                "items": []
              }
            ],
            "trusted_signers": [
              {
                "enabled": false,
                "items": []
              }
            ],
            "viewer_certificate": [
              {
                "acm_certificate_arn": "",
                "cloudfront_default_certificate": true,
                "iam_certificate_id": "",
                "minimum_protocol_version": "TLSv1",
                "ssl_support_method": ""
              }
            ],
            "wait_for_deployment": true,
            "web_acl_id": "arn:aws:wafv2:us-east-1:963527047110:global/webacl/reyGasExpress-web-acl/013a9f67-3715-4ff6-910d-50ddd38e2374"
          },
          "sensitive_attributes": [],
          "private": "eyJzY2hlbWFfdmVyc2lvbiI6IjEifQ==",
          "dependencies": [
            "aws_apigatewayv2_api.reyGasExpress_api",
            "aws_cloudfront_origin_access_control.reygas_oac",
            "aws_iam_role.lambda_execution_role",
            "aws_lambda_function.load_balancer_lambda",
            "aws_s3_bucket.reygas_frontend_bucket",
            "aws_s3_bucket.reygas_frontend_failover_bucket",
            "aws_s3_bucket_public_access_block.reygas_frontend_pab",
            "aws_wafv2_web_acl.reyGasExpress_waf",
            "null_resource.waf_propagation_delay"
          ]
        }
      ]
    },
    {
      "mode": "managed",
      "type": "aws_cloudfront_origin_access_control",
      "name": "reygas_oac",
      "provider": "provider[\"registry.terraform.io/hashicorp/aws\"]",
      "instances": [
        {
          "schema_version": 0,
          "attributes": {
            "arn": "arn:aws:cloudfront::963527047110:origin-access-control/E3F2F0E92F3NLL",
            "description": "Origin Access Control for ReyGasExpress S3 bucket",
            "etag": "ETVPDKIKX0DER",
            "id": "E3F2F0E92F3NLL",
            "name": "reyGasExpress-OAC",
            "origin_access_control_origin_type": "s3",
            "signing_behavior": "always",
            "signing_protocol": "sigv4"
          },
          "sensitive_attributes": [],
          "private": "bnVsbA=="
        }
      ]
    },
    {
      "mode": "managed",
      "type": "aws_cloudwatch_dashboard",
      "name": "reygas_express_dashboard",
      "provider": "provider[\"registry.terraform.io/hashicorp/aws\"]",
      "instances": [
        {
          "schema_version": 0,
          "attributes": {
            "dashboard_arn": "arn:aws:cloudwatch::963527047110:dashboard/ReyGasExpress-Dashboard-dev",
            "dashboard_body": "{\"widgets\":[{\"height\":6,\"properties\":{\"metrics\":[[\"AWS/Lambda\",\"Invocations\",\"FunctionName\",\"reyGasExpress-registerOrder-dev\",{\"label\":\"Register Order Invocations\"}],[\"AWS/Lambda\",\"Invocations\",\"FunctionName\",\"reyGasExpress-processOrder-dev\",{\"label\":\"Process Order Invocations\"}],[\"AWS/Lambda\",\"Invocations\",\"FunctionName\",\"reyGasExpress-analyzePreferences-dev\",{\"label\":\"Analyze Preferences Invocations\"}],[\"AWS/Lambda\",\"Invocations\",\"FunctionName\",\"reyGasExpress-generateReport-dev\",{\"label\":\"Generate Report Invocations\"}],[\"AWS/Lambda\",\"Invocations\",\"FunctionName\",\"reyGasExpress-sendEmailReport-dev\",{\"label\":\"Send Email Report Invocations\"}]],\"period\":300,\"region\":\"us-east-1\",\"stacked\":false,\"stat\":\"Sum\",\"title\":\"Lambda Invocations\",\"view\":\"timeSeries\"},\"type\":\"metric\",\"width\":12,\"x\":0,\"y\":0},{\"height\":6,\"properties\":{\"metrics\":[[\"AWS/Lambda\",\"Errors\",\"FunctionName\",\"reyGasExpress-registerOrder-dev\",{\"label\":\"Register Order Errors\"}],[\"AWS/Lambda\",\"Errors\",\"FunctionName\",\"reyGasExpress-processOrder-dev\",{\"label\":\"Process Order Errors\"}],[\"AWS/Lambda\",\"Errors\",\"FunctionName\",\"reyGasExpress-analyzePreferences-dev\",{\"label\":\"Analyze Preferences Errors\"}],[\"AWS/Lambda\",\"Errors\",\"FunctionName\",\"reyGasExpress-generateReport-dev\",{\"label\":\"Generate Report Errors\"}],[\"AWS/Lambda\",\"Errors\",\"FunctionName\",\"reyGasExpress-sendEmailReport-dev\",{\"label\":\"Send Email Report Errors\"}]],\"period\":300,\"region\":\"us-east-1\",\"stacked\":false,\"stat\":\"Sum\",\"title\":\"Lambda Errors\",\"view\":\"timeSeries\"},\"type\":\"metric\",\"width\":12,\"x\":12,\"y\":0},{\"height\":6,\"properties\":{\"metrics\":[[\"AWS/ApiGateway\",\"Latency\",\"ApiName\",\"reyGasExpress-api-dev\",\"Stage\",\"v1\",{\"label\":\"API Gateway Latency (Primary)\"}],[\"AWS/ApiGateway\",\"Latency\",\"ApiName\",\"reyGasExpress-api-dev\",\"Stage\",\"v2\",{\"label\":\"API Gateway Latency (Secondary)\"}]],\"period\":300,\"region\":\"us-east-1\",\"stacked\":false,\"stat\":\"Average\",\"title\":\"API Gateway Latency\",\"view\":\"timeSeries\",\"yAxis\":{\"left\":{\"min\":0}}},\"type\":\"metric\",\"width\":12,\"x\":0,\"y\":6},{\"height\":6,\"properties\":{\"metrics\":[[\"AWS/ApiGateway\",\"5XXError\",\"ApiName\",\"reyGasExpress-api-dev\",\"Stage\",\"v1\",{\"label\":\"API Gateway 5XX Errors (Primary)\"}],[\"AWS/ApiGateway\",\"5XXError\",\"ApiName\",\"reyGasExpress-api-dev\",\"Stage\",\"v2\",{\"label\":\"API Gateway 5XX Errors (Secondary)\"}]],\"period\":300,\"region\":\"us-east-1\",\"stacked\":false,\"stat\":\"Sum\",\"title\":\"API Gateway 5XX Errors\",\"view\":\"timeSeries\"},\"type\":\"metric\",\"width\":12,\"x\":12,\"y\":6},{\"height\":6,\"properties\":{\"metrics\":[[\"AWS/SQS\",\"ApproximateNumberOfMessagesVisible\",\"QueueName\",\"reyGasExpress-order-queue-dev\",{\"label\":\"Order Queue Visible Messages\"}]],\"period\":300,\"region\":\"us-east-1\",\"stacked\":false,\"stat\":\"Average\",\"title\":\"SQS Visible Messages\",\"view\":\"timeSeries\"},\"type\":\"metric\",\"width\":8,\"x\":0,\"y\":12},{\"height\":6,\"properties\":{\"metrics\":[[\"AWS/DynamoDB\",\"ConsumedReadCapacityUnits\",\"TableName\",\"reyGasExpress-orders-table-dev\",{\"label\":\"Orders Table Read Capacity\"}],[\"AWS/DynamoDB\",\"ConsumedWriteCapacityUnits\",\"TableName\",\"reyGasExpress-orders-table-dev\",{\"label\":\"Orders Table Write Capacity\"}]],\"period\":300,\"region\":\"us-east-1\",\"stacked\":false,\"stat\":\"Average\",\"title\":\"DynamoDB Consumed Capacity\",\"view\":\"timeSeries\"},\"type\":\"metric\",\"width\":8,\"x\":8,\"y\":12},{\"height\":6,\"properties\":{\"metrics\":[[\"AWS/DynamoDB\",\"SuccessfulRequestLatency\",\"TableName\",\"reyGasExpress-orders-table-dev\",\"Operation\",\"GetItem\",{\"label\":\"Orders Table GetItem Latency\"}],[\"AWS/DynamoDB\",\"SuccessfulRequestLatency\",\"TableName\",\"reyGasExpress-orders-table-dev\",\"Operation\",\"PutItem\",{\"label\":\"Orders Table PutItem Latency\"}]],\"period\":300,\"region\":\"us-east-1\",\"stacked\":false,\"stat\":\"Average\",\"title\":\"DynamoDB Latency\",\"view\":\"timeSeries\"},\"type\":\"metric\",\"width\":8,\"x\":16,\"y\":12}]}",
            "dashboard_name": "ReyGasExpress-Dashboard-dev",
            "id": "ReyGasExpress-Dashboard-dev"
          },
          "sensitive_attributes": [],
          "private": "bnVsbA==",
          "dependencies": [
            "aws_apigatewayv2_api.reyGasExpress_api",
            "aws_apigatewayv2_deployment.api_deployment",
            "aws_apigatewayv2_integration.analyze_preferences_lambda_integration",
            "aws_apigatewayv2_integration.generate_report_lambda_integration",
            "aws_apigatewayv2_integration.process_order_lambda_integration",
            "aws_apigatewayv2_integration.register_order_lambda_integration",
            "aws_apigatewayv2_integration.send_email_report_lambda_integration",
            "aws_apigatewayv2_route.analyze_preferences_route",
            "aws_apigatewayv2_route.generate_report_route",
            "aws_apigatewayv2_route.process_order_route",
            "aws_apigatewayv2_route.register_order_route",
            "aws_apigatewayv2_route.send_email_report_route",
            "aws_apigatewayv2_stage.primary_stage",
            "aws_apigatewayv2_stage.secondary_stage",
            "aws_dynamodb_table.reyGasExpress_orders_table",
            "aws_iam_role.lambda_execution_role",
            "aws_lambda_function.analyze_preferences_lambda",
            "aws_lambda_function.generate_report_lambda",
            "aws_lambda_function.process_order_lambda",
            "aws_lambda_function.register_order_lambda",
            "aws_lambda_function.send_email_report_lambda",
            "aws_s3_bucket.reyGasExpress_analysis_bucket",
            "aws_s3_bucket.reyGasExpress_reports_bucket",
            "aws_sns_topic.reyGasExpress_email_topic",
            "aws_sns_topic.reyGasExpress_reports_topic",
            "aws_sqs_queue.reyGasExpress_dlq",
            "aws_sqs_queue.reyGasExpress_order_queue"
          ]
        }
      ]
    },
    {
      "mode": "managed",
      "type": "aws_cloudwatch_event_bus",
      "name": "reyGasExpress_event_bus",
      "provider": "provider[\"registry.terraform.io/hashicorp/aws\"]",
      "instances": [
        {
          "schema_version": 0,
          "attributes": {
            "arn": "arn:aws:events:us-east-1:963527047110:event-bus/reyGasExpress-orders-bus-dev",
            "dead_letter_config": [],
            "description": "",
            "event_source_name": null,
            "id": "reyGasExpress-orders-bus-dev",
            "kms_key_identifier": "",
            "name": "reyGasExpress-orders-bus-dev",
            "tags": {
              "Application": "reyGasExpress",
              "Environment": "dev",
              "ManagedBy": "Terraform"
            },
            "tags_all": {
              "Application": "reyGasExpress",
              "Environment": "dev",
              "ManagedBy": "Terraform"
            }
          },
          "sensitive_attributes": [],
          "private": "bnVsbA=="
        }
      ]
    },
    {
      "mode": "managed",
      "type": "aws_cloudwatch_event_rule",
      "name": "analyze_preferences_rule",
      "provider": "provider[\"registry.terraform.io/hashicorp/aws\"]",
      "instances": [
        {
          "schema_version": 1,
          "attributes": {
            "arn": "arn:aws:events:us-east-1:963527047110:rule/reyGasExpress-orders-bus-dev/reyGasExpress-analyzePreferences-rule-dev",
            "description": "Captura eventos de pedidos procesados para análisis de preferencias.",
            "event_bus_name": "reyGasExpress-orders-bus-dev",
            "event_pattern": "{\"detail-type\":[\"Order Processed\"],\"source\":[\"orders.system\"]}",
            "force_destroy": false,
            "id": "reyGasExpress-orders-bus-dev/reyGasExpress-analyzePreferences-rule-dev",
            "is_enabled": true,
            "name": "reyGasExpress-analyzePreferences-rule-dev",
            "name_prefix": "",
            "role_arn": "",
            "schedule_expression": "",
            "state": "ENABLED",
            "tags": {
              "Application": "reyGasExpress",
              "Environment": "dev",
              "ManagedBy": "Terraform"
            },
            "tags_all": {
              "Application": "reyGasExpress",
              "Environment": "dev",
              "ManagedBy": "Terraform"
            }
          },
          "sensitive_attributes": [],
          "private": "eyJzY2hlbWFfdmVyc2lvbiI6IjEifQ==",
          "dependencies": [
            "aws_cloudwatch_event_bus.reyGasExpress_event_bus"
          ]
        }
      ]
    },
    {
      "mode": "managed",
      "type": "aws_cloudwatch_event_target",
      "name": "analyze_preferences_lambda_target",
      "provider": "provider[\"registry.terraform.io/hashicorp/aws\"]",
      "instances": [
        {
          "schema_version": 1,
          "attributes": {
            "appsync_target": [],
            "arn": "arn:aws:lambda:us-east-1:963527047110:function:reyGasExpress-analyzePreferences-dev",
            "batch_target": [],
            "dead_letter_config": [],
            "ecs_target": [],
            "event_bus_name": "reyGasExpress-orders-bus-dev",
            "force_destroy": false,
            "http_target": [],
            "id": "reyGasExpress-orders-bus-dev-reyGasExpress-analyzePreferences-rule-dev-terraform-20250619080516956000000007",
            "input": "",
            "input_path": "",
            "input_transformer": [],
            "kinesis_target": [],
            "redshift_target": [],
            "retry_policy": [],
            "role_arn": "",
            "rule": "reyGasExpress-analyzePreferences-rule-dev",
            "run_command_targets": [],
            "sagemaker_pipeline_target": [],
            "sqs_target": [],
            "target_id": "terraform-20250619080516956000000007"
          },
          "sensitive_attributes": [],
          "private": "eyJzY2hlbWFfdmVyc2lvbiI6IjEifQ==",
          "dependencies": [
            "aws_cloudwatch_event_bus.reyGasExpress_event_bus",
            "aws_cloudwatch_event_rule.analyze_preferences_rule",
            "aws_dynamodb_table.reyGasExpress_orders_table",
            "aws_iam_role.lambda_execution_role",
            "aws_lambda_function.analyze_preferences_lambda",
            "aws_s3_bucket.reyGasExpress_analysis_bucket",
            "aws_sns_topic.reyGasExpress_reports_topic",
            "aws_sqs_queue.reyGasExpress_dlq"
          ]
        }
      ]
    },
    {
      "mode": "managed",
      "type": "aws_cloudwatch_log_group",
      "name": "api_gateway_log_group",
      "provider": "provider[\"registry.terraform.io/hashicorp/aws\"]",
      "instances": [
        {
          "schema_version": 0,
          "attributes": {
            "arn": "arn:aws:logs:us-east-1:963527047110:log-group:/aws/apigateway/reyGasExpress-api-dev/dev",
            "id": "/aws/apigateway/reyGasExpress-api-dev/dev",
            "kms_key_id": "arn:aws:kms:us-east-1:963527047110:key/24e02c3f-a5d6-4289-9b3b-b6edb23a7874",
            "log_group_class": "STANDARD",
            "name": "/aws/apigateway/reyGasExpress-api-dev/dev",
            "name_prefix": "",
            "retention_in_days": 365,
            "skip_destroy": false,
            "tags": {
              "Application": "reyGasExpress",
              "Environment": "dev",
              "ManagedBy": "Terraform"
            },
            "tags_all": {
              "Application": "reyGasExpress",
              "Environment": "dev",
              "ManagedBy": "Terraform"
            }
          },
          "sensitive_attributes": [],
          "private": "bnVsbA==",
          "dependencies": [
            "aws_apigatewayv2_api.reyGasExpress_api",
            "aws_kms_key.cloudwatch_logs_encryption",
            "data.aws_caller_identity.current"
          ]
        }
      ]
    },
    {
      "mode": "managed",
      "type": "aws_cognito_user_pool",
      "name": "reyGasExpress_user_pool",
      "provider": "provider[\"registry.terraform.io/hashicorp/aws\"]",
      "instances": [
        {
          "schema_version": 0,
          "attributes": {
            "account_recovery_setting": [
              {
                "recovery_mechanism": [
                  {
                    "name": "verified_email",
                    "priority": 1
                  },
                  {
                    "name": "verified_phone_number",
                    "priority": 2
                  }
                ]
              }
            ],
            "admin_create_user_config": [
              {
                "allow_admin_create_user_only": false,
                "invite_message_template": []
              }
            ],
            "alias_attributes": [
              "email"
            ],
            "arn": "arn:aws:cognito-idp:us-east-1:963527047110:userpool/us-east-1_V1y2iu8mB",
            "auto_verified_attributes": null,
            "creation_date": "2025-06-19T08:04:10Z",
            "custom_domain": "",
            "deletion_protection": "INACTIVE",
            "device_configuration": [],
            "domain": "",
            "email_configuration": [
              {
                "configuration_set": "",
                "email_sending_account": "COGNITO_DEFAULT",
                "from_email_address": "",
                "reply_to_email_address": "",
                "source_arn": ""
              }
            ],
            "email_mfa_configuration": [],
            "email_verification_message": "",
            "email_verification_subject": "",
            "endpoint": "cognito-idp.us-east-1.amazonaws.com/us-east-1_V1y2iu8mB",
            "estimated_number_of_users": 0,
            "id": "us-east-1_V1y2iu8mB",
            "lambda_config": [],
            "last_modified_date": "2025-06-19T08:04:10Z",
            "mfa_configuration": "OFF",
            "name": "ReyGasExpress-user-pool",
            "password_policy": [
              {
                "minimum_length": 8,
                "password_history_size": 0,
                "require_lowercase": false,
                "require_numbers": true,
                "require_symbols": true,
                "require_uppercase": true,
                "temporary_password_validity_days": 7
              }
            ],
            "schema": [],
            "sign_in_policy": [
              {
                "allowed_first_auth_factors": [
                  "PASSWORD"
                ]
              }
            ],
            "sms_authentication_message": "",
            "sms_configuration": [],
            "sms_verification_message": "",
            "software_token_mfa_configuration": [],
            "tags": {
              "Application": "reyGasExpress",
              "Environment": "dev",
              "ManagedBy": "Terraform"
            },
            "tags_all": {
              "Application": "reyGasExpress",
              "Environment": "dev",
              "ManagedBy": "Terraform"
            },
            "user_attribute_update_settings": [],
            "user_pool_add_ons": [],
            "user_pool_tier": "ESSENTIALS",
            "username_attributes": null,
            "username_configuration": [],
            "verification_message_template": [
              {
                "default_email_option": "CONFIRM_WITH_CODE",
                "email_message": "",
                "email_message_by_link": "",
                "email_subject": "",
                "email_subject_by_link": "",
                "sms_message": ""
              }
            ],
            "web_authn_configuration": []
          },
          "sensitive_attributes": [],
          "private": "bnVsbA=="
        }
      ]
    },
    {
      "mode": "managed",
      "type": "aws_cognito_user_pool_client",
      "name": "reyGasExpress_user_pool_client",
      "provider": "provider[\"registry.terraform.io/hashicorp/aws\"]",
      "instances": [
        {
          "schema_version": 0,
          "attributes": {
            "access_token_validity": 0,
            "allowed_oauth_flows": [],
            "allowed_oauth_flows_user_pool_client": false,
            "allowed_oauth_scopes": [],
            "analytics_configuration": [],
            "auth_session_validity": 3,
            "callback_urls": [],
            "client_secret": "",
            "default_redirect_uri": "",
            "enable_propagate_additional_user_context_data": false,
            "enable_token_revocation": true,
            "explicit_auth_flows": [
              "ALLOW_REFRESH_TOKEN_AUTH",
              "ALLOW_USER_PASSWORD_AUTH",
              "ALLOW_USER_SRP_AUTH"
            ],
            "generate_secret": false,
            "id": "2uvoh24r8u64mkp7mku9g2245e",
            "id_token_validity": 0,
            "logout_urls": [],
            "name": "ReyGasExpress-client",
            "prevent_user_existence_errors": "",
            "read_attributes": [],
            "refresh_token_rotation": [],
            "refresh_token_validity": 30,
            "supported_identity_providers": [],
            "token_validity_units": [],
            "user_pool_id": "us-east-1_V1y2iu8mB",
            "write_attributes": []
          },
          "sensitive_attributes": [
            [
              {
                "type": "get_attr",
                "value": "client_secret"
              }
            ]
          ],
          "dependencies": [
            "aws_cognito_user_pool.reyGasExpress_user_pool"
          ]
        }
      ]
    },
    {
      "mode": "managed",
      "type": "aws_dynamodb_table",
      "name": "reyGasExpress_orders_table",
      "provider": "provider[\"registry.terraform.io/hashicorp/aws\"]",
      "instances": [
        {
          "schema_version": 1,
          "attributes": {
            "arn": "arn:aws:dynamodb:us-east-1:963527047110:table/reyGasExpress-orders-table-dev",
            "attribute": [
              {
                "name": "customerId",
                "type": "S"
              },
              {
                "name": "orderId",
                "type": "S"
              }
            ],
            "billing_mode": "PAY_PER_REQUEST",
            "deletion_protection_enabled": false,
            "global_secondary_index": [
              {
                "hash_key": "customerId",
                "name": "customer-index",
                "non_key_attributes": [],
                "on_demand_throughput": [],
                "projection_type": "ALL",
                "range_key": "",
                "read_capacity": 0,
                "write_capacity": 0
              }
            ],
            "hash_key": "orderId",
            "id": "reyGasExpress-orders-table-dev",
            "import_table": [],
            "local_secondary_index": [],
            "name": "reyGasExpress-orders-table-dev",
            "on_demand_throughput": [],
            "point_in_time_recovery": [
              {
                "enabled": true,
                "recovery_period_in_days": 35
              }
            ],
            "range_key": null,
            "read_capacity": 0,
            "replica": [],
            "restore_date_time": null,
            "restore_source_name": null,
            "restore_source_table_arn": null,
            "restore_to_latest_time": null,
            "server_side_encryption": [],
            "stream_arn": "",
            "stream_enabled": false,
            "stream_label": "",
            "stream_view_type": "",
            "table_class": "STANDARD",
            "tags": {
              "Application": "reyGasExpress",
              "Environment": "dev",
              "ManagedBy": "Terraform"
            },
            "tags_all": {
              "Application": "reyGasExpress",
              "Environment": "dev",
              "ManagedBy": "Terraform"
            },
            "timeouts": null,
            "ttl": [
              {
                "attribute_name": "ttl",
                "enabled": true
              }
            ],
            "write_capacity": 0
          },
          "sensitive_attributes": [],
          "private": "eyJlMmJmYjczMC1lY2FhLTExZTYtOGY4OC0zNDM2M2JjN2M0YzAiOnsiY3JlYXRlIjoxODAwMDAwMDAwMDAwLCJkZWxldGUiOjYwMDAwMDAwMDAwMCwidXBkYXRlIjozNjAwMDAwMDAwMDAwfSwic2NoZW1hX3ZlcnNpb24iOiIxIn0=",
          "create_before_destroy": true
        }
      ]
    },
    {
      "mode": "managed",
      "type": "aws_eip",
      "name": "nat_eip",
      "provider": "provider[\"registry.terraform.io/hashicorp/aws\"]",
      "instances": [
        {
          "schema_version": 0,
          "attributes": {
            "address": null,
            "allocation_id": "eipalloc-05c9698929182bb4b",
            "arn": "arn:aws:ec2:us-east-1:963527047110:elastic-ip/eipalloc-05c9698929182bb4b",
            "associate_with_private_ip": null,
            "association_id": "",
            "carrier_ip": "",
            "customer_owned_ip": "",
            "customer_owned_ipv4_pool": "",
            "domain": "vpc",
            "id": "eipalloc-05c9698929182bb4b",
            "instance": "",
            "ipam_pool_id": null,
            "network_border_group": "us-east-1",
            "network_interface": "",
            "private_dns": null,
            "private_ip": "",
            "ptr_record": "",
            "public_dns": "ec2-52-201-94-171.compute-1.amazonaws.com",
            "public_ip": "52.201.94.171",
            "public_ipv4_pool": "amazon",
            "tags": null,
            "tags_all": {},
            "timeouts": null,
            "vpc": true
          },
          "sensitive_attributes": [],
          "private": "eyJlMmJmYjczMC1lY2FhLTExZTYtOGY4OC0zNDM2M2JjN2M0YzAiOnsiZGVsZXRlIjoxODAwMDAwMDAwMDAsInJlYWQiOjkwMDAwMDAwMDAwMCwidXBkYXRlIjozMDAwMDAwMDAwMDB9fQ=="
        }
      ]
    },
    {
      "mode": "managed",
      "type": "aws_iam_policy",
      "name": "lambda_all_permissions_policy",
      "provider": "provider[\"registry.terraform.io/hashicorp/aws\"]",
      "instances": [
        {
          "schema_version": 0,
          "attributes": {
            "arn": "arn:aws:iam::963527047110:policy/reyGasExpress-lambda-all-permissions-policy-dev",
            "attachment_count": 0,
            "description": "Política consolidada para todos los permisos que las funciones Lambda de reyGasExpress necesitan.",
            "id": "arn:aws:iam::963527047110:policy/reyGasExpress-lambda-all-permissions-policy-dev",
            "name": "reyGasExpress-lambda-all-permissions-policy-dev",
            "name_prefix": "",
            "path": "/",
            "policy": "{\"Statement\":[{\"Action\":[\"logs:CreateLogGroup\",\"logs:CreateLogStream\",\"logs:PutLogEvents\"],\"Effect\":\"Allow\",\"Resource\":\"arn:aws:logs:us-east-1:963527047110:log-group:/aws/lambda/*:*\"},{\"Action\":[\"cloudwatch:PutMetricData\",\"cloudwatch:GetMetricStatistics\",\"cloudwatch:ListMetrics\"],\"Effect\":\"Allow\",\"Resource\":\"*\"},{\"Action\":[\"sqs:SendMessage\",\"sqs:GetQueueAttributes\",\"sqs:GetQueueUrl\"],\"Effect\":\"Allow\",\"Resource\":\"arn:aws:sqs:us-east-1:963527047110:reyGasExpress-order-queue-dev\"},{\"Action\":[\"sqs:SendMessage\",\"sqs:ReceiveMessage\",\"sqs:DeleteMessage\",\"sqs:GetQueueAttributes\",\"sqs:GetQueueUrl\"],\"Effect\":\"Allow\",\"Resource\":[\"arn:aws:sqs:us-east-1:963527047110:reyGasExpress-order-queue-dev\",\"arn:aws:sqs:us-east-1:963527047110:reyGasExpress-registerOrder-dlq-dev\"]},{\"Action\":[\"dynamodb:PutItem\",\"dynamodb:UpdateItem\",\"dynamodb:BatchWriteItem\"],\"Effect\":\"Allow\",\"Resource\":\"arn:aws:dynamodb:us-east-1:963527047110:table/reyGasExpress-orders-table-dev\"},{\"Action\":[\"dynamodb:GetItem\",\"dynamodb:Query\",\"dynamodb:Scan\"],\"Effect\":\"Allow\",\"Resource\":[\"arn:aws:dynamodb:us-east-1:963527047110:table/reyGasExpress-orders-table-dev\",\"arn:aws:dynamodb:us-east-1:963527047110:table/reyGasExpress-orders-table-dev/index/*\"]},{\"Action\":\"events:PutEvents\",\"Effect\":\"Allow\",\"Resource\":\"arn:aws:events:us-east-1:963527047110:event-bus/reyGasExpress-orders-bus-dev\"},{\"Action\":[\"s3:PutObject\"],\"Effect\":\"Allow\",\"Resource\":\"arn:aws:s3:::reygas-express-reports/*\"},{\"Action\":[\"s3:GetObject\"],\"Effect\":\"Allow\",\"Resource\":\"arn:aws:s3:::reygas-express-analysis-dev/*\"},{\"Action\":[\"s3:PutObject\"],\"Effect\":\"Allow\",\"Resource\":\"arn:aws:s3:::reygas-express-analysis-dev/*\"},{\"Action\":[\"s3:GetObject\"],\"Effect\":\"Allow\",\"Resource\":\"arn:aws:s3:::reygas-express-reports/*\"},{\"Action\":\"sns:Publish\",\"Effect\":\"Allow\",\"Resource\":\"arn:aws:sns:us-east-1:963527047110:reyGasExpress-reports-topic-dev\"},{\"Action\":\"sns:Publish\",\"Effect\":\"Allow\",\"Resource\":\"arn:aws:sns:us-east-1:963527047110:reyGasExpress-email-topic\"},{\"Action\":[\"ses:SendEmail\",\"ses:SendRawEmail\",\"ses:SendTemplatedEmail\"],\"Effect\":\"Allow\",\"Resource\":\"*\"},{\"Action\":[\"sqs:SendMessage\",\"sqs:GetQueueAttributes\"],\"Effect\":\"Allow\",\"Resource\":\"arn:aws:sqs:us-east-1:963527047110:reyGasExpress-registerOrder-dlq-dev\"}],\"Version\":\"2012-10-17\"}",
            "policy_id": "ANPA6AVVP67DD4WGR74WD",
            "tags": {
              "Application": "reyGasExpress",
              "Environment": "dev",
              "ManagedBy": "Terraform"
            },
            "tags_all": {
              "Application": "reyGasExpress",
              "Environment": "dev",
              "ManagedBy": "Terraform"
            }
          },
          "sensitive_attributes": [],
          "private": "bnVsbA==",
          "dependencies": [
            "aws_dynamodb_table.reyGasExpress_orders_table",
            "aws_s3_bucket.reyGasExpress_analysis_bucket",
            "aws_s3_bucket.reyGasExpress_reports_bucket",
            "aws_sns_topic.reyGasExpress_email_topic",
            "aws_sns_topic.reyGasExpress_reports_topic",
            "aws_sqs_queue.reyGasExpress_dlq",
            "aws_sqs_queue.reyGasExpress_order_queue",
            "data.aws_caller_identity.current"
          ]
        }
      ]
    },
    {
      "mode": "managed",
      "type": "aws_iam_role",
      "name": "lambda_execution_role",
      "provider": "provider[\"registry.terraform.io/hashicorp/aws\"]",
      "instances": [
        {
          "schema_version": 0,
          "attributes": {
            "arn": "arn:aws:iam::963527047110:role/lambda-execution-role-reyGasExpress",
            "assume_role_policy": "{\"Statement\":[{\"Action\":\"sts:AssumeRole\",\"Effect\":\"Allow\",\"Principal\":{\"Service\":\"lambda.amazonaws.com\"}}],\"Version\":\"2012-10-17\"}",
            "create_date": "2025-06-19T08:04:08Z",
            "description": "",
            "force_detach_policies": false,
            "id": "lambda-execution-role-reyGasExpress",
            "inline_policy": [],
            "managed_policy_arns": [],
            "max_session_duration": 3600,
            "name": "lambda-execution-role-reyGasExpress",
            "name_prefix": "",
            "path": "/",
            "permissions_boundary": "",
            "tags": {
              "Application": "reyGasExpress",
              "Environment": "dev",
              "ManagedBy": "Terraform"
            },
            "tags_all": {
              "Application": "reyGasExpress",
              "Environment": "dev",
              "ManagedBy": "Terraform"
            },
            "unique_id": "AROA6AVVP67DFNKWH33LQ"
          },
          "sensitive_attributes": [],
          "private": "bnVsbA==",
          "create_before_destroy": true
        }
      ]
    },
    {
      "mode": "managed",
      "type": "aws_iam_role_policy_attachment",
      "name": "lambda_all_permissions_attachment",
      "provider": "provider[\"registry.terraform.io/hashicorp/aws\"]",
      "instances": [
        {
          "schema_version": 0,
          "attributes": {
            "id": "lambda-execution-role-reyGasExpress-20250619080436388600000006",
            "policy_arn": "arn:aws:iam::963527047110:policy/reyGasExpress-lambda-all-permissions-policy-dev",
            "role": "lambda-execution-role-reyGasExpress"
          },
          "sensitive_attributes": [],
          "private": "bnVsbA==",
          "dependencies": [
            "aws_dynamodb_table.reyGasExpress_orders_table",
            "aws_iam_policy.lambda_all_permissions_policy",
            "aws_iam_role.lambda_execution_role",
            "aws_s3_bucket.reyGasExpress_analysis_bucket",
            "aws_s3_bucket.reyGasExpress_reports_bucket",
            "aws_sns_topic.reyGasExpress_email_topic",
            "aws_sns_topic.reyGasExpress_reports_topic",
            "aws_sqs_queue.reyGasExpress_dlq",
            "aws_sqs_queue.reyGasExpress_order_queue",
            "data.aws_caller_identity.current"
          ]
        }
      ]
    },
    {
      "mode": "managed",
      "type": "aws_iam_role_policy_attachment",
      "name": "lambda_vpc_access",
      "provider": "provider[\"registry.terraform.io/hashicorp/aws\"]",
      "instances": [
        {
          "schema_version": 0,
          "attributes": {
            "id": "lambda-execution-role-reyGasExpress-20250619080411933700000001",
            "policy_arn": "arn:aws:iam::aws:policy/service-role/AWSLambdaVPCAccessExecutionRole",
            "role": "lambda-execution-role-reyGasExpress"
          },
          "sensitive_attributes": [],
          "private": "bnVsbA==",
          "dependencies": [
            "aws_iam_role.lambda_execution_role"
          ]
        }
      ]
    },
    {
      "mode": "managed",
      "type": "aws_internet_gateway",
      "name": "reygas_igw",
      "provider": "provider[\"registry.terraform.io/hashicorp/aws\"]",
      "instances": [
        {
          "schema_version": 0,
          "attributes": {
            "arn": "arn:aws:ec2:us-east-1:963527047110:internet-gateway/igw-01d8976c9528f970a",
            "id": "igw-01d8976c9528f970a",
            "owner_id": "963527047110",
            "tags": {
              "Environment": "dev",
              "Name": "reygas-igw-dev"
            },
            "tags_all": {
              "Environment": "dev",
              "Name": "reygas-igw-dev"
            },
            "timeouts": null,
            "vpc_id": "vpc-0c5233b951a886986"
          },
          "sensitive_attributes": [],
          "private": "eyJlMmJmYjczMC1lY2FhLTExZTYtOGY4OC0zNDM2M2JjN2M0YzAiOnsiY3JlYXRlIjoxMjAwMDAwMDAwMDAwLCJkZWxldGUiOjEyMDAwMDAwMDAwMDAsInVwZGF0ZSI6MTIwMDAwMDAwMDAwMH19",
          "dependencies": [
            "aws_vpc.reygas_vpc"
          ]
        }
      ]
    },
    {
      "mode": "managed",
      "type": "aws_kms_alias",
      "name": "cloudwatch_logs_alias",
      "provider": "provider[\"registry.terraform.io/hashicorp/aws\"]",
      "instances": [
        {
          "schema_version": 0,
          "attributes": {
            "arn": "arn:aws:kms:us-east-1:963527047110:alias/cloudwatch-logs",
            "id": "alias/cloudwatch-logs",
            "name": "alias/cloudwatch-logs",
            "name_prefix": "",
            "target_key_arn": "arn:aws:kms:us-east-1:963527047110:key/24e02c3f-a5d6-4289-9b3b-b6edb23a7874",
            "target_key_id": "24e02c3f-a5d6-4289-9b3b-b6edb23a7874"
          },
          "sensitive_attributes": [],
          "private": "bnVsbA==",
          "dependencies": [
            "aws_kms_key.cloudwatch_logs_encryption",
            "data.aws_caller_identity.current"
          ]
        }
      ]
    },
    {
      "mode": "managed",
      "type": "aws_kms_key",
      "name": "cloudwatch_logs_encryption",
      "provider": "provider[\"registry.terraform.io/hashicorp/aws\"]",
      "instances": [
        {
          "schema_version": 0,
          "attributes": {
            "arn": "arn:aws:kms:us-east-1:963527047110:key/24e02c3f-a5d6-4289-9b3b-b6edb23a7874",
            "bypass_policy_lockout_safety_check": false,
            "custom_key_store_id": "",
            "customer_master_key_spec": "SYMMETRIC_DEFAULT",
            "deletion_window_in_days": 10,
            "description": "KMS key for encrypting CloudWatch logs",
            "enable_key_rotation": true,
            "id": "24e02c3f-a5d6-4289-9b3b-b6edb23a7874",
            "is_enabled": true,
            "key_id": "24e02c3f-a5d6-4289-9b3b-b6edb23a7874",
            "key_usage": "ENCRYPT_DECRYPT",
            "multi_region": false,
            "policy": "{\"Id\":\"key-policy\",\"Statement\":[{\"Action\":\"kms:*\",\"Effect\":\"Allow\",\"Principal\":{\"AWS\":\"arn:aws:iam::963527047110:root\"},\"Resource\":\"*\"},{\"Action\":[\"kms:Encrypt*\",\"kms:Decrypt*\",\"kms:ReEncrypt*\",\"kms:GenerateDataKey*\",\"kms:Describe*\"],\"Effect\":\"Allow\",\"Principal\":{\"Service\":\"logs.us-east-1.amazonaws.com\"},\"Resource\":\"*\"}],\"Version\":\"2012-10-17\"}",
            "rotation_period_in_days": 365,
            "tags": null,
            "tags_all": {},
            "timeouts": null,
            "xks_key_id": ""
          },
          "sensitive_attributes": [],
          "private": "eyJlMmJmYjczMC1lY2FhLTExZTYtOGY4OC0zNDM2M2JjN2M0YzAiOnsiY3JlYXRlIjoxMjAwMDAwMDAwMDB9fQ==",
          "dependencies": [
            "data.aws_caller_identity.current"
          ]
        }
      ]
    },
    {
      "mode": "managed",
      "type": "aws_lambda_event_source_mapping",
      "name": "process_order_sqs_trigger",
      "provider": "provider[\"registry.terraform.io/hashicorp/aws\"]",
      "instances": [
        {
          "schema_version": 0,
          "attributes": {
            "amazon_managed_kafka_event_source_config": [],
            "arn": "arn:aws:lambda:us-east-1:963527047110:event-source-mapping:a4f68c73-5e4a-4cee-a579-8b1c0a9834fb",
            "batch_size": 10,
            "bisect_batch_on_function_error": false,
            "destination_config": [],
            "document_db_event_source_config": [],
            "enabled": true,
            "event_source_arn": "arn:aws:sqs:us-east-1:963527047110:reyGasExpress-order-queue-dev",
            "filter_criteria": [],
            "function_arn": "arn:aws:lambda:us-east-1:963527047110:function:reyGasExpress-processOrder-dev",
            "function_name": "arn:aws:lambda:us-east-1:963527047110:function:reyGasExpress-processOrder-dev",
            "function_response_types": null,
            "id": "a4f68c73-5e4a-4cee-a579-8b1c0a9834fb",
            "kms_key_arn": "",
            "last_modified": "2025-06-19T08:05:10Z",
            "last_processing_result": "",
            "maximum_batching_window_in_seconds": 0,
            "maximum_record_age_in_seconds": 0,
            "maximum_retry_attempts": 0,
            "metrics_config": [],
            "parallelization_factor": 0,
            "provisioned_poller_config": [],
            "queues": null,
            "scaling_config": [],
            "self_managed_event_source": [],
            "self_managed_kafka_event_source_config": [],
            "source_access_configuration": [],
            "starting_position": "",
            "starting_position_timestamp": "",
            "state": "Enabled",
            "state_transition_reason": "USER_INITIATED",
            "tags": null,
            "tags_all": {},
            "topics": null,
            "tumbling_window_in_seconds": 0,
            "uuid": "a4f68c73-5e4a-4cee-a579-8b1c0a9834fb"
          },
          "sensitive_attributes": [],
          "private": "bnVsbA==",
          "dependencies": [
            "aws_dynamodb_table.reyGasExpress_orders_table",
            "aws_iam_role.lambda_execution_role",
            "aws_lambda_function.process_order_lambda",
            "aws_sqs_queue.reyGasExpress_dlq",
            "aws_sqs_queue.reyGasExpress_order_queue"
          ]
        }
      ]
    },
    {
      "mode": "managed",
      "type": "aws_lambda_function",
      "name": "analyze_preferences_lambda",
      "provider": "provider[\"registry.terraform.io/hashicorp/aws\"]",
      "instances": [
        {
          "schema_version": 0,
          "attributes": {
            "architectures": [
              "x86_64"
            ],
            "arn": "arn:aws:lambda:us-east-1:963527047110:function:reyGasExpress-analyzePreferences-dev",
            "code_sha256": "Wg3mvCCmeiHddkQZrHE9OsWTUE4Am3Zh82u9iDQnTFk=",
            "code_signing_config_arn": "",
            "dead_letter_config": [
              {
                "target_arn": "arn:aws:sqs:us-east-1:963527047110:reyGasExpress-registerOrder-dlq-dev"
              }
            ],
            "description": "",
            "environment": [
              {
                "variables": {
                  "ANALYSIS_BUCKET_NAME": "reygas-express-analysis-dev",
                  "ORDERS_TABLE_NAME": "reyGasExpress-orders-table-dev",
                  "REPORT_TOPIC_ARN": "arn:aws:sns:us-east-1:963527047110:reyGasExpress-reports-topic-dev"
                }
              }
            ],
            "ephemeral_storage": [
              {
                "size": 512
              }
            ],
            "file_system_config": [],
            "filename": "lambda_code/analyzePreferences.zip",
            "function_name": "reyGasExpress-analyzePreferences-dev",
            "handler": "analyzePreferences.handler",
            "id": "reyGasExpress-analyzePreferences-dev",
            "image_config": [],
            "image_uri": "",
            "invoke_arn": "arn:aws:apigateway:us-east-1:lambda:path/2015-03-31/functions/arn:aws:lambda:us-east-1:963527047110:function:reyGasExpress-analyzePreferences-dev/invocations",
            "kms_key_arn": "",
            "last_modified": "2025-06-19T08:05:10.099+0000",
            "layers": null,
            "logging_config": [
              {
                "application_log_level": "",
                "log_format": "Text",
                "log_group": "/aws/lambda/reyGasExpress-analyzePreferences-dev",
                "system_log_level": ""
              }
            ],
            "memory_size": 256,
            "package_type": "Zip",
            "publish": false,
            "qualified_arn": "arn:aws:lambda:us-east-1:963527047110:function:reyGasExpress-analyzePreferences-dev:$LATEST",
            "qualified_invoke_arn": "arn:aws:apigateway:us-east-1:lambda:path/2015-03-31/functions/arn:aws:lambda:us-east-1:963527047110:function:reyGasExpress-analyzePreferences-dev:$LATEST/invocations",
            "replace_security_groups_on_destroy": null,
            "replacement_security_group_ids": null,
            "reserved_concurrent_executions": -1,
            "role": "arn:aws:iam::963527047110:role/lambda-execution-role-reyGasExpress",
            "runtime": "nodejs18.x",
            "s3_bucket": null,
            "s3_key": null,
            "s3_object_version": null,
            "signing_job_arn": "",
            "signing_profile_version_arn": "",
            "skip_destroy": false,
            "snap_start": [],
            "source_code_hash": "Wg3mvCCmeiHddkQZrHE9OsWTUE4Am3Zh82u9iDQnTFk=",
            "source_code_size": 1858,
            "tags": {
              "Application": "reyGasExpress",
              "Environment": "dev",
              "ManagedBy": "Terraform"
            },
            "tags_all": {
              "Application": "reyGasExpress",
              "Environment": "dev",
              "ManagedBy": "Terraform"
            },
            "timeout": 90,
            "timeouts": null,
            "tracing_config": [
              {
                "mode": "Active"
              }
            ],
            "version": "$LATEST",
            "vpc_config": []
          },
          "sensitive_attributes": [],
          "private": "eyJlMmJmYjczMC1lY2FhLTExZTYtOGY4OC0zNDM2M2JjN2M0YzAiOnsiY3JlYXRlIjo2MDAwMDAwMDAwMDAsImRlbGV0ZSI6NjAwMDAwMDAwMDAwLCJ1cGRhdGUiOjYwMDAwMDAwMDAwMH19",
          "dependencies": [
            "aws_dynamodb_table.reyGasExpress_orders_table",
            "aws_iam_role.lambda_execution_role",
            "aws_s3_bucket.reyGasExpress_analysis_bucket",
            "aws_sns_topic.reyGasExpress_reports_topic",
            "aws_sqs_queue.reyGasExpress_dlq"
          ],
          "create_before_destroy": true
        }
      ]
    },
    {
      "mode": "managed",
      "type": "aws_lambda_function",
      "name": "generate_report_lambda",
      "provider": "provider[\"registry.terraform.io/hashicorp/aws\"]",
      "instances": [
        {
          "schema_version": 0,
          "attributes": {
            "architectures": [
              "x86_64"
            ],
            "arn": "arn:aws:lambda:us-east-1:963527047110:function:reyGasExpress-generateReport-dev",
            "code_sha256": "GcRmzvX0Oh06F5aCwccr26vW3kOe7uQxifk2Hz7xb+w=",
            "code_signing_config_arn": "",
            "dead_letter_config": [
              {
                "target_arn": "arn:aws:sqs:us-east-1:963527047110:reyGasExpress-registerOrder-dlq-dev"
              }
            ],
            "description": "",
            "environment": [
              {
                "variables": {
                  "ANALYSIS_BUCKET_NAME": "reygas-express-analysis-dev",
                  "EMAIL_TOPIC_ARN": "arn:aws:sns:us-east-1:963527047110:reyGasExpress-email-topic",
                  "REPORTS_BUCKET_NAME": "reygas-express-reports"
                }
              }
            ],
            "ephemeral_storage": [
              {
                "size": 512
              }
            ],
            "file_system_config": [],
            "filename": "lambda_code/generateReport.zip",
            "function_name": "reyGasExpress-generateReport-dev",
            "handler": "generateReport.handler",
            "id": "reyGasExpress-generateReport-dev",
            "image_config": [],
            "image_uri": "",
            "invoke_arn": "arn:aws:apigateway:us-east-1:lambda:path/2015-03-31/functions/arn:aws:lambda:us-east-1:963527047110:function:reyGasExpress-generateReport-dev/invocations",
            "kms_key_arn": "",
            "last_modified": "2025-06-19T08:04:57.224+0000",
            "layers": null,
            "logging_config": [
              {
                "application_log_level": "",
                "log_format": "Text",
                "log_group": "/aws/lambda/reyGasExpress-generateReport-dev",
                "system_log_level": ""
              }
            ],
            "memory_size": 256,
            "package_type": "Zip",
            "publish": false,
            "qualified_arn": "arn:aws:lambda:us-east-1:963527047110:function:reyGasExpress-generateReport-dev:$LATEST",
            "qualified_invoke_arn": "arn:aws:apigateway:us-east-1:lambda:path/2015-03-31/functions/arn:aws:lambda:us-east-1:963527047110:function:reyGasExpress-generateReport-dev:$LATEST/invocations",
            "replace_security_groups_on_destroy": null,
            "replacement_security_group_ids": null,
            "reserved_concurrent_executions": -1,
            "role": "arn:aws:iam::963527047110:role/lambda-execution-role-reyGasExpress",
            "runtime": "nodejs18.x",
            "s3_bucket": null,
            "s3_key": null,
            "s3_object_version": null,
            "signing_job_arn": "",
            "signing_profile_version_arn": "",
            "skip_destroy": false,
            "snap_start": [],
            "source_code_hash": "GcRmzvX0Oh06F5aCwccr26vW3kOe7uQxifk2Hz7xb+w=",
            "source_code_size": 1588,
            "tags": {
              "Application": "reyGasExpress",
              "Environment": "dev",
              "ManagedBy": "Terraform"
            },
            "tags_all": {
              "Application": "reyGasExpress",
              "Environment": "dev",
              "ManagedBy": "Terraform"
            },
            "timeout": 90,
            "timeouts": null,
            "tracing_config": [
              {
                "mode": "Active"
              }
            ],
            "version": "$LATEST",
            "vpc_config": []
          },
          "sensitive_attributes": [],
          "private": "eyJlMmJmYjczMC1lY2FhLTExZTYtOGY4OC0zNDM2M2JjN2M0YzAiOnsiY3JlYXRlIjo2MDAwMDAwMDAwMDAsImRlbGV0ZSI6NjAwMDAwMDAwMDAwLCJ1cGRhdGUiOjYwMDAwMDAwMDAwMH19",
          "dependencies": [
            "aws_iam_role.lambda_execution_role",
            "aws_s3_bucket.reyGasExpress_analysis_bucket",
            "aws_s3_bucket.reyGasExpress_reports_bucket",
            "aws_sns_topic.reyGasExpress_email_topic",
            "aws_sqs_queue.reyGasExpress_dlq"
          ],
          "create_before_destroy": true
        }
      ]
    },
    {
      "mode": "managed",
      "type": "aws_lambda_function",
      "name": "load_balancer_lambda",
      "provider": "provider[\"registry.terraform.io/hashicorp/aws\"]",
      "instances": [
        {
          "schema_version": 0,
          "attributes": {
            "architectures": [
              "x86_64"
            ],
            "arn": "arn:aws:lambda:us-east-1:963527047110:function:reyGasExpress-load-balancer-dev",
            "code_sha256": "w5AIesiP5fiUmJl8JLkelHsFT5eoC3EPBP4vrYarJF8=",
            "code_signing_config_arn": "",
            "dead_letter_config": [],
            "description": "",
            "environment": [
              {
                "variables": {
                  "PRIMARY_ENDPOINT": "https://jeydfltyo4.execute-api.us-east-1.amazonaws.com/v1",
                  "SECONDARY_ENDPOINT": "https://jeydfltyo4.execute-api.us-east-1.amazonaws.com/v2"
                }
              }
            ],
            "ephemeral_storage": [
              {
                "size": 512
              }
            ],
            "file_system_config": [],
            "filename": "./lambda_code/loadBalancer.zip",
            "function_name": "reyGasExpress-load-balancer-dev",
            "handler": "index.handler",
            "id": "reyGasExpress-load-balancer-dev",
            "image_config": [],
            "image_uri": "",
            "invoke_arn": "arn:aws:apigateway:us-east-1:lambda:path/2015-03-31/functions/arn:aws:lambda:us-east-1:963527047110:function:reyGasExpress-load-balancer-dev/invocations",
            "kms_key_arn": "",
            "last_modified": "2025-06-19T08:04:16.522+0000",
            "layers": null,
            "logging_config": [
              {
                "application_log_level": "",
                "log_format": "Text",
                "log_group": "/aws/lambda/reyGasExpress-load-balancer-dev",
                "system_log_level": ""
              }
            ],
            "memory_size": 128,
            "package_type": "Zip",
            "publish": false,
            "qualified_arn": "arn:aws:lambda:us-east-1:963527047110:function:reyGasExpress-load-balancer-dev:$LATEST",
            "qualified_invoke_arn": "arn:aws:apigateway:us-east-1:lambda:path/2015-03-31/functions/arn:aws:lambda:us-east-1:963527047110:function:reyGasExpress-load-balancer-dev:$LATEST/invocations",
            "replace_security_groups_on_destroy": null,
            "replacement_security_group_ids": null,
            "reserved_concurrent_executions": -1,
            "role": "arn:aws:iam::963527047110:role/lambda-execution-role-reyGasExpress",
            "runtime": "nodejs18.x",
            "s3_bucket": null,
            "s3_key": null,
            "s3_object_version": null,
            "signing_job_arn": "",
            "signing_profile_version_arn": "",
            "skip_destroy": false,
            "snap_start": [],
            "source_code_hash": "",
            "source_code_size": 570,
            "tags": null,
            "tags_all": {},
            "timeout": 3,
            "timeouts": null,
            "tracing_config": [
              {
                "mode": "PassThrough"
              }
            ],
            "version": "$LATEST",
            "vpc_config": []
          },
          "sensitive_attributes": [],
          "private": "eyJlMmJmYjczMC1lY2FhLTExZTYtOGY4OC0zNDM2M2JjN2M0YzAiOnsiY3JlYXRlIjo2MDAwMDAwMDAwMDAsImRlbGV0ZSI6NjAwMDAwMDAwMDAwLCJ1cGRhdGUiOjYwMDAwMDAwMDAwMH19",
          "dependencies": [
            "aws_apigatewayv2_api.reyGasExpress_api",
            "aws_iam_role.lambda_execution_role"
          ]
        }
      ]
    },
    {
      "mode": "managed",
      "type": "aws_lambda_function",
      "name": "process_order_lambda",
      "provider": "provider[\"registry.terraform.io/hashicorp/aws\"]",
      "instances": [
        {
          "schema_version": 0,
          "attributes": {
            "architectures": [
              "x86_64"
            ],
            "arn": "arn:aws:lambda:us-east-1:963527047110:function:reyGasExpress-processOrder-dev",
            "code_sha256": "hQLxKodFN70c9qqKnNy1G9rg/BmGZuXhcsAWTU9HihI=",
            "code_signing_config_arn": "",
            "dead_letter_config": [
              {
                "target_arn": "arn:aws:sqs:us-east-1:963527047110:reyGasExpress-registerOrder-dlq-dev"
              }
            ],
            "description": "",
            "environment": [
              {
                "variables": {
                  "EVENT_BUS_NAME": "reyGasExpress-orders-bus-dev",
                  "ORDERS_TABLE_NAME": "reyGasExpress-orders-table-dev"
                }
              }
            ],
            "ephemeral_storage": [
              {
                "size": 512
              }
            ],
            "file_system_config": [],
            "filename": "lambda_code/processOrder.zip",
            "function_name": "reyGasExpress-processOrder-dev",
            "handler": "processOrder.handler",
            "id": "reyGasExpress-processOrder-dev",
            "image_config": [],
            "image_uri": "",
            "invoke_arn": "arn:aws:apigateway:us-east-1:lambda:path/2015-03-31/functions/arn:aws:lambda:us-east-1:963527047110:function:reyGasExpress-processOrder-dev/invocations",
            "kms_key_arn": "",
            "last_modified": "2025-06-19T08:05:03.682+0000",
            "layers": null,
            "logging_config": [
              {
                "application_log_level": "",
                "log_format": "Text",
                "log_group": "/aws/lambda/reyGasExpress-processOrder-dev",
                "system_log_level": ""
              }
            ],
            "memory_size": 256,
            "package_type": "Zip",
            "publish": false,
            "qualified_arn": "arn:aws:lambda:us-east-1:963527047110:function:reyGasExpress-processOrder-dev:$LATEST",
            "qualified_invoke_arn": "arn:aws:apigateway:us-east-1:lambda:path/2015-03-31/functions/arn:aws:lambda:us-east-1:963527047110:function:reyGasExpress-processOrder-dev:$LATEST/invocations",
            "replace_security_groups_on_destroy": null,
            "replacement_security_group_ids": null,
            "reserved_concurrent_executions": -1,
            "role": "arn:aws:iam::963527047110:role/lambda-execution-role-reyGasExpress",
            "runtime": "nodejs18.x",
            "s3_bucket": null,
            "s3_key": null,
            "s3_object_version": null,
            "signing_job_arn": "",
            "signing_profile_version_arn": "",
            "skip_destroy": false,
            "snap_start": [],
            "source_code_hash": "hQLxKodFN70c9qqKnNy1G9rg/BmGZuXhcsAWTU9HihI=",
            "source_code_size": 1043,
            "tags": {
              "Application": "reyGasExpress",
              "Environment": "dev",
              "ManagedBy": "Terraform"
            },
            "tags_all": {
              "Application": "reyGasExpress",
              "Environment": "dev",
              "ManagedBy": "Terraform"
            },
            "timeout": 60,
            "timeouts": null,
            "tracing_config": [
              {
                "mode": "Active"
              }
            ],
            "version": "$LATEST",
            "vpc_config": []
          },
          "sensitive_attributes": [],
          "private": "eyJlMmJmYjczMC1lY2FhLTExZTYtOGY4OC0zNDM2M2JjN2M0YzAiOnsiY3JlYXRlIjo2MDAwMDAwMDAwMDAsImRlbGV0ZSI6NjAwMDAwMDAwMDAwLCJ1cGRhdGUiOjYwMDAwMDAwMDAwMH19",
          "dependencies": [
            "aws_dynamodb_table.reyGasExpress_orders_table",
            "aws_iam_role.lambda_execution_role",
            "aws_sqs_queue.reyGasExpress_dlq"
          ],
          "create_before_destroy": true
        }
      ]
    },
    {
      "mode": "managed",
      "type": "aws_lambda_function",
      "name": "register_order_lambda",
      "provider": "provider[\"registry.terraform.io/hashicorp/aws\"]",
      "instances": [
        {
          "schema_version": 0,
          "attributes": {
            "architectures": [
              "x86_64"
            ],
            "arn": "arn:aws:lambda:us-east-1:963527047110:function:reyGasExpress-registerOrder-dev",
            "code_sha256": "/PYBg+XUwUdtCppN93OY/inkvpJiVP8zImuUSPN2SMs=",
            "code_signing_config_arn": "",
            "dead_letter_config": [
              {
                "target_arn": "arn:aws:sqs:us-east-1:963527047110:reyGasExpress-registerOrder-dlq-dev"
              }
            ],
            "description": "",
            "environment": [
              {
                "variables": {
                  "SQS_QUEUE_URL": "https://sqs.us-east-1.amazonaws.com/963527047110/reyGasExpress-order-queue-dev"
                }
              }
            ],
            "ephemeral_storage": [
              {
                "size": 512
              }
            ],
            "file_system_config": [],
            "filename": "lambda_code/registerOrder.zip",
            "function_name": "reyGasExpress-registerOrder-dev",
            "handler": "registerOrder.handler",
            "id": "reyGasExpress-registerOrder-dev",
            "image_config": [],
            "image_uri": "",
            "invoke_arn": "arn:aws:apigateway:us-east-1:lambda:path/2015-03-31/functions/arn:aws:lambda:us-east-1:963527047110:function:reyGasExpress-registerOrder-dev/invocations",
            "kms_key_arn": "",
            "last_modified": "2025-06-19T08:05:16.580+0000",
            "layers": null,
            "logging_config": [
              {
                "application_log_level": "",
                "log_format": "Text",
                "log_group": "/aws/lambda/reyGasExpress-registerOrder-dev",
                "system_log_level": ""
              }
            ],
            "memory_size": 512,
            "package_type": "Zip",
            "publish": true,
            "qualified_arn": "arn:aws:lambda:us-east-1:963527047110:function:reyGasExpress-registerOrder-dev:16",
            "qualified_invoke_arn": "arn:aws:apigateway:us-east-1:lambda:path/2015-03-31/functions/arn:aws:lambda:us-east-1:963527047110:function:reyGasExpress-registerOrder-dev:16/invocations",
            "replace_security_groups_on_destroy": null,
            "replacement_security_group_ids": null,
            "reserved_concurrent_executions": -1,
            "role": "arn:aws:iam::963527047110:role/lambda-execution-role-reyGasExpress",
            "runtime": "nodejs18.x",
            "s3_bucket": null,
            "s3_key": null,
            "s3_object_version": null,
            "signing_job_arn": "",
            "signing_profile_version_arn": "",
            "skip_destroy": false,
            "snap_start": [],
            "source_code_hash": "/PYBg+XUwUdtCppN93OY/inkvpJiVP8zImuUSPN2SMs=",
            "source_code_size": 1489,
            "tags": {
              "Application": "reyGasExpress",
              "Environment": "dev",
              "ManagedBy": "Terraform"
            },
            "tags_all": {
              "Application": "reyGasExpress",
              "Environment": "dev",
              "ManagedBy": "Terraform"
            },
            "timeout": 10,
            "timeouts": null,
            "tracing_config": [
              {
                "mode": "Active"
              }
            ],
            "version": "16",
            "vpc_config": []
          },
          "sensitive_attributes": [],
          "private": "eyJlMmJmYjczMC1lY2FhLTExZTYtOGY4OC0zNDM2M2JjN2M0YzAiOnsiY3JlYXRlIjo2MDAwMDAwMDAwMDAsImRlbGV0ZSI6NjAwMDAwMDAwMDAwLCJ1cGRhdGUiOjYwMDAwMDAwMDAwMH19",
          "dependencies": [
            "aws_iam_role.lambda_execution_role",
            "aws_sqs_queue.reyGasExpress_dlq",
            "aws_sqs_queue.reyGasExpress_order_queue"
          ],
          "create_before_destroy": true
        }
      ]
    },
    {
      "mode": "managed",
      "type": "aws_lambda_function",
      "name": "send_email_report_lambda",
      "provider": "provider[\"registry.terraform.io/hashicorp/aws\"]",
      "instances": [
        {
          "schema_version": 0,
          "attributes": {
            "architectures": [
              "x86_64"
            ],
            "arn": "arn:aws:lambda:us-east-1:963527047110:function:reyGasExpress-sendEmailReport-dev",
            "code_sha256": "bDWwxykpZSYSSFHwtCLQ/9MdE5mHzikO89YNc7pAhpw=",
            "code_signing_config_arn": "",
            "dead_letter_config": [
              {
                "target_arn": "arn:aws:sqs:us-east-1:963527047110:reyGasExpress-registerOrder-dlq-dev"
              }
            ],
            "description": "",
            "environment": [
              {
                "variables": {
                  "FROM_EMAIL": "no-reply@tudominio.com",
                  "REPORTS_BUCKET_NAME": "reygas-express-reports",
                  "TO_EMAIL": "destinatario@example.com"
                }
              }
            ],
            "ephemeral_storage": [
              {
                "size": 512
              }
            ],
            "file_system_config": [],
            "filename": "lambda_code/sendEmailReport.zip",
            "function_name": "reyGasExpress-sendEmailReport-dev",
            "handler": "sendEmailReport.handler",
            "id": "reyGasExpress-sendEmailReport-dev",
            "image_config": [],
            "image_uri": "",
            "invoke_arn": "arn:aws:apigateway:us-east-1:lambda:path/2015-03-31/functions/arn:aws:lambda:us-east-1:963527047110:function:reyGasExpress-sendEmailReport-dev/invocations",
            "kms_key_arn": "",
            "last_modified": "2025-06-19T08:04:50.808+0000",
            "layers": null,
            "logging_config": [
              {
                "application_log_level": "",
                "log_format": "Text",
                "log_group": "/aws/lambda/reyGasExpress-sendEmailReport-dev",
                "system_log_level": ""
              }
            ],
            "memory_size": 192,
            "package_type": "Zip",
            "publish": false,
            "qualified_arn": "arn:aws:lambda:us-east-1:963527047110:function:reyGasExpress-sendEmailReport-dev:$LATEST",
            "qualified_invoke_arn": "arn:aws:apigateway:us-east-1:lambda:path/2015-03-31/functions/arn:aws:lambda:us-east-1:963527047110:function:reyGasExpress-sendEmailReport-dev:$LATEST/invocations",
            "replace_security_groups_on_destroy": null,
            "replacement_security_group_ids": null,
            "reserved_concurrent_executions": -1,
            "role": "arn:aws:iam::963527047110:role/lambda-execution-role-reyGasExpress",
            "runtime": "nodejs18.x",
            "s3_bucket": null,
            "s3_key": null,
            "s3_object_version": null,
            "signing_job_arn": "",
            "signing_profile_version_arn": "",
            "skip_destroy": false,
            "snap_start": [],
            "source_code_hash": "bDWwxykpZSYSSFHwtCLQ/9MdE5mHzikO89YNc7pAhpw=",
            "source_code_size": 1198,
            "tags": {
              "Application": "reyGasExpress",
              "Environment": "dev",
              "ManagedBy": "Terraform"
            },
            "tags_all": {
              "Application": "reyGasExpress",
              "Environment": "dev",
              "ManagedBy": "Terraform"
            },
            "timeout": 60,
            "timeouts": null,
            "tracing_config": [
              {
                "mode": "Active"
              }
            ],
            "version": "$LATEST",
            "vpc_config": []
          },
          "sensitive_attributes": [],
          "private": "eyJlMmJmYjczMC1lY2FhLTExZTYtOGY4OC0zNDM2M2JjN2M0YzAiOnsiY3JlYXRlIjo2MDAwMDAwMDAwMDAsImRlbGV0ZSI6NjAwMDAwMDAwMDAwLCJ1cGRhdGUiOjYwMDAwMDAwMDAwMH19",
          "dependencies": [
            "aws_iam_role.lambda_execution_role",
            "aws_s3_bucket.reyGasExpress_reports_bucket",
            "aws_sqs_queue.reyGasExpress_dlq"
          ],
          "create_before_destroy": true
        }
      ]
    },
    {
      "mode": "managed",
      "type": "aws_lambda_permission",
      "name": "allow_apigateway_invoke_analyze_preferences_lambda",
      "provider": "provider[\"registry.terraform.io/hashicorp/aws\"]",
      "instances": [
        {
          "schema_version": 0,
          "attributes": {
            "action": "lambda:InvokeFunction",
            "event_source_token": null,
            "function_name": "reyGasExpress-analyzePreferences-dev",
            "function_url_auth_type": null,
            "id": "AllowAPIGatewayInvokeAnalyzePreferencesLambda",
            "principal": "apigateway.amazonaws.com",
            "principal_org_id": null,
            "qualifier": "",
            "source_account": null,
            "source_arn": "arn:aws:execute-api:us-east-1:963527047110:jeydfltyo4/*/*",
            "statement_id": "AllowAPIGatewayInvokeAnalyzePreferencesLambda",
            "statement_id_prefix": ""
          },
          "sensitive_attributes": [],
          "private": "bnVsbA==",
          "dependencies": [
            "aws_apigatewayv2_api.reyGasExpress_api",
            "aws_dynamodb_table.reyGasExpress_orders_table",
            "aws_iam_role.lambda_execution_role",
            "aws_lambda_function.analyze_preferences_lambda",
            "aws_s3_bucket.reyGasExpress_analysis_bucket",
            "aws_sns_topic.reyGasExpress_reports_topic",
            "aws_sqs_queue.reyGasExpress_dlq"
          ]
        }
      ]
    },
    {
      "mode": "managed",
      "type": "aws_lambda_permission",
      "name": "allow_apigateway_invoke_generate_report_lambda",
      "provider": "provider[\"registry.terraform.io/hashicorp/aws\"]",
      "instances": [
        {
          "schema_version": 0,
          "attributes": {
            "action": "lambda:InvokeFunction",
            "event_source_token": null,
            "function_name": "reyGasExpress-generateReport-dev",
            "function_url_auth_type": null,
            "id": "AllowAPIGatewayInvokeGenerateReportLambda",
            "principal": "apigateway.amazonaws.com",
            "principal_org_id": null,
            "qualifier": "",
            "source_account": null,
            "source_arn": "arn:aws:execute-api:us-east-1:963527047110:jeydfltyo4/*/*",
            "statement_id": "AllowAPIGatewayInvokeGenerateReportLambda",
            "statement_id_prefix": ""
          },
          "sensitive_attributes": [],
          "private": "bnVsbA==",
          "dependencies": [
            "aws_apigatewayv2_api.reyGasExpress_api",
            "aws_iam_role.lambda_execution_role",
            "aws_lambda_function.generate_report_lambda",
            "aws_s3_bucket.reyGasExpress_analysis_bucket",
            "aws_s3_bucket.reyGasExpress_reports_bucket",
            "aws_sns_topic.reyGasExpress_email_topic",
            "aws_sqs_queue.reyGasExpress_dlq"
          ]
        }
      ]
    },
    {
      "mode": "managed",
      "type": "aws_lambda_permission",
      "name": "allow_apigateway_invoke_process_order_lambda",
      "provider": "provider[\"registry.terraform.io/hashicorp/aws\"]",
      "instances": [
        {
          "schema_version": 0,
          "attributes": {
            "action": "lambda:InvokeFunction",
            "event_source_token": null,
            "function_name": "reyGasExpress-processOrder-dev",
            "function_url_auth_type": null,
            "id": "AllowAPIGatewayInvokeProcessOrderLambda",
            "principal": "apigateway.amazonaws.com",
            "principal_org_id": null,
            "qualifier": "",
            "source_account": null,
            "source_arn": "arn:aws:execute-api:us-east-1:963527047110:jeydfltyo4/*/*",
            "statement_id": "AllowAPIGatewayInvokeProcessOrderLambda",
            "statement_id_prefix": ""
          },
          "sensitive_attributes": [],
          "private": "bnVsbA==",
          "dependencies": [
            "aws_apigatewayv2_api.reyGasExpress_api",
            "aws_dynamodb_table.reyGasExpress_orders_table",
            "aws_iam_role.lambda_execution_role",
            "aws_lambda_function.process_order_lambda",
            "aws_sqs_queue.reyGasExpress_dlq"
          ]
        }
      ]
    },
    {
      "mode": "managed",
      "type": "aws_lambda_permission",
      "name": "allow_apigateway_invoke_register_order_lambda",
      "provider": "provider[\"registry.terraform.io/hashicorp/aws\"]",
      "instances": [
        {
          "schema_version": 0,
          "attributes": {
            "action": "lambda:InvokeFunction",
            "event_source_token": null,
            "function_name": "reyGasExpress-registerOrder-dev",
            "function_url_auth_type": null,
            "id": "AllowAPIGatewayInvokeRegisterOrderLambda",
            "principal": "apigateway.amazonaws.com",
            "principal_org_id": null,
            "qualifier": "",
            "source_account": null,
            "source_arn": "arn:aws:execute-api:us-east-1:963527047110:jeydfltyo4/*/*",
            "statement_id": "AllowAPIGatewayInvokeRegisterOrderLambda",
            "statement_id_prefix": ""
          },
          "sensitive_attributes": [],
          "private": "bnVsbA==",
          "dependencies": [
            "aws_apigatewayv2_api.reyGasExpress_api",
            "aws_iam_role.lambda_execution_role",
            "aws_lambda_function.register_order_lambda",
            "aws_sqs_queue.reyGasExpress_dlq",
            "aws_sqs_queue.reyGasExpress_order_queue"
          ]
        }
      ]
    },
    {
      "mode": "managed",
      "type": "aws_lambda_permission",
      "name": "allow_apigateway_invoke_send_email_report_lambda",
      "provider": "provider[\"registry.terraform.io/hashicorp/aws\"]",
      "instances": [
        {
          "schema_version": 0,
          "attributes": {
            "action": "lambda:InvokeFunction",
            "event_source_token": null,
            "function_name": "reyGasExpress-sendEmailReport-dev",
            "function_url_auth_type": null,
            "id": "AllowAPIGatewayInvokeSendEmailReportLambda",
            "principal": "apigateway.amazonaws.com",
            "principal_org_id": null,
            "qualifier": "",
            "source_account": null,
            "source_arn": "arn:aws:execute-api:us-east-1:963527047110:jeydfltyo4/*/*",
            "statement_id": "AllowAPIGatewayInvokeSendEmailReportLambda",
            "statement_id_prefix": ""
          },
          "sensitive_attributes": [],
          "private": "bnVsbA==",
          "dependencies": [
            "aws_apigatewayv2_api.reyGasExpress_api",
            "aws_iam_role.lambda_execution_role",
            "aws_lambda_function.send_email_report_lambda",
            "aws_s3_bucket.reyGasExpress_reports_bucket",
            "aws_sqs_queue.reyGasExpress_dlq"
          ]
        }
      ]
    },
    {
      "mode": "managed",
      "type": "aws_lambda_permission",
      "name": "allow_eventbridge_invoke_analyze_preferences_lambda",
      "provider": "provider[\"registry.terraform.io/hashicorp/aws\"]",
      "instances": [
        {
          "schema_version": 0,
          "attributes": {
            "action": "lambda:InvokeFunction",
            "event_source_token": null,
            "function_name": "reyGasExpress-analyzePreferences-dev",
            "function_url_auth_type": null,
            "id": "AllowEventBridgeInvokeAnalyzePreferences",
            "principal": "events.amazonaws.com",
            "principal_org_id": null,
            "qualifier": "",
            "source_account": null,
            "source_arn": "arn:aws:events:us-east-1:963527047110:rule/reyGasExpress-orders-bus-dev/reyGasExpress-analyzePreferences-rule-dev",
            "statement_id": "AllowEventBridgeInvokeAnalyzePreferences",
            "statement_id_prefix": ""
          },
          "sensitive_attributes": [],
          "private": "bnVsbA==",
          "dependencies": [
            "aws_cloudwatch_event_bus.reyGasExpress_event_bus",
            "aws_cloudwatch_event_rule.analyze_preferences_rule",
            "aws_dynamodb_table.reyGasExpress_orders_table",
            "aws_iam_role.lambda_execution_role",
            "aws_lambda_function.analyze_preferences_lambda",
            "aws_s3_bucket.reyGasExpress_analysis_bucket",
            "aws_sns_topic.reyGasExpress_reports_topic",
            "aws_sqs_queue.reyGasExpress_dlq"
          ]
        }
      ]
    },
    {
      "mode": "managed",
      "type": "aws_lambda_permission",
      "name": "allow_sns_invoke_send_email_report_lambda",
      "provider": "provider[\"registry.terraform.io/hashicorp/aws\"]",
      "instances": [
        {
          "schema_version": 0,
          "attributes": {
            "action": "lambda:InvokeFunction",
            "event_source_token": null,
            "function_name": "reyGasExpress-sendEmailReport-dev",
            "function_url_auth_type": null,
            "id": "AllowSNSInvokeSendEmailReport",
            "principal": "sns.amazonaws.com",
            "principal_org_id": null,
            "qualifier": "",
            "source_account": null,
            "source_arn": "arn:aws:sns:us-east-1:963527047110:reyGasExpress-email-topic",
            "statement_id": "AllowSNSInvokeSendEmailReport",
            "statement_id_prefix": ""
          },
          "sensitive_attributes": [],
          "private": "bnVsbA==",
          "dependencies": [
            "aws_iam_role.lambda_execution_role",
            "aws_lambda_function.send_email_report_lambda",
            "aws_s3_bucket.reyGasExpress_reports_bucket",
            "aws_sns_topic.reyGasExpress_email_topic",
            "aws_sqs_queue.reyGasExpress_dlq"
          ]
        }
      ]
    },
    {
      "mode": "managed",
      "type": "aws_nat_gateway",
      "name": "reygas_nat",
      "provider": "provider[\"registry.terraform.io/hashicorp/aws\"]",
      "instances": [
        {
          "schema_version": 0,
          "attributes": {
            "allocation_id": "eipalloc-05c9698929182bb4b",
            "association_id": "eipassoc-0de646f0356865f2a",
            "connectivity_type": "public",
            "id": "nat-0c6f01c615c78c07d",
            "network_interface_id": "eni-0064fd7ed4c9d583a",
            "private_ip": "10.0.3.174",
            "public_ip": "52.201.94.171",
            "secondary_allocation_ids": null,
            "secondary_private_ip_address_count": 0,
            "secondary_private_ip_addresses": [],
            "subnet_id": "subnet-0a9cc9d46c27b8adf",
            "tags": {
              "Name": "reygas-nat-dev"
            },
            "tags_all": {
              "Name": "reygas-nat-dev"
            },
            "timeouts": null
          },
          "sensitive_attributes": [],
          "private": "eyJlMmJmYjczMC1lY2FhLTExZTYtOGY4OC0zNDM2M2JjN2M0YzAiOnsiY3JlYXRlIjo2MDAwMDAwMDAwMDAsImRlbGV0ZSI6MTgwMDAwMDAwMDAwMCwidXBkYXRlIjo2MDAwMDAwMDAwMDB9fQ==",
          "dependencies": [
            "aws_eip.nat_eip",
            "aws_subnet.public_subnet",
            "aws_vpc.reygas_vpc"
          ]
        }
      ]
    },
    {
      "mode": "managed",
      "type": "aws_route_table",
      "name": "private_rt",
      "provider": "provider[\"registry.terraform.io/hashicorp/aws\"]",
      "instances": [
        {
          "schema_version": 0,
          "attributes": {
            "arn": "arn:aws:ec2:us-east-1:963527047110:route-table/rtb-0860faf5200bf4fd4",
            "id": "rtb-0860faf5200bf4fd4",
            "owner_id": "963527047110",
            "propagating_vgws": [],
            "route": [
              {
                "carrier_gateway_id": "",
                "cidr_block": "0.0.0.0/0",
                "core_network_arn": "",
                "destination_prefix_list_id": "",
                "egress_only_gateway_id": "",
                "gateway_id": "",
                "ipv6_cidr_block": "",
                "local_gateway_id": "",
                "nat_gateway_id": "nat-0c6f01c615c78c07d",
                "network_interface_id": "",
                "transit_gateway_id": "",
                "vpc_endpoint_id": "",
                "vpc_peering_connection_id": ""
              }
            ],
            "tags": {
              "Name": "private-rt-dev"
            },
            "tags_all": {
              "Name": "private-rt-dev"
            },
            "timeouts": null,
            "vpc_id": "vpc-0c5233b951a886986"
          },
          "sensitive_attributes": [],
          "private": "eyJlMmJmYjczMC1lY2FhLTExZTYtOGY4OC0zNDM2M2JjN2M0YzAiOnsiY3JlYXRlIjozMDAwMDAwMDAwMDAsImRlbGV0ZSI6MzAwMDAwMDAwMDAwLCJ1cGRhdGUiOjEyMDAwMDAwMDAwMH19",
          "dependencies": [
            "aws_eip.nat_eip",
            "aws_nat_gateway.reygas_nat",
            "aws_subnet.public_subnet",
            "aws_vpc.reygas_vpc"
          ]
        }
      ]
    },
    {
      "mode": "managed",
      "type": "aws_route_table_association",
      "name": "lambda_subnet_1_rt",
      "provider": "provider[\"registry.terraform.io/hashicorp/aws\"]",
      "instances": [
        {
          "schema_version": 0,
          "attributes": {
            "gateway_id": "",
            "id": "rtbassoc-065775a5b6de6f297",
            "route_table_id": "rtb-0860faf5200bf4fd4",
            "subnet_id": "subnet-0e9c9d7db0c66d950",
            "timeouts": null
          },
          "sensitive_attributes": [],
          "private": "eyJlMmJmYjczMC1lY2FhLTExZTYtOGY4OC0zNDM2M2JjN2M0YzAiOnsiY3JlYXRlIjozMDAwMDAwMDAwMDAsImRlbGV0ZSI6MzAwMDAwMDAwMDAwLCJ1cGRhdGUiOjEyMDAwMDAwMDAwMH19",
          "dependencies": [
            "aws_eip.nat_eip",
            "aws_nat_gateway.reygas_nat",
            "aws_route_table.private_rt",
            "aws_subnet.lambda_subnet_1",
            "aws_subnet.public_subnet",
            "aws_vpc.reygas_vpc"
          ]
        }
      ]
    },
    {
      "mode": "managed",
      "type": "aws_route_table_association",
      "name": "lambda_subnet_2_rt",
      "provider": "provider[\"registry.terraform.io/hashicorp/aws\"]",
      "instances": [
        {
          "schema_version": 0,
          "attributes": {
            "gateway_id": "",
            "id": "rtbassoc-01dbb4542fc911c5c",
            "route_table_id": "rtb-0860faf5200bf4fd4",
            "subnet_id": "subnet-0b9001efe1232edf9",
            "timeouts": null
          },
          "sensitive_attributes": [],
          "private": "eyJlMmJmYjczMC1lY2FhLTExZTYtOGY4OC0zNDM2M2JjN2M0YzAiOnsiY3JlYXRlIjozMDAwMDAwMDAwMDAsImRlbGV0ZSI6MzAwMDAwMDAwMDAwLCJ1cGRhdGUiOjEyMDAwMDAwMDAwMH19",
          "dependencies": [
            "aws_eip.nat_eip",
            "aws_nat_gateway.reygas_nat",
            "aws_route_table.private_rt",
            "aws_subnet.lambda_subnet_2",
            "aws_subnet.public_subnet",
            "aws_vpc.reygas_vpc"
          ]
        }
      ]
    },
    {
      "mode": "managed",
      "type": "aws_s3_bucket",
      "name": "reyGasExpress_analysis_bucket",
      "provider": "provider[\"registry.terraform.io/hashicorp/aws\"]",
      "instances": [
        {
          "schema_version": 0,
          "attributes": {
            "acceleration_status": "",
            "acl": null,
            "arn": "arn:aws:s3:::reygas-express-analysis-dev",
            "bucket": "reygas-express-analysis-dev",
            "bucket_domain_name": "reygas-express-analysis-dev.s3.amazonaws.com",
            "bucket_prefix": "",
            "bucket_regional_domain_name": "reygas-express-analysis-dev.s3.us-east-1.amazonaws.com",
            "cors_rule": [],
            "force_destroy": false,
            "grant": [
              {
                "id": "4f6498a9624cae9dac58911e59a6605e7dcdae8930b3a66109c565981ededddd",
                "permissions": [
                  "FULL_CONTROL"
                ],
                "type": "CanonicalUser",
                "uri": ""
              }
            ],
            "hosted_zone_id": "Z3AQBSTGFYJSTF",
            "id": "reygas-express-analysis-dev",
            "lifecycle_rule": [],
            "logging": [],
            "object_lock_configuration": [],
            "object_lock_enabled": false,
            "policy": "",
            "region": "us-east-1",
            "replication_configuration": [],
            "request_payer": "BucketOwner",
            "server_side_encryption_configuration": [
              {
                "rule": [
                  {
                    "apply_server_side_encryption_by_default": [
                      {
                        "kms_master_key_id": "",
                        "sse_algorithm": "AES256"
                      }
                    ],
                    "bucket_key_enabled": false
                  }
                ]
              }
            ],
            "tags": {
              "Application": "reyGasExpress",
              "Environment": "dev",
              "ManagedBy": "Terraform"
            },
            "tags_all": {
              "Application": "reyGasExpress",
              "Environment": "dev",
              "ManagedBy": "Terraform"
            },
            "timeouts": null,
            "versioning": [
              {
                "enabled": false,
                "mfa_delete": false
              }
            ],
            "website": [],
            "website_domain": null,
            "website_endpoint": null
          },
          "sensitive_attributes": [],
          "private": "eyJlMmJmYjczMC1lY2FhLTExZTYtOGY4OC0zNDM2M2JjN2M0YzAiOnsiY3JlYXRlIjoxMjAwMDAwMDAwMDAwLCJkZWxldGUiOjM2MDAwMDAwMDAwMDAsInJlYWQiOjEyMDAwMDAwMDAwMDAsInVwZGF0ZSI6MTIwMDAwMDAwMDAwMH19",
          "create_before_destroy": true
        }
      ]
    },
    {
      "mode": "managed",
      "type": "aws_s3_bucket",
      "name": "reyGasExpress_reports_bucket",
      "provider": "provider[\"registry.terraform.io/hashicorp/aws\"]",
      "instances": [
        {
          "schema_version": 0,
          "attributes": {
            "acceleration_status": "",
            "acl": null,
            "arn": "arn:aws:s3:::reygas-express-reports",
            "bucket": "reygas-express-reports",
            "bucket_domain_name": "reygas-express-reports.s3.amazonaws.com",
            "bucket_prefix": "",
            "bucket_regional_domain_name": "reygas-express-reports.s3.us-east-1.amazonaws.com",
            "cors_rule": [],
            "force_destroy": false,
            "grant": [
              {
                "id": "4f6498a9624cae9dac58911e59a6605e7dcdae8930b3a66109c565981ededddd",
                "permissions": [
                  "FULL_CONTROL"
                ],
                "type": "CanonicalUser",
                "uri": ""
              }
            ],
            "hosted_zone_id": "Z3AQBSTGFYJSTF",
            "id": "reygas-express-reports",
            "lifecycle_rule": [],
            "logging": [],
            "object_lock_configuration": [],
            "object_lock_enabled": false,
            "policy": "",
            "region": "us-east-1",
            "replication_configuration": [],
            "request_payer": "BucketOwner",
            "server_side_encryption_configuration": [
              {
                "rule": [
                  {
                    "apply_server_side_encryption_by_default": [
                      {
                        "kms_master_key_id": "",
                        "sse_algorithm": "AES256"
                      }
                    ],
                    "bucket_key_enabled": false
                  }
                ]
              }
            ],
            "tags": {
              "Application": "reyGasExpress",
              "Environment": "dev",
              "ManagedBy": "Terraform"
            },
            "tags_all": {
              "Application": "reyGasExpress",
              "Environment": "dev",
              "ManagedBy": "Terraform"
            },
            "timeouts": null,
            "versioning": [
              {
                "enabled": false,
                "mfa_delete": false
              }
            ],
            "website": [],
            "website_domain": null,
            "website_endpoint": null
          },
          "sensitive_attributes": [],
          "private": "eyJlMmJmYjczMC1lY2FhLTExZTYtOGY4OC0zNDM2M2JjN2M0YzAiOnsiY3JlYXRlIjoxMjAwMDAwMDAwMDAwLCJkZWxldGUiOjM2MDAwMDAwMDAwMDAsInJlYWQiOjEyMDAwMDAwMDAwMDAsInVwZGF0ZSI6MTIwMDAwMDAwMDAwMH19",
          "create_before_destroy": true
        }
      ]
    },
    {
      "mode": "managed",
      "type": "aws_s3_bucket",
      "name": "reygas_frontend_bucket",
      "provider": "provider[\"registry.terraform.io/hashicorp/aws\"]",
      "instances": [
        {
          "schema_version": 0,
          "attributes": {
            "acceleration_status": "",
            "acl": null,
            "arn": "arn:aws:s3:::reygas-express-frontend",
            "bucket": "reygas-express-frontend",
            "bucket_domain_name": "reygas-express-frontend.s3.amazonaws.com",
            "bucket_prefix": "",
            "bucket_regional_domain_name": "reygas-express-frontend.s3.us-east-1.amazonaws.com",
            "cors_rule": [],
            "force_destroy": false,
            "grant": [
              {
                "id": "4f6498a9624cae9dac58911e59a6605e7dcdae8930b3a66109c565981ededddd",
                "permissions": [
                  "FULL_CONTROL"
                ],
                "type": "CanonicalUser",
                "uri": ""
              }
            ],
            "hosted_zone_id": "Z3AQBSTGFYJSTF",
            "id": "reygas-express-frontend",
            "lifecycle_rule": [],
            "logging": [],
            "object_lock_configuration": [],
            "object_lock_enabled": false,
            "policy": "",
            "region": "us-east-1",
            "replication_configuration": [],
            "request_payer": "BucketOwner",
            "server_side_encryption_configuration": [
              {
                "rule": [
                  {
                    "apply_server_side_encryption_by_default": [
                      {
                        "kms_master_key_id": "",
                        "sse_algorithm": "AES256"
                      }
                    ],
                    "bucket_key_enabled": false
                  }
                ]
              }
            ],
            "tags": {
              "Application": "reyGasExpress",
              "Environment": "dev",
              "ManagedBy": "Terraform"
            },
            "tags_all": {
              "Application": "reyGasExpress",
              "Environment": "dev",
              "ManagedBy": "Terraform"
            },
            "timeouts": null,
            "versioning": [
              {
                "enabled": false,
                "mfa_delete": false
              }
            ],
            "website": [],
            "website_domain": null,
            "website_endpoint": null
          },
          "sensitive_attributes": [],
          "private": "eyJlMmJmYjczMC1lY2FhLTExZTYtOGY4OC0zNDM2M2JjN2M0YzAiOnsiY3JlYXRlIjoxMjAwMDAwMDAwMDAwLCJkZWxldGUiOjM2MDAwMDAwMDAwMDAsInJlYWQiOjEyMDAwMDAwMDAwMDAsInVwZGF0ZSI6MTIwMDAwMDAwMDAwMH19"
        }
      ]
    },
    {
      "mode": "managed",
      "type": "aws_s3_bucket",
      "name": "reygas_frontend_failover_bucket",
      "provider": "provider[\"registry.terraform.io/hashicorp/aws\"]",
      "instances": [
        {
          "schema_version": 0,
          "attributes": {
            "acceleration_status": "",
            "acl": null,
            "arn": "arn:aws:s3:::reygas-express-frontend-failover-dev",
            "bucket": "reygas-express-frontend-failover-dev",
            "bucket_domain_name": "reygas-express-frontend-failover-dev.s3.amazonaws.com",
            "bucket_prefix": "",
            "bucket_regional_domain_name": "reygas-express-frontend-failover-dev.s3.us-east-1.amazonaws.com",
            "cors_rule": [],
            "force_destroy": false,
            "grant": [
              {
                "id": "4f6498a9624cae9dac58911e59a6605e7dcdae8930b3a66109c565981ededddd",
                "permissions": [
                  "FULL_CONTROL"
                ],
                "type": "CanonicalUser",
                "uri": ""
              }
            ],
            "hosted_zone_id": "Z3AQBSTGFYJSTF",
            "id": "reygas-express-frontend-failover-dev",
            "lifecycle_rule": [],
            "logging": [],
            "object_lock_configuration": [],
            "object_lock_enabled": false,
            "policy": "",
            "region": "us-east-1",
            "replication_configuration": [],
            "request_payer": "BucketOwner",
            "server_side_encryption_configuration": [
              {
                "rule": [
                  {
                    "apply_server_side_encryption_by_default": [
                      {
                        "kms_master_key_id": "",
                        "sse_algorithm": "AES256"
                      }
                    ],
                    "bucket_key_enabled": false
                  }
                ]
              }
            ],
            "tags": {
              "Application": "reyGasExpress",
              "Environment": "dev",
              "ManagedBy": "Terraform"
            },
            "tags_all": {
              "Application": "reyGasExpress",
              "Environment": "dev",
              "ManagedBy": "Terraform"
            },
            "timeouts": null,
            "versioning": [
              {
                "enabled": false,
                "mfa_delete": false
              }
            ],
            "website": [],
            "website_domain": null,
            "website_endpoint": null
          },
          "sensitive_attributes": [],
          "private": "eyJlMmJmYjczMC1lY2FhLTExZTYtOGY4OC0zNDM2M2JjN2M0YzAiOnsiY3JlYXRlIjoxMjAwMDAwMDAwMDAwLCJkZWxldGUiOjM2MDAwMDAwMDAwMDAsInJlYWQiOjEyMDAwMDAwMDAwMDAsInVwZGF0ZSI6MTIwMDAwMDAwMDAwMH19"
        }
      ]
    },
    {
      "mode": "managed",
      "type": "aws_s3_bucket_policy",
      "name": "reygas_bucket_policy",
      "provider": "provider[\"registry.terraform.io/hashicorp/aws\"]",
      "instances": [
        {
          "schema_version": 0,
          "attributes": {
            "bucket": "reygas-express-frontend",
            "id": "reygas-express-frontend",
            "policy": "{\"Statement\":[{\"Action\":\"s3:GetObject\",\"Condition\":{\"StringEquals\":{\"AWS:SourceArn\":\"arn:aws:cloudfront::963527047110:distribution/EZXF50Z8BYBMG\"}},\"Effect\":\"Allow\",\"Principal\":{\"Service\":\"cloudfront.amazonaws.com\"},\"Resource\":\"arn:aws:s3:::reygas-express-frontend/*\",\"Sid\":\"AllowCloudFrontServicePrincipal\"}],\"Version\":\"2012-10-17\"}"
          },
          "sensitive_attributes": [],
          "private": "bnVsbA==",
          "dependencies": [
            "aws_apigatewayv2_api.reyGasExpress_api",
            "aws_cloudfront_distribution.reygas_distribution",
            "aws_cloudfront_origin_access_control.reygas_oac",
            "aws_iam_role.lambda_execution_role",
            "aws_lambda_function.load_balancer_lambda",
            "aws_s3_bucket.reygas_frontend_bucket",
            "aws_s3_bucket.reygas_frontend_failover_bucket",
            "aws_s3_bucket_public_access_block.reygas_frontend_pab",
            "aws_wafv2_web_acl.reyGasExpress_waf",
            "null_resource.waf_propagation_delay"
          ]
        }
      ]
    },
    {
      "mode": "managed",
      "type": "aws_s3_bucket_public_access_block",
      "name": "analysis_bucket_public_access_block",
      "provider": "provider[\"registry.terraform.io/hashicorp/aws\"]",
      "instances": [
        {
          "schema_version": 0,
          "attributes": {
            "block_public_acls": true,
            "block_public_policy": true,
            "bucket": "reygas-express-analysis-dev",
            "id": "reygas-express-analysis-dev",
            "ignore_public_acls": true,
            "restrict_public_buckets": true
          },
          "sensitive_attributes": [],
          "private": "bnVsbA==",
          "dependencies": [
            "aws_s3_bucket.reyGasExpress_analysis_bucket"
          ]
        }
      ]
    },
    {
      "mode": "managed",
      "type": "aws_s3_bucket_public_access_block",
      "name": "reports_bucket_public_access_block",
      "provider": "provider[\"registry.terraform.io/hashicorp/aws\"]",
      "instances": [
        {
          "schema_version": 0,
          "attributes": {
            "block_public_acls": true,
            "block_public_policy": true,
            "bucket": "reygas-express-reports",
            "id": "reygas-express-reports",
            "ignore_public_acls": true,
            "restrict_public_buckets": true
          },
          "sensitive_attributes": [],
          "private": "bnVsbA==",
          "dependencies": [
            "aws_s3_bucket.reyGasExpress_reports_bucket"
          ]
        }
      ]
    },
    {
      "mode": "managed",
      "type": "aws_s3_bucket_public_access_block",
      "name": "reygas_frontend_failover_pab",
      "provider": "provider[\"registry.terraform.io/hashicorp/aws\"]",
      "instances": [
        {
          "schema_version": 0,
          "attributes": {
            "block_public_acls": true,
            "block_public_policy": true,
            "bucket": "reygas-express-frontend-failover-dev",
            "id": "reygas-express-frontend-failover-dev",
            "ignore_public_acls": true,
            "restrict_public_buckets": true
          },
          "sensitive_attributes": [],
          "private": "bnVsbA==",
          "dependencies": [
            "aws_s3_bucket.reygas_frontend_failover_bucket"
          ]
        }
      ]
    },
    {
      "mode": "managed",
      "type": "aws_s3_bucket_public_access_block",
      "name": "reygas_frontend_pab",
      "provider": "provider[\"registry.terraform.io/hashicorp/aws\"]",
      "instances": [
        {
          "schema_version": 0,
          "attributes": {
            "block_public_acls": true,
            "block_public_policy": true,
            "bucket": "reygas-express-frontend",
            "id": "reygas-express-frontend",
            "ignore_public_acls": true,
            "restrict_public_buckets": true
          },
          "sensitive_attributes": [],
          "private": "bnVsbA==",
          "dependencies": [
            "aws_s3_bucket.reygas_frontend_bucket"
          ]
        }
      ]
    },
    {
      "mode": "managed",
      "type": "aws_s3_bucket_server_side_encryption_configuration",
      "name": "analysis_bucket_encryption",
      "provider": "provider[\"registry.terraform.io/hashicorp/aws\"]",
      "instances": [
        {
          "schema_version": 0,
          "attributes": {
            "bucket": "reygas-express-analysis-dev",
            "expected_bucket_owner": "",
            "id": "reygas-express-analysis-dev",
            "rule": [
              {
                "apply_server_side_encryption_by_default": [
                  {
                    "kms_master_key_id": "",
                    "sse_algorithm": "AES256"
                  }
                ],
                "bucket_key_enabled": null
              }
            ]
          },
          "sensitive_attributes": [],
          "private": "bnVsbA==",
          "dependencies": [
            "aws_s3_bucket.reyGasExpress_analysis_bucket"
          ]
        }
      ]
    },
    {
      "mode": "managed",
      "type": "aws_s3_bucket_server_side_encryption_configuration",
      "name": "reports_bucket_encryption",
      "provider": "provider[\"registry.terraform.io/hashicorp/aws\"]",
      "instances": [
        {
          "schema_version": 0,
          "attributes": {
            "bucket": "reygas-express-reports",
            "expected_bucket_owner": "",
            "id": "reygas-express-reports",
            "rule": [
              {
                "apply_server_side_encryption_by_default": [
                  {
                    "kms_master_key_id": "",
                    "sse_algorithm": "AES256"
                  }
                ],
                "bucket_key_enabled": null
              }
            ]
          },
          "sensitive_attributes": [],
          "private": "bnVsbA==",
          "dependencies": [
            "aws_s3_bucket.reyGasExpress_reports_bucket"
          ]
        }
      ]
    },
    {
      "mode": "managed",
      "type": "aws_s3_bucket_server_side_encryption_configuration",
      "name": "reygas_failover_encryption",
      "provider": "provider[\"registry.terraform.io/hashicorp/aws\"]",
      "instances": [
        {
          "schema_version": 0,
          "attributes": {
            "bucket": "reygas-express-frontend-failover-dev",
            "expected_bucket_owner": "",
            "id": "reygas-express-frontend-failover-dev",
            "rule": [
              {
                "apply_server_side_encryption_by_default": [
                  {
                    "kms_master_key_id": "",
                    "sse_algorithm": "AES256"
                  }
                ],
                "bucket_key_enabled": null
              }
            ]
          },
          "sensitive_attributes": [],
          "private": "bnVsbA==",
          "dependencies": [
            "aws_s3_bucket.reygas_frontend_failover_bucket"
          ]
        }
      ]
    },
    {
      "mode": "managed",
      "type": "aws_s3_bucket_server_side_encryption_configuration",
      "name": "reygas_frontend_encryption",
      "provider": "provider[\"registry.terraform.io/hashicorp/aws\"]",
      "instances": [
        {
          "schema_version": 0,
          "attributes": {
            "bucket": "reygas-express-frontend",
            "expected_bucket_owner": "",
            "id": "reygas-express-frontend",
            "rule": [
              {
                "apply_server_side_encryption_by_default": [
                  {
                    "kms_master_key_id": "",
                    "sse_algorithm": "AES256"
                  }
                ],
                "bucket_key_enabled": null
              }
            ]
          },
          "sensitive_attributes": [],
          "private": "bnVsbA==",
          "dependencies": [
            "aws_s3_bucket.reygas_frontend_bucket"
          ]
        }
      ]
    },
    {
      "mode": "managed",
      "type": "aws_s3_bucket_versioning",
      "name": "reygas_failover_versioning",
      "provider": "provider[\"registry.terraform.io/hashicorp/aws\"]",
      "instances": [
        {
          "schema_version": 0,
          "attributes": {
            "bucket": "reygas-express-frontend-failover-dev",
            "expected_bucket_owner": "",
            "id": "reygas-express-frontend-failover-dev",
            "mfa": null,
            "versioning_configuration": [
              {
                "mfa_delete": "",
                "status": "Enabled"
              }
            ]
          },
          "sensitive_attributes": [],
          "private": "bnVsbA==",
          "dependencies": [
            "aws_s3_bucket.reygas_frontend_failover_bucket"
          ]
        }
      ]
    },
    {
      "mode": "managed",
      "type": "aws_s3_bucket_versioning",
      "name": "reygas_frontend_versioning",
      "provider": "provider[\"registry.terraform.io/hashicorp/aws\"]",
      "instances": [
        {
          "schema_version": 0,
          "attributes": {
            "bucket": "reygas-express-frontend",
            "expected_bucket_owner": "",
            "id": "reygas-express-frontend",
            "mfa": null,
            "versioning_configuration": [
              {
                "mfa_delete": "",
                "status": "Enabled"
              }
            ]
          },
          "sensitive_attributes": [],
          "private": "bnVsbA==",
          "dependencies": [
            "aws_s3_bucket.reygas_frontend_bucket"
          ]
        }
      ]
    },
    {
      "mode": "managed",
      "type": "aws_security_group",
      "name": "lambda_sg",
      "provider": "provider[\"registry.terraform.io/hashicorp/aws\"]",
      "instances": [
        {
          "schema_version": 1,
          "attributes": {
            "arn": "arn:aws:ec2:us-east-1:963527047110:security-group/sg-0b46de7d05ea46f50",
            "description": "Security group for ReyGasExpress Lambda functions",
            "egress": [
              {
                "cidr_blocks": [
                  "0.0.0.0/0"
                ],
                "description": "",
                "from_port": 0,
                "ipv6_cidr_blocks": [],
                "prefix_list_ids": [],
                "protocol": "-1",
                "security_groups": [],
                "self": false,
                "to_port": 0
              }
            ],
            "id": "sg-0b46de7d05ea46f50",
            "ingress": [],
            "name": "reygas-lambda-sg-dev",
            "name_prefix": "",
            "owner_id": "963527047110",
            "revoke_rules_on_delete": false,
            "tags": {
              "Application": "reyGasExpress",
              "Environment": "dev",
              "ManagedBy": "Terraform",
              "Name": "reygas-lambda-sg-dev"
            },
            "tags_all": {
              "Application": "reyGasExpress",
              "Environment": "dev",
              "ManagedBy": "Terraform",
              "Name": "reygas-lambda-sg-dev"
            },
            "timeouts": null,
            "vpc_id": "vpc-0c5233b951a886986"
          },
          "sensitive_attributes": [],
          "private": "eyJlMmJmYjczMC1lY2FhLTExZTYtOGY4OC0zNDM2M2JjN2M0YzAiOnsiY3JlYXRlIjo2MDAwMDAwMDAwMDAsImRlbGV0ZSI6OTAwMDAwMDAwMDAwfSwic2NoZW1hX3ZlcnNpb24iOiIxIn0=",
          "dependencies": [
            "aws_vpc.reygas_vpc"
          ]
        }
      ]
    },
    {
      "mode": "managed",
      "type": "aws_sns_topic",
      "name": "reyGasExpress_email_topic",
      "provider": "provider[\"registry.terraform.io/hashicorp/aws\"]",
      "instances": [
        {
          "schema_version": 0,
          "attributes": {
            "application_failure_feedback_role_arn": "",
            "application_success_feedback_role_arn": "",
            "application_success_feedback_sample_rate": 0,
            "archive_policy": "",
            "arn": "arn:aws:sns:us-east-1:963527047110:reyGasExpress-email-topic",
            "beginning_archive_time": "",
            "content_based_deduplication": false,
            "delivery_policy": "",
            "display_name": "",
            "fifo_throughput_scope": "",
            "fifo_topic": false,
            "firehose_failure_feedback_role_arn": "",
            "firehose_success_feedback_role_arn": "",
            "firehose_success_feedback_sample_rate": 0,
            "http_failure_feedback_role_arn": "",
            "http_success_feedback_role_arn": "",
            "http_success_feedback_sample_rate": 0,
            "id": "arn:aws:sns:us-east-1:963527047110:reyGasExpress-email-topic",
            "kms_master_key_id": "",
            "lambda_failure_feedback_role_arn": "",
            "lambda_success_feedback_role_arn": "",
            "lambda_success_feedback_sample_rate": 0,
            "name": "reyGasExpress-email-topic",
            "name_prefix": "",
            "owner": "963527047110",
            "policy": "{\"Id\":\"__default_policy_ID\",\"Statement\":[{\"Action\":[\"SNS:GetTopicAttributes\",\"SNS:SetTopicAttributes\",\"SNS:AddPermission\",\"SNS:RemovePermission\",\"SNS:DeleteTopic\",\"SNS:Subscribe\",\"SNS:ListSubscriptionsByTopic\",\"SNS:Publish\"],\"Condition\":{\"StringEquals\":{\"AWS:SourceOwner\":\"963527047110\"}},\"Effect\":\"Allow\",\"Principal\":{\"AWS\":\"*\"},\"Resource\":\"arn:aws:sns:us-east-1:963527047110:reyGasExpress-email-topic\",\"Sid\":\"__default_statement_ID\"}],\"Version\":\"2008-10-17\"}",
            "signature_version": 0,
            "sqs_failure_feedback_role_arn": "",
            "sqs_success_feedback_role_arn": "",
            "sqs_success_feedback_sample_rate": 0,
            "tags": {
              "Application": "reyGasExpress",
              "Environment": "dev",
              "ManagedBy": "Terraform"
            },
            "tags_all": {
              "Application": "reyGasExpress",
              "Environment": "dev",
              "ManagedBy": "Terraform"
            },
            "tracing_config": ""
          },
          "sensitive_attributes": [],
          "private": "bnVsbA==",
          "create_before_destroy": true
        }
      ]
    },
    {
      "mode": "managed",
      "type": "aws_sns_topic",
      "name": "reyGasExpress_reports_topic",
      "provider": "provider[\"registry.terraform.io/hashicorp/aws\"]",
      "instances": [
        {
          "schema_version": 0,
          "attributes": {
            "application_failure_feedback_role_arn": "",
            "application_success_feedback_role_arn": "",
            "application_success_feedback_sample_rate": 0,
            "archive_policy": "",
            "arn": "arn:aws:sns:us-east-1:963527047110:reyGasExpress-reports-topic-dev",
            "beginning_archive_time": "",
            "content_based_deduplication": false,
            "delivery_policy": "",
            "display_name": "",
            "fifo_throughput_scope": "",
            "fifo_topic": false,
            "firehose_failure_feedback_role_arn": "",
            "firehose_success_feedback_role_arn": "",
            "firehose_success_feedback_sample_rate": 0,
            "http_failure_feedback_role_arn": "",
            "http_success_feedback_role_arn": "",
            "http_success_feedback_sample_rate": 0,
            "id": "arn:aws:sns:us-east-1:963527047110:reyGasExpress-reports-topic-dev",
            "kms_master_key_id": "",
            "lambda_failure_feedback_role_arn": "",
            "lambda_success_feedback_role_arn": "",
            "lambda_success_feedback_sample_rate": 0,
            "name": "reyGasExpress-reports-topic-dev",
            "name_prefix": "",
            "owner": "963527047110",
            "policy": "{\"Id\":\"__default_policy_ID\",\"Statement\":[{\"Action\":[\"SNS:GetTopicAttributes\",\"SNS:SetTopicAttributes\",\"SNS:AddPermission\",\"SNS:RemovePermission\",\"SNS:DeleteTopic\",\"SNS:Subscribe\",\"SNS:ListSubscriptionsByTopic\",\"SNS:Publish\"],\"Condition\":{\"StringEquals\":{\"AWS:SourceOwner\":\"963527047110\"}},\"Effect\":\"Allow\",\"Principal\":{\"AWS\":\"*\"},\"Resource\":\"arn:aws:sns:us-east-1:963527047110:reyGasExpress-reports-topic-dev\",\"Sid\":\"__default_statement_ID\"}],\"Version\":\"2008-10-17\"}",
            "signature_version": 0,
            "sqs_failure_feedback_role_arn": "",
            "sqs_success_feedback_role_arn": "",
            "sqs_success_feedback_sample_rate": 0,
            "tags": {
              "Application": "reyGasExpress",
              "Environment": "dev",
              "ManagedBy": "Terraform"
            },
            "tags_all": {
              "Application": "reyGasExpress",
              "Environment": "dev",
              "ManagedBy": "Terraform"
            },
            "tracing_config": ""
          },
          "sensitive_attributes": [],
          "private": "bnVsbA==",
          "create_before_destroy": true
        }
      ]
    },
    {
      "mode": "managed",
      "type": "aws_sns_topic_subscription",
      "name": "generate_report_lambda_sns_subscription",
      "provider": "provider[\"registry.terraform.io/hashicorp/aws\"]",
      "instances": [
        {
          "schema_version": 0,
          "attributes": {
            "arn": "arn:aws:sns:us-east-1:963527047110:reyGasExpress-reports-topic-dev:b4ab36d2-36af-4da5-b24d-0ff6976b49d4",
            "confirmation_timeout_in_minutes": 1,
            "confirmation_was_authenticated": true,
            "delivery_policy": "",
            "endpoint": "arn:aws:lambda:us-east-1:963527047110:function:reyGasExpress-generateReport-dev",
            "endpoint_auto_confirms": false,
            "filter_policy": "",
            "filter_policy_scope": "",
            "id": "arn:aws:sns:us-east-1:963527047110:reyGasExpress-reports-topic-dev:b4ab36d2-36af-4da5-b24d-0ff6976b49d4",
            "owner_id": "963527047110",
            "pending_confirmation": false,
            "protocol": "lambda",
            "raw_message_delivery": false,
            "redrive_policy": "",
            "replay_policy": "",
            "subscription_role_arn": "",
            "topic_arn": "arn:aws:sns:us-east-1:963527047110:reyGasExpress-reports-topic-dev"
          },
          "sensitive_attributes": [],
          "private": "bnVsbA==",
          "dependencies": [
            "aws_iam_role.lambda_execution_role",
            "aws_lambda_function.generate_report_lambda",
            "aws_s3_bucket.reyGasExpress_analysis_bucket",
            "aws_s3_bucket.reyGasExpress_reports_bucket",
            "aws_sns_topic.reyGasExpress_email_topic",
            "aws_sns_topic.reyGasExpress_reports_topic",
            "aws_sqs_queue.reyGasExpress_dlq"
          ]
        }
      ]
    },
    {
      "mode": "managed",
      "type": "aws_sns_topic_subscription",
      "name": "send_email_report_lambda_sns_subscription",
      "provider": "provider[\"registry.terraform.io/hashicorp/aws\"]",
      "instances": [
        {
          "schema_version": 0,
          "attributes": {
            "arn": "arn:aws:sns:us-east-1:963527047110:reyGasExpress-email-topic:fa1ae3fa-4ed4-4f1a-8a5a-d04f56aca07d",
            "confirmation_timeout_in_minutes": 1,
            "confirmation_was_authenticated": true,
            "delivery_policy": "",
            "endpoint": "arn:aws:lambda:us-east-1:963527047110:function:reyGasExpress-sendEmailReport-dev",
            "endpoint_auto_confirms": false,
            "filter_policy": "",
            "filter_policy_scope": "",
            "id": "arn:aws:sns:us-east-1:963527047110:reyGasExpress-email-topic:fa1ae3fa-4ed4-4f1a-8a5a-d04f56aca07d",
            "owner_id": "963527047110",
            "pending_confirmation": false,
            "protocol": "lambda",
            "raw_message_delivery": false,
            "redrive_policy": "",
            "replay_policy": "",
            "subscription_role_arn": "",
            "topic_arn": "arn:aws:sns:us-east-1:963527047110:reyGasExpress-email-topic"
          },
          "sensitive_attributes": [],
          "private": "bnVsbA==",
          "dependencies": [
            "aws_iam_role.lambda_execution_role",
            "aws_lambda_function.send_email_report_lambda",
            "aws_s3_bucket.reyGasExpress_reports_bucket",
            "aws_sns_topic.reyGasExpress_email_topic",
            "aws_sqs_queue.reyGasExpress_dlq"
          ]
        }
      ]
    },
    {
      "mode": "managed",
      "type": "aws_sqs_queue",
      "name": "reyGasExpress_dlq",
      "provider": "provider[\"registry.terraform.io/hashicorp/aws\"]",
      "instances": [
        {
          "schema_version": 0,
          "attributes": {
            "arn": "arn:aws:sqs:us-east-1:963527047110:reyGasExpress-registerOrder-dlq-dev",
            "content_based_deduplication": false,
            "deduplication_scope": "",
            "delay_seconds": 0,
            "fifo_queue": false,
            "fifo_throughput_limit": "",
            "id": "https://sqs.us-east-1.amazonaws.com/963527047110/reyGasExpress-registerOrder-dlq-dev",
            "kms_data_key_reuse_period_seconds": 300,
            "kms_master_key_id": "",
            "max_message_size": 262144,
            "message_retention_seconds": 345600,
            "name": "reyGasExpress-registerOrder-dlq-dev",
            "name_prefix": "",
            "policy": "",
            "receive_wait_time_seconds": 0,
            "redrive_allow_policy": "",
            "redrive_policy": "",
            "sqs_managed_sse_enabled": true,
            "tags": {
              "Application": "reyGasExpress",
              "Environment": "dev"
            },
            "tags_all": {
              "Application": "reyGasExpress",
              "Environment": "dev"
            },
            "timeouts": null,
            "url": "https://sqs.us-east-1.amazonaws.com/963527047110/reyGasExpress-registerOrder-dlq-dev",
            "visibility_timeout_seconds": 30
          },
          "sensitive_attributes": [],
          "private": "eyJlMmJmYjczMC1lY2FhLTExZTYtOGY4OC0zNDM2M2JjN2M0YzAiOnsiY3JlYXRlIjoxODAwMDAwMDAwMDAsImRlbGV0ZSI6MTgwMDAwMDAwMDAwLCJ1cGRhdGUiOjE4MDAwMDAwMDAwMH19",
          "create_before_destroy": true
        }
      ]
    },
    {
      "mode": "managed",
      "type": "aws_sqs_queue",
      "name": "reyGasExpress_order_dlq",
      "provider": "provider[\"registry.terraform.io/hashicorp/aws\"]",
      "instances": [
        {
          "schema_version": 0,
          "attributes": {
            "arn": "arn:aws:sqs:us-east-1:963527047110:reyGasExpress-order-dlq-dev",
            "content_based_deduplication": false,
            "deduplication_scope": "",
            "delay_seconds": 0,
            "fifo_queue": false,
            "fifo_throughput_limit": "",
            "id": "https://sqs.us-east-1.amazonaws.com/963527047110/reyGasExpress-order-dlq-dev",
            "kms_data_key_reuse_period_seconds": 300,
            "kms_master_key_id": "",
            "max_message_size": 262144,
            "message_retention_seconds": 1209600,
            "name": "reyGasExpress-order-dlq-dev",
            "name_prefix": "",
            "policy": "",
            "receive_wait_time_seconds": 0,
            "redrive_allow_policy": "",
            "redrive_policy": "",
            "sqs_managed_sse_enabled": true,
            "tags": {
              "Application": "reyGasExpress",
              "Environment": "dev",
              "ManagedBy": "Terraform"
            },
            "tags_all": {
              "Application": "reyGasExpress",
              "Environment": "dev",
              "ManagedBy": "Terraform"
            },
            "timeouts": null,
            "url": "https://sqs.us-east-1.amazonaws.com/963527047110/reyGasExpress-order-dlq-dev",
            "visibility_timeout_seconds": 30
          },
          "sensitive_attributes": [],
          "private": "eyJlMmJmYjczMC1lY2FhLTExZTYtOGY4OC0zNDM2M2JjN2M0YzAiOnsiY3JlYXRlIjoxODAwMDAwMDAwMDAsImRlbGV0ZSI6MTgwMDAwMDAwMDAwLCJ1cGRhdGUiOjE4MDAwMDAwMDAwMH19"
        }
      ]
    },
    {
      "mode": "managed",
      "type": "aws_sqs_queue",
      "name": "reyGasExpress_order_queue",
      "provider": "provider[\"registry.terraform.io/hashicorp/aws\"]",
      "instances": [
        {
          "schema_version": 0,
          "attributes": {
            "arn": "arn:aws:sqs:us-east-1:963527047110:reyGasExpress-order-queue-dev",
            "content_based_deduplication": false,
            "deduplication_scope": "",
            "delay_seconds": 0,
            "fifo_queue": false,
            "fifo_throughput_limit": "",
            "id": "https://sqs.us-east-1.amazonaws.com/963527047110/reyGasExpress-order-queue-dev",
            "kms_data_key_reuse_period_seconds": 300,
            "kms_master_key_id": "",
            "max_message_size": 262144,
            "message_retention_seconds": 345600,
            "name": "reyGasExpress-order-queue-dev",
            "name_prefix": "",
            "policy": "",
            "receive_wait_time_seconds": 0,
            "redrive_allow_policy": "",
            "redrive_policy": "",
            "sqs_managed_sse_enabled": true,
            "tags": {
              "Application": "reyGasExpress",
              "Environment": "dev",
              "ManagedBy": "Terraform"
            },
            "tags_all": {
              "Application": "reyGasExpress",
              "Environment": "dev",
              "ManagedBy": "Terraform"
            },
            "timeouts": null,
            "url": "https://sqs.us-east-1.amazonaws.com/963527047110/reyGasExpress-order-queue-dev",
            "visibility_timeout_seconds": 60
          },
          "sensitive_attributes": [],
          "private": "eyJlMmJmYjczMC1lY2FhLTExZTYtOGY4OC0zNDM2M2JjN2M0YzAiOnsiY3JlYXRlIjoxODAwMDAwMDAwMDAsImRlbGV0ZSI6MTgwMDAwMDAwMDAwLCJ1cGRhdGUiOjE4MDAwMDAwMDAwMH19",
          "create_before_destroy": true
        }
      ]
    },
    {
      "mode": "managed",
      "type": "aws_sqs_queue_redrive_policy",
      "name": "reyGasExpress_order_queue_redrive",
      "provider": "provider[\"registry.terraform.io/hashicorp/aws\"]",
      "instances": [
        {
          "schema_version": 0,
          "attributes": {
            "id": "https://sqs.us-east-1.amazonaws.com/963527047110/reyGasExpress-order-queue-dev",
            "queue_url": "https://sqs.us-east-1.amazonaws.com/963527047110/reyGasExpress-order-queue-dev",
            "redrive_policy": "{\"deadLetterTargetArn\":\"arn:aws:sqs:us-east-1:963527047110:reyGasExpress-order-dlq-dev\",\"maxReceiveCount\":5}"
          },
          "sensitive_attributes": [],
          "private": "bnVsbA==",
          "dependencies": [
            "aws_sqs_queue.reyGasExpress_order_dlq",
            "aws_sqs_queue.reyGasExpress_order_queue"
          ]
        }
      ]
    },
    {
      "mode": "managed",
      "type": "aws_subnet",
      "name": "lambda_subnet_1",
      "provider": "provider[\"registry.terraform.io/hashicorp/aws\"]",
      "instances": [
        {
          "schema_version": 1,
          "attributes": {
            "arn": "arn:aws:ec2:us-east-1:963527047110:subnet/subnet-0e9c9d7db0c66d950",
            "assign_ipv6_address_on_creation": false,
            "availability_zone": "us-east-1a",
            "availability_zone_id": "use1-az2",
            "cidr_block": "10.0.1.0/24",
            "customer_owned_ipv4_pool": "",
            "enable_dns64": false,
            "enable_lni_at_device_index": 0,
            "enable_resource_name_dns_a_record_on_launch": false,
            "enable_resource_name_dns_aaaa_record_on_launch": false,
            "id": "subnet-0e9c9d7db0c66d950",
            "ipv6_cidr_block": "",
            "ipv6_cidr_block_association_id": "",
            "ipv6_native": false,
            "map_customer_owned_ip_on_launch": false,
            "map_public_ip_on_launch": false,
            "outpost_arn": "",
            "owner_id": "963527047110",
            "private_dns_hostname_type_on_launch": "ip-name",
            "tags": {
              "Application": "reyGasExpress",
              "Environment": "dev",
              "ManagedBy": "Terraform",
              "Name": "lambda-subnet-1-dev"
            },
            "tags_all": {
              "Application": "reyGasExpress",
              "Environment": "dev",
              "ManagedBy": "Terraform",
              "Name": "lambda-subnet-1-dev"
            },
            "timeouts": null,
            "vpc_id": "vpc-0c5233b951a886986"
          },
          "sensitive_attributes": [],
          "private": "eyJlMmJmYjczMC1lY2FhLTExZTYtOGY4OC0zNDM2M2JjN2M0YzAiOnsiY3JlYXRlIjo2MDAwMDAwMDAwMDAsImRlbGV0ZSI6MTIwMDAwMDAwMDAwMH0sInNjaGVtYV92ZXJzaW9uIjoiMSJ9",
          "dependencies": [
            "aws_vpc.reygas_vpc"
          ]
        }
      ]
    },
    {
      "mode": "managed",
      "type": "aws_subnet",
      "name": "lambda_subnet_2",
      "provider": "provider[\"registry.terraform.io/hashicorp/aws\"]",
      "instances": [
        {
          "schema_version": 1,
          "attributes": {
            "arn": "arn:aws:ec2:us-east-1:963527047110:subnet/subnet-0b9001efe1232edf9",
            "assign_ipv6_address_on_creation": false,
            "availability_zone": "us-east-1b",
            "availability_zone_id": "use1-az4",
            "cidr_block": "10.0.2.0/24",
            "customer_owned_ipv4_pool": "",
            "enable_dns64": false,
            "enable_lni_at_device_index": 0,
            "enable_resource_name_dns_a_record_on_launch": false,
            "enable_resource_name_dns_aaaa_record_on_launch": false,
            "id": "subnet-0b9001efe1232edf9",
            "ipv6_cidr_block": "",
            "ipv6_cidr_block_association_id": "",
            "ipv6_native": false,
            "map_customer_owned_ip_on_launch": false,
            "map_public_ip_on_launch": false,
            "outpost_arn": "",
            "owner_id": "963527047110",
            "private_dns_hostname_type_on_launch": "ip-name",
            "tags": {
              "Application": "reyGasExpress",
              "Environment": "dev",
              "ManagedBy": "Terraform",
              "Name": "lambda-subnet-2-dev"
            },
            "tags_all": {
              "Application": "reyGasExpress",
              "Environment": "dev",
              "ManagedBy": "Terraform",
              "Name": "lambda-subnet-2-dev"
            },
            "timeouts": null,
            "vpc_id": "vpc-0c5233b951a886986"
          },
          "sensitive_attributes": [],
          "private": "eyJlMmJmYjczMC1lY2FhLTExZTYtOGY4OC0zNDM2M2JjN2M0YzAiOnsiY3JlYXRlIjo2MDAwMDAwMDAwMDAsImRlbGV0ZSI6MTIwMDAwMDAwMDAwMH0sInNjaGVtYV92ZXJzaW9uIjoiMSJ9",
          "dependencies": [
            "aws_vpc.reygas_vpc"
          ]
        }
      ]
    },
    {
      "mode": "managed",
      "type": "aws_subnet",
      "name": "public_subnet",
      "provider": "provider[\"registry.terraform.io/hashicorp/aws\"]",
      "instances": [
        {
          "schema_version": 1,
          "attributes": {
            "arn": "arn:aws:ec2:us-east-1:963527047110:subnet/subnet-0a9cc9d46c27b8adf",
            "assign_ipv6_address_on_creation": false,
            "availability_zone": "us-east-1a",
            "availability_zone_id": "use1-az2",
            "cidr_block": "10.0.3.0/24",
            "customer_owned_ipv4_pool": "",
            "enable_dns64": false,
            "enable_lni_at_device_index": 0,
            "enable_resource_name_dns_a_record_on_launch": false,
            "enable_resource_name_dns_aaaa_record_on_launch": false,
            "id": "subnet-0a9cc9d46c27b8adf",
            "ipv6_cidr_block": "",
            "ipv6_cidr_block_association_id": "",
            "ipv6_native": false,
            "map_customer_owned_ip_on_launch": false,
            "map_public_ip_on_launch": false,
            "outpost_arn": "",
            "owner_id": "963527047110",
            "private_dns_hostname_type_on_launch": "ip-name",
            "tags": {
              "Environment": "dev",
              "Name": "public-subnet-dev"
            },
            "tags_all": {
              "Environment": "dev",
              "Name": "public-subnet-dev"
            },
            "timeouts": null,
            "vpc_id": "vpc-0c5233b951a886986"
          },
          "sensitive_attributes": [],
          "private": "eyJlMmJmYjczMC1lY2FhLTExZTYtOGY4OC0zNDM2M2JjN2M0YzAiOnsiY3JlYXRlIjo2MDAwMDAwMDAwMDAsImRlbGV0ZSI6MTIwMDAwMDAwMDAwMH0sInNjaGVtYV92ZXJzaW9uIjoiMSJ9",
          "dependencies": [
            "aws_vpc.reygas_vpc"
          ]
        }
      ]
    },
    {
      "mode": "managed",
      "type": "aws_vpc",
      "name": "reygas_vpc",
      "provider": "provider[\"registry.terraform.io/hashicorp/aws\"]",
      "instances": [
        {
          "schema_version": 1,
          "attributes": {
            "arn": "arn:aws:ec2:us-east-1:963527047110:vpc/vpc-0c5233b951a886986",
            "assign_generated_ipv6_cidr_block": false,
            "cidr_block": "10.0.0.0/16",
            "default_network_acl_id": "acl-048ff4007dc763d06",
            "default_route_table_id": "rtb-07c6138c3b58936b3",
            "default_security_group_id": "sg-0e4af1c0ecaf21bee",
            "dhcp_options_id": "dopt-0a98db86722142d75",
            "enable_dns_hostnames": true,
            "enable_dns_support": true,
            "enable_network_address_usage_metrics": false,
            "id": "vpc-0c5233b951a886986",
            "instance_tenancy": "default",
            "ipv4_ipam_pool_id": null,
            "ipv4_netmask_length": null,
            "ipv6_association_id": "",
            "ipv6_cidr_block": "",
            "ipv6_cidr_block_network_border_group": "",
            "ipv6_ipam_pool_id": "",
            "ipv6_netmask_length": 0,
            "main_route_table_id": "rtb-07c6138c3b58936b3",
            "owner_id": "963527047110",
            "tags": {
              "Application": "reyGasExpress",
              "Environment": "dev",
              "ManagedBy": "Terraform",
              "Name": "reygas-vpc-dev"
            },
            "tags_all": {
              "Application": "reyGasExpress",
              "Environment": "dev",
              "ManagedBy": "Terraform",
              "Name": "reygas-vpc-dev"
            }
          },
          "sensitive_attributes": [],
          "private": "eyJzY2hlbWFfdmVyc2lvbiI6IjEifQ=="
        }
      ]
    },
    {
      "mode": "managed",
      "type": "aws_vpc_endpoint",
      "name": "cloudwatch_endpoint",
      "provider": "provider[\"registry.terraform.io/hashicorp/aws\"]",
      "instances": [
        {
          "schema_version": 0,
          "attributes": {
            "arn": "arn:aws:ec2:us-east-1:963527047110:vpc-endpoint/vpce-0d841a8dfaaa32651",
            "auto_accept": null,
            "cidr_blocks": [],
            "dns_entry": [
              {
                "dns_name": "vpce-0d841a8dfaaa32651-8a9eomkm.monitoring.us-east-1.vpce.amazonaws.com",
                "hosted_zone_id": "Z7HUB22UULQXV"
              },
              {
                "dns_name": "vpce-0d841a8dfaaa32651-8a9eomkm-us-east-1b.monitoring.us-east-1.vpce.amazonaws.com",
                "hosted_zone_id": "Z7HUB22UULQXV"
              },
              {
                "dns_name": "vpce-0d841a8dfaaa32651-8a9eomkm-us-east-1a.monitoring.us-east-1.vpce.amazonaws.com",
                "hosted_zone_id": "Z7HUB22UULQXV"
              },
              {
                "dns_name": "monitoring.us-east-1.amazonaws.com",
                "hosted_zone_id": "Z03476312EKRNSICHB4L7"
              },
              {
                "dns_name": "monitoring.us-east-1.api.aws",
                "hosted_zone_id": "Z00677933VEP2P96D2RZP"
              }
            ],
            "dns_options": [
              {
                "dns_record_ip_type": "ipv4",
                "private_dns_only_for_inbound_resolver_endpoint": false
              }
            ],
            "id": "vpce-0d841a8dfaaa32651",
            "ip_address_type": "ipv4",
            "network_interface_ids": [
              "eni-0803d98553ac77d81",
              "eni-0fcf6061bda4f2861"
            ],
            "owner_id": "963527047110",
            "policy": "{\"Statement\":[{\"Action\":\"*\",\"Effect\":\"Allow\",\"Principal\":\"*\",\"Resource\":\"*\"}]}",
            "prefix_list_id": null,
            "private_dns_enabled": true,
            "requester_managed": false,
            "resource_configuration_arn": "",
            "route_table_ids": [],
            "security_group_ids": [
              "sg-0b46de7d05ea46f50"
            ],
            "service_name": "com.amazonaws.us-east-1.monitoring",
            "service_network_arn": "",
            "service_region": "us-east-1",
            "state": "available",
            "subnet_configuration": [
              {
                "ipv4": "10.0.1.166",
                "ipv6": "",
                "subnet_id": "subnet-0e9c9d7db0c66d950"
              },
              {
                "ipv4": "10.0.2.80",
                "ipv6": "",
                "subnet_id": "subnet-0b9001efe1232edf9"
              }
            ],
            "subnet_ids": [
              "subnet-0b9001efe1232edf9",
              "subnet-0e9c9d7db0c66d950"
            ],
            "tags": {
              "Name": "cloudwatch-endpoint-dev"
            },
            "tags_all": {
              "Name": "cloudwatch-endpoint-dev"
            },
            "timeouts": null,
            "vpc_endpoint_type": "Interface",
            "vpc_id": "vpc-0c5233b951a886986"
          },
          "sensitive_attributes": [],
          "private": "eyJlMmJmYjczMC1lY2FhLTExZTYtOGY4OC0zNDM2M2JjN2M0YzAiOnsiY3JlYXRlIjo2MDAwMDAwMDAwMDAsImRlbGV0ZSI6NjAwMDAwMDAwMDAwLCJ1cGRhdGUiOjYwMDAwMDAwMDAwMH19",
          "dependencies": [
            "aws_security_group.lambda_sg",
            "aws_subnet.lambda_subnet_1",
            "aws_subnet.lambda_subnet_2",
            "aws_vpc.reygas_vpc"
          ]
        }
      ]
    },
    {
      "mode": "managed",
      "type": "aws_vpc_endpoint",
      "name": "sqs_endpoint",
      "provider": "provider[\"registry.terraform.io/hashicorp/aws\"]",
      "instances": [
        {
          "schema_version": 0,
          "attributes": {
            "arn": "arn:aws:ec2:us-east-1:963527047110:vpc-endpoint/vpce-013a5b253c426c9ab",
            "auto_accept": null,
            "cidr_blocks": [],
            "dns_entry": [
              {
                "dns_name": "vpce-013a5b253c426c9ab-aj3skog2.sqs.us-east-1.vpce.amazonaws.com",
                "hosted_zone_id": "Z7HUB22UULQXV"
              },
              {
                "dns_name": "vpce-013a5b253c426c9ab-aj3skog2-us-east-1b.sqs.us-east-1.vpce.amazonaws.com",
                "hosted_zone_id": "Z7HUB22UULQXV"
              },
              {
                "dns_name": "vpce-013a5b253c426c9ab-aj3skog2-us-east-1a.sqs.us-east-1.vpce.amazonaws.com",
                "hosted_zone_id": "Z7HUB22UULQXV"
              },
              {
                "dns_name": "sqs.us-east-1.amazonaws.com",
                "hosted_zone_id": "Z0348157206KV2UO2PTD2"
              },
              {
                "dns_name": "sqs.us-east-1.api.aws",
                "hosted_zone_id": "Z00664722HX0CCLND5I0P"
              }
            ],
            "dns_options": [
              {
                "dns_record_ip_type": "ipv4",
                "private_dns_only_for_inbound_resolver_endpoint": false
              }
            ],
            "id": "vpce-013a5b253c426c9ab",
            "ip_address_type": "ipv4",
            "network_interface_ids": [
              "eni-018c49eb249f5f7d4",
              "eni-042ba154ea7d2a37c"
            ],
            "owner_id": "963527047110",
            "policy": "{\"Statement\":[{\"Action\":\"*\",\"Effect\":\"Allow\",\"Principal\":\"*\",\"Resource\":\"*\"}]}",
            "prefix_list_id": null,
            "private_dns_enabled": true,
            "requester_managed": false,
            "resource_configuration_arn": "",
            "route_table_ids": [],
            "security_group_ids": [
              "sg-0b46de7d05ea46f50"
            ],
            "service_name": "com.amazonaws.us-east-1.sqs",
            "service_network_arn": "",
            "service_region": "us-east-1",
            "state": "available",
            "subnet_configuration": [
              {
                "ipv4": "10.0.1.187",
                "ipv6": "",
                "subnet_id": "subnet-0e9c9d7db0c66d950"
              },
              {
                "ipv4": "10.0.2.157",
                "ipv6": "",
                "subnet_id": "subnet-0b9001efe1232edf9"
              }
            ],
            "subnet_ids": [
              "subnet-0b9001efe1232edf9",
              "subnet-0e9c9d7db0c66d950"
            ],
            "tags": {
              "Name": "sqs-endpoint-dev"
            },
            "tags_all": {
              "Name": "sqs-endpoint-dev"
            },
            "timeouts": null,
            "vpc_endpoint_type": "Interface",
            "vpc_id": "vpc-0c5233b951a886986"
          },
          "sensitive_attributes": [],
          "private": "eyJlMmJmYjczMC1lY2FhLTExZTYtOGY4OC0zNDM2M2JjN2M0YzAiOnsiY3JlYXRlIjo2MDAwMDAwMDAwMDAsImRlbGV0ZSI6NjAwMDAwMDAwMDAwLCJ1cGRhdGUiOjYwMDAwMDAwMDAwMH19",
          "dependencies": [
            "aws_security_group.lambda_sg",
            "aws_subnet.lambda_subnet_1",
            "aws_subnet.lambda_subnet_2",
            "aws_vpc.reygas_vpc"
          ]
        }
      ]
    },
    {
      "mode": "managed",
      "type": "aws_wafv2_web_acl",
      "name": "reyGasExpress_waf",
      "provider": "provider[\"registry.terraform.io/hashicorp/aws\"].us_east_1",
      "instances": [
        {
          "schema_version": 0,
          "attributes": {
            "application_integration_url": "",
            "arn": "arn:aws:wafv2:us-east-1:963527047110:global/webacl/reyGasExpress-web-acl/013a9f67-3715-4ff6-910d-50ddd38e2374",
            "association_config": [],
            "capacity": 903,
            "captcha_config": [],
            "challenge_config": [],
            "custom_response_body": [],
            "data_protection_config": [],
            "default_action": [
              {
                "allow": [
                  {
                    "custom_request_handling": []
                  }
                ],
                "block": []
              }
            ],
            "description": "",
            "id": "013a9f67-3715-4ff6-910d-50ddd38e2374",
            "lock_token": "a82081ad-89ae-4b51-b40b-13691a1a133d",
            "name": "reyGasExpress-web-acl",
            "name_prefix": "",
            "rule": [
              {
                "action": [
                  {
                    "allow": [],
                    "block": [
                      {
                        "custom_response": []
                      }
                    ],
                    "captcha": [],
                    "challenge": [],
                    "count": []
                  }
                ],
                "captcha_config": [],
                "challenge_config": [],
                "name": "GeoRestrictionRule",
                "override_action": [],
                "priority": 1,
                "rule_label": [],
                "statement": [
                  {
                    "and_statement": [],
                    "byte_match_statement": [],
                    "geo_match_statement": [],
                    "ip_set_reference_statement": [],
                    "label_match_statement": [],
                    "managed_rule_group_statement": [],
                    "not_statement": [
                      {
                        "statement": [
                          {
                            "and_statement": [],
                            "byte_match_statement": [],
                            "geo_match_statement": [
                              {
                                "country_codes": [
                                  "PE"
                                ],
                                "forwarded_ip_config": []
                              }
                            ],
                            "ip_set_reference_statement": [],
                            "label_match_statement": [],
                            "not_statement": [],
                            "or_statement": [],
                            "regex_match_statement": [],
                            "regex_pattern_set_reference_statement": [],
                            "size_constraint_statement": [],
                            "sqli_match_statement": [],
                            "xss_match_statement": []
                          }
                        ]
                      }
                    ],
                    "or_statement": [],
                    "rate_based_statement": [],
                    "regex_match_statement": [],
                    "regex_pattern_set_reference_statement": [],
                    "rule_group_reference_statement": [],
                    "size_constraint_statement": [],
                    "sqli_match_statement": [],
                    "xss_match_statement": []
                  }
                ],
                "visibility_config": [
                  {
                    "cloudwatch_metrics_enabled": true,
                    "metric_name": "GeoRestrictionRule",
                    "sampled_requests_enabled": true
                  }
                ]
              },
              {
                "action": [
                  {
                    "allow": [],
                    "block": [
                      {
                        "custom_response": []
                      }
                    ],
                    "captcha": [],
                    "challenge": [],
                    "count": []
                  }
                ],
                "captcha_config": [],
                "challenge_config": [],
                "name": "RateLimitRule",
                "override_action": [],
                "priority": 5,
                "rule_label": [],
                "statement": [
                  {
                    "and_statement": [],
                    "byte_match_statement": [],
                    "geo_match_statement": [],
                    "ip_set_reference_statement": [],
                    "label_match_statement": [],
                    "managed_rule_group_statement": [],
                    "not_statement": [],
                    "or_statement": [],
                    "rate_based_statement": [
                      {
                        "aggregate_key_type": "IP",
                        "custom_key": [],
                        "evaluation_window_sec": 300,
                        "forwarded_ip_config": [],
                        "limit": 2000,
                        "scope_down_statement": []
                      }
                    ],
                    "regex_match_statement": [],
                    "regex_pattern_set_reference_statement": [],
                    "rule_group_reference_statement": [],
                    "size_constraint_statement": [],
                    "sqli_match_statement": [],
                    "xss_match_statement": []
                  }
                ],
                "visibility_config": [
                  {
                    "cloudwatch_metrics_enabled": true,
                    "metric_name": "RateLimitRule",
                    "sampled_requests_enabled": true
                  }
                ]
              },
              {
                "action": [],
                "captcha_config": [],
                "challenge_config": [],
                "name": "AWS-ManagedRulesCommonRuleSet",
                "override_action": [
                  {
                    "count": [],
                    "none": [
                      {}
                    ]
                  }
                ],
                "priority": 10,
                "rule_label": [],
                "statement": [
                  {
                    "and_statement": [],
                    "byte_match_statement": [],
                    "geo_match_statement": [],
                    "ip_set_reference_statement": [],
                    "label_match_statement": [],
                    "managed_rule_group_statement": [
                      {
                        "managed_rule_group_configs": [],
                        "name": "AWSManagedRulesCommonRuleSet",
                        "rule_action_override": [],
                        "scope_down_statement": [],
                        "vendor_name": "AWS",
                        "version": ""
                      }
                    ],
                    "not_statement": [],
                    "or_statement": [],
                    "rate_based_statement": [],
                    "regex_match_statement": [],
                    "regex_pattern_set_reference_statement": [],
                    "rule_group_reference_statement": [],
                    "size_constraint_statement": [],
                    "sqli_match_statement": [],
                    "xss_match_statement": []
                  }
                ],
                "visibility_config": [
                  {
                    "cloudwatch_metrics_enabled": true,
                    "metric_name": "AWSCommonRulesMetric",
                    "sampled_requests_enabled": true
                  }
                ]
              },
              {
                "action": [],
                "captcha_config": [],
                "challenge_config": [],
                "name": "AWSManagedRulesKnownBadInputsRule",
                "override_action": [
                  {
                    "count": [],
                    "none": [
                      {}
                    ]
                  }
                ],
                "priority": 15,
                "rule_label": [],
                "statement": [
                  {
                    "and_statement": [],
                    "byte_match_statement": [],
                    "geo_match_statement": [],
                    "ip_set_reference_statement": [],
                    "label_match_statement": [],
                    "managed_rule_group_statement": [
                      {
                        "managed_rule_group_configs": [],
                        "name": "AWSManagedRulesKnownBadInputsRuleSet",
                        "rule_action_override": [],
                        "scope_down_statement": [],
                        "vendor_name": "AWS",
                        "version": ""
                      }
                    ],
                    "not_statement": [],
                    "or_statement": [],
                    "rate_based_statement": [],
                    "regex_match_statement": [],
                    "regex_pattern_set_reference_statement": [],
                    "rule_group_reference_statement": [],
                    "size_constraint_statement": [],
                    "sqli_match_statement": [],
                    "xss_match_statement": []
                  }
                ],
                "visibility_config": [
                  {
                    "cloudwatch_metrics_enabled": true,
                    "metric_name": "log4shellProtection",
                    "sampled_requests_enabled": true
                  }
                ]
              }
            ],
            "rule_json": null,
            "scope": "CLOUDFRONT",
            "tags": {
              "Application": "reyGasExpress",
              "Environment": "dev",
              "ManagedBy": "Terraform"
            },
            "tags_all": {
              "Application": "reyGasExpress",
              "Environment": "dev",
              "ManagedBy": "Terraform"
            },
            "token_domains": null,
            "visibility_config": [
              {
                "cloudwatch_metrics_enabled": true,
                "metric_name": "reyGasExpressWebACL",
                "sampled_requests_enabled": true
              }
            ]
          },
          "sensitive_attributes": [],
          "private": "bnVsbA=="
        }
      ]
    },
    {
      "mode": "managed",
      "type": "null_resource",
      "name": "waf_propagation_delay",
      "provider": "provider[\"registry.terraform.io/hashicorp/null\"]",
      "instances": [
        {
          "schema_version": 0,
          "attributes": {
            "id": "1886094361",
            "triggers": {
              "waf_id": "013a9f67-3715-4ff6-910d-50ddd38e2374"
            }
          },
          "sensitive_attributes": [],
          "dependencies": [
            "aws_wafv2_web_acl.reyGasExpress_waf"
          ]
        }
      ]
    }
  ],
  "check_results": null
}
