{
  "version": 4,
  "terraform_version": "1.11.4",
  "serial": 1075,
  "lineage": "90ba0435-45c1-c48f-a237-324e280965e1",
  "outputs": {
    "analysis_bucket_arn": {
      "value": "arn:aws:s3:::reygas-express-analysis-dev",
      "type": "string"
    },
    "analysis_bucket_name": {
      "value": "reygas-express-analysis-dev",
      "type": "string"
    },
    "cloudfront_distribution_arn": {
      "value": "arn:aws:cloudfront::963527047110:distribution/E11T5VHZK7MUJ1",
      "type": "string"
    },
    "cloudfront_distribution_id": {
      "value": "E11T5VHZK7MUJ1",
      "type": "string"
    },
    "cloudfront_domain_name": {
      "value": "ddxh0o0zhb4ja.cloudfront.net",
      "type": "string"
    },
    "cloudfront_hosted_zone_id": {
      "value": "Z2FDTNDATAQYW2",
      "type": "string"
    },
    "email_topic_arn": {
      "value": "arn:aws:sns:us-east-1:963527047110:reyGasExpress-email-topic",
      "type": "string"
    },
    "orders_table_arn": {
      "value": "arn:aws:dynamodb:us-east-1:963527047110:table/reyGasExpress-orders-table-dev",
      "type": "string"
    },
    "orders_table_name": {
      "value": "reyGasExpress-orders-table-dev",
      "type": "string"
    },
    "reports_bucket_arn": {
      "value": "arn:aws:s3:::reygas-express-reports",
      "type": "string"
    },
    "reports_bucket_name": {
      "value": "reygas-express-reports",
      "type": "string"
    },
    "reports_topic_arn": {
      "value": "arn:aws:sns:us-east-1:963527047110:reyGasExpress-reports-topic-dev",
      "type": "string"
    },
    "sqs_order_queue_arn": {
      "value": "arn:aws:sqs:us-east-1:963527047110:reyGasExpress-order-queue-dev",
      "type": "string"
    },
    "sqs_order_queue_url": {
      "value": "https://sqs.us-east-1.amazonaws.com/963527047110/reyGasExpress-order-queue-dev",
      "type": "string"
    },
    "waf_web_acl_arn": {
      "value": "arn:aws:wafv2:us-east-1:963527047110:global/webacl/reyGasExpress-web-acl/2b89a266-bddf-4a23-b78b-37b147bb4ff6",
      "type": "string"
    },
    "waf_web_acl_id": {
      "value": "2b89a266-bddf-4a23-b78b-37b147bb4ff6",
      "type": "string"
    }
  },
  "resources": [
    {
      "mode": "data",
      "type": "aws_caller_identity",
      "name": "current",
      "provider": "provider[\"registry.terraform.io/hashicorp/aws\"]",
      "instances": [
        {
          "schema_version": 0,
          "attributes": {
            "account_id": "963527047110",
            "arn": "arn:aws:iam::963527047110:root",
            "id": "963527047110",
            "user_id": "963527047110"
          },
          "sensitive_attributes": []
        }
      ]
    },
    {
      "mode": "managed",
      "type": "aws_apigatewayv2_api",
      "name": "reyGasExpress_api",
      "provider": "provider[\"registry.terraform.io/hashicorp/aws\"]",
      "instances": [
        {
          "schema_version": 0,
          "attributes": {
            "api_endpoint": "https://r0wy9cd0yi.execute-api.us-east-1.amazonaws.com",
            "api_key_selection_expression": "$request.header.x-api-key",
            "arn": "arn:aws:apigateway:us-east-1::/apis/r0wy9cd0yi",
            "body": null,
            "cors_configuration": [],
            "credentials_arn": null,
            "description": "",
            "disable_execute_api_endpoint": false,
            "execution_arn": "arn:aws:execute-api:us-east-1:963527047110:r0wy9cd0yi",
            "fail_on_warnings": null,
            "id": "r0wy9cd0yi",
            "ip_address_type": "ipv4",
            "name": "reyGasExpress-api-dev",
            "protocol_type": "HTTP",
            "route_key": null,
            "route_selection_expression": "$request.method $request.path",
            "tags": {
              "Application": "reyGasExpress",
              "Environment": "dev",
              "ManagedBy": "Terraform"
            },
            "tags_all": {
              "Application": "reyGasExpress",
              "Environment": "dev",
              "ManagedBy": "Terraform"
            },
            "target": "arn:aws:apigateway:us-east-1:lambda:path/2015-03-31/functions/arn:aws:lambda:us-east-1:963527047110:function:reyGasExpress-registerOrder-dev/invocations",
            "version": ""
          },
          "sensitive_attributes": [],
          "private": "bnVsbA==",
          "dependencies": [
            "aws_iam_role.lambda_execution_role",
            "aws_lambda_function.register_order_lambda",
            "aws_sqs_queue.reyGasExpress_order_queue"
          ],
          "create_before_destroy": true
        }
      ]
    },
    {
      "mode": "managed",
      "type": "aws_apigatewayv2_deployment",
      "name": "api_deployment",
      "provider": "provider[\"registry.terraform.io/hashicorp/aws\"]",
      "instances": [
        {
          "schema_version": 0,
          "attributes": {
            "api_id": "r0wy9cd0yi",
            "auto_deployed": false,
            "description": "",
            "id": "my8zxf",
            "triggers": {
              "redeployment": "863ba7a2e1a30e68119a6bb9f63d4299a8c8b08e"
            }
          },
          "sensitive_attributes": [],
          "private": "bnVsbA==",
          "dependencies": [
            "aws_apigatewayv2_api.reyGasExpress_api",
            "aws_apigatewayv2_integration.register_order_lambda_integration",
            "aws_apigatewayv2_route.register_order_route",
            "aws_iam_role.lambda_execution_role",
            "aws_lambda_function.register_order_lambda",
            "aws_sqs_queue.reyGasExpress_order_queue"
          ],
          "create_before_destroy": true
        }
      ]
    },
    {
      "mode": "managed",
      "type": "aws_apigatewayv2_integration",
      "name": "register_order_lambda_integration",
      "provider": "provider[\"registry.terraform.io/hashicorp/aws\"]",
      "instances": [
        {
          "schema_version": 0,
          "attributes": {
            "api_id": "r0wy9cd0yi",
            "connection_id": "",
            "connection_type": "INTERNET",
            "content_handling_strategy": "",
            "credentials_arn": "",
            "description": "",
            "id": "4h08ah3",
            "integration_method": "POST",
            "integration_response_selection_expression": "",
            "integration_subtype": "",
            "integration_type": "AWS_PROXY",
            "integration_uri": "arn:aws:apigateway:us-east-1:lambda:path/2015-03-31/functions/arn:aws:lambda:us-east-1:963527047110:function:reyGasExpress-registerOrder-dev/invocations",
            "passthrough_behavior": "",
            "payload_format_version": "1.0",
            "request_parameters": null,
            "request_templates": null,
            "response_parameters": [],
            "template_selection_expression": "",
            "timeout_milliseconds": 29000,
            "tls_config": []
          },
          "sensitive_attributes": [],
          "private": "bnVsbA==",
          "dependencies": [
            "aws_apigatewayv2_api.reyGasExpress_api",
            "aws_iam_role.lambda_execution_role",
            "aws_lambda_function.register_order_lambda",
            "aws_sqs_queue.reyGasExpress_order_queue"
          ],
          "create_before_destroy": true
        }
      ]
    },
    {
      "mode": "managed",
      "type": "aws_apigatewayv2_route",
      "name": "register_order_route",
      "provider": "provider[\"registry.terraform.io/hashicorp/aws\"]",
      "instances": [
        {
          "schema_version": 0,
          "attributes": {
            "api_id": "r0wy9cd0yi",
            "api_key_required": false,
            "authorization_scopes": null,
            "authorization_type": "NONE",
            "authorizer_id": "",
            "id": "fyi0106",
            "model_selection_expression": "",
            "operation_name": "",
            "request_models": null,
            "request_parameter": [],
            "route_key": "POST /orders",
            "route_response_selection_expression": "",
            "target": "integrations/4h08ah3"
          },
          "sensitive_attributes": [],
          "private": "bnVsbA==",
          "dependencies": [
            "aws_apigatewayv2_api.reyGasExpress_api",
            "aws_apigatewayv2_integration.register_order_lambda_integration",
            "aws_iam_role.lambda_execution_role",
            "aws_lambda_function.register_order_lambda",
            "aws_sqs_queue.reyGasExpress_order_queue"
          ],
          "create_before_destroy": true
        }
      ]
    },
    {
      "mode": "managed",
      "type": "aws_apigatewayv2_stage",
      "name": "reyGasExpress_stage",
      "provider": "provider[\"registry.terraform.io/hashicorp/aws\"]",
      "instances": [
        {
          "schema_version": 0,
          "attributes": {
            "access_log_settings": [
              {
                "destination_arn": "arn:aws:logs:us-east-1:963527047110:log-group:/aws/apigateway/reyGasExpress-api-dev/dev",
                "format": "{\"httpMethod\":\"$context.httpMethod\",\"integrationLatency\":\"$context.integration.latency\",\"integrationStatus\":\"$context.integration.status\",\"ip\":\"$context.identity.sourceIp\",\"path\":\"$context.path\",\"protocol\":\"$context.protocol\",\"requestId\":\"$context.requestId\",\"requestTime\":\"$context.requestTime\",\"responseLength\":\"$context.responseLength\",\"status\":\"$context.status\"}"
              }
            ],
            "api_id": "r0wy9cd0yi",
            "arn": "arn:aws:apigateway:us-east-1::/apis/r0wy9cd0yi/stages/dev",
            "auto_deploy": true,
            "client_certificate_id": "",
            "default_route_settings": [
              {
                "data_trace_enabled": false,
                "detailed_metrics_enabled": false,
                "logging_level": "",
                "throttling_burst_limit": 0,
                "throttling_rate_limit": 0
              }
            ],
            "deployment_id": "my8zxf",
            "description": "",
            "execution_arn": "arn:aws:execute-api:us-east-1:963527047110:r0wy9cd0yi/dev",
            "id": "dev",
            "invoke_url": "https://r0wy9cd0yi.execute-api.us-east-1.amazonaws.com/dev",
            "name": "dev",
            "route_settings": [],
            "stage_variables": null,
            "tags": {
              "Application": "reyGasExpress",
              "Environment": "dev",
              "ManagedBy": "Terraform"
            },
            "tags_all": {
              "Application": "reyGasExpress",
              "Environment": "dev",
              "ManagedBy": "Terraform"
            }
          },
          "sensitive_attributes": [],
          "private": "bnVsbA==",
          "dependencies": [
            "aws_apigatewayv2_api.reyGasExpress_api",
            "aws_apigatewayv2_deployment.api_deployment",
            "aws_apigatewayv2_integration.register_order_lambda_integration",
            "aws_apigatewayv2_route.register_order_route",
            "aws_cloudwatch_log_group.api_gateway_log_group",
            "aws_iam_role.lambda_execution_role",
            "aws_lambda_function.register_order_lambda",
            "aws_sqs_queue.reyGasExpress_order_queue"
          ]
        }
      ]
    },
    {
      "mode": "managed",
      "type": "aws_cloudfront_distribution",
      "name": "reygas_distribution",
      "provider": "provider[\"registry.terraform.io/hashicorp/aws\"]",
      "instances": [
        {
          "schema_version": 1,
          "attributes": {
            "aliases": null,
            "arn": "arn:aws:cloudfront::963527047110:distribution/E11T5VHZK7MUJ1",
            "caller_reference": "terraform-20250605061641719800000001",
            "comment": null,
            "continuous_deployment_policy_id": "",
            "custom_error_response": [],
            "default_cache_behavior": [
              {
                "allowed_methods": [
                  "DELETE",
                  "GET",
                  "HEAD",
                  "OPTIONS",
                  "PATCH",
                  "POST",
                  "PUT"
                ],
                "cache_policy_id": "",
                "cached_methods": [
                  "GET",
                  "HEAD"
                ],
                "compress": true,
                "default_ttl": 3600,
                "field_level_encryption_id": "",
                "forwarded_values": [
                  {
                    "cookies": [
                      {
                        "forward": "none",
                        "whitelisted_names": []
                      }
                    ],
                    "headers": [],
                    "query_string": false,
                    "query_string_cache_keys": []
                  }
                ],
                "function_association": [],
                "grpc_config": [
                  {
                    "enabled": false
                  }
                ],
                "lambda_function_association": [],
                "max_ttl": 86400,
                "min_ttl": 0,
                "origin_request_policy_id": "",
                "realtime_log_config_arn": "",
                "response_headers_policy_id": "",
                "smooth_streaming": false,
                "target_origin_id": "S3-reygas-express-frontend",
                "trusted_key_groups": [],
                "trusted_signers": [],
                "viewer_protocol_policy": "redirect-to-https"
              }
            ],
            "default_root_object": "index.html",
            "domain_name": "ddxh0o0zhb4ja.cloudfront.net",
            "enabled": true,
            "etag": "E2J3QCM87CM0Z3",
            "hosted_zone_id": "Z2FDTNDATAQYW2",
            "http_version": "http2",
            "id": "E11T5VHZK7MUJ1",
            "in_progress_validation_batches": 0,
            "is_ipv6_enabled": true,
            "last_modified_time": "2025-06-05 06:16:40.691 +0000 UTC",
            "logging_config": [],
            "ordered_cache_behavior": [],
            "origin": [
              {
                "connection_attempts": 3,
                "connection_timeout": 10,
                "custom_header": [],
                "custom_origin_config": [],
                "domain_name": "reygas-express-frontend.s3.amazonaws.com",
                "origin_access_control_id": "EZ96SS9QJVNQS",
                "origin_id": "S3-reygas-express-frontend",
                "origin_path": "",
                "origin_shield": [],
                "s3_origin_config": [],
                "vpc_origin_config": []
              }
            ],
            "origin_group": [],
            "price_class": "PriceClass_100",
            "restrictions": [
              {
                "geo_restriction": [
                  {
                    "locations": [
                      "PE"
                    ],
                    "restriction_type": "whitelist"
                  }
                ]
              }
            ],
            "retain_on_delete": false,
            "staging": false,
            "status": "Deployed",
            "tags": {
              "Application": "reyGasExpress",
              "Environment": "dev",
              "ManagedBy": "Terraform"
            },
            "tags_all": {
              "Application": "reyGasExpress",
              "Environment": "dev",
              "ManagedBy": "Terraform"
            },
            "trusted_key_groups": [
              {
                "enabled": false,
                "items": []
              }
            ],
            "trusted_signers": [
              {
                "enabled": false,
                "items": []
              }
            ],
            "viewer_certificate": [
              {
                "acm_certificate_arn": "",
                "cloudfront_default_certificate": true,
                "iam_certificate_id": "",
                "minimum_protocol_version": "TLSv1",
                "ssl_support_method": ""
              }
            ],
            "wait_for_deployment": true,
            "web_acl_id": "arn:aws:wafv2:us-east-1:963527047110:global/webacl/reyGasExpress-web-acl/2b89a266-bddf-4a23-b78b-37b147bb4ff6"
          },
          "sensitive_attributes": [],
          "private": "eyJzY2hlbWFfdmVyc2lvbiI6IjEifQ==",
          "dependencies": [
            "aws_cloudfront_origin_access_control.reygas_oac",
            "aws_s3_bucket.reygas_frontend_bucket",
            "aws_s3_bucket_public_access_block.reygas_frontend_pab",
            "aws_wafv2_web_acl.reyGasExpress_waf",
            "null_resource.waf_propagation_delay"
          ]
        }
      ]
    },
    {
      "mode": "managed",
      "type": "aws_cloudfront_origin_access_control",
      "name": "reygas_oac",
      "provider": "provider[\"registry.terraform.io/hashicorp/aws\"]",
      "instances": [
        {
          "schema_version": 0,
          "attributes": {
            "arn": "arn:aws:cloudfront::963527047110:origin-access-control/EZ96SS9QJVNQS",
            "description": "Origin Access Control for ReyGasExpress S3 bucket",
            "etag": "ETVPDKIKX0DER",
            "id": "EZ96SS9QJVNQS",
            "name": "reyGasExpress-OAC",
            "origin_access_control_origin_type": "s3",
            "signing_behavior": "always",
            "signing_protocol": "sigv4"
          },
          "sensitive_attributes": [],
          "private": "bnVsbA=="
        }
      ]
    },
    {
      "mode": "managed",
      "type": "aws_cloudwatch_event_bus",
      "name": "reyGasExpress_event_bus",
      "provider": "provider[\"registry.terraform.io/hashicorp/aws\"]",
      "instances": [
        {
          "schema_version": 0,
          "attributes": {
            "arn": "arn:aws:events:us-east-1:963527047110:event-bus/reyGasExpress-orders-bus-dev",
            "dead_letter_config": [],
            "description": "",
            "event_source_name": null,
            "id": "reyGasExpress-orders-bus-dev",
            "kms_key_identifier": "",
            "name": "reyGasExpress-orders-bus-dev",
            "tags": {
              "Application": "reyGasExpress",
              "Environment": "dev",
              "ManagedBy": "Terraform"
            },
            "tags_all": {
              "Application": "reyGasExpress",
              "Environment": "dev",
              "ManagedBy": "Terraform"
            }
          },
          "sensitive_attributes": [],
          "private": "bnVsbA=="
        }
      ]
    },
    {
      "mode": "managed",
      "type": "aws_cloudwatch_event_rule",
      "name": "analyze_preferences_rule",
      "provider": "provider[\"registry.terraform.io/hashicorp/aws\"]",
      "instances": [
        {
          "schema_version": 1,
          "attributes": {
            "arn": "arn:aws:events:us-east-1:963527047110:rule/reyGasExpress-orders-bus-dev/reyGasExpress-analyzePreferences-rule-dev",
            "description": "Captura eventos de pedidos procesados para análisis de preferencias.",
            "event_bus_name": "reyGasExpress-orders-bus-dev",
            "event_pattern": "{\"detail-type\":[\"Order Processed\"],\"source\":[\"orders.system\"]}",
            "force_destroy": false,
            "id": "reyGasExpress-orders-bus-dev/reyGasExpress-analyzePreferences-rule-dev",
            "is_enabled": true,
            "name": "reyGasExpress-analyzePreferences-rule-dev",
            "name_prefix": "",
            "role_arn": "",
            "schedule_expression": "",
            "state": "ENABLED",
            "tags": {
              "Application": "reyGasExpress",
              "Environment": "dev",
              "ManagedBy": "Terraform"
            },
            "tags_all": {
              "Application": "reyGasExpress",
              "Environment": "dev",
              "ManagedBy": "Terraform"
            }
          },
          "sensitive_attributes": [],
          "private": "eyJzY2hlbWFfdmVyc2lvbiI6IjEifQ==",
          "dependencies": [
            "aws_cloudwatch_event_bus.reyGasExpress_event_bus"
          ]
        }
      ]
    },
    {
      "mode": "managed",
      "type": "aws_cloudwatch_event_target",
      "name": "analyze_preferences_lambda_target",
      "provider": "provider[\"registry.terraform.io/hashicorp/aws\"]",
      "instances": [
        {
          "schema_version": 1,
          "attributes": {
            "appsync_target": [],
            "arn": "arn:aws:lambda:us-east-1:963527047110:function:reyGasExpress-analyzePreferences-dev",
            "batch_target": [],
            "dead_letter_config": [],
            "ecs_target": [],
            "event_bus_name": "reyGasExpress-orders-bus-dev",
            "force_destroy": false,
            "http_target": [],
            "id": "reyGasExpress-orders-bus-dev-reyGasExpress-analyzePreferences-rule-dev-terraform-20250605061708325200000003",
            "input": "",
            "input_path": "",
            "input_transformer": [],
            "kinesis_target": [],
            "redshift_target": [],
            "retry_policy": [],
            "role_arn": "",
            "rule": "reyGasExpress-analyzePreferences-rule-dev",
            "run_command_targets": [],
            "sagemaker_pipeline_target": [],
            "sqs_target": [],
            "target_id": "terraform-20250605061708325200000003"
          },
          "sensitive_attributes": [],
          "private": "eyJzY2hlbWFfdmVyc2lvbiI6IjEifQ==",
          "dependencies": [
            "aws_cloudwatch_event_bus.reyGasExpress_event_bus",
            "aws_cloudwatch_event_rule.analyze_preferences_rule",
            "aws_dynamodb_table.reyGasExpress_orders_table",
            "aws_iam_role.lambda_execution_role",
            "aws_lambda_function.analyze_preferences_lambda",
            "aws_s3_bucket.reyGasExpress_analysis_bucket",
            "aws_sns_topic.reyGasExpress_reports_topic"
          ]
        }
      ]
    },
    {
      "mode": "managed",
      "type": "aws_cloudwatch_log_group",
      "name": "api_gateway_log_group",
      "provider": "provider[\"registry.terraform.io/hashicorp/aws\"]",
      "instances": [
        {
          "schema_version": 0,
          "attributes": {
            "arn": "arn:aws:logs:us-east-1:963527047110:log-group:/aws/apigateway/reyGasExpress-api-dev/dev",
            "id": "/aws/apigateway/reyGasExpress-api-dev/dev",
            "kms_key_id": "",
            "log_group_class": "STANDARD",
            "name": "/aws/apigateway/reyGasExpress-api-dev/dev",
            "name_prefix": "",
            "retention_in_days": 7,
            "skip_destroy": false,
            "tags": {
              "Application": "reyGasExpress",
              "Environment": "dev",
              "ManagedBy": "Terraform"
            },
            "tags_all": {
              "Application": "reyGasExpress",
              "Environment": "dev",
              "ManagedBy": "Terraform"
            }
          },
          "sensitive_attributes": [],
          "private": "bnVsbA==",
          "dependencies": [
            "aws_apigatewayv2_api.reyGasExpress_api",
            "aws_iam_role.lambda_execution_role",
            "aws_lambda_function.register_order_lambda",
            "aws_sqs_queue.reyGasExpress_order_queue"
          ]
        }
      ]
    },
    {
      "mode": "managed",
      "type": "aws_cognito_user_pool",
      "name": "reyGasExpress_user_pool",
      "provider": "provider[\"registry.terraform.io/hashicorp/aws\"]",
      "instances": [
        {
          "schema_version": 0,
          "attributes": {
            "account_recovery_setting": [
              {
                "recovery_mechanism": [
                  {
                    "name": "verified_email",
                    "priority": 1
                  },
                  {
                    "name": "verified_phone_number",
                    "priority": 2
                  }
                ]
              }
            ],
            "admin_create_user_config": [
              {
                "allow_admin_create_user_only": false,
                "invite_message_template": []
              }
            ],
            "alias_attributes": [
              "email"
            ],
            "arn": "arn:aws:cognito-idp:us-east-1:963527047110:userpool/us-east-1_DlwDairVe",
            "auto_verified_attributes": null,
            "creation_date": "2025-06-05T06:16:35Z",
            "custom_domain": "",
            "deletion_protection": "INACTIVE",
            "device_configuration": [],
            "domain": "",
            "email_configuration": [
              {
                "configuration_set": "",
                "email_sending_account": "COGNITO_DEFAULT",
                "from_email_address": "",
                "reply_to_email_address": "",
                "source_arn": ""
              }
            ],
            "email_mfa_configuration": [],
            "email_verification_message": "",
            "email_verification_subject": "",
            "endpoint": "cognito-idp.us-east-1.amazonaws.com/us-east-1_DlwDairVe",
            "estimated_number_of_users": 0,
            "id": "us-east-1_DlwDairVe",
            "lambda_config": [],
            "last_modified_date": "2025-06-05T06:16:35Z",
            "mfa_configuration": "OFF",
            "name": "ReyGasExpress-user-pool",
            "password_policy": [
              {
                "minimum_length": 8,
                "password_history_size": 0,
                "require_lowercase": false,
                "require_numbers": true,
                "require_symbols": true,
                "require_uppercase": true,
                "temporary_password_validity_days": 7
              }
            ],
            "schema": [],
            "sign_in_policy": [
              {
                "allowed_first_auth_factors": [
                  "PASSWORD"
                ]
              }
            ],
            "sms_authentication_message": "",
            "sms_configuration": [],
            "sms_verification_message": "",
            "software_token_mfa_configuration": [],
            "tags": {
              "Application": "reyGasExpress",
              "Environment": "dev",
              "ManagedBy": "Terraform"
            },
            "tags_all": {
              "Application": "reyGasExpress",
              "Environment": "dev",
              "ManagedBy": "Terraform"
            },
            "user_attribute_update_settings": [],
            "user_pool_add_ons": [],
            "user_pool_tier": "ESSENTIALS",
            "username_attributes": null,
            "username_configuration": [],
            "verification_message_template": [
              {
                "default_email_option": "CONFIRM_WITH_CODE",
                "email_message": "",
                "email_message_by_link": "",
                "email_subject": "",
                "email_subject_by_link": "",
                "sms_message": ""
              }
            ],
            "web_authn_configuration": []
          },
          "sensitive_attributes": [],
          "private": "bnVsbA=="
        }
      ]
    },
    {
      "mode": "managed",
      "type": "aws_cognito_user_pool_client",
      "name": "reyGasExpress_user_pool_client",
      "provider": "provider[\"registry.terraform.io/hashicorp/aws\"]",
      "instances": [
        {
          "schema_version": 0,
          "attributes": {
            "access_token_validity": 0,
            "allowed_oauth_flows": [],
            "allowed_oauth_flows_user_pool_client": false,
            "allowed_oauth_scopes": [],
            "analytics_configuration": [],
            "auth_session_validity": 3,
            "callback_urls": [],
            "client_secret": "",
            "default_redirect_uri": "",
            "enable_propagate_additional_user_context_data": false,
            "enable_token_revocation": true,
            "explicit_auth_flows": [
              "ALLOW_REFRESH_TOKEN_AUTH",
              "ALLOW_USER_PASSWORD_AUTH",
              "ALLOW_USER_SRP_AUTH"
            ],
            "generate_secret": false,
            "id": "6a5vv7dab8oc6pqm4vkh5kfkkv",
            "id_token_validity": 0,
            "logout_urls": [],
            "name": "ReyGasExpress-client",
            "prevent_user_existence_errors": "",
            "read_attributes": [],
            "refresh_token_rotation": [],
            "refresh_token_validity": 30,
            "supported_identity_providers": [],
            "token_validity_units": [],
            "user_pool_id": "us-east-1_DlwDairVe",
            "write_attributes": []
          },
          "sensitive_attributes": [
            [
              {
                "type": "get_attr",
                "value": "client_secret"
              }
            ]
          ],
          "dependencies": [
            "aws_cognito_user_pool.reyGasExpress_user_pool"
          ]
        }
      ]
    },
    {
      "mode": "managed",
      "type": "aws_dynamodb_table",
      "name": "reyGasExpress_orders_table",
      "provider": "provider[\"registry.terraform.io/hashicorp/aws\"]",
      "instances": [
        {
          "schema_version": 1,
          "attributes": {
            "arn": "arn:aws:dynamodb:us-east-1:963527047110:table/reyGasExpress-orders-table-dev",
            "attribute": [
              {
                "name": "customerId",
                "type": "S"
              },
              {
                "name": "orderId",
                "type": "S"
              }
            ],
            "billing_mode": "PAY_PER_REQUEST",
            "deletion_protection_enabled": false,
            "global_secondary_index": [
              {
                "hash_key": "customerId",
                "name": "customer-index",
                "non_key_attributes": [],
                "on_demand_throughput": [],
                "projection_type": "ALL",
                "range_key": "",
                "read_capacity": 0,
                "write_capacity": 0
              }
            ],
            "hash_key": "orderId",
            "id": "reyGasExpress-orders-table-dev",
            "import_table": [],
            "local_secondary_index": [],
            "name": "reyGasExpress-orders-table-dev",
            "on_demand_throughput": [],
            "point_in_time_recovery": [
              {
                "enabled": false,
                "recovery_period_in_days": 0
              }
            ],
            "range_key": null,
            "read_capacity": 0,
            "replica": [],
            "restore_date_time": null,
            "restore_source_name": null,
            "restore_source_table_arn": null,
            "restore_to_latest_time": null,
            "server_side_encryption": [],
            "stream_arn": "",
            "stream_enabled": false,
            "stream_label": "",
            "stream_view_type": "",
            "table_class": "STANDARD",
            "tags": {
              "Application": "reyGasExpress",
              "Environment": "dev",
              "ManagedBy": "Terraform"
            },
            "tags_all": {
              "Application": "reyGasExpress",
              "Environment": "dev",
              "ManagedBy": "Terraform"
            },
            "timeouts": null,
            "ttl": [
              {
                "attribute_name": "ttl",
                "enabled": true
              }
            ],
            "write_capacity": 0
          },
          "sensitive_attributes": [],
          "private": "eyJlMmJmYjczMC1lY2FhLTExZTYtOGY4OC0zNDM2M2JjN2M0YzAiOnsiY3JlYXRlIjoxODAwMDAwMDAwMDAwLCJkZWxldGUiOjYwMDAwMDAwMDAwMCwidXBkYXRlIjozNjAwMDAwMDAwMDAwfSwic2NoZW1hX3ZlcnNpb24iOiIxIn0="
        }
      ]
    },
    {
      "mode": "managed",
      "type": "aws_iam_policy",
      "name": "lambda_all_permissions_policy",
      "provider": "provider[\"registry.terraform.io/hashicorp/aws\"]",
      "instances": [
        {
          "schema_version": 0,
          "attributes": {
            "arn": "arn:aws:iam::963527047110:policy/reyGasExpress-lambda-all-permissions-policy-dev",
            "attachment_count": 0,
            "description": "Política consolidada para todos los permisos que las funciones Lambda de reyGasExpress necesitan.",
            "id": "arn:aws:iam::963527047110:policy/reyGasExpress-lambda-all-permissions-policy-dev",
            "name": "reyGasExpress-lambda-all-permissions-policy-dev",
            "name_prefix": "",
            "path": "/",
            "policy": "{\"Statement\":[{\"Action\":[\"logs:CreateLogGroup\",\"logs:CreateLogStream\",\"logs:PutLogEvents\"],\"Effect\":\"Allow\",\"Resource\":\"arn:aws:logs:us-east-1:963527047110:log-group:/aws/lambda/*:*\"},{\"Action\":[\"sqs:SendMessage\",\"sqs:GetQueueAttributes\",\"sqs:GetQueueUrl\"],\"Effect\":\"Allow\",\"Resource\":\"arn:aws:sqs:us-east-1:963527047110:reyGasExpress-order-queue-dev\"},{\"Action\":[\"sqs:ReceiveMessage\",\"sqs:DeleteMessage\",\"sqs:GetQueueAttributes\"],\"Effect\":\"Allow\",\"Resource\":\"arn:aws:sqs:us-east-1:963527047110:reyGasExpress-order-queue-dev\"},{\"Action\":[\"dynamodb:PutItem\",\"dynamodb:UpdateItem\",\"dynamodb:BatchWriteItem\"],\"Effect\":\"Allow\",\"Resource\":\"arn:aws:dynamodb:us-east-1:963527047110:table/reyGasExpress-orders-table-dev\"},{\"Action\":[\"dynamodb:GetItem\",\"dynamodb:Query\",\"dynamodb:Scan\"],\"Effect\":\"Allow\",\"Resource\":[\"arn:aws:dynamodb:us-east-1:963527047110:table/reyGasExpress-orders-table-dev\",\"arn:aws:dynamodb:us-east-1:963527047110:table/reyGasExpress-orders-table-dev/index/*\"]},{\"Action\":\"events:PutEvents\",\"Effect\":\"Allow\",\"Resource\":\"arn:aws:events:us-east-1:963527047110:event-bus/reyGasExpress-orders-bus-dev\"},{\"Action\":[\"s3:PutObject\"],\"Effect\":\"Allow\",\"Resource\":\"arn:aws:s3:::reygas-express-reports/*\"},{\"Action\":[\"s3:GetObject\"],\"Effect\":\"Allow\",\"Resource\":\"arn:aws:s3:::reygas-express-analysis-dev/*\"},{\"Action\":[\"s3:PutObject\"],\"Effect\":\"Allow\",\"Resource\":\"arn:aws:s3:::reygas-express-analysis-dev/*\"},{\"Action\":[\"s3:GetObject\"],\"Effect\":\"Allow\",\"Resource\":\"arn:aws:s3:::reygas-express-reports/*\"},{\"Action\":\"sns:Publish\",\"Effect\":\"Allow\",\"Resource\":\"arn:aws:sns:us-east-1:963527047110:reyGasExpress-reports-topic-dev\"},{\"Action\":\"sns:Publish\",\"Effect\":\"Allow\",\"Resource\":\"arn:aws:sns:us-east-1:963527047110:reyGasExpress-email-topic\"},{\"Action\":[\"ses:SendEmail\",\"ses:SendRawEmail\",\"ses:SendTemplatedEmail\"],\"Effect\":\"Allow\",\"Resource\":\"*\"}],\"Version\":\"2012-10-17\"}",
            "policy_id": "ANPA6AVVP67DGM5XX3XV4",
            "tags": {
              "Application": "reyGasExpress",
              "Environment": "dev",
              "ManagedBy": "Terraform"
            },
            "tags_all": {
              "Application": "reyGasExpress",
              "Environment": "dev",
              "ManagedBy": "Terraform"
            }
          },
          "sensitive_attributes": [],
          "private": "bnVsbA==",
          "dependencies": [
            "aws_dynamodb_table.reyGasExpress_orders_table",
            "aws_s3_bucket.reyGasExpress_analysis_bucket",
            "aws_s3_bucket.reyGasExpress_reports_bucket",
            "aws_sns_topic.reyGasExpress_email_topic",
            "aws_sns_topic.reyGasExpress_reports_topic",
            "aws_sqs_queue.reyGasExpress_order_queue",
            "data.aws_caller_identity.current"
          ]
        }
      ]
    },
    {
      "mode": "managed",
      "type": "aws_iam_role",
      "name": "lambda_execution_role",
      "provider": "provider[\"registry.terraform.io/hashicorp/aws\"]",
      "instances": [
        {
          "schema_version": 0,
          "attributes": {
            "arn": "arn:aws:iam::963527047110:role/lambda-execution-role-reyGasExpress",
            "assume_role_policy": "{\"Statement\":[{\"Action\":\"sts:AssumeRole\",\"Effect\":\"Allow\",\"Principal\":{\"Service\":\"lambda.amazonaws.com\"}}],\"Version\":\"2012-10-17\"}",
            "create_date": "2025-06-05T06:16:35Z",
            "description": "",
            "force_detach_policies": false,
            "id": "lambda-execution-role-reyGasExpress",
            "inline_policy": [],
            "managed_policy_arns": [],
            "max_session_duration": 3600,
            "name": "lambda-execution-role-reyGasExpress",
            "name_prefix": "",
            "path": "/",
            "permissions_boundary": "",
            "tags": {
              "Application": "reyGasExpress",
              "Environment": "dev",
              "ManagedBy": "Terraform"
            },
            "tags_all": {
              "Application": "reyGasExpress",
              "Environment": "dev",
              "ManagedBy": "Terraform"
            },
            "unique_id": "AROA6AVVP67DBSFBODRP2"
          },
          "sensitive_attributes": [],
          "private": "bnVsbA==",
          "create_before_destroy": true
        }
      ]
    },
    {
      "mode": "managed",
      "type": "aws_iam_role_policy_attachment",
      "name": "lambda_all_permissions_attachment",
      "provider": "provider[\"registry.terraform.io/hashicorp/aws\"]",
      "instances": [
        {
          "schema_version": 0,
          "attributes": {
            "id": "lambda-execution-role-reyGasExpress-20250605061703497300000002",
            "policy_arn": "arn:aws:iam::963527047110:policy/reyGasExpress-lambda-all-permissions-policy-dev",
            "role": "lambda-execution-role-reyGasExpress"
          },
          "sensitive_attributes": [],
          "private": "bnVsbA==",
          "dependencies": [
            "aws_dynamodb_table.reyGasExpress_orders_table",
            "aws_iam_policy.lambda_all_permissions_policy",
            "aws_iam_role.lambda_execution_role",
            "aws_s3_bucket.reyGasExpress_analysis_bucket",
            "aws_s3_bucket.reyGasExpress_reports_bucket",
            "aws_sns_topic.reyGasExpress_email_topic",
            "aws_sns_topic.reyGasExpress_reports_topic",
            "aws_sqs_queue.reyGasExpress_order_queue",
            "data.aws_caller_identity.current"
          ]
        }
      ]
    },
    {
      "mode": "managed",
      "type": "aws_lambda_event_source_mapping",
      "name": "process_order_sqs_trigger",
      "provider": "provider[\"registry.terraform.io/hashicorp/aws\"]",
      "instances": [
        {
          "schema_version": 0,
          "attributes": {
            "amazon_managed_kafka_event_source_config": [],
            "arn": "arn:aws:lambda:us-east-1:963527047110:event-source-mapping:99d35093-61a4-4017-920b-9f516a575874",
            "batch_size": 10,
            "bisect_batch_on_function_error": false,
            "destination_config": [],
            "document_db_event_source_config": [],
            "enabled": true,
            "event_source_arn": "arn:aws:sqs:us-east-1:963527047110:reyGasExpress-order-queue-dev",
            "filter_criteria": [],
            "function_arn": "arn:aws:lambda:us-east-1:963527047110:function:reyGasExpress-processOrder-dev",
            "function_name": "arn:aws:lambda:us-east-1:963527047110:function:reyGasExpress-processOrder-dev",
            "function_response_types": null,
            "id": "99d35093-61a4-4017-920b-9f516a575874",
            "kms_key_arn": "",
            "last_modified": "2025-06-05T06:17:13Z",
            "last_processing_result": "",
            "maximum_batching_window_in_seconds": 0,
            "maximum_record_age_in_seconds": 0,
            "maximum_retry_attempts": 0,
            "metrics_config": [],
            "parallelization_factor": 0,
            "provisioned_poller_config": [],
            "queues": null,
            "scaling_config": [],
            "self_managed_event_source": [],
            "self_managed_kafka_event_source_config": [],
            "source_access_configuration": [],
            "starting_position": "",
            "starting_position_timestamp": "",
            "state": "Enabled",
            "state_transition_reason": "USER_INITIATED",
            "tags": null,
            "tags_all": {},
            "topics": null,
            "tumbling_window_in_seconds": 0,
            "uuid": "99d35093-61a4-4017-920b-9f516a575874"
          },
          "sensitive_attributes": [],
          "private": "bnVsbA==",
          "dependencies": [
            "aws_dynamodb_table.reyGasExpress_orders_table",
            "aws_iam_role.lambda_execution_role",
            "aws_lambda_function.process_order_lambda",
            "aws_sqs_queue.reyGasExpress_order_queue"
          ]
        }
      ]
    },
    {
      "mode": "managed",
      "type": "aws_lambda_function",
      "name": "analyze_preferences_lambda",
      "provider": "provider[\"registry.terraform.io/hashicorp/aws\"]",
      "instances": [
        {
          "schema_version": 0,
          "attributes": {
            "architectures": [
              "x86_64"
            ],
            "arn": "arn:aws:lambda:us-east-1:963527047110:function:reyGasExpress-analyzePreferences-dev",
            "code_sha256": "Wg3mvCCmeiHddkQZrHE9OsWTUE4Am3Zh82u9iDQnTFk=",
            "code_signing_config_arn": "",
            "dead_letter_config": [],
            "description": "",
            "environment": [
              {
                "variables": {
                  "ANALYSIS_BUCKET_NAME": "reygas-express-analysis-dev",
                  "ORDERS_TABLE_NAME": "reyGasExpress-orders-table-dev",
                  "REPORT_TOPIC_ARN": "arn:aws:sns:us-east-1:963527047110:reyGasExpress-reports-topic-dev"
                }
              }
            ],
            "ephemeral_storage": [
              {
                "size": 512
              }
            ],
            "file_system_config": [],
            "filename": "lambda_code/analyzePreferences.zip",
            "function_name": "reyGasExpress-analyzePreferences-dev",
            "handler": "analyzePreferences.handler",
            "id": "reyGasExpress-analyzePreferences-dev",
            "image_config": [],
            "image_uri": "",
            "invoke_arn": "arn:aws:apigateway:us-east-1:lambda:path/2015-03-31/functions/arn:aws:lambda:us-east-1:963527047110:function:reyGasExpress-analyzePreferences-dev/invocations",
            "kms_key_arn": "",
            "last_modified": "2025-06-05T06:17:00.917+0000",
            "layers": null,
            "logging_config": [
              {
                "application_log_level": "",
                "log_format": "Text",
                "log_group": "/aws/lambda/reyGasExpress-analyzePreferences-dev",
                "system_log_level": ""
              }
            ],
            "memory_size": 256,
            "package_type": "Zip",
            "publish": false,
            "qualified_arn": "arn:aws:lambda:us-east-1:963527047110:function:reyGasExpress-analyzePreferences-dev:$LATEST",
            "qualified_invoke_arn": "arn:aws:apigateway:us-east-1:lambda:path/2015-03-31/functions/arn:aws:lambda:us-east-1:963527047110:function:reyGasExpress-analyzePreferences-dev:$LATEST/invocations",
            "replace_security_groups_on_destroy": null,
            "replacement_security_group_ids": null,
            "reserved_concurrent_executions": -1,
            "role": "arn:aws:iam::963527047110:role/lambda-execution-role-reyGasExpress",
            "runtime": "nodejs18.x",
            "s3_bucket": null,
            "s3_key": null,
            "s3_object_version": null,
            "signing_job_arn": "",
            "signing_profile_version_arn": "",
            "skip_destroy": false,
            "snap_start": [],
            "source_code_hash": "Wg3mvCCmeiHddkQZrHE9OsWTUE4Am3Zh82u9iDQnTFk=",
            "source_code_size": 1858,
            "tags": {
              "Application": "reyGasExpress",
              "Environment": "dev",
              "ManagedBy": "Terraform"
            },
            "tags_all": {
              "Application": "reyGasExpress",
              "Environment": "dev",
              "ManagedBy": "Terraform"
            },
            "timeout": 90,
            "timeouts": null,
            "tracing_config": [
              {
                "mode": "PassThrough"
              }
            ],
            "version": "$LATEST",
            "vpc_config": []
          },
          "sensitive_attributes": [],
          "private": "eyJlMmJmYjczMC1lY2FhLTExZTYtOGY4OC0zNDM2M2JjN2M0YzAiOnsiY3JlYXRlIjo2MDAwMDAwMDAwMDAsImRlbGV0ZSI6NjAwMDAwMDAwMDAwLCJ1cGRhdGUiOjYwMDAwMDAwMDAwMH19",
          "dependencies": [
            "aws_dynamodb_table.reyGasExpress_orders_table",
            "aws_iam_role.lambda_execution_role",
            "aws_s3_bucket.reyGasExpress_analysis_bucket",
            "aws_sns_topic.reyGasExpress_reports_topic"
          ]
        }
      ]
    },
    {
      "mode": "managed",
      "type": "aws_lambda_function",
      "name": "generate_report_lambda",
      "provider": "provider[\"registry.terraform.io/hashicorp/aws\"]",
      "instances": [
        {
          "schema_version": 0,
          "attributes": {
            "architectures": [
              "x86_64"
            ],
            "arn": "arn:aws:lambda:us-east-1:963527047110:function:reyGasExpress-generateReport-dev",
            "code_sha256": "GcRmzvX0Oh06F5aCwccr26vW3kOe7uQxifk2Hz7xb+w=",
            "code_signing_config_arn": "",
            "dead_letter_config": [],
            "description": "",
            "environment": [
              {
                "variables": {
                  "ANALYSIS_BUCKET_NAME": "reygas-express-analysis-dev",
                  "EMAIL_TOPIC_ARN": "arn:aws:sns:us-east-1:963527047110:reyGasExpress-email-topic",
                  "REPORTS_BUCKET_NAME": "reygas-express-reports"
                }
              }
            ],
            "ephemeral_storage": [
              {
                "size": 512
              }
            ],
            "file_system_config": [],
            "filename": "lambda_code/generateReport.zip",
            "function_name": "reyGasExpress-generateReport-dev",
            "handler": "generateReport.handler",
            "id": "reyGasExpress-generateReport-dev",
            "image_config": [],
            "image_uri": "",
            "invoke_arn": "arn:aws:apigateway:us-east-1:lambda:path/2015-03-31/functions/arn:aws:lambda:us-east-1:963527047110:function:reyGasExpress-generateReport-dev/invocations",
            "kms_key_arn": "",
            "last_modified": "2025-06-05T06:16:43.823+0000",
            "layers": null,
            "logging_config": [
              {
                "application_log_level": "",
                "log_format": "Text",
                "log_group": "/aws/lambda/reyGasExpress-generateReport-dev",
                "system_log_level": ""
              }
            ],
            "memory_size": 256,
            "package_type": "Zip",
            "publish": false,
            "qualified_arn": "arn:aws:lambda:us-east-1:963527047110:function:reyGasExpress-generateReport-dev:$LATEST",
            "qualified_invoke_arn": "arn:aws:apigateway:us-east-1:lambda:path/2015-03-31/functions/arn:aws:lambda:us-east-1:963527047110:function:reyGasExpress-generateReport-dev:$LATEST/invocations",
            "replace_security_groups_on_destroy": null,
            "replacement_security_group_ids": null,
            "reserved_concurrent_executions": -1,
            "role": "arn:aws:iam::963527047110:role/lambda-execution-role-reyGasExpress",
            "runtime": "nodejs18.x",
            "s3_bucket": null,
            "s3_key": null,
            "s3_object_version": null,
            "signing_job_arn": "",
            "signing_profile_version_arn": "",
            "skip_destroy": false,
            "snap_start": [],
            "source_code_hash": "GcRmzvX0Oh06F5aCwccr26vW3kOe7uQxifk2Hz7xb+w=",
            "source_code_size": 1588,
            "tags": {
              "Application": "reyGasExpress",
              "Environment": "dev",
              "ManagedBy": "Terraform"
            },
            "tags_all": {
              "Application": "reyGasExpress",
              "Environment": "dev",
              "ManagedBy": "Terraform"
            },
            "timeout": 90,
            "timeouts": null,
            "tracing_config": [
              {
                "mode": "PassThrough"
              }
            ],
            "version": "$LATEST",
            "vpc_config": []
          },
          "sensitive_attributes": [],
          "private": "eyJlMmJmYjczMC1lY2FhLTExZTYtOGY4OC0zNDM2M2JjN2M0YzAiOnsiY3JlYXRlIjo2MDAwMDAwMDAwMDAsImRlbGV0ZSI6NjAwMDAwMDAwMDAwLCJ1cGRhdGUiOjYwMDAwMDAwMDAwMH19",
          "dependencies": [
            "aws_iam_role.lambda_execution_role",
            "aws_s3_bucket.reyGasExpress_analysis_bucket",
            "aws_s3_bucket.reyGasExpress_reports_bucket",
            "aws_sns_topic.reyGasExpress_email_topic"
          ]
        }
      ]
    },
    {
      "mode": "managed",
      "type": "aws_lambda_function",
      "name": "process_order_lambda",
      "provider": "provider[\"registry.terraform.io/hashicorp/aws\"]",
      "instances": [
        {
          "schema_version": 0,
          "attributes": {
            "architectures": [
              "x86_64"
            ],
            "arn": "arn:aws:lambda:us-east-1:963527047110:function:reyGasExpress-processOrder-dev",
            "code_sha256": "aKtsDhFpu+D3LudEUjQqsqRgmr2haFevzepKffATjGk=",
            "code_signing_config_arn": "",
            "dead_letter_config": [],
            "description": "",
            "environment": [
              {
                "variables": {
                  "EVENT_BUS_NAME": "reyGasExpress-orders-bus-dev",
                  "ORDERS_TABLE_NAME": "reyGasExpress-orders-table-dev"
                }
              }
            ],
            "ephemeral_storage": [
              {
                "size": 512
              }
            ],
            "file_system_config": [],
            "filename": "lambda_code/processOrder.zip",
            "function_name": "reyGasExpress-processOrder-dev",
            "handler": "processOrder.handler",
            "id": "reyGasExpress-processOrder-dev",
            "image_config": [],
            "image_uri": "",
            "invoke_arn": "arn:aws:apigateway:us-east-1:lambda:path/2015-03-31/functions/arn:aws:lambda:us-east-1:963527047110:function:reyGasExpress-processOrder-dev/invocations",
            "kms_key_arn": "",
            "last_modified": "2025-06-05T06:17:07.327+0000",
            "layers": null,
            "logging_config": [
              {
                "application_log_level": "",
                "log_format": "Text",
                "log_group": "/aws/lambda/reyGasExpress-processOrder-dev",
                "system_log_level": ""
              }
            ],
            "memory_size": 256,
            "package_type": "Zip",
            "publish": false,
            "qualified_arn": "arn:aws:lambda:us-east-1:963527047110:function:reyGasExpress-processOrder-dev:$LATEST",
            "qualified_invoke_arn": "arn:aws:apigateway:us-east-1:lambda:path/2015-03-31/functions/arn:aws:lambda:us-east-1:963527047110:function:reyGasExpress-processOrder-dev:$LATEST/invocations",
            "replace_security_groups_on_destroy": null,
            "replacement_security_group_ids": null,
            "reserved_concurrent_executions": -1,
            "role": "arn:aws:iam::963527047110:role/lambda-execution-role-reyGasExpress",
            "runtime": "nodejs18.x",
            "s3_bucket": null,
            "s3_key": null,
            "s3_object_version": null,
            "signing_job_arn": "",
            "signing_profile_version_arn": "",
            "skip_destroy": false,
            "snap_start": [],
            "source_code_hash": "aKtsDhFpu+D3LudEUjQqsqRgmr2haFevzepKffATjGk=",
            "source_code_size": 1029,
            "tags": {
              "Application": "reyGasExpress",
              "Environment": "dev",
              "ManagedBy": "Terraform"
            },
            "tags_all": {
              "Application": "reyGasExpress",
              "Environment": "dev",
              "ManagedBy": "Terraform"
            },
            "timeout": 60,
            "timeouts": null,
            "tracing_config": [
              {
                "mode": "PassThrough"
              }
            ],
            "version": "$LATEST",
            "vpc_config": []
          },
          "sensitive_attributes": [],
          "private": "eyJlMmJmYjczMC1lY2FhLTExZTYtOGY4OC0zNDM2M2JjN2M0YzAiOnsiY3JlYXRlIjo2MDAwMDAwMDAwMDAsImRlbGV0ZSI6NjAwMDAwMDAwMDAwLCJ1cGRhdGUiOjYwMDAwMDAwMDAwMH19",
          "dependencies": [
            "aws_dynamodb_table.reyGasExpress_orders_table",
            "aws_iam_role.lambda_execution_role"
          ]
        }
      ]
    },
    {
      "mode": "managed",
      "type": "aws_lambda_function",
      "name": "register_order_lambda",
      "provider": "provider[\"registry.terraform.io/hashicorp/aws\"]",
      "instances": [
        {
          "schema_version": 0,
          "attributes": {
            "architectures": [
              "x86_64"
            ],
            "arn": "arn:aws:lambda:us-east-1:963527047110:function:reyGasExpress-registerOrder-dev",
            "code_sha256": "2J6emCeD0OFq1GGnUDGYn+4HOUOAajSSn/cgFI6jtvE=",
            "code_signing_config_arn": "",
            "dead_letter_config": [],
            "description": "",
            "environment": [
              {
                "variables": {
                  "SQS_QUEUE_URL": "https://sqs.us-east-1.amazonaws.com/963527047110/reyGasExpress-order-queue-dev"
                }
              }
            ],
            "ephemeral_storage": [
              {
                "size": 512
              }
            ],
            "file_system_config": [],
            "filename": "lambda_code/registerOrder.zip",
            "function_name": "reyGasExpress-registerOrder-dev",
            "handler": "registerOrder.handler",
            "id": "reyGasExpress-registerOrder-dev",
            "image_config": [],
            "image_uri": "",
            "invoke_arn": "arn:aws:apigateway:us-east-1:lambda:path/2015-03-31/functions/arn:aws:lambda:us-east-1:963527047110:function:reyGasExpress-registerOrder-dev/invocations",
            "kms_key_arn": "",
            "last_modified": "2025-06-05T06:17:13.708+0000",
            "layers": null,
            "logging_config": [
              {
                "application_log_level": "",
                "log_format": "Text",
                "log_group": "/aws/lambda/reyGasExpress-registerOrder-dev",
                "system_log_level": ""
              }
            ],
            "memory_size": 128,
            "package_type": "Zip",
            "publish": false,
            "qualified_arn": "arn:aws:lambda:us-east-1:963527047110:function:reyGasExpress-registerOrder-dev:$LATEST",
            "qualified_invoke_arn": "arn:aws:apigateway:us-east-1:lambda:path/2015-03-31/functions/arn:aws:lambda:us-east-1:963527047110:function:reyGasExpress-registerOrder-dev:$LATEST/invocations",
            "replace_security_groups_on_destroy": null,
            "replacement_security_group_ids": null,
            "reserved_concurrent_executions": -1,
            "role": "arn:aws:iam::963527047110:role/lambda-execution-role-reyGasExpress",
            "runtime": "nodejs18.x",
            "s3_bucket": null,
            "s3_key": null,
            "s3_object_version": null,
            "signing_job_arn": "",
            "signing_profile_version_arn": "",
            "skip_destroy": false,
            "snap_start": [],
            "source_code_hash": "2J6emCeD0OFq1GGnUDGYn+4HOUOAajSSn/cgFI6jtvE=",
            "source_code_size": 1100,
            "tags": {
              "Application": "reyGasExpress",
              "Environment": "dev",
              "ManagedBy": "Terraform"
            },
            "tags_all": {
              "Application": "reyGasExpress",
              "Environment": "dev",
              "ManagedBy": "Terraform"
            },
            "timeout": 30,
            "timeouts": null,
            "tracing_config": [
              {
                "mode": "PassThrough"
              }
            ],
            "version": "$LATEST",
            "vpc_config": []
          },
          "sensitive_attributes": [],
          "private": "eyJlMmJmYjczMC1lY2FhLTExZTYtOGY4OC0zNDM2M2JjN2M0YzAiOnsiY3JlYXRlIjo2MDAwMDAwMDAwMDAsImRlbGV0ZSI6NjAwMDAwMDAwMDAwLCJ1cGRhdGUiOjYwMDAwMDAwMDAwMH19",
          "dependencies": [
            "aws_iam_role.lambda_execution_role",
            "aws_sqs_queue.reyGasExpress_order_queue"
          ],
          "create_before_destroy": true
        }
      ]
    },
    {
      "mode": "managed",
      "type": "aws_lambda_function",
      "name": "send_email_report_lambda",
      "provider": "provider[\"registry.terraform.io/hashicorp/aws\"]",
      "instances": [
        {
          "schema_version": 0,
          "attributes": {
            "architectures": [
              "x86_64"
            ],
            "arn": "arn:aws:lambda:us-east-1:963527047110:function:reyGasExpress-sendEmailReport-dev",
            "code_sha256": "bDWwxykpZSYSSFHwtCLQ/9MdE5mHzikO89YNc7pAhpw=",
            "code_signing_config_arn": "",
            "dead_letter_config": [],
            "description": "",
            "environment": [
              {
                "variables": {
                  "FROM_EMAIL": "no-reply@tudominio.com",
                  "REPORTS_BUCKET_NAME": "reygas-express-reports",
                  "TO_EMAIL": "destinatario@example.com"
                }
              }
            ],
            "ephemeral_storage": [
              {
                "size": 512
              }
            ],
            "file_system_config": [],
            "filename": "lambda_code/sendEmailReport.zip",
            "function_name": "reyGasExpress-sendEmailReport-dev",
            "handler": "sendEmailReport.handler",
            "id": "reyGasExpress-sendEmailReport-dev",
            "image_config": [],
            "image_uri": "",
            "invoke_arn": "arn:aws:apigateway:us-east-1:lambda:path/2015-03-31/functions/arn:aws:lambda:us-east-1:963527047110:function:reyGasExpress-sendEmailReport-dev/invocations",
            "kms_key_arn": "",
            "last_modified": "2025-06-05T06:16:50.247+0000",
            "layers": null,
            "logging_config": [
              {
                "application_log_level": "",
                "log_format": "Text",
                "log_group": "/aws/lambda/reyGasExpress-sendEmailReport-dev",
                "system_log_level": ""
              }
            ],
            "memory_size": 192,
            "package_type": "Zip",
            "publish": false,
            "qualified_arn": "arn:aws:lambda:us-east-1:963527047110:function:reyGasExpress-sendEmailReport-dev:$LATEST",
            "qualified_invoke_arn": "arn:aws:apigateway:us-east-1:lambda:path/2015-03-31/functions/arn:aws:lambda:us-east-1:963527047110:function:reyGasExpress-sendEmailReport-dev:$LATEST/invocations",
            "replace_security_groups_on_destroy": null,
            "replacement_security_group_ids": null,
            "reserved_concurrent_executions": -1,
            "role": "arn:aws:iam::963527047110:role/lambda-execution-role-reyGasExpress",
            "runtime": "nodejs18.x",
            "s3_bucket": null,
            "s3_key": null,
            "s3_object_version": null,
            "signing_job_arn": "",
            "signing_profile_version_arn": "",
            "skip_destroy": false,
            "snap_start": [],
            "source_code_hash": "bDWwxykpZSYSSFHwtCLQ/9MdE5mHzikO89YNc7pAhpw=",
            "source_code_size": 1198,
            "tags": {
              "Application": "reyGasExpress",
              "Environment": "dev",
              "ManagedBy": "Terraform"
            },
            "tags_all": {
              "Application": "reyGasExpress",
              "Environment": "dev",
              "ManagedBy": "Terraform"
            },
            "timeout": 60,
            "timeouts": null,
            "tracing_config": [
              {
                "mode": "PassThrough"
              }
            ],
            "version": "$LATEST",
            "vpc_config": []
          },
          "sensitive_attributes": [],
          "private": "eyJlMmJmYjczMC1lY2FhLTExZTYtOGY4OC0zNDM2M2JjN2M0YzAiOnsiY3JlYXRlIjo2MDAwMDAwMDAwMDAsImRlbGV0ZSI6NjAwMDAwMDAwMDAwLCJ1cGRhdGUiOjYwMDAwMDAwMDAwMH19",
          "dependencies": [
            "aws_iam_role.lambda_execution_role",
            "aws_s3_bucket.reyGasExpress_reports_bucket"
          ]
        }
      ]
    },
    {
      "mode": "managed",
      "type": "aws_lambda_permission",
      "name": "allow_apigateway_invoke_register_order_lambda",
      "provider": "provider[\"registry.terraform.io/hashicorp/aws\"]",
      "instances": [
        {
          "schema_version": 0,
          "attributes": {
            "action": "lambda:InvokeFunction",
            "event_source_token": null,
            "function_name": "reyGasExpress-registerOrder-dev",
            "function_url_auth_type": null,
            "id": "AllowAPIGatewayInvokeRegisterOrderLambda",
            "principal": "apigateway.amazonaws.com",
            "principal_org_id": null,
            "qualifier": "",
            "source_account": null,
            "source_arn": "arn:aws:execute-api:us-east-1:963527047110:r0wy9cd0yi/*/*",
            "statement_id": "AllowAPIGatewayInvokeRegisterOrderLambda",
            "statement_id_prefix": ""
          },
          "sensitive_attributes": [],
          "private": "bnVsbA==",
          "dependencies": [
            "aws_apigatewayv2_api.reyGasExpress_api",
            "aws_iam_role.lambda_execution_role",
            "aws_lambda_function.register_order_lambda",
            "aws_sqs_queue.reyGasExpress_order_queue"
          ]
        }
      ]
    },
    {
      "mode": "managed",
      "type": "aws_lambda_permission",
      "name": "allow_eventbridge_invoke_analyze_preferences_lambda",
      "provider": "provider[\"registry.terraform.io/hashicorp/aws\"]",
      "instances": [
        {
          "schema_version": 0,
          "attributes": {
            "action": "lambda:InvokeFunction",
            "event_source_token": null,
            "function_name": "reyGasExpress-analyzePreferences-dev",
            "function_url_auth_type": null,
            "id": "AllowEventBridgeInvokeAnalyzePreferences",
            "principal": "events.amazonaws.com",
            "principal_org_id": null,
            "qualifier": "",
            "source_account": null,
            "source_arn": "arn:aws:events:us-east-1:963527047110:rule/reyGasExpress-orders-bus-dev/reyGasExpress-analyzePreferences-rule-dev",
            "statement_id": "AllowEventBridgeInvokeAnalyzePreferences",
            "statement_id_prefix": ""
          },
          "sensitive_attributes": [],
          "private": "bnVsbA==",
          "dependencies": [
            "aws_cloudwatch_event_bus.reyGasExpress_event_bus",
            "aws_cloudwatch_event_rule.analyze_preferences_rule",
            "aws_dynamodb_table.reyGasExpress_orders_table",
            "aws_iam_role.lambda_execution_role",
            "aws_lambda_function.analyze_preferences_lambda",
            "aws_s3_bucket.reyGasExpress_analysis_bucket",
            "aws_sns_topic.reyGasExpress_reports_topic"
          ]
        }
      ]
    },
    {
      "mode": "managed",
      "type": "aws_lambda_permission",
      "name": "allow_sns_invoke_send_email_report_lambda",
      "provider": "provider[\"registry.terraform.io/hashicorp/aws\"]",
      "instances": [
        {
          "schema_version": 0,
          "attributes": {
            "action": "lambda:InvokeFunction",
            "event_source_token": null,
            "function_name": "reyGasExpress-sendEmailReport-dev",
            "function_url_auth_type": null,
            "id": "AllowSNSInvokeSendEmailReport",
            "principal": "sns.amazonaws.com",
            "principal_org_id": null,
            "qualifier": "",
            "source_account": null,
            "source_arn": "arn:aws:sns:us-east-1:963527047110:reyGasExpress-email-topic",
            "statement_id": "AllowSNSInvokeSendEmailReport",
            "statement_id_prefix": ""
          },
          "sensitive_attributes": [],
          "private": "bnVsbA==",
          "dependencies": [
            "aws_iam_role.lambda_execution_role",
            "aws_lambda_function.send_email_report_lambda",
            "aws_s3_bucket.reyGasExpress_reports_bucket",
            "aws_sns_topic.reyGasExpress_email_topic"
          ]
        }
      ]
    },
    {
      "mode": "managed",
      "type": "aws_s3_bucket",
      "name": "reyGasExpress_analysis_bucket",
      "provider": "provider[\"registry.terraform.io/hashicorp/aws\"]",
      "instances": [
        {
          "schema_version": 0,
          "attributes": {
            "acceleration_status": "",
            "acl": null,
            "arn": "arn:aws:s3:::reygas-express-analysis-dev",
            "bucket": "reygas-express-analysis-dev",
            "bucket_domain_name": "reygas-express-analysis-dev.s3.amazonaws.com",
            "bucket_prefix": "",
            "bucket_regional_domain_name": "reygas-express-analysis-dev.s3.us-east-1.amazonaws.com",
            "cors_rule": [],
            "force_destroy": false,
            "grant": [
              {
                "id": "4f6498a9624cae9dac58911e59a6605e7dcdae8930b3a66109c565981ededddd",
                "permissions": [
                  "FULL_CONTROL"
                ],
                "type": "CanonicalUser",
                "uri": ""
              }
            ],
            "hosted_zone_id": "Z3AQBSTGFYJSTF",
            "id": "reygas-express-analysis-dev",
            "lifecycle_rule": [],
            "logging": [],
            "object_lock_configuration": [],
            "object_lock_enabled": false,
            "policy": "",
            "region": "us-east-1",
            "replication_configuration": [],
            "request_payer": "BucketOwner",
            "server_side_encryption_configuration": [
              {
                "rule": [
                  {
                    "apply_server_side_encryption_by_default": [
                      {
                        "kms_master_key_id": "",
                        "sse_algorithm": "AES256"
                      }
                    ],
                    "bucket_key_enabled": false
                  }
                ]
              }
            ],
            "tags": {
              "Application": "reyGasExpress",
              "Environment": "dev",
              "ManagedBy": "Terraform"
            },
            "tags_all": {
              "Application": "reyGasExpress",
              "Environment": "dev",
              "ManagedBy": "Terraform"
            },
            "timeouts": null,
            "versioning": [
              {
                "enabled": false,
                "mfa_delete": false
              }
            ],
            "website": [],
            "website_domain": null,
            "website_endpoint": null
          },
          "sensitive_attributes": [],
          "private": "eyJlMmJmYjczMC1lY2FhLTExZTYtOGY4OC0zNDM2M2JjN2M0YzAiOnsiY3JlYXRlIjoxMjAwMDAwMDAwMDAwLCJkZWxldGUiOjM2MDAwMDAwMDAwMDAsInJlYWQiOjEyMDAwMDAwMDAwMDAsInVwZGF0ZSI6MTIwMDAwMDAwMDAwMH19"
        }
      ]
    },
    {
      "mode": "managed",
      "type": "aws_s3_bucket",
      "name": "reyGasExpress_reports_bucket",
      "provider": "provider[\"registry.terraform.io/hashicorp/aws\"]",
      "instances": [
        {
          "schema_version": 0,
          "attributes": {
            "acceleration_status": "",
            "acl": null,
            "arn": "arn:aws:s3:::reygas-express-reports",
            "bucket": "reygas-express-reports",
            "bucket_domain_name": "reygas-express-reports.s3.amazonaws.com",
            "bucket_prefix": "",
            "bucket_regional_domain_name": "reygas-express-reports.s3.us-east-1.amazonaws.com",
            "cors_rule": [],
            "force_destroy": false,
            "grant": [
              {
                "id": "4f6498a9624cae9dac58911e59a6605e7dcdae8930b3a66109c565981ededddd",
                "permissions": [
                  "FULL_CONTROL"
                ],
                "type": "CanonicalUser",
                "uri": ""
              }
            ],
            "hosted_zone_id": "Z3AQBSTGFYJSTF",
            "id": "reygas-express-reports",
            "lifecycle_rule": [],
            "logging": [],
            "object_lock_configuration": [],
            "object_lock_enabled": false,
            "policy": "",
            "region": "us-east-1",
            "replication_configuration": [],
            "request_payer": "BucketOwner",
            "server_side_encryption_configuration": [
              {
                "rule": [
                  {
                    "apply_server_side_encryption_by_default": [
                      {
                        "kms_master_key_id": "",
                        "sse_algorithm": "AES256"
                      }
                    ],
                    "bucket_key_enabled": false
                  }
                ]
              }
            ],
            "tags": {
              "Application": "reyGasExpress",
              "Environment": "dev",
              "ManagedBy": "Terraform"
            },
            "tags_all": {
              "Application": "reyGasExpress",
              "Environment": "dev",
              "ManagedBy": "Terraform"
            },
            "timeouts": null,
            "versioning": [
              {
                "enabled": false,
                "mfa_delete": false
              }
            ],
            "website": [],
            "website_domain": null,
            "website_endpoint": null
          },
          "sensitive_attributes": [],
          "private": "eyJlMmJmYjczMC1lY2FhLTExZTYtOGY4OC0zNDM2M2JjN2M0YzAiOnsiY3JlYXRlIjoxMjAwMDAwMDAwMDAwLCJkZWxldGUiOjM2MDAwMDAwMDAwMDAsInJlYWQiOjEyMDAwMDAwMDAwMDAsInVwZGF0ZSI6MTIwMDAwMDAwMDAwMH19"
        }
      ]
    },
    {
      "mode": "managed",
      "type": "aws_s3_bucket",
      "name": "reygas_frontend_bucket",
      "provider": "provider[\"registry.terraform.io/hashicorp/aws\"]",
      "instances": [
        {
          "schema_version": 0,
          "attributes": {
            "acceleration_status": "",
            "acl": null,
            "arn": "arn:aws:s3:::reygas-express-frontend",
            "bucket": "reygas-express-frontend",
            "bucket_domain_name": "reygas-express-frontend.s3.amazonaws.com",
            "bucket_prefix": "",
            "bucket_regional_domain_name": "reygas-express-frontend.s3.us-east-1.amazonaws.com",
            "cors_rule": [],
            "force_destroy": false,
            "grant": [
              {
                "id": "4f6498a9624cae9dac58911e59a6605e7dcdae8930b3a66109c565981ededddd",
                "permissions": [
                  "FULL_CONTROL"
                ],
                "type": "CanonicalUser",
                "uri": ""
              }
            ],
            "hosted_zone_id": "Z3AQBSTGFYJSTF",
            "id": "reygas-express-frontend",
            "lifecycle_rule": [],
            "logging": [],
            "object_lock_configuration": [],
            "object_lock_enabled": false,
            "policy": "",
            "region": "us-east-1",
            "replication_configuration": [],
            "request_payer": "BucketOwner",
            "server_side_encryption_configuration": [
              {
                "rule": [
                  {
                    "apply_server_side_encryption_by_default": [
                      {
                        "kms_master_key_id": "",
                        "sse_algorithm": "AES256"
                      }
                    ],
                    "bucket_key_enabled": false
                  }
                ]
              }
            ],
            "tags": {
              "Application": "reyGasExpress",
              "Environment": "dev",
              "ManagedBy": "Terraform"
            },
            "tags_all": {
              "Application": "reyGasExpress",
              "Environment": "dev",
              "ManagedBy": "Terraform"
            },
            "timeouts": null,
            "versioning": [
              {
                "enabled": false,
                "mfa_delete": false
              }
            ],
            "website": [],
            "website_domain": null,
            "website_endpoint": null
          },
          "sensitive_attributes": [],
          "private": "eyJlMmJmYjczMC1lY2FhLTExZTYtOGY4OC0zNDM2M2JjN2M0YzAiOnsiY3JlYXRlIjoxMjAwMDAwMDAwMDAwLCJkZWxldGUiOjM2MDAwMDAwMDAwMDAsInJlYWQiOjEyMDAwMDAwMDAwMDAsInVwZGF0ZSI6MTIwMDAwMDAwMDAwMH19"
        }
      ]
    },
    {
      "mode": "managed",
      "type": "aws_s3_bucket_policy",
      "name": "reygas_bucket_policy",
      "provider": "provider[\"registry.terraform.io/hashicorp/aws\"]",
      "instances": [
        {
          "schema_version": 0,
          "attributes": {
            "bucket": "reygas-express-frontend",
            "id": "reygas-express-frontend",
            "policy": "{\"Statement\":[{\"Action\":\"s3:GetObject\",\"Condition\":{\"StringEquals\":{\"AWS:SourceArn\":\"arn:aws:cloudfront::963527047110:distribution/E11T5VHZK7MUJ1\"}},\"Effect\":\"Allow\",\"Principal\":{\"Service\":\"cloudfront.amazonaws.com\"},\"Resource\":\"arn:aws:s3:::reygas-express-frontend/*\",\"Sid\":\"AllowCloudFrontServicePrincipal\"}],\"Version\":\"2012-10-17\"}"
          },
          "sensitive_attributes": [],
          "private": "bnVsbA==",
          "dependencies": [
            "aws_cloudfront_distribution.reygas_distribution",
            "aws_cloudfront_origin_access_control.reygas_oac",
            "aws_s3_bucket.reygas_frontend_bucket",
            "aws_s3_bucket_public_access_block.reygas_frontend_pab",
            "aws_wafv2_web_acl.reyGasExpress_waf",
            "null_resource.waf_propagation_delay"
          ]
        }
      ]
    },
    {
      "mode": "managed",
      "type": "aws_s3_bucket_public_access_block",
      "name": "analysis_bucket_public_access_block",
      "provider": "provider[\"registry.terraform.io/hashicorp/aws\"]",
      "instances": [
        {
          "schema_version": 0,
          "attributes": {
            "block_public_acls": true,
            "block_public_policy": true,
            "bucket": "reygas-express-analysis-dev",
            "id": "reygas-express-analysis-dev",
            "ignore_public_acls": true,
            "restrict_public_buckets": true
          },
          "sensitive_attributes": [],
          "private": "bnVsbA==",
          "dependencies": [
            "aws_s3_bucket.reyGasExpress_analysis_bucket"
          ]
        }
      ]
    },
    {
      "mode": "managed",
      "type": "aws_s3_bucket_public_access_block",
      "name": "reports_bucket_public_access_block",
      "provider": "provider[\"registry.terraform.io/hashicorp/aws\"]",
      "instances": [
        {
          "schema_version": 0,
          "attributes": {
            "block_public_acls": true,
            "block_public_policy": true,
            "bucket": "reygas-express-reports",
            "id": "reygas-express-reports",
            "ignore_public_acls": true,
            "restrict_public_buckets": true
          },
          "sensitive_attributes": [],
          "private": "bnVsbA==",
          "dependencies": [
            "aws_s3_bucket.reyGasExpress_reports_bucket"
          ]
        }
      ]
    },
    {
      "mode": "managed",
      "type": "aws_s3_bucket_public_access_block",
      "name": "reygas_frontend_pab",
      "provider": "provider[\"registry.terraform.io/hashicorp/aws\"]",
      "instances": [
        {
          "schema_version": 0,
          "attributes": {
            "block_public_acls": true,
            "block_public_policy": true,
            "bucket": "reygas-express-frontend",
            "id": "reygas-express-frontend",
            "ignore_public_acls": true,
            "restrict_public_buckets": true
          },
          "sensitive_attributes": [],
          "private": "bnVsbA==",
          "dependencies": [
            "aws_s3_bucket.reygas_frontend_bucket"
          ]
        }
      ]
    },
    {
      "mode": "managed",
      "type": "aws_s3_bucket_server_side_encryption_configuration",
      "name": "reygas_frontend_encryption",
      "provider": "provider[\"registry.terraform.io/hashicorp/aws\"]",
      "instances": [
        {
          "schema_version": 0,
          "attributes": {
            "bucket": "reygas-express-frontend",
            "expected_bucket_owner": "",
            "id": "reygas-express-frontend",
            "rule": [
              {
                "apply_server_side_encryption_by_default": [
                  {
                    "kms_master_key_id": "",
                    "sse_algorithm": "AES256"
                  }
                ],
                "bucket_key_enabled": null
              }
            ]
          },
          "sensitive_attributes": [],
          "private": "bnVsbA==",
          "dependencies": [
            "aws_s3_bucket.reygas_frontend_bucket"
          ]
        }
      ]
    },
    {
      "mode": "managed",
      "type": "aws_s3_bucket_versioning",
      "name": "reygas_frontend_versioning",
      "provider": "provider[\"registry.terraform.io/hashicorp/aws\"]",
      "instances": [
        {
          "schema_version": 0,
          "attributes": {
            "bucket": "reygas-express-frontend",
            "expected_bucket_owner": "",
            "id": "reygas-express-frontend",
            "mfa": null,
            "versioning_configuration": [
              {
                "mfa_delete": "",
                "status": "Enabled"
              }
            ]
          },
          "sensitive_attributes": [],
          "private": "bnVsbA==",
          "dependencies": [
            "aws_s3_bucket.reygas_frontend_bucket"
          ]
        }
      ]
    },
    {
      "mode": "managed",
      "type": "aws_sns_topic",
      "name": "reyGasExpress_email_topic",
      "provider": "provider[\"registry.terraform.io/hashicorp/aws\"]",
      "instances": [
        {
          "schema_version": 0,
          "attributes": {
            "application_failure_feedback_role_arn": "",
            "application_success_feedback_role_arn": "",
            "application_success_feedback_sample_rate": 0,
            "archive_policy": "",
            "arn": "arn:aws:sns:us-east-1:963527047110:reyGasExpress-email-topic",
            "beginning_archive_time": "",
            "content_based_deduplication": false,
            "delivery_policy": "",
            "display_name": "",
            "fifo_throughput_scope": "",
            "fifo_topic": false,
            "firehose_failure_feedback_role_arn": "",
            "firehose_success_feedback_role_arn": "",
            "firehose_success_feedback_sample_rate": 0,
            "http_failure_feedback_role_arn": "",
            "http_success_feedback_role_arn": "",
            "http_success_feedback_sample_rate": 0,
            "id": "arn:aws:sns:us-east-1:963527047110:reyGasExpress-email-topic",
            "kms_master_key_id": "",
            "lambda_failure_feedback_role_arn": "",
            "lambda_success_feedback_role_arn": "",
            "lambda_success_feedback_sample_rate": 0,
            "name": "reyGasExpress-email-topic",
            "name_prefix": "",
            "owner": "963527047110",
            "policy": "{\"Id\":\"__default_policy_ID\",\"Statement\":[{\"Action\":[\"SNS:GetTopicAttributes\",\"SNS:SetTopicAttributes\",\"SNS:AddPermission\",\"SNS:RemovePermission\",\"SNS:DeleteTopic\",\"SNS:Subscribe\",\"SNS:ListSubscriptionsByTopic\",\"SNS:Publish\"],\"Condition\":{\"StringEquals\":{\"AWS:SourceOwner\":\"963527047110\"}},\"Effect\":\"Allow\",\"Principal\":{\"AWS\":\"*\"},\"Resource\":\"arn:aws:sns:us-east-1:963527047110:reyGasExpress-email-topic\",\"Sid\":\"__default_statement_ID\"}],\"Version\":\"2008-10-17\"}",
            "signature_version": 0,
            "sqs_failure_feedback_role_arn": "",
            "sqs_success_feedback_role_arn": "",
            "sqs_success_feedback_sample_rate": 0,
            "tags": {
              "Application": "reyGasExpress",
              "Environment": "dev",
              "ManagedBy": "Terraform"
            },
            "tags_all": {
              "Application": "reyGasExpress",
              "Environment": "dev",
              "ManagedBy": "Terraform"
            },
            "tracing_config": ""
          },
          "sensitive_attributes": [],
          "private": "bnVsbA=="
        }
      ]
    },
    {
      "mode": "managed",
      "type": "aws_sns_topic",
      "name": "reyGasExpress_reports_topic",
      "provider": "provider[\"registry.terraform.io/hashicorp/aws\"]",
      "instances": [
        {
          "schema_version": 0,
          "attributes": {
            "application_failure_feedback_role_arn": "",
            "application_success_feedback_role_arn": "",
            "application_success_feedback_sample_rate": 0,
            "archive_policy": "",
            "arn": "arn:aws:sns:us-east-1:963527047110:reyGasExpress-reports-topic-dev",
            "beginning_archive_time": "",
            "content_based_deduplication": false,
            "delivery_policy": "",
            "display_name": "",
            "fifo_throughput_scope": "",
            "fifo_topic": false,
            "firehose_failure_feedback_role_arn": "",
            "firehose_success_feedback_role_arn": "",
            "firehose_success_feedback_sample_rate": 0,
            "http_failure_feedback_role_arn": "",
            "http_success_feedback_role_arn": "",
            "http_success_feedback_sample_rate": 0,
            "id": "arn:aws:sns:us-east-1:963527047110:reyGasExpress-reports-topic-dev",
            "kms_master_key_id": "",
            "lambda_failure_feedback_role_arn": "",
            "lambda_success_feedback_role_arn": "",
            "lambda_success_feedback_sample_rate": 0,
            "name": "reyGasExpress-reports-topic-dev",
            "name_prefix": "",
            "owner": "963527047110",
            "policy": "{\"Id\":\"__default_policy_ID\",\"Statement\":[{\"Action\":[\"SNS:GetTopicAttributes\",\"SNS:SetTopicAttributes\",\"SNS:AddPermission\",\"SNS:RemovePermission\",\"SNS:DeleteTopic\",\"SNS:Subscribe\",\"SNS:ListSubscriptionsByTopic\",\"SNS:Publish\"],\"Condition\":{\"StringEquals\":{\"AWS:SourceOwner\":\"963527047110\"}},\"Effect\":\"Allow\",\"Principal\":{\"AWS\":\"*\"},\"Resource\":\"arn:aws:sns:us-east-1:963527047110:reyGasExpress-reports-topic-dev\",\"Sid\":\"__default_statement_ID\"}],\"Version\":\"2008-10-17\"}",
            "signature_version": 0,
            "sqs_failure_feedback_role_arn": "",
            "sqs_success_feedback_role_arn": "",
            "sqs_success_feedback_sample_rate": 0,
            "tags": {
              "Application": "reyGasExpress",
              "Environment": "dev",
              "ManagedBy": "Terraform"
            },
            "tags_all": {
              "Application": "reyGasExpress",
              "Environment": "dev",
              "ManagedBy": "Terraform"
            },
            "tracing_config": ""
          },
          "sensitive_attributes": [],
          "private": "bnVsbA=="
        }
      ]
    },
    {
      "mode": "managed",
      "type": "aws_sns_topic_subscription",
      "name": "generate_report_lambda_sns_subscription",
      "provider": "provider[\"registry.terraform.io/hashicorp/aws\"]",
      "instances": [
        {
          "schema_version": 0,
          "attributes": {
            "arn": "arn:aws:sns:us-east-1:963527047110:reyGasExpress-reports-topic-dev:f243bf1c-df4b-4a5b-a04f-67ac35b5c2c9",
            "confirmation_timeout_in_minutes": 1,
            "confirmation_was_authenticated": true,
            "delivery_policy": "",
            "endpoint": "arn:aws:lambda:us-east-1:963527047110:function:reyGasExpress-generateReport-dev",
            "endpoint_auto_confirms": false,
            "filter_policy": "",
            "filter_policy_scope": "",
            "id": "arn:aws:sns:us-east-1:963527047110:reyGasExpress-reports-topic-dev:f243bf1c-df4b-4a5b-a04f-67ac35b5c2c9",
            "owner_id": "963527047110",
            "pending_confirmation": false,
            "protocol": "lambda",
            "raw_message_delivery": false,
            "redrive_policy": "",
            "replay_policy": "",
            "subscription_role_arn": "",
            "topic_arn": "arn:aws:sns:us-east-1:963527047110:reyGasExpress-reports-topic-dev"
          },
          "sensitive_attributes": [],
          "private": "bnVsbA==",
          "dependencies": [
            "aws_iam_role.lambda_execution_role",
            "aws_lambda_function.generate_report_lambda",
            "aws_s3_bucket.reyGasExpress_analysis_bucket",
            "aws_s3_bucket.reyGasExpress_reports_bucket",
            "aws_sns_topic.reyGasExpress_email_topic",
            "aws_sns_topic.reyGasExpress_reports_topic"
          ]
        }
      ]
    },
    {
      "mode": "managed",
      "type": "aws_sns_topic_subscription",
      "name": "send_email_report_lambda_sns_subscription",
      "provider": "provider[\"registry.terraform.io/hashicorp/aws\"]",
      "instances": [
        {
          "schema_version": 0,
          "attributes": {
            "arn": "arn:aws:sns:us-east-1:963527047110:reyGasExpress-email-topic:29f4c394-8b72-4409-9d0c-b86061fe5987",
            "confirmation_timeout_in_minutes": 1,
            "confirmation_was_authenticated": true,
            "delivery_policy": "",
            "endpoint": "arn:aws:lambda:us-east-1:963527047110:function:reyGasExpress-sendEmailReport-dev",
            "endpoint_auto_confirms": false,
            "filter_policy": "",
            "filter_policy_scope": "",
            "id": "arn:aws:sns:us-east-1:963527047110:reyGasExpress-email-topic:29f4c394-8b72-4409-9d0c-b86061fe5987",
            "owner_id": "963527047110",
            "pending_confirmation": false,
            "protocol": "lambda",
            "raw_message_delivery": false,
            "redrive_policy": "",
            "replay_policy": "",
            "subscription_role_arn": "",
            "topic_arn": "arn:aws:sns:us-east-1:963527047110:reyGasExpress-email-topic"
          },
          "sensitive_attributes": [],
          "private": "bnVsbA==",
          "dependencies": [
            "aws_iam_role.lambda_execution_role",
            "aws_lambda_function.send_email_report_lambda",
            "aws_s3_bucket.reyGasExpress_reports_bucket",
            "aws_sns_topic.reyGasExpress_email_topic"
          ]
        }
      ]
    },
    {
      "mode": "managed",
      "type": "aws_sqs_queue",
      "name": "reyGasExpress_order_dlq",
      "provider": "provider[\"registry.terraform.io/hashicorp/aws\"]",
      "instances": [
        {
          "schema_version": 0,
          "attributes": {
            "arn": "arn:aws:sqs:us-east-1:963527047110:reyGasExpress-order-dlq-dev",
            "content_based_deduplication": false,
            "deduplication_scope": "",
            "delay_seconds": 0,
            "fifo_queue": false,
            "fifo_throughput_limit": "",
            "id": "https://sqs.us-east-1.amazonaws.com/963527047110/reyGasExpress-order-dlq-dev",
            "kms_data_key_reuse_period_seconds": 300,
            "kms_master_key_id": "",
            "max_message_size": 262144,
            "message_retention_seconds": 1209600,
            "name": "reyGasExpress-order-dlq-dev",
            "name_prefix": "",
            "policy": "",
            "receive_wait_time_seconds": 0,
            "redrive_allow_policy": "",
            "redrive_policy": "",
            "sqs_managed_sse_enabled": true,
            "tags": {
              "Application": "reyGasExpress",
              "Environment": "dev",
              "ManagedBy": "Terraform"
            },
            "tags_all": {
              "Application": "reyGasExpress",
              "Environment": "dev",
              "ManagedBy": "Terraform"
            },
            "timeouts": null,
            "url": "https://sqs.us-east-1.amazonaws.com/963527047110/reyGasExpress-order-dlq-dev",
            "visibility_timeout_seconds": 30
          },
          "sensitive_attributes": [],
          "private": "eyJlMmJmYjczMC1lY2FhLTExZTYtOGY4OC0zNDM2M2JjN2M0YzAiOnsiY3JlYXRlIjoxODAwMDAwMDAwMDAsImRlbGV0ZSI6MTgwMDAwMDAwMDAwLCJ1cGRhdGUiOjE4MDAwMDAwMDAwMH19"
        }
      ]
    },
    {
      "mode": "managed",
      "type": "aws_sqs_queue",
      "name": "reyGasExpress_order_queue",
      "provider": "provider[\"registry.terraform.io/hashicorp/aws\"]",
      "instances": [
        {
          "schema_version": 0,
          "attributes": {
            "arn": "arn:aws:sqs:us-east-1:963527047110:reyGasExpress-order-queue-dev",
            "content_based_deduplication": false,
            "deduplication_scope": "",
            "delay_seconds": 0,
            "fifo_queue": false,
            "fifo_throughput_limit": "",
            "id": "https://sqs.us-east-1.amazonaws.com/963527047110/reyGasExpress-order-queue-dev",
            "kms_data_key_reuse_period_seconds": 300,
            "kms_master_key_id": "",
            "max_message_size": 262144,
            "message_retention_seconds": 345600,
            "name": "reyGasExpress-order-queue-dev",
            "name_prefix": "",
            "policy": "",
            "receive_wait_time_seconds": 0,
            "redrive_allow_policy": "",
            "redrive_policy": "",
            "sqs_managed_sse_enabled": true,
            "tags": {
              "Application": "reyGasExpress",
              "Environment": "dev",
              "ManagedBy": "Terraform"
            },
            "tags_all": {
              "Application": "reyGasExpress",
              "Environment": "dev",
              "ManagedBy": "Terraform"
            },
            "timeouts": null,
            "url": "https://sqs.us-east-1.amazonaws.com/963527047110/reyGasExpress-order-queue-dev",
            "visibility_timeout_seconds": 60
          },
          "sensitive_attributes": [],
          "private": "eyJlMmJmYjczMC1lY2FhLTExZTYtOGY4OC0zNDM2M2JjN2M0YzAiOnsiY3JlYXRlIjoxODAwMDAwMDAwMDAsImRlbGV0ZSI6MTgwMDAwMDAwMDAwLCJ1cGRhdGUiOjE4MDAwMDAwMDAwMH19",
          "create_before_destroy": true
        }
      ]
    },
    {
      "mode": "managed",
      "type": "aws_sqs_queue_redrive_policy",
      "name": "reyGasExpress_order_queue_redrive",
      "provider": "provider[\"registry.terraform.io/hashicorp/aws\"]",
      "instances": [
        {
          "schema_version": 0,
          "attributes": {
            "id": "https://sqs.us-east-1.amazonaws.com/963527047110/reyGasExpress-order-queue-dev",
            "queue_url": "https://sqs.us-east-1.amazonaws.com/963527047110/reyGasExpress-order-queue-dev",
            "redrive_policy": "{\"deadLetterTargetArn\":\"arn:aws:sqs:us-east-1:963527047110:reyGasExpress-order-dlq-dev\",\"maxReceiveCount\":5}"
          },
          "sensitive_attributes": [],
          "private": "bnVsbA==",
          "dependencies": [
            "aws_sqs_queue.reyGasExpress_order_dlq",
            "aws_sqs_queue.reyGasExpress_order_queue"
          ]
        }
      ]
    },
    {
      "mode": "managed",
      "type": "aws_wafv2_web_acl",
      "name": "reyGasExpress_waf",
      "provider": "provider[\"registry.terraform.io/hashicorp/aws\"].us_east_1",
      "instances": [
        {
          "schema_version": 0,
          "attributes": {
            "application_integration_url": "",
            "arn": "arn:aws:wafv2:us-east-1:963527047110:global/webacl/reyGasExpress-web-acl/2b89a266-bddf-4a23-b78b-37b147bb4ff6",
            "association_config": [],
            "capacity": 703,
            "captcha_config": [],
            "challenge_config": [],
            "custom_response_body": [],
            "data_protection_config": [],
            "default_action": [
              {
                "allow": [
                  {
                    "custom_request_handling": []
                  }
                ],
                "block": []
              }
            ],
            "description": "",
            "id": "2b89a266-bddf-4a23-b78b-37b147bb4ff6",
            "lock_token": "de7d42c9-50f7-4861-a41d-a34c6630c9c3",
            "name": "reyGasExpress-web-acl",
            "name_prefix": "",
            "rule": [
              {
                "action": [
                  {
                    "allow": [],
                    "block": [
                      {
                        "custom_response": []
                      }
                    ],
                    "captcha": [],
                    "challenge": [],
                    "count": []
                  }
                ],
                "captcha_config": [],
                "challenge_config": [],
                "name": "GeoRestrictionRule",
                "override_action": [],
                "priority": 1,
                "rule_label": [],
                "statement": [
                  {
                    "and_statement": [],
                    "byte_match_statement": [],
                    "geo_match_statement": [],
                    "ip_set_reference_statement": [],
                    "label_match_statement": [],
                    "managed_rule_group_statement": [],
                    "not_statement": [
                      {
                        "statement": [
                          {
                            "and_statement": [],
                            "byte_match_statement": [],
                            "geo_match_statement": [
                              {
                                "country_codes": [
                                  "PE"
                                ],
                                "forwarded_ip_config": []
                              }
                            ],
                            "ip_set_reference_statement": [],
                            "label_match_statement": [],
                            "not_statement": [],
                            "or_statement": [],
                            "regex_match_statement": [],
                            "regex_pattern_set_reference_statement": [],
                            "size_constraint_statement": [],
                            "sqli_match_statement": [],
                            "xss_match_statement": []
                          }
                        ]
                      }
                    ],
                    "or_statement": [],
                    "rate_based_statement": [],
                    "regex_match_statement": [],
                    "regex_pattern_set_reference_statement": [],
                    "rule_group_reference_statement": [],
                    "size_constraint_statement": [],
                    "sqli_match_statement": [],
                    "xss_match_statement": []
                  }
                ],
                "visibility_config": [
                  {
                    "cloudwatch_metrics_enabled": true,
                    "metric_name": "GeoRestrictionRule",
                    "sampled_requests_enabled": true
                  }
                ]
              },
              {
                "action": [
                  {
                    "allow": [],
                    "block": [
                      {
                        "custom_response": []
                      }
                    ],
                    "captcha": [],
                    "challenge": [],
                    "count": []
                  }
                ],
                "captcha_config": [],
                "challenge_config": [],
                "name": "RateLimitRule",
                "override_action": [],
                "priority": 5,
                "rule_label": [],
                "statement": [
                  {
                    "and_statement": [],
                    "byte_match_statement": [],
                    "geo_match_statement": [],
                    "ip_set_reference_statement": [],
                    "label_match_statement": [],
                    "managed_rule_group_statement": [],
                    "not_statement": [],
                    "or_statement": [],
                    "rate_based_statement": [
                      {
                        "aggregate_key_type": "IP",
                        "custom_key": [],
                        "evaluation_window_sec": 300,
                        "forwarded_ip_config": [],
                        "limit": 2000,
                        "scope_down_statement": []
                      }
                    ],
                    "regex_match_statement": [],
                    "regex_pattern_set_reference_statement": [],
                    "rule_group_reference_statement": [],
                    "size_constraint_statement": [],
                    "sqli_match_statement": [],
                    "xss_match_statement": []
                  }
                ],
                "visibility_config": [
                  {
                    "cloudwatch_metrics_enabled": true,
                    "metric_name": "RateLimitRule",
                    "sampled_requests_enabled": true
                  }
                ]
              },
              {
                "action": [],
                "captcha_config": [],
                "challenge_config": [],
                "name": "AWS-ManagedRulesCommonRuleSet",
                "override_action": [
                  {
                    "count": [],
                    "none": [
                      {}
                    ]
                  }
                ],
                "priority": 10,
                "rule_label": [],
                "statement": [
                  {
                    "and_statement": [],
                    "byte_match_statement": [],
                    "geo_match_statement": [],
                    "ip_set_reference_statement": [],
                    "label_match_statement": [],
                    "managed_rule_group_statement": [
                      {
                        "managed_rule_group_configs": [],
                        "name": "AWSManagedRulesCommonRuleSet",
                        "rule_action_override": [],
                        "scope_down_statement": [],
                        "vendor_name": "AWS",
                        "version": ""
                      }
                    ],
                    "not_statement": [],
                    "or_statement": [],
                    "rate_based_statement": [],
                    "regex_match_statement": [],
                    "regex_pattern_set_reference_statement": [],
                    "rule_group_reference_statement": [],
                    "size_constraint_statement": [],
                    "sqli_match_statement": [],
                    "xss_match_statement": []
                  }
                ],
                "visibility_config": [
                  {
                    "cloudwatch_metrics_enabled": true,
                    "metric_name": "AWSCommonRulesMetric",
                    "sampled_requests_enabled": true
                  }
                ]
              }
            ],
            "rule_json": null,
            "scope": "CLOUDFRONT",
            "tags": {
              "Application": "reyGasExpress",
              "Environment": "dev",
              "ManagedBy": "Terraform"
            },
            "tags_all": {
              "Application": "reyGasExpress",
              "Environment": "dev",
              "ManagedBy": "Terraform"
            },
            "token_domains": null,
            "visibility_config": [
              {
                "cloudwatch_metrics_enabled": true,
                "metric_name": "reyGasExpressWebACL",
                "sampled_requests_enabled": true
              }
            ]
          },
          "sensitive_attributes": [],
          "private": "bnVsbA=="
        }
      ]
    },
    {
      "mode": "managed",
      "type": "null_resource",
      "name": "waf_propagation_delay",
      "provider": "provider[\"registry.terraform.io/hashicorp/null\"]",
      "instances": [
        {
          "schema_version": 0,
          "attributes": {
            "id": "536096879",
            "triggers": {
              "waf_id": "2b89a266-bddf-4a23-b78b-37b147bb4ff6"
            }
          },
          "sensitive_attributes": [],
          "dependencies": [
            "aws_wafv2_web_acl.reyGasExpress_waf"
          ]
        }
      ]
    }
  ],
  "check_results": null
}
